Account: analytical-platform-ingestion
Component: root
Stage: production
Role: platform-engineer-admin
Apply: false
Initializing the backend...


Terraform used the selected providers to generate the following execution
plan. Resource actions are indicated with the following symbols:
  + create
  ~ update in-place
  - destroy
-/+ destroy and then create replacement
+/- create replacement and then destroy

Terraform will perform the following actions:

  # aws_datasync_location_s3.laa_bucket_locations["aws-athena-query-results-842522700642-eu-west-2"] must be replaced
-/+ resource "aws_datasync_location_s3" "laa_bucket_locations" {
      - agent_arns       = [] -> null
      ~ arn              = "arn:aws:datasync:eu-west-2:471112983409:location/loc-0ab5b1f3542a966f9" -> (known after apply)
      ~ id               = "arn:aws:datasync:eu-west-2:471112983409:location/loc-0ab5b1f3542a966f9" -> (known after apply)
      ~ s3_storage_class = "STANDARD" -> (known after apply)
      ~ subdirectory     = "/aws-athena-query-results-842522700642-eu-west-2/" -> "/aws-athena-query-results-842522700642-eu-west-2"
      - tags             = {} -> null
      ~ tags_all         = {} -> (known after apply)
      ~ uri              = "s3://mojap-ingestion-production-laa-data-analysis/aws-athena-query-results-842522700642-eu-west-2/" -> (known after apply)
        # (2 unchanged attributes hidden)

      ~ s3_config {
          ~ bucket_access_role_arn = "arn:aws:iam::471112983409:role/datasync-laa-data-analysis" -> (known after apply) # forces replacement
        }
    }

  # aws_datasync_location_s3.laa_bucket_locations["aws-waf-logs-cwa"] must be replaced
-/+ resource "aws_datasync_location_s3" "laa_bucket_locations" {
      - agent_arns       = [] -> null
      ~ arn              = "arn:aws:datasync:eu-west-2:471112983409:location/loc-019ddeb02534b30df" -> (known after apply)
      ~ id               = "arn:aws:datasync:eu-west-2:471112983409:location/loc-019ddeb02534b30df" -> (known after apply)
      ~ s3_storage_class = "STANDARD" -> (known after apply)
      ~ subdirectory     = "/aws-waf-logs-cwa/" -> "/aws-waf-logs-cwa"
      - tags             = {} -> null
      ~ tags_all         = {} -> (known after apply)
      ~ uri              = "s3://mojap-ingestion-production-laa-data-analysis/aws-waf-logs-cwa/" -> (known after apply)
        # (2 unchanged attributes hidden)

      ~ s3_config {
          ~ bucket_access_role_arn = "arn:aws:iam::471112983409:role/datasync-laa-data-analysis" -> (known after apply) # forces replacement
        }
    }

  # aws_datasync_location_s3.laa_bucket_locations["aws-waf-logs-portal-production"] must be replaced
-/+ resource "aws_datasync_location_s3" "laa_bucket_locations" {
      - agent_arns       = [] -> null
      ~ arn              = "arn:aws:datasync:eu-west-2:471112983409:location/loc-0849fd7ca4ebc221e" -> (known after apply)
      ~ id               = "arn:aws:datasync:eu-west-2:471112983409:location/loc-0849fd7ca4ebc221e" -> (known after apply)
      ~ s3_storage_class = "STANDARD" -> (known after apply)
      ~ subdirectory     = "/aws-waf-logs-portal-production/" -> "/aws-waf-logs-portal-production"
      - tags             = {} -> null
      ~ tags_all         = {} -> (known after apply)
      ~ uri              = "s3://mojap-ingestion-production-laa-data-analysis/aws-waf-logs-portal-production/" -> (known after apply)
        # (2 unchanged attributes hidden)

      ~ s3_config {
          ~ bucket_access_role_arn = "arn:aws:iam::471112983409:role/datasync-laa-data-analysis" -> (known after apply) # forces replacement
        }
    }

  # aws_datasync_location_s3.laa_bucket_locations["bacway-dbrestore-production-eu-west-2-842522700642"] must be replaced
-/+ resource "aws_datasync_location_s3" "laa_bucket_locations" {
      - agent_arns       = [] -> null
      ~ arn              = "arn:aws:datasync:eu-west-2:471112983409:location/loc-0beaf25ceed5e4fb5" -> (known after apply)
      ~ id               = "arn:aws:datasync:eu-west-2:471112983409:location/loc-0beaf25ceed5e4fb5" -> (known after apply)
      ~ s3_storage_class = "STANDARD" -> (known after apply)
      ~ subdirectory     = "/bacway-dbrestore-production-eu-west-2-842522700642/" -> "/bacway-dbrestore-production-eu-west-2-842522700642"
      - tags             = {} -> null
      ~ tags_all         = {} -> (known after apply)
      ~ uri              = "s3://mojap-ingestion-production-laa-data-analysis/bacway-dbrestore-production-eu-west-2-842522700642/" -> (known after apply)
        # (2 unchanged attributes hidden)

      ~ s3_config {
          ~ bucket_access_role_arn = "arn:aws:iam::471112983409:role/datasync-laa-data-analysis" -> (known after apply) # forces replacement
        }
    }

  # aws_datasync_location_s3.laa_bucket_locations["bacway-production-eu-west-2-842522700642"] must be replaced
-/+ resource "aws_datasync_location_s3" "laa_bucket_locations" {
      - agent_arns       = [] -> null
      ~ arn              = "arn:aws:datasync:eu-west-2:471112983409:location/loc-0a60c2801c721d0d1" -> (known after apply)
      ~ id               = "arn:aws:datasync:eu-west-2:471112983409:location/loc-0a60c2801c721d0d1" -> (known after apply)
      ~ s3_storage_class = "STANDARD" -> (known after apply)
      ~ subdirectory     = "/bacway-production-eu-west-2-842522700642/" -> "/bacway-production-eu-west-2-842522700642"
      - tags             = {} -> null
      ~ tags_all         = {} -> (known after apply)
      ~ uri              = "s3://mojap-ingestion-production-laa-data-analysis/bacway-production-eu-west-2-842522700642/" -> (known after apply)
        # (2 unchanged attributes hidden)

      ~ s3_config {
          ~ bucket_access_role_arn = "arn:aws:iam::471112983409:role/datasync-laa-data-analysis" -> (known after apply) # forces replacement
        }
    }

  # aws_datasync_location_s3.laa_bucket_locations["ccms-pui-production"] must be replaced
-/+ resource "aws_datasync_location_s3" "laa_bucket_locations" {
      - agent_arns       = [] -> null
      ~ arn              = "arn:aws:datasync:eu-west-2:471112983409:location/loc-0f1f8a40c2c78ace5" -> (known after apply)
      ~ id               = "arn:aws:datasync:eu-west-2:471112983409:location/loc-0f1f8a40c2c78ace5" -> (known after apply)
      ~ s3_storage_class = "STANDARD" -> (known after apply)
      ~ subdirectory     = "/ccms-pui-production/" -> "/ccms-pui-production"
      - tags             = {} -> null
      ~ tags_all         = {} -> (known after apply)
      ~ uri              = "s3://mojap-ingestion-production-laa-data-analysis/ccms-pui-production/" -> (known after apply)
        # (2 unchanged attributes hidden)

      ~ s3_config {
          ~ bucket_access_role_arn = "arn:aws:iam::471112983409:role/datasync-laa-data-analysis" -> (known after apply) # forces replacement
        }
    }

  # aws_datasync_location_s3.laa_bucket_locations["cf-templates-o0533spdqnul-eu-west-1"] must be replaced
-/+ resource "aws_datasync_location_s3" "laa_bucket_locations" {
      - agent_arns       = [] -> null
      ~ arn              = "arn:aws:datasync:eu-west-2:471112983409:location/loc-0d10b58f85a5b392e" -> (known after apply)
      ~ id               = "arn:aws:datasync:eu-west-2:471112983409:location/loc-0d10b58f85a5b392e" -> (known after apply)
      ~ s3_storage_class = "STANDARD" -> (known after apply)
      ~ subdirectory     = "/cf-templates-o0533spdqnul-eu-west-1/" -> "/cf-templates-o0533spdqnul-eu-west-1"
      - tags             = {} -> null
      ~ tags_all         = {} -> (known after apply)
      ~ uri              = "s3://mojap-ingestion-production-laa-data-analysis/cf-templates-o0533spdqnul-eu-west-1/" -> (known after apply)
        # (2 unchanged attributes hidden)

      ~ s3_config {
          ~ bucket_access_role_arn = "arn:aws:iam::471112983409:role/datasync-laa-data-analysis" -> (known after apply) # forces replacement
        }
    }

  # aws_datasync_location_s3.laa_bucket_locations["cf-templates-o0533spdqnul-eu-west-2"] must be replaced
-/+ resource "aws_datasync_location_s3" "laa_bucket_locations" {
      - agent_arns       = [] -> null
      ~ arn              = "arn:aws:datasync:eu-west-2:471112983409:location/loc-0952c777b28555122" -> (known after apply)
      ~ id               = "arn:aws:datasync:eu-west-2:471112983409:location/loc-0952c777b28555122" -> (known after apply)
      ~ s3_storage_class = "STANDARD" -> (known after apply)
      ~ subdirectory     = "/cf-templates-o0533spdqnul-eu-west-2/" -> "/cf-templates-o0533spdqnul-eu-west-2"
      - tags             = {} -> null
      ~ tags_all         = {} -> (known after apply)
      ~ uri              = "s3://mojap-ingestion-production-laa-data-analysis/cf-templates-o0533spdqnul-eu-west-2/" -> (known after apply)
        # (2 unchanged attributes hidden)

      ~ s3_config {
          ~ bucket_access_role_arn = "arn:aws:iam::471112983409:role/datasync-laa-data-analysis" -> (known after apply) # forces replacement
        }
    }

  # aws_datasync_location_s3.laa_bucket_locations["forms-connector-lb-logs-poc"] must be replaced
-/+ resource "aws_datasync_location_s3" "laa_bucket_locations" {
      - agent_arns       = [] -> null
      ~ arn              = "arn:aws:datasync:eu-west-2:471112983409:location/loc-0b854f907183a738c" -> (known after apply)
      ~ id               = "arn:aws:datasync:eu-west-2:471112983409:location/loc-0b854f907183a738c" -> (known after apply)
      ~ s3_storage_class = "STANDARD" -> (known after apply)
      ~ subdirectory     = "/forms-connector-lb-logs-poc/" -> "/forms-connector-lb-logs-poc"
      - tags             = {} -> null
      ~ tags_all         = {} -> (known after apply)
      ~ uri              = "s3://mojap-ingestion-production-laa-data-analysis/forms-connector-lb-logs-poc/" -> (known after apply)
        # (2 unchanged attributes hidden)

      ~ s3_config {
          ~ bucket_access_role_arn = "arn:aws:iam::471112983409:role/datasync-laa-data-analysis" -> (known after apply) # forces replacement
        }
    }

  # aws_datasync_location_s3.laa_bucket_locations["karol-test-lambda"] must be replaced
-/+ resource "aws_datasync_location_s3" "laa_bucket_locations" {
      - agent_arns       = [] -> null
      ~ arn              = "arn:aws:datasync:eu-west-2:471112983409:location/loc-00737c8eb2c70597b" -> (known after apply)
      ~ id               = "arn:aws:datasync:eu-west-2:471112983409:location/loc-00737c8eb2c70597b" -> (known after apply)
      ~ s3_storage_class = "STANDARD" -> (known after apply)
      ~ subdirectory     = "/karol-test-lambda/" -> "/karol-test-lambda"
      - tags             = {} -> null
      ~ tags_all         = {} -> (known after apply)
      ~ uri              = "s3://mojap-ingestion-production-laa-data-analysis/karol-test-lambda/" -> (known after apply)
        # (2 unchanged attributes hidden)

      ~ s3_config {
          ~ bucket_access_role_arn = "arn:aws:iam::471112983409:role/datasync-laa-data-analysis" -> (known after apply) # forces replacement
        }
    }

  # aws_datasync_location_s3.laa_bucket_locations["laa-ccms-inbound-production"] must be replaced
-/+ resource "aws_datasync_location_s3" "laa_bucket_locations" {
      - agent_arns       = [] -> null
      ~ arn              = "arn:aws:datasync:eu-west-2:471112983409:location/loc-08e2de76a6acd2b8e" -> (known after apply)
      ~ id               = "arn:aws:datasync:eu-west-2:471112983409:location/loc-08e2de76a6acd2b8e" -> (known after apply)
      ~ s3_storage_class = "STANDARD" -> (known after apply)
      ~ subdirectory     = "/laa-ccms-inbound-production/" -> "/laa-ccms-inbound-production"
      - tags             = {} -> null
      ~ tags_all         = {} -> (known after apply)
      ~ uri              = "s3://mojap-ingestion-production-laa-data-analysis/laa-ccms-inbound-production/" -> (known after apply)
        # (2 unchanged attributes hidden)

      ~ s3_config {
          ~ bucket_access_role_arn = "arn:aws:iam::471112983409:role/datasync-laa-data-analysis" -> (known after apply) # forces replacement
        }
    }

  # aws_datasync_location_s3.laa_bucket_locations["laa-ccms-outbound-production"] must be replaced
-/+ resource "aws_datasync_location_s3" "laa_bucket_locations" {
      - agent_arns       = [] -> null
      ~ arn              = "arn:aws:datasync:eu-west-2:471112983409:location/loc-01953973ef09f6c3c" -> (known after apply)
      ~ id               = "arn:aws:datasync:eu-west-2:471112983409:location/loc-01953973ef09f6c3c" -> (known after apply)
      ~ s3_storage_class = "STANDARD" -> (known after apply)
      ~ subdirectory     = "/laa-ccms-outbound-production/" -> "/laa-ccms-outbound-production"
      - tags             = {} -> null
      ~ tags_all         = {} -> (known after apply)
      ~ uri              = "s3://mojap-ingestion-production-laa-data-analysis/laa-ccms-outbound-production/" -> (known after apply)
        # (2 unchanged attributes hidden)

      ~ s3_config {
          ~ bucket_access_role_arn = "arn:aws:iam::471112983409:role/datasync-laa-data-analysis" -> (known after apply) # forces replacement
        }
    }

  # aws_datasync_location_s3.laa_bucket_locations["laa-ccms-outbound-xerox-test-production"] must be replaced
-/+ resource "aws_datasync_location_s3" "laa_bucket_locations" {
      - agent_arns       = [] -> null
      ~ arn              = "arn:aws:datasync:eu-west-2:471112983409:location/loc-07c5b54aec741ef97" -> (known after apply)
      ~ id               = "arn:aws:datasync:eu-west-2:471112983409:location/loc-07c5b54aec741ef97" -> (known after apply)
      ~ s3_storage_class = "STANDARD" -> (known after apply)
      ~ subdirectory     = "/laa-ccms-outbound-xerox-test-production/" -> "/laa-ccms-outbound-xerox-test-production"
      - tags             = {} -> null
      ~ tags_all         = {} -> (known after apply)
      ~ uri              = "s3://mojap-ingestion-production-laa-data-analysis/laa-ccms-outbound-xerox-test-production/" -> (known after apply)
        # (2 unchanged attributes hidden)

      ~ s3_config {
          ~ bucket_access_role_arn = "arn:aws:iam::471112983409:role/datasync-laa-data-analysis" -> (known after apply) # forces replacement
        }
    }

  # aws_datasync_location_s3.laa_bucket_locations["laa-cloudfront-logging-production"] must be replaced
-/+ resource "aws_datasync_location_s3" "laa_bucket_locations" {
      - agent_arns       = [] -> null
      ~ arn              = "arn:aws:datasync:eu-west-2:471112983409:location/loc-082aac66132eaba92" -> (known after apply)
      ~ id               = "arn:aws:datasync:eu-west-2:471112983409:location/loc-082aac66132eaba92" -> (known after apply)
      ~ s3_storage_class = "STANDARD" -> (known after apply)
      ~ subdirectory     = "/laa-cloudfront-logging-production/" -> "/laa-cloudfront-logging-production"
      - tags             = {} -> null
      ~ tags_all         = {} -> (known after apply)
      ~ uri              = "s3://mojap-ingestion-production-laa-data-analysis/laa-cloudfront-logging-production/" -> (known after apply)
        # (2 unchanged attributes hidden)

      ~ s3_config {
          ~ bucket_access_role_arn = "arn:aws:iam::471112983409:role/datasync-laa-data-analysis" -> (known after apply) # forces replacement
        }
    }

  # aws_datasync_location_s3.laa_bucket_locations["laa-hub-production-appinfrastru-ftpoutboundbucket-xh5oo69o5te6"] must be replaced
-/+ resource "aws_datasync_location_s3" "laa_bucket_locations" {
      - agent_arns       = [] -> null
      ~ arn              = "arn:aws:datasync:eu-west-2:471112983409:location/loc-0ba9de89bc2472398" -> (known after apply)
      ~ id               = "arn:aws:datasync:eu-west-2:471112983409:location/loc-0ba9de89bc2472398" -> (known after apply)
      ~ s3_storage_class = "STANDARD" -> (known after apply)
      ~ subdirectory     = "/laa-hub-production-appinfrastru-ftpoutboundbucket-xh5oo69o5te6/" -> "/laa-hub-production-appinfrastru-ftpoutboundbucket-xh5oo69o5te6"
      - tags             = {} -> null
      ~ tags_all         = {} -> (known after apply)
      ~ uri              = "s3://mojap-ingestion-production-laa-data-analysis/laa-hub-production-appinfrastru-ftpoutboundbucket-xh5oo69o5te6/" -> (known after apply)
        # (2 unchanged attributes hidden)

      ~ s3_config {
          ~ bucket_access_role_arn = "arn:aws:iam::471112983409:role/datasync-laa-data-analysis" -> (known after apply) # forces replacement
        }
    }

  # aws_datasync_location_s3.laa_bucket_locations["laa-hub-production-appinfrastructuretem-ftpbucket-1qbjubqvbs0na"] must be replaced
-/+ resource "aws_datasync_location_s3" "laa_bucket_locations" {
      - agent_arns       = [] -> null
      ~ arn              = "arn:aws:datasync:eu-west-2:471112983409:location/loc-0516fede40bf2467e" -> (known after apply)
      ~ id               = "arn:aws:datasync:eu-west-2:471112983409:location/loc-0516fede40bf2467e" -> (known after apply)
      ~ s3_storage_class = "STANDARD" -> (known after apply)
      ~ subdirectory     = "/laa-hub-production-appinfrastructuretem-ftpbucket-1qbjubqvbs0na/" -> "/laa-hub-production-appinfrastructuretem-ftpbucket-1qbjubqvbs0na"
      - tags             = {} -> null
      ~ tags_all         = {} -> (known after apply)
      ~ uri              = "s3://mojap-ingestion-production-laa-data-analysis/laa-hub-production-appinfrastructuretem-ftpbucket-1qbjubqvbs0na/" -> (known after apply)
        # (2 unchanged attributes hidden)

      ~ s3_config {
          ~ bucket_access_role_arn = "arn:aws:iam::471112983409:role/datasync-laa-data-analysis" -> (known after apply) # forces replacement
        }
    }

  # aws_datasync_location_s3.laa_bucket_locations["laa-lambda-backup-production"] must be replaced
-/+ resource "aws_datasync_location_s3" "laa_bucket_locations" {
      - agent_arns       = [] -> null
      ~ arn              = "arn:aws:datasync:eu-west-2:471112983409:location/loc-0e87c174d7a400620" -> (known after apply)
      ~ id               = "arn:aws:datasync:eu-west-2:471112983409:location/loc-0e87c174d7a400620" -> (known after apply)
      ~ s3_storage_class = "STANDARD" -> (known after apply)
      ~ subdirectory     = "/laa-lambda-backup-production/" -> "/laa-lambda-backup-production"
      - tags             = {} -> null
      ~ tags_all         = {} -> (known after apply)
      ~ uri              = "s3://mojap-ingestion-production-laa-data-analysis/laa-lambda-backup-production/" -> (known after apply)
        # (2 unchanged attributes hidden)

      ~ s3_config {
          ~ bucket_access_role_arn = "arn:aws:iam::471112983409:role/datasync-laa-data-analysis" -> (known after apply) # forces replacement
        }
    }

  # aws_datasync_location_s3.laa_bucket_locations["laa-maatdb-outbound-xerox-test-production"] must be replaced
-/+ resource "aws_datasync_location_s3" "laa_bucket_locations" {
      - agent_arns       = [] -> null
      ~ arn              = "arn:aws:datasync:eu-west-2:471112983409:location/loc-0cf1d39c0611705f0" -> (known after apply)
      ~ id               = "arn:aws:datasync:eu-west-2:471112983409:location/loc-0cf1d39c0611705f0" -> (known after apply)
      ~ s3_storage_class = "STANDARD" -> (known after apply)
      ~ subdirectory     = "/laa-maatdb-outbound-xerox-test-production/" -> "/laa-maatdb-outbound-xerox-test-production"
      - tags             = {} -> null
      ~ tags_all         = {} -> (known after apply)
      ~ uri              = "s3://mojap-ingestion-production-laa-data-analysis/laa-maatdb-outbound-xerox-test-production/" -> (known after apply)
        # (2 unchanged attributes hidden)

      ~ s3_config {
          ~ bucket_access_role_arn = "arn:aws:iam::471112983409:role/datasync-laa-data-analysis" -> (known after apply) # forces replacement
        }
    }

  # aws_datasync_location_s3.laa_bucket_locations["laa-maatdb-production-appinfrastructure-ftpbucket-cc9uzmt9glhs"] must be replaced
-/+ resource "aws_datasync_location_s3" "laa_bucket_locations" {
      - agent_arns       = [] -> null
      ~ arn              = "arn:aws:datasync:eu-west-2:471112983409:location/loc-0d594cf1d6a4d1c54" -> (known after apply)
      ~ id               = "arn:aws:datasync:eu-west-2:471112983409:location/loc-0d594cf1d6a4d1c54" -> (known after apply)
      ~ s3_storage_class = "STANDARD" -> (known after apply)
      ~ subdirectory     = "/laa-maatdb-production-appinfrastructure-ftpbucket-cc9uzmt9glhs/" -> "/laa-maatdb-production-appinfrastructure-ftpbucket-cc9uzmt9glhs"
      - tags             = {} -> null
      ~ tags_all         = {} -> (known after apply)
      ~ uri              = "s3://mojap-ingestion-production-laa-data-analysis/laa-maatdb-production-appinfrastructure-ftpbucket-cc9uzmt9glhs/" -> (known after apply)
        # (2 unchanged attributes hidden)

      ~ s3_config {
          ~ bucket_access_role_arn = "arn:aws:iam::471112983409:role/datasync-laa-data-analysis" -> (known after apply) # forces replacement
        }
    }

  # aws_datasync_location_s3.laa_bucket_locations["laa-nct-inbound-production"] must be replaced
-/+ resource "aws_datasync_location_s3" "laa_bucket_locations" {
      - agent_arns       = [] -> null
      ~ arn              = "arn:aws:datasync:eu-west-2:471112983409:location/loc-0716f1741f3255a33" -> (known after apply)
      ~ id               = "arn:aws:datasync:eu-west-2:471112983409:location/loc-0716f1741f3255a33" -> (known after apply)
      ~ s3_storage_class = "STANDARD" -> (known after apply)
      ~ subdirectory     = "/laa-nct-inbound-production/" -> "/laa-nct-inbound-production"
      - tags             = {} -> null
      ~ tags_all         = {} -> (known after apply)
      ~ uri              = "s3://mojap-ingestion-production-laa-data-analysis/laa-nct-inbound-production/" -> (known after apply)
        # (2 unchanged attributes hidden)

      ~ s3_config {
          ~ bucket_access_role_arn = "arn:aws:iam::471112983409:role/datasync-laa-data-analysis" -> (known after apply) # forces replacement
        }
    }

  # aws_datasync_location_s3.laa_bucket_locations["laa-portal-production-archive"] must be replaced
-/+ resource "aws_datasync_location_s3" "laa_bucket_locations" {
      - agent_arns       = [] -> null
      ~ arn              = "arn:aws:datasync:eu-west-2:471112983409:location/loc-0614f7900d30f1980" -> (known after apply)
      ~ id               = "arn:aws:datasync:eu-west-2:471112983409:location/loc-0614f7900d30f1980" -> (known after apply)
      ~ s3_storage_class = "STANDARD" -> (known after apply)
      ~ subdirectory     = "/laa-portal-production-archive/" -> "/laa-portal-production-archive"
      - tags             = {} -> null
      ~ tags_all         = {} -> (known after apply)
      ~ uri              = "s3://mojap-ingestion-production-laa-data-analysis/laa-portal-production-archive/" -> (known after apply)
        # (2 unchanged attributes hidden)

      ~ s3_config {
          ~ bucket_access_role_arn = "arn:aws:iam::471112983409:role/datasync-laa-data-analysis" -> (known after apply) # forces replacement
        }
    }

  # aws_datasync_location_s3.laa_bucket_locations["laa-s3-inventory-scan"] must be replaced
-/+ resource "aws_datasync_location_s3" "laa_bucket_locations" {
      - agent_arns       = [] -> null
      ~ arn              = "arn:aws:datasync:eu-west-2:471112983409:location/loc-094731fe708e3a063" -> (known after apply)
      ~ id               = "arn:aws:datasync:eu-west-2:471112983409:location/loc-094731fe708e3a063" -> (known after apply)
      ~ s3_storage_class = "STANDARD" -> (known after apply)
      ~ subdirectory     = "/laa-s3-inventory-scan/" -> "/laa-s3-inventory-scan"
      - tags             = {} -> null
      ~ tags_all         = {} -> (known after apply)
      ~ uri              = "s3://mojap-ingestion-production-laa-data-analysis/laa-s3-inventory-scan/" -> (known after apply)
        # (2 unchanged attributes hidden)

      ~ s3_config {
          ~ bucket_access_role_arn = "arn:aws:iam::471112983409:role/datasync-laa-data-analysis" -> (known after apply) # forces replacement
        }
    }

  # aws_datasync_location_s3.laa_bucket_locations["laa-s3-inventory-scan-eu-west-2"] must be replaced
-/+ resource "aws_datasync_location_s3" "laa_bucket_locations" {
      - agent_arns       = [] -> null
      ~ arn              = "arn:aws:datasync:eu-west-2:471112983409:location/loc-029560b1a4beb42a7" -> (known after apply)
      ~ id               = "arn:aws:datasync:eu-west-2:471112983409:location/loc-029560b1a4beb42a7" -> (known after apply)
      ~ s3_storage_class = "STANDARD" -> (known after apply)
      ~ subdirectory     = "/laa-s3-inventory-scan-eu-west-2/" -> "/laa-s3-inventory-scan-eu-west-2"
      - tags             = {} -> null
      ~ tags_all         = {} -> (known after apply)
      ~ uri              = "s3://mojap-ingestion-production-laa-data-analysis/laa-s3-inventory-scan-eu-west-2/" -> (known after apply)
        # (2 unchanged attributes hidden)

      ~ s3_config {
          ~ bucket_access_role_arn = "arn:aws:iam::471112983409:role/datasync-laa-data-analysis" -> (known after apply) # forces replacement
        }
    }

  # aws_datasync_location_s3.laa_bucket_locations["laa-ses-reputation-events"] must be replaced
-/+ resource "aws_datasync_location_s3" "laa_bucket_locations" {
      - agent_arns       = [] -> null
      ~ arn              = "arn:aws:datasync:eu-west-2:471112983409:location/loc-0699b451434e4b58e" -> (known after apply)
      ~ id               = "arn:aws:datasync:eu-west-2:471112983409:location/loc-0699b451434e4b58e" -> (known after apply)
      ~ s3_storage_class = "STANDARD" -> (known after apply)
      ~ subdirectory     = "/laa-ses-reputation-events/" -> "/laa-ses-reputation-events"
      - tags             = {} -> null
      ~ tags_all         = {} -> (known after apply)
      ~ uri              = "s3://mojap-ingestion-production-laa-data-analysis/laa-ses-reputation-events/" -> (known after apply)
        # (2 unchanged attributes hidden)

      ~ s3_config {
          ~ bucket_access_role_arn = "arn:aws:iam::471112983409:role/datasync-laa-data-analysis" -> (known after apply) # forces replacement
        }
    }

  # aws_datasync_location_s3.opg must be replaced
-/+ resource "aws_datasync_location_s3" "opg" {
      - agent_arns       = [] -> null
      ~ arn              = "arn:aws:datasync:eu-west-2:471112983409:location/loc-0fe2c71caa69d8dfe" -> (known after apply)
      ~ id               = "arn:aws:datasync:eu-west-2:471112983409:location/loc-0fe2c71caa69d8dfe" -> (known after apply)
      ~ s3_storage_class = "STANDARD" -> (known after apply)
        tags             = {
            "application"            = "analytical-platform-ingestion"
            "business-unit"          = "Platforms"
            "environment-name"       = "analytical-platform-ingestion-production"
            "infrastructure-support" = "analytical-platform@digital.justice.gov.uk"
            "is-production"          = "true"
            "owner"                  = "Analytical Platform"
            "source-code"            = "https://github.com/ministryofjustice/modernisation-platform-environments"
        }
      ~ uri              = "s3://mojap-ingestion-production-datasync-opg/" -> (known after apply)
        # (4 unchanged attributes hidden)

      ~ s3_config {
          ~ bucket_access_role_arn = "arn:aws:iam::471112983409:role/datasync20241113150028145000000001" -> (known after apply) # forces replacement
        }
    }

  # aws_datasync_location_s3.source_bucket_locations["aws-athena-query-results-842522700642-eu-west-2"] must be replaced
-/+ resource "aws_datasync_location_s3" "source_bucket_locations" {
      - agent_arns       = [] -> null
      ~ arn              = "arn:aws:datasync:eu-west-2:471112983409:location/loc-0935681310a0f8087" -> (known after apply)
      ~ id               = "arn:aws:datasync:eu-west-2:471112983409:location/loc-0935681310a0f8087" -> (known after apply)
      ~ s3_storage_class = "STANDARD" -> (known after apply)
      - tags             = {} -> null
      ~ tags_all         = {} -> (known after apply)
      ~ uri              = "s3://aws-athena-query-results-842522700642-eu-west-2/" -> (known after apply)
        # (3 unchanged attributes hidden)

      ~ s3_config {
          ~ bucket_access_role_arn = "arn:aws:iam::471112983409:role/datasync-laa-data-analysis" -> (known after apply) # forces replacement
        }
    }

  # aws_datasync_location_s3.source_bucket_locations["aws-waf-logs-cwa"] must be replaced
-/+ resource "aws_datasync_location_s3" "source_bucket_locations" {
      - agent_arns       = [] -> null
      ~ arn              = "arn:aws:datasync:eu-west-2:471112983409:location/loc-0b9798f648b4cb46f" -> (known after apply)
      ~ id               = "arn:aws:datasync:eu-west-2:471112983409:location/loc-0b9798f648b4cb46f" -> (known after apply)
      ~ s3_storage_class = "STANDARD" -> (known after apply)
      - tags             = {} -> null
      ~ tags_all         = {} -> (known after apply)
      ~ uri              = "s3://aws-waf-logs-cwa/" -> (known after apply)
        # (3 unchanged attributes hidden)

      ~ s3_config {
          ~ bucket_access_role_arn = "arn:aws:iam::471112983409:role/datasync-laa-data-analysis" -> (known after apply) # forces replacement
        }
    }

  # aws_datasync_location_s3.source_bucket_locations["aws-waf-logs-portal-production"] must be replaced
-/+ resource "aws_datasync_location_s3" "source_bucket_locations" {
      - agent_arns       = [] -> null
      ~ arn              = "arn:aws:datasync:eu-west-2:471112983409:location/loc-0de5a2b653cde0a40" -> (known after apply)
      ~ id               = "arn:aws:datasync:eu-west-2:471112983409:location/loc-0de5a2b653cde0a40" -> (known after apply)
      ~ s3_storage_class = "STANDARD" -> (known after apply)
      - tags             = {} -> null
      ~ tags_all         = {} -> (known after apply)
      ~ uri              = "s3://aws-waf-logs-portal-production/" -> (known after apply)
        # (3 unchanged attributes hidden)

      ~ s3_config {
          ~ bucket_access_role_arn = "arn:aws:iam::471112983409:role/datasync-laa-data-analysis" -> (known after apply) # forces replacement
        }
    }

  # aws_datasync_location_s3.source_bucket_locations["bacway-dbrestore-production-eu-west-2-842522700642"] must be replaced
-/+ resource "aws_datasync_location_s3" "source_bucket_locations" {
      - agent_arns       = [] -> null
      ~ arn              = "arn:aws:datasync:eu-west-2:471112983409:location/loc-0270c79017f6db372" -> (known after apply)
      ~ id               = "arn:aws:datasync:eu-west-2:471112983409:location/loc-0270c79017f6db372" -> (known after apply)
      ~ s3_storage_class = "STANDARD" -> (known after apply)
      - tags             = {} -> null
      ~ tags_all         = {} -> (known after apply)
      ~ uri              = "s3://bacway-dbrestore-production-eu-west-2-842522700642/" -> (known after apply)
        # (3 unchanged attributes hidden)

      ~ s3_config {
          ~ bucket_access_role_arn = "arn:aws:iam::471112983409:role/datasync-laa-data-analysis" -> (known after apply) # forces replacement
        }
    }

  # aws_datasync_location_s3.source_bucket_locations["bacway-production-eu-west-2-842522700642"] must be replaced
-/+ resource "aws_datasync_location_s3" "source_bucket_locations" {
      - agent_arns       = [] -> null
      ~ arn              = "arn:aws:datasync:eu-west-2:471112983409:location/loc-0ed8ebad0147ae950" -> (known after apply)
      ~ id               = "arn:aws:datasync:eu-west-2:471112983409:location/loc-0ed8ebad0147ae950" -> (known after apply)
      ~ s3_storage_class = "STANDARD" -> (known after apply)
      - tags             = {} -> null
      ~ tags_all         = {} -> (known after apply)
      ~ uri              = "s3://bacway-production-eu-west-2-842522700642/" -> (known after apply)
        # (3 unchanged attributes hidden)

      ~ s3_config {
          ~ bucket_access_role_arn = "arn:aws:iam::471112983409:role/datasync-laa-data-analysis" -> (known after apply) # forces replacement
        }
    }

  # aws_datasync_location_s3.source_bucket_locations["ccms-pui-production"] must be replaced
-/+ resource "aws_datasync_location_s3" "source_bucket_locations" {
      - agent_arns       = [] -> null
      ~ arn              = "arn:aws:datasync:eu-west-2:471112983409:location/loc-0f923641c7c41e71c" -> (known after apply)
      ~ id               = "arn:aws:datasync:eu-west-2:471112983409:location/loc-0f923641c7c41e71c" -> (known after apply)
      ~ s3_storage_class = "STANDARD" -> (known after apply)
      - tags             = {} -> null
      ~ tags_all         = {} -> (known after apply)
      ~ uri              = "s3://ccms-pui-production/" -> (known after apply)
        # (3 unchanged attributes hidden)

      ~ s3_config {
          ~ bucket_access_role_arn = "arn:aws:iam::471112983409:role/datasync-laa-data-analysis" -> (known after apply) # forces replacement
        }
    }

  # aws_datasync_location_s3.source_bucket_locations["cf-templates-o0533spdqnul-eu-west-2"] must be replaced
-/+ resource "aws_datasync_location_s3" "source_bucket_locations" {
      - agent_arns       = [] -> null
      ~ arn              = "arn:aws:datasync:eu-west-2:471112983409:location/loc-0269f8628812b6ba2" -> (known after apply)
      ~ id               = "arn:aws:datasync:eu-west-2:471112983409:location/loc-0269f8628812b6ba2" -> (known after apply)
      ~ s3_storage_class = "STANDARD" -> (known after apply)
      - tags             = {} -> null
      ~ tags_all         = {} -> (known after apply)
      ~ uri              = "s3://cf-templates-o0533spdqnul-eu-west-2/" -> (known after apply)
        # (3 unchanged attributes hidden)

      ~ s3_config {
          ~ bucket_access_role_arn = "arn:aws:iam::471112983409:role/datasync-laa-data-analysis" -> (known after apply) # forces replacement
        }
    }

  # aws_datasync_location_s3.source_bucket_locations["forms-connector-lb-logs-poc"] must be replaced
-/+ resource "aws_datasync_location_s3" "source_bucket_locations" {
      - agent_arns       = [] -> null
      ~ arn              = "arn:aws:datasync:eu-west-2:471112983409:location/loc-03b65d87f89b1a15d" -> (known after apply)
      ~ id               = "arn:aws:datasync:eu-west-2:471112983409:location/loc-03b65d87f89b1a15d" -> (known after apply)
      ~ s3_storage_class = "STANDARD" -> (known after apply)
      - tags             = {} -> null
      ~ tags_all         = {} -> (known after apply)
      ~ uri              = "s3://forms-connector-lb-logs-poc/" -> (known after apply)
        # (3 unchanged attributes hidden)

      ~ s3_config {
          ~ bucket_access_role_arn = "arn:aws:iam::471112983409:role/datasync-laa-data-analysis" -> (known after apply) # forces replacement
        }
    }

  # aws_datasync_location_s3.source_bucket_locations["karol-test-lambda"] must be replaced
-/+ resource "aws_datasync_location_s3" "source_bucket_locations" {
      - agent_arns       = [] -> null
      ~ arn              = "arn:aws:datasync:eu-west-2:471112983409:location/loc-07f568b29b21ddcda" -> (known after apply)
      ~ id               = "arn:aws:datasync:eu-west-2:471112983409:location/loc-07f568b29b21ddcda" -> (known after apply)
      ~ s3_storage_class = "STANDARD" -> (known after apply)
      - tags             = {} -> null
      ~ tags_all         = {} -> (known after apply)
      ~ uri              = "s3://karol-test-lambda/" -> (known after apply)
        # (3 unchanged attributes hidden)

      ~ s3_config {
          ~ bucket_access_role_arn = "arn:aws:iam::471112983409:role/datasync-laa-data-analysis" -> (known after apply) # forces replacement
        }
    }

  # aws_datasync_location_s3.source_bucket_locations["laa-ccms-inbound-production"] must be replaced
-/+ resource "aws_datasync_location_s3" "source_bucket_locations" {
      - agent_arns       = [] -> null
      ~ arn              = "arn:aws:datasync:eu-west-2:471112983409:location/loc-0585f41de1832d4b5" -> (known after apply)
      ~ id               = "arn:aws:datasync:eu-west-2:471112983409:location/loc-0585f41de1832d4b5" -> (known after apply)
      ~ s3_storage_class = "STANDARD" -> (known after apply)
      - tags             = {} -> null
      ~ tags_all         = {} -> (known after apply)
      ~ uri              = "s3://laa-ccms-inbound-production/" -> (known after apply)
        # (3 unchanged attributes hidden)

      ~ s3_config {
          ~ bucket_access_role_arn = "arn:aws:iam::471112983409:role/datasync-laa-data-analysis" -> (known after apply) # forces replacement
        }
    }

  # aws_datasync_location_s3.source_bucket_locations["laa-ccms-outbound-production"] must be replaced
-/+ resource "aws_datasync_location_s3" "source_bucket_locations" {
      - agent_arns       = [] -> null
      ~ arn              = "arn:aws:datasync:eu-west-2:471112983409:location/loc-0132d1fbfeb03472a" -> (known after apply)
      ~ id               = "arn:aws:datasync:eu-west-2:471112983409:location/loc-0132d1fbfeb03472a" -> (known after apply)
      ~ s3_storage_class = "STANDARD" -> (known after apply)
      - tags             = {} -> null
      ~ tags_all         = {} -> (known after apply)
      ~ uri              = "s3://laa-ccms-outbound-production/" -> (known after apply)
        # (3 unchanged attributes hidden)

      ~ s3_config {
          ~ bucket_access_role_arn = "arn:aws:iam::471112983409:role/datasync-laa-data-analysis" -> (known after apply) # forces replacement
        }
    }

  # aws_datasync_location_s3.source_bucket_locations["laa-ccms-outbound-xerox-test-production"] must be replaced
-/+ resource "aws_datasync_location_s3" "source_bucket_locations" {
      - agent_arns       = [] -> null
      ~ arn              = "arn:aws:datasync:eu-west-2:471112983409:location/loc-00c87dfacc32885f2" -> (known after apply)
      ~ id               = "arn:aws:datasync:eu-west-2:471112983409:location/loc-00c87dfacc32885f2" -> (known after apply)
      ~ s3_storage_class = "STANDARD" -> (known after apply)
      - tags             = {} -> null
      ~ tags_all         = {} -> (known after apply)
      ~ uri              = "s3://laa-ccms-outbound-xerox-test-production/" -> (known after apply)
        # (3 unchanged attributes hidden)

      ~ s3_config {
          ~ bucket_access_role_arn = "arn:aws:iam::471112983409:role/datasync-laa-data-analysis" -> (known after apply) # forces replacement
        }
    }

  # aws_datasync_location_s3.source_bucket_locations["laa-cloudfront-logging-production"] must be replaced
-/+ resource "aws_datasync_location_s3" "source_bucket_locations" {
      - agent_arns       = [] -> null
      ~ arn              = "arn:aws:datasync:eu-west-2:471112983409:location/loc-0aa221f6aa70bb0f4" -> (known after apply)
      ~ id               = "arn:aws:datasync:eu-west-2:471112983409:location/loc-0aa221f6aa70bb0f4" -> (known after apply)
      ~ s3_storage_class = "STANDARD" -> (known after apply)
      - tags             = {} -> null
      ~ tags_all         = {} -> (known after apply)
      ~ uri              = "s3://laa-cloudfront-logging-production/" -> (known after apply)
        # (3 unchanged attributes hidden)

      ~ s3_config {
          ~ bucket_access_role_arn = "arn:aws:iam::471112983409:role/datasync-laa-data-analysis" -> (known after apply) # forces replacement
        }
    }

  # aws_datasync_location_s3.source_bucket_locations["laa-hub-production-appinfrastru-ftpoutboundbucket-xh5oo69o5te6"] must be replaced
-/+ resource "aws_datasync_location_s3" "source_bucket_locations" {
      - agent_arns       = [] -> null
      ~ arn              = "arn:aws:datasync:eu-west-2:471112983409:location/loc-0276c3ae0b42a339f" -> (known after apply)
      ~ id               = "arn:aws:datasync:eu-west-2:471112983409:location/loc-0276c3ae0b42a339f" -> (known after apply)
      ~ s3_storage_class = "STANDARD" -> (known after apply)
      - tags             = {} -> null
      ~ tags_all         = {} -> (known after apply)
      ~ uri              = "s3://laa-hub-production-appinfrastru-ftpoutboundbucket-xh5oo69o5te6/" -> (known after apply)
        # (3 unchanged attributes hidden)

      ~ s3_config {
          ~ bucket_access_role_arn = "arn:aws:iam::471112983409:role/datasync-laa-data-analysis" -> (known after apply) # forces replacement
        }
    }

  # aws_datasync_location_s3.source_bucket_locations["laa-hub-production-appinfrastructuretem-ftpbucket-1qbjubqvbs0na"] must be replaced
-/+ resource "aws_datasync_location_s3" "source_bucket_locations" {
      - agent_arns       = [] -> null
      ~ arn              = "arn:aws:datasync:eu-west-2:471112983409:location/loc-06585bd5634c0b47f" -> (known after apply)
      ~ id               = "arn:aws:datasync:eu-west-2:471112983409:location/loc-06585bd5634c0b47f" -> (known after apply)
      ~ s3_storage_class = "STANDARD" -> (known after apply)
      - tags             = {} -> null
      ~ tags_all         = {} -> (known after apply)
      ~ uri              = "s3://laa-hub-production-appinfrastructuretem-ftpbucket-1qbjubqvbs0na/" -> (known after apply)
        # (3 unchanged attributes hidden)

      ~ s3_config {
          ~ bucket_access_role_arn = "arn:aws:iam::471112983409:role/datasync-laa-data-analysis" -> (known after apply) # forces replacement
        }
    }

  # aws_datasync_location_s3.source_bucket_locations["laa-lambda-backup-production"] must be replaced
-/+ resource "aws_datasync_location_s3" "source_bucket_locations" {
      - agent_arns       = [] -> null
      ~ arn              = "arn:aws:datasync:eu-west-2:471112983409:location/loc-07e129b3a547a77e6" -> (known after apply)
      ~ id               = "arn:aws:datasync:eu-west-2:471112983409:location/loc-07e129b3a547a77e6" -> (known after apply)
      ~ s3_storage_class = "STANDARD" -> (known after apply)
      - tags             = {} -> null
      ~ tags_all         = {} -> (known after apply)
      ~ uri              = "s3://laa-lambda-backup-production/" -> (known after apply)
        # (3 unchanged attributes hidden)

      ~ s3_config {
          ~ bucket_access_role_arn = "arn:aws:iam::471112983409:role/datasync-laa-data-analysis" -> (known after apply) # forces replacement
        }
    }

  # aws_datasync_location_s3.source_bucket_locations["laa-maatdb-outbound-xerox-test-production"] must be replaced
-/+ resource "aws_datasync_location_s3" "source_bucket_locations" {
      - agent_arns       = [] -> null
      ~ arn              = "arn:aws:datasync:eu-west-2:471112983409:location/loc-006b66144865e49e9" -> (known after apply)
      ~ id               = "arn:aws:datasync:eu-west-2:471112983409:location/loc-006b66144865e49e9" -> (known after apply)
      ~ s3_storage_class = "STANDARD" -> (known after apply)
      - tags             = {} -> null
      ~ tags_all         = {} -> (known after apply)
      ~ uri              = "s3://laa-maatdb-outbound-xerox-test-production/" -> (known after apply)
        # (3 unchanged attributes hidden)

      ~ s3_config {
          ~ bucket_access_role_arn = "arn:aws:iam::471112983409:role/datasync-laa-data-analysis" -> (known after apply) # forces replacement
        }
    }

  # aws_datasync_location_s3.source_bucket_locations["laa-maatdb-production-appinfrastructure-ftpbucket-cc9uzmt9glhs"] must be replaced
-/+ resource "aws_datasync_location_s3" "source_bucket_locations" {
      - agent_arns       = [] -> null
      ~ arn              = "arn:aws:datasync:eu-west-2:471112983409:location/loc-0a843bc1a68f6b9d4" -> (known after apply)
      ~ id               = "arn:aws:datasync:eu-west-2:471112983409:location/loc-0a843bc1a68f6b9d4" -> (known after apply)
      ~ s3_storage_class = "STANDARD" -> (known after apply)
      - tags             = {} -> null
      ~ tags_all         = {} -> (known after apply)
      ~ uri              = "s3://laa-maatdb-production-appinfrastructure-ftpbucket-cc9uzmt9glhs/" -> (known after apply)
        # (3 unchanged attributes hidden)

      ~ s3_config {
          ~ bucket_access_role_arn = "arn:aws:iam::471112983409:role/datasync-laa-data-analysis" -> (known after apply) # forces replacement
        }
    }

  # aws_datasync_location_s3.source_bucket_locations["laa-nct-inbound-production"] must be replaced
-/+ resource "aws_datasync_location_s3" "source_bucket_locations" {
      - agent_arns       = [] -> null
      ~ arn              = "arn:aws:datasync:eu-west-2:471112983409:location/loc-00b5b253b58d00382" -> (known after apply)
      ~ id               = "arn:aws:datasync:eu-west-2:471112983409:location/loc-00b5b253b58d00382" -> (known after apply)
      ~ s3_storage_class = "STANDARD" -> (known after apply)
      - tags             = {} -> null
      ~ tags_all         = {} -> (known after apply)
      ~ uri              = "s3://laa-nct-inbound-production/" -> (known after apply)
        # (3 unchanged attributes hidden)

      ~ s3_config {
          ~ bucket_access_role_arn = "arn:aws:iam::471112983409:role/datasync-laa-data-analysis" -> (known after apply) # forces replacement
        }
    }

  # aws_datasync_location_s3.source_bucket_locations["laa-portal-production-archive"] must be replaced
-/+ resource "aws_datasync_location_s3" "source_bucket_locations" {
      - agent_arns       = [] -> null
      ~ arn              = "arn:aws:datasync:eu-west-2:471112983409:location/loc-0e9018b8e4bf262c9" -> (known after apply)
      ~ id               = "arn:aws:datasync:eu-west-2:471112983409:location/loc-0e9018b8e4bf262c9" -> (known after apply)
      ~ s3_storage_class = "STANDARD" -> (known after apply)
      - tags             = {} -> null
      ~ tags_all         = {} -> (known after apply)
      ~ uri              = "s3://laa-portal-production-archive/" -> (known after apply)
        # (3 unchanged attributes hidden)

      ~ s3_config {
          ~ bucket_access_role_arn = "arn:aws:iam::471112983409:role/datasync-laa-data-analysis" -> (known after apply) # forces replacement
        }
    }

  # aws_datasync_location_s3.source_bucket_locations["laa-s3-inventory-scan-eu-west-2"] must be replaced
-/+ resource "aws_datasync_location_s3" "source_bucket_locations" {
      - agent_arns       = [] -> null
      ~ arn              = "arn:aws:datasync:eu-west-2:471112983409:location/loc-05123c2b63ce97fac" -> (known after apply)
      ~ id               = "arn:aws:datasync:eu-west-2:471112983409:location/loc-05123c2b63ce97fac" -> (known after apply)
      ~ s3_storage_class = "STANDARD" -> (known after apply)
      - tags             = {} -> null
      ~ tags_all         = {} -> (known after apply)
      ~ uri              = "s3://laa-s3-inventory-scan-eu-west-2/" -> (known after apply)
        # (3 unchanged attributes hidden)

      ~ s3_config {
          ~ bucket_access_role_arn = "arn:aws:iam::471112983409:role/datasync-laa-data-analysis" -> (known after apply) # forces replacement
        }
    }

  # aws_datasync_location_s3.source_bucket_locations_eu_west_1["cf-templates-o0533spdqnul-eu-west-1"] must be replaced
-/+ resource "aws_datasync_location_s3" "source_bucket_locations_eu_west_1" {
      - agent_arns       = [] -> null
      ~ arn              = "arn:aws:datasync:eu-west-1:471112983409:location/loc-019b0db356b3e8838" -> (known after apply)
      ~ id               = "arn:aws:datasync:eu-west-1:471112983409:location/loc-019b0db356b3e8838" -> (known after apply)
      ~ s3_storage_class = "STANDARD" -> (known after apply)
      - tags             = {} -> null
      ~ tags_all         = {} -> (known after apply)
      ~ uri              = "s3://cf-templates-o0533spdqnul-eu-west-1/" -> (known after apply)
        # (3 unchanged attributes hidden)

      ~ s3_config {
          ~ bucket_access_role_arn = "arn:aws:iam::471112983409:role/datasync-laa-data-analysis" -> (known after apply) # forces replacement
        }
    }

  # aws_datasync_location_s3.source_bucket_locations_eu_west_1["laa-s3-inventory-scan"] must be replaced
-/+ resource "aws_datasync_location_s3" "source_bucket_locations_eu_west_1" {
      - agent_arns       = [] -> null
      ~ arn              = "arn:aws:datasync:eu-west-1:471112983409:location/loc-004ad7cc2b5d4b120" -> (known after apply)
      ~ id               = "arn:aws:datasync:eu-west-1:471112983409:location/loc-004ad7cc2b5d4b120" -> (known after apply)
      ~ s3_storage_class = "STANDARD" -> (known after apply)
      - tags             = {} -> null
      ~ tags_all         = {} -> (known after apply)
      ~ uri              = "s3://laa-s3-inventory-scan/" -> (known after apply)
        # (3 unchanged attributes hidden)

      ~ s3_config {
          ~ bucket_access_role_arn = "arn:aws:iam::471112983409:role/datasync-laa-data-analysis" -> (known after apply) # forces replacement
        }
    }

  # aws_datasync_location_s3.source_bucket_locations_eu_west_1["laa-ses-reputation-events"] must be replaced
-/+ resource "aws_datasync_location_s3" "source_bucket_locations_eu_west_1" {
      - agent_arns       = [] -> null
      ~ arn              = "arn:aws:datasync:eu-west-1:471112983409:location/loc-04a06613ed12de635" -> (known after apply)
      ~ id               = "arn:aws:datasync:eu-west-1:471112983409:location/loc-04a06613ed12de635" -> (known after apply)
      ~ s3_storage_class = "STANDARD" -> (known after apply)
      - tags             = {} -> null
      ~ tags_all         = {} -> (known after apply)
      ~ uri              = "s3://laa-ses-reputation-events/" -> (known after apply)
        # (3 unchanged attributes hidden)

      ~ s3_config {
          ~ bucket_access_role_arn = "arn:aws:iam::471112983409:role/datasync-laa-data-analysis" -> (known after apply) # forces replacement
        }
    }

  # aws_datasync_task.laa_data_analysis_tasks["aws-athena-query-results-842522700642-eu-west-2"] must be replaced
-/+ resource "aws_datasync_task" "laa_data_analysis_tasks" {
      ~ arn                      = "arn:aws:datasync:eu-west-2:471112983409:task/task-05bab060538a00d38" -> (known after apply)
      ~ destination_location_arn = "arn:aws:datasync:eu-west-2:471112983409:location/loc-0ab5b1f3542a966f9" -> (known after apply) # forces replacement
      ~ id                       = "arn:aws:datasync:eu-west-2:471112983409:task/task-05bab060538a00d38" -> (known after apply)
        name                     = "laa-data-analysis-aws-athena-query-results-842522700642-eu-west-2-to-dedicated"
      ~ source_location_arn      = "arn:aws:datasync:eu-west-2:471112983409:location/loc-0935681310a0f8087" -> (known after apply) # forces replacement
      - tags                     = {} -> null
      ~ tags_all                 = {} -> (known after apply)
        # (3 unchanged attributes hidden)

        # (1 unchanged block hidden)
    }

  # aws_datasync_task.laa_data_analysis_tasks["aws-waf-logs-cwa"] must be replaced
-/+ resource "aws_datasync_task" "laa_data_analysis_tasks" {
      ~ arn                      = "arn:aws:datasync:eu-west-2:471112983409:task/task-0f99160242bb8e860" -> (known after apply)
      ~ destination_location_arn = "arn:aws:datasync:eu-west-2:471112983409:location/loc-019ddeb02534b30df" -> (known after apply) # forces replacement
      ~ id                       = "arn:aws:datasync:eu-west-2:471112983409:task/task-0f99160242bb8e860" -> (known after apply)
        name                     = "laa-data-analysis-aws-waf-logs-cwa-to-dedicated"
      ~ source_location_arn      = "arn:aws:datasync:eu-west-2:471112983409:location/loc-0b9798f648b4cb46f" -> (known after apply) # forces replacement
      - tags                     = {} -> null
      ~ tags_all                 = {} -> (known after apply)
        # (3 unchanged attributes hidden)

        # (1 unchanged block hidden)
    }

  # aws_datasync_task.laa_data_analysis_tasks["aws-waf-logs-portal-production"] must be replaced
-/+ resource "aws_datasync_task" "laa_data_analysis_tasks" {
      ~ arn                      = "arn:aws:datasync:eu-west-2:471112983409:task/task-092a8d25c11bf8f85" -> (known after apply)
      ~ destination_location_arn = "arn:aws:datasync:eu-west-2:471112983409:location/loc-0849fd7ca4ebc221e" -> (known after apply) # forces replacement
      ~ id                       = "arn:aws:datasync:eu-west-2:471112983409:task/task-092a8d25c11bf8f85" -> (known after apply)
        name                     = "laa-data-analysis-aws-waf-logs-portal-production-to-dedicated"
      ~ source_location_arn      = "arn:aws:datasync:eu-west-2:471112983409:location/loc-0de5a2b653cde0a40" -> (known after apply) # forces replacement
      - tags                     = {} -> null
      ~ tags_all                 = {} -> (known after apply)
        # (3 unchanged attributes hidden)

        # (1 unchanged block hidden)
    }

  # aws_datasync_task.laa_data_analysis_tasks["bacway-dbrestore-production-eu-west-2-842522700642"] must be replaced
-/+ resource "aws_datasync_task" "laa_data_analysis_tasks" {
      ~ arn                      = "arn:aws:datasync:eu-west-2:471112983409:task/task-02ca984f2c5408f72" -> (known after apply)
      ~ destination_location_arn = "arn:aws:datasync:eu-west-2:471112983409:location/loc-0beaf25ceed5e4fb5" -> (known after apply) # forces replacement
      ~ id                       = "arn:aws:datasync:eu-west-2:471112983409:task/task-02ca984f2c5408f72" -> (known after apply)
        name                     = "laa-data-analysis-bacway-dbrestore-production-eu-west-2-842522700642-to-dedicated"
      ~ source_location_arn      = "arn:aws:datasync:eu-west-2:471112983409:location/loc-0270c79017f6db372" -> (known after apply) # forces replacement
      - tags                     = {} -> null
      ~ tags_all                 = {} -> (known after apply)
        # (3 unchanged attributes hidden)

        # (1 unchanged block hidden)
    }

  # aws_datasync_task.laa_data_analysis_tasks["bacway-production-eu-west-2-842522700642"] must be replaced
-/+ resource "aws_datasync_task" "laa_data_analysis_tasks" {
      ~ arn                      = "arn:aws:datasync:eu-west-2:471112983409:task/task-0fbee7e261292aeb6" -> (known after apply)
      ~ destination_location_arn = "arn:aws:datasync:eu-west-2:471112983409:location/loc-0a60c2801c721d0d1" -> (known after apply) # forces replacement
      ~ id                       = "arn:aws:datasync:eu-west-2:471112983409:task/task-0fbee7e261292aeb6" -> (known after apply)
        name                     = "laa-data-analysis-bacway-production-eu-west-2-842522700642-to-dedicated"
      ~ source_location_arn      = "arn:aws:datasync:eu-west-2:471112983409:location/loc-0ed8ebad0147ae950" -> (known after apply) # forces replacement
      - tags                     = {} -> null
      ~ tags_all                 = {} -> (known after apply)
        # (3 unchanged attributes hidden)

        # (1 unchanged block hidden)
    }

  # aws_datasync_task.laa_data_analysis_tasks["ccms-pui-production"] must be replaced
-/+ resource "aws_datasync_task" "laa_data_analysis_tasks" {
      ~ arn                      = "arn:aws:datasync:eu-west-2:471112983409:task/task-01d02047dde6597ba" -> (known after apply)
      ~ destination_location_arn = "arn:aws:datasync:eu-west-2:471112983409:location/loc-0f1f8a40c2c78ace5" -> (known after apply) # forces replacement
      ~ id                       = "arn:aws:datasync:eu-west-2:471112983409:task/task-01d02047dde6597ba" -> (known after apply)
        name                     = "laa-data-analysis-ccms-pui-production-to-dedicated"
      ~ source_location_arn      = "arn:aws:datasync:eu-west-2:471112983409:location/loc-0f923641c7c41e71c" -> (known after apply) # forces replacement
      - tags                     = {} -> null
      ~ tags_all                 = {} -> (known after apply)
        # (3 unchanged attributes hidden)

        # (1 unchanged block hidden)
    }

  # aws_datasync_task.laa_data_analysis_tasks["cf-templates-o0533spdqnul-eu-west-1"] must be replaced
-/+ resource "aws_datasync_task" "laa_data_analysis_tasks" {
      ~ arn                      = "arn:aws:datasync:eu-west-2:471112983409:task/task-04ab99c701f9cc79c" -> (known after apply)
      ~ destination_location_arn = "arn:aws:datasync:eu-west-2:471112983409:location/loc-0d10b58f85a5b392e" -> (known after apply) # forces replacement
      ~ id                       = "arn:aws:datasync:eu-west-2:471112983409:task/task-04ab99c701f9cc79c" -> (known after apply)
        name                     = "laa-data-analysis-cf-templates-o0533spdqnul-eu-west-1-to-dedicated"
      ~ source_location_arn      = "arn:aws:datasync:eu-west-1:471112983409:location/loc-019b0db356b3e8838" -> (known after apply) # forces replacement
      - tags                     = {} -> null
      ~ tags_all                 = {} -> (known after apply)
        # (3 unchanged attributes hidden)

        # (1 unchanged block hidden)
    }

  # aws_datasync_task.laa_data_analysis_tasks["cf-templates-o0533spdqnul-eu-west-2"] must be replaced
-/+ resource "aws_datasync_task" "laa_data_analysis_tasks" {
      ~ arn                      = "arn:aws:datasync:eu-west-2:471112983409:task/task-0f2044558be98c4de" -> (known after apply)
      ~ destination_location_arn = "arn:aws:datasync:eu-west-2:471112983409:location/loc-0952c777b28555122" -> (known after apply) # forces replacement
      ~ id                       = "arn:aws:datasync:eu-west-2:471112983409:task/task-0f2044558be98c4de" -> (known after apply)
        name                     = "laa-data-analysis-cf-templates-o0533spdqnul-eu-west-2-to-dedicated"
      ~ source_location_arn      = "arn:aws:datasync:eu-west-2:471112983409:location/loc-0269f8628812b6ba2" -> (known after apply) # forces replacement
      - tags                     = {} -> null
      ~ tags_all                 = {} -> (known after apply)
        # (3 unchanged attributes hidden)

        # (1 unchanged block hidden)
    }

  # aws_datasync_task.laa_data_analysis_tasks["forms-connector-lb-logs-poc"] must be replaced
-/+ resource "aws_datasync_task" "laa_data_analysis_tasks" {
      ~ arn                      = "arn:aws:datasync:eu-west-2:471112983409:task/task-0fae875d6b99d698f" -> (known after apply)
      ~ destination_location_arn = "arn:aws:datasync:eu-west-2:471112983409:location/loc-0b854f907183a738c" -> (known after apply) # forces replacement
      ~ id                       = "arn:aws:datasync:eu-west-2:471112983409:task/task-0fae875d6b99d698f" -> (known after apply)
        name                     = "laa-data-analysis-forms-connector-lb-logs-poc-to-dedicated"
      ~ source_location_arn      = "arn:aws:datasync:eu-west-2:471112983409:location/loc-03b65d87f89b1a15d" -> (known after apply) # forces replacement
      - tags                     = {} -> null
      ~ tags_all                 = {} -> (known after apply)
        # (3 unchanged attributes hidden)

        # (1 unchanged block hidden)
    }

  # aws_datasync_task.laa_data_analysis_tasks["karol-test-lambda"] must be replaced
-/+ resource "aws_datasync_task" "laa_data_analysis_tasks" {
      ~ arn                      = "arn:aws:datasync:eu-west-2:471112983409:task/task-0d014733b196380dd" -> (known after apply)
      ~ destination_location_arn = "arn:aws:datasync:eu-west-2:471112983409:location/loc-00737c8eb2c70597b" -> (known after apply) # forces replacement
      ~ id                       = "arn:aws:datasync:eu-west-2:471112983409:task/task-0d014733b196380dd" -> (known after apply)
        name                     = "laa-data-analysis-karol-test-lambda-to-dedicated"
      ~ source_location_arn      = "arn:aws:datasync:eu-west-2:471112983409:location/loc-07f568b29b21ddcda" -> (known after apply) # forces replacement
      - tags                     = {} -> null
      ~ tags_all                 = {} -> (known after apply)
        # (3 unchanged attributes hidden)

        # (1 unchanged block hidden)
    }

  # aws_datasync_task.laa_data_analysis_tasks["laa-ccms-inbound-production"] must be replaced
-/+ resource "aws_datasync_task" "laa_data_analysis_tasks" {
      ~ arn                      = "arn:aws:datasync:eu-west-2:471112983409:task/task-01f8cfbf8dba0d155" -> (known after apply)
      ~ destination_location_arn = "arn:aws:datasync:eu-west-2:471112983409:location/loc-08e2de76a6acd2b8e" -> (known after apply) # forces replacement
      ~ id                       = "arn:aws:datasync:eu-west-2:471112983409:task/task-01f8cfbf8dba0d155" -> (known after apply)
        name                     = "laa-data-analysis-laa-ccms-inbound-production-to-dedicated"
      ~ source_location_arn      = "arn:aws:datasync:eu-west-2:471112983409:location/loc-0585f41de1832d4b5" -> (known after apply) # forces replacement
      - tags                     = {} -> null
      ~ tags_all                 = {} -> (known after apply)
        # (3 unchanged attributes hidden)

        # (1 unchanged block hidden)
    }

  # aws_datasync_task.laa_data_analysis_tasks["laa-ccms-outbound-production"] must be replaced
-/+ resource "aws_datasync_task" "laa_data_analysis_tasks" {
      ~ arn                      = "arn:aws:datasync:eu-west-2:471112983409:task/task-0a3f16b785fbeb0f8" -> (known after apply)
      ~ destination_location_arn = "arn:aws:datasync:eu-west-2:471112983409:location/loc-01953973ef09f6c3c" -> (known after apply) # forces replacement
      ~ id                       = "arn:aws:datasync:eu-west-2:471112983409:task/task-0a3f16b785fbeb0f8" -> (known after apply)
        name                     = "laa-data-analysis-laa-ccms-outbound-production-to-dedicated"
      ~ source_location_arn      = "arn:aws:datasync:eu-west-2:471112983409:location/loc-0132d1fbfeb03472a" -> (known after apply) # forces replacement
      - tags                     = {} -> null
      ~ tags_all                 = {} -> (known after apply)
        # (3 unchanged attributes hidden)

        # (1 unchanged block hidden)
    }

  # aws_datasync_task.laa_data_analysis_tasks["laa-ccms-outbound-xerox-test-production"] must be replaced
-/+ resource "aws_datasync_task" "laa_data_analysis_tasks" {
      ~ arn                      = "arn:aws:datasync:eu-west-2:471112983409:task/task-08482a3dfc1cdb826" -> (known after apply)
      ~ destination_location_arn = "arn:aws:datasync:eu-west-2:471112983409:location/loc-07c5b54aec741ef97" -> (known after apply) # forces replacement
      ~ id                       = "arn:aws:datasync:eu-west-2:471112983409:task/task-08482a3dfc1cdb826" -> (known after apply)
        name                     = "laa-data-analysis-laa-ccms-outbound-xerox-test-production-to-dedicated"
      ~ source_location_arn      = "arn:aws:datasync:eu-west-2:471112983409:location/loc-00c87dfacc32885f2" -> (known after apply) # forces replacement
      - tags                     = {} -> null
      ~ tags_all                 = {} -> (known after apply)
        # (3 unchanged attributes hidden)

        # (1 unchanged block hidden)
    }

  # aws_datasync_task.laa_data_analysis_tasks["laa-cloudfront-logging-production"] must be replaced
-/+ resource "aws_datasync_task" "laa_data_analysis_tasks" {
      ~ arn                      = "arn:aws:datasync:eu-west-2:471112983409:task/task-0207d73e4d44b3120" -> (known after apply)
      ~ destination_location_arn = "arn:aws:datasync:eu-west-2:471112983409:location/loc-082aac66132eaba92" -> (known after apply) # forces replacement
      ~ id                       = "arn:aws:datasync:eu-west-2:471112983409:task/task-0207d73e4d44b3120" -> (known after apply)
        name                     = "laa-data-analysis-laa-cloudfront-logging-production-to-dedicated"
      ~ source_location_arn      = "arn:aws:datasync:eu-west-2:471112983409:location/loc-0aa221f6aa70bb0f4" -> (known after apply) # forces replacement
      - tags                     = {} -> null
      ~ tags_all                 = {} -> (known after apply)
        # (3 unchanged attributes hidden)

        # (1 unchanged block hidden)
    }

  # aws_datasync_task.laa_data_analysis_tasks["laa-hub-production-appinfrastru-ftpoutboundbucket-xh5oo69o5te6"] must be replaced
-/+ resource "aws_datasync_task" "laa_data_analysis_tasks" {
      ~ arn                      = "arn:aws:datasync:eu-west-2:471112983409:task/task-0ad433fea2481290b" -> (known after apply)
      ~ destination_location_arn = "arn:aws:datasync:eu-west-2:471112983409:location/loc-0ba9de89bc2472398" -> (known after apply) # forces replacement
      ~ id                       = "arn:aws:datasync:eu-west-2:471112983409:task/task-0ad433fea2481290b" -> (known after apply)
        name                     = "laa-data-analysis-laa-hub-production-appinfrastru-ftpoutboundbucket-xh5oo69o5te6-to-dedicated"
      ~ source_location_arn      = "arn:aws:datasync:eu-west-2:471112983409:location/loc-0276c3ae0b42a339f" -> (known after apply) # forces replacement
      - tags                     = {} -> null
      ~ tags_all                 = {} -> (known after apply)
        # (3 unchanged attributes hidden)

        # (1 unchanged block hidden)
    }

  # aws_datasync_task.laa_data_analysis_tasks["laa-hub-production-appinfrastructuretem-ftpbucket-1qbjubqvbs0na"] must be replaced
-/+ resource "aws_datasync_task" "laa_data_analysis_tasks" {
      ~ arn                      = "arn:aws:datasync:eu-west-2:471112983409:task/task-019dfe0b38fdca98d" -> (known after apply)
      ~ destination_location_arn = "arn:aws:datasync:eu-west-2:471112983409:location/loc-0516fede40bf2467e" -> (known after apply) # forces replacement
      ~ id                       = "arn:aws:datasync:eu-west-2:471112983409:task/task-019dfe0b38fdca98d" -> (known after apply)
        name                     = "laa-data-analysis-laa-hub-production-appinfrastructuretem-ftpbucket-1qbjubqvbs0na-to-dedicated"
      ~ source_location_arn      = "arn:aws:datasync:eu-west-2:471112983409:location/loc-06585bd5634c0b47f" -> (known after apply) # forces replacement
      - tags                     = {} -> null
      ~ tags_all                 = {} -> (known after apply)
        # (3 unchanged attributes hidden)

        # (1 unchanged block hidden)
    }

  # aws_datasync_task.laa_data_analysis_tasks["laa-lambda-backup-production"] must be replaced
-/+ resource "aws_datasync_task" "laa_data_analysis_tasks" {
      ~ arn                      = "arn:aws:datasync:eu-west-2:471112983409:task/task-04d2d98785b4a4221" -> (known after apply)
      ~ destination_location_arn = "arn:aws:datasync:eu-west-2:471112983409:location/loc-0e87c174d7a400620" -> (known after apply) # forces replacement
      ~ id                       = "arn:aws:datasync:eu-west-2:471112983409:task/task-04d2d98785b4a4221" -> (known after apply)
        name                     = "laa-data-analysis-laa-lambda-backup-production-to-dedicated"
      ~ source_location_arn      = "arn:aws:datasync:eu-west-2:471112983409:location/loc-07e129b3a547a77e6" -> (known after apply) # forces replacement
      - tags                     = {} -> null
      ~ tags_all                 = {} -> (known after apply)
        # (3 unchanged attributes hidden)

        # (1 unchanged block hidden)
    }

  # aws_datasync_task.laa_data_analysis_tasks["laa-maatdb-outbound-xerox-test-production"] must be replaced
-/+ resource "aws_datasync_task" "laa_data_analysis_tasks" {
      ~ arn                      = "arn:aws:datasync:eu-west-2:471112983409:task/task-0e5151498170f4b16" -> (known after apply)
      ~ destination_location_arn = "arn:aws:datasync:eu-west-2:471112983409:location/loc-0cf1d39c0611705f0" -> (known after apply) # forces replacement
      ~ id                       = "arn:aws:datasync:eu-west-2:471112983409:task/task-0e5151498170f4b16" -> (known after apply)
        name                     = "laa-data-analysis-laa-maatdb-outbound-xerox-test-production-to-dedicated"
      ~ source_location_arn      = "arn:aws:datasync:eu-west-2:471112983409:location/loc-006b66144865e49e9" -> (known after apply) # forces replacement
      - tags                     = {} -> null
      ~ tags_all                 = {} -> (known after apply)
        # (3 unchanged attributes hidden)

        # (1 unchanged block hidden)
    }

  # aws_datasync_task.laa_data_analysis_tasks["laa-maatdb-production-appinfrastructure-ftpbucket-cc9uzmt9glhs"] must be replaced
-/+ resource "aws_datasync_task" "laa_data_analysis_tasks" {
      ~ arn                      = "arn:aws:datasync:eu-west-2:471112983409:task/task-0616433b41d4a27a3" -> (known after apply)
      ~ destination_location_arn = "arn:aws:datasync:eu-west-2:471112983409:location/loc-0d594cf1d6a4d1c54" -> (known after apply) # forces replacement
      ~ id                       = "arn:aws:datasync:eu-west-2:471112983409:task/task-0616433b41d4a27a3" -> (known after apply)
        name                     = "laa-data-analysis-laa-maatdb-production-appinfrastructure-ftpbucket-cc9uzmt9glhs-to-dedicated"
      ~ source_location_arn      = "arn:aws:datasync:eu-west-2:471112983409:location/loc-0a843bc1a68f6b9d4" -> (known after apply) # forces replacement
      - tags                     = {} -> null
      ~ tags_all                 = {} -> (known after apply)
        # (3 unchanged attributes hidden)

        # (1 unchanged block hidden)
    }

  # aws_datasync_task.laa_data_analysis_tasks["laa-nct-inbound-production"] must be replaced
-/+ resource "aws_datasync_task" "laa_data_analysis_tasks" {
      ~ arn                      = "arn:aws:datasync:eu-west-2:471112983409:task/task-0521e2ef244ffdad0" -> (known after apply)
      ~ destination_location_arn = "arn:aws:datasync:eu-west-2:471112983409:location/loc-0716f1741f3255a33" -> (known after apply) # forces replacement
      ~ id                       = "arn:aws:datasync:eu-west-2:471112983409:task/task-0521e2ef244ffdad0" -> (known after apply)
        name                     = "laa-data-analysis-laa-nct-inbound-production-to-dedicated"
      ~ source_location_arn      = "arn:aws:datasync:eu-west-2:471112983409:location/loc-00b5b253b58d00382" -> (known after apply) # forces replacement
      - tags                     = {} -> null
      ~ tags_all                 = {} -> (known after apply)
        # (3 unchanged attributes hidden)

        # (1 unchanged block hidden)
    }

  # aws_datasync_task.laa_data_analysis_tasks["laa-portal-production-archive"] must be replaced
-/+ resource "aws_datasync_task" "laa_data_analysis_tasks" {
      ~ arn                      = "arn:aws:datasync:eu-west-2:471112983409:task/task-04a6fa0720d2fadd2" -> (known after apply)
      ~ destination_location_arn = "arn:aws:datasync:eu-west-2:471112983409:location/loc-0614f7900d30f1980" -> (known after apply) # forces replacement
      ~ id                       = "arn:aws:datasync:eu-west-2:471112983409:task/task-04a6fa0720d2fadd2" -> (known after apply)
        name                     = "laa-data-analysis-laa-portal-production-archive-to-dedicated"
      ~ source_location_arn      = "arn:aws:datasync:eu-west-2:471112983409:location/loc-0e9018b8e4bf262c9" -> (known after apply) # forces replacement
      - tags                     = {} -> null
      ~ tags_all                 = {} -> (known after apply)
        # (3 unchanged attributes hidden)

        # (1 unchanged block hidden)
    }

  # aws_datasync_task.laa_data_analysis_tasks["laa-s3-inventory-scan"] must be replaced
-/+ resource "aws_datasync_task" "laa_data_analysis_tasks" {
      ~ arn                      = "arn:aws:datasync:eu-west-2:471112983409:task/task-08d52bce53381b119" -> (known after apply)
      ~ destination_location_arn = "arn:aws:datasync:eu-west-2:471112983409:location/loc-094731fe708e3a063" -> (known after apply) # forces replacement
      ~ id                       = "arn:aws:datasync:eu-west-2:471112983409:task/task-08d52bce53381b119" -> (known after apply)
        name                     = "laa-data-analysis-laa-s3-inventory-scan-to-dedicated"
      ~ source_location_arn      = "arn:aws:datasync:eu-west-1:471112983409:location/loc-004ad7cc2b5d4b120" -> (known after apply) # forces replacement
      - tags                     = {} -> null
      ~ tags_all                 = {} -> (known after apply)
        # (3 unchanged attributes hidden)

        # (1 unchanged block hidden)
    }

  # aws_datasync_task.laa_data_analysis_tasks["laa-s3-inventory-scan-eu-west-2"] must be replaced
-/+ resource "aws_datasync_task" "laa_data_analysis_tasks" {
      ~ arn                      = "arn:aws:datasync:eu-west-2:471112983409:task/task-056a140401d6c7deb" -> (known after apply)
      ~ destination_location_arn = "arn:aws:datasync:eu-west-2:471112983409:location/loc-029560b1a4beb42a7" -> (known after apply) # forces replacement
      ~ id                       = "arn:aws:datasync:eu-west-2:471112983409:task/task-056a140401d6c7deb" -> (known after apply)
        name                     = "laa-data-analysis-laa-s3-inventory-scan-eu-west-2-to-dedicated"
      ~ source_location_arn      = "arn:aws:datasync:eu-west-2:471112983409:location/loc-05123c2b63ce97fac" -> (known after apply) # forces replacement
      - tags                     = {} -> null
      ~ tags_all                 = {} -> (known after apply)
        # (3 unchanged attributes hidden)

        # (1 unchanged block hidden)
    }

  # aws_datasync_task.laa_data_analysis_tasks["laa-ses-reputation-events"] must be replaced
-/+ resource "aws_datasync_task" "laa_data_analysis_tasks" {
      ~ arn                      = "arn:aws:datasync:eu-west-2:471112983409:task/task-0dbc9b2d9f1e7bd90" -> (known after apply)
      ~ destination_location_arn = "arn:aws:datasync:eu-west-2:471112983409:location/loc-0699b451434e4b58e" -> (known after apply) # forces replacement
      ~ id                       = "arn:aws:datasync:eu-west-2:471112983409:task/task-0dbc9b2d9f1e7bd90" -> (known after apply)
        name                     = "laa-data-analysis-laa-ses-reputation-events-to-dedicated"
      ~ source_location_arn      = "arn:aws:datasync:eu-west-1:471112983409:location/loc-04a06613ed12de635" -> (known after apply) # forces replacement
      - tags                     = {} -> null
      ~ tags_all                 = {} -> (known after apply)
        # (3 unchanged attributes hidden)

        # (1 unchanged block hidden)
    }

  # aws_datasync_task.opg[0] must be replaced
-/+ resource "aws_datasync_task" "opg" {
      ~ arn                      = "arn:aws:datasync:eu-west-2:471112983409:task/task-0a0a92afe6409c292" -> (known after apply)
      ~ destination_location_arn = "arn:aws:datasync:eu-west-2:471112983409:location/loc-0fe2c71caa69d8dfe" -> (known after apply) # forces replacement
      ~ id                       = "arn:aws:datasync:eu-west-2:471112983409:task/task-0a0a92afe6409c292" -> (known after apply)
        name                     = "opg"
        tags                     = {
            "application"            = "analytical-platform-ingestion"
            "business-unit"          = "Platforms"
            "environment-name"       = "analytical-platform-ingestion-production"
            "infrastructure-support" = "analytical-platform@digital.justice.gov.uk"
            "is-production"          = "true"
            "owner"                  = "Analytical Platform"
            "source-code"            = "https://github.com/ministryofjustice/modernisation-platform-environments"
        }
      ~ task_mode                = "BASIC" -> (known after apply)
        # (4 unchanged attributes hidden)

      ~ options {
          ~ security_descriptor_copy_flags = "NONE" -> (known after apply)
            # (14 unchanged attributes hidden)
        }

      ~ task_report_config {
            # (3 unchanged attributes hidden)

          ~ s3_destination {
              ~ bucket_access_role_arn = "arn:aws:iam::471112983409:role/datasync20241113150028145000000001" -> (known after apply)
                # (2 unchanged attributes hidden)
            }

            # (1 unchanged block hidden)
        }

        # (3 unchanged blocks hidden)
    }

  # aws_guardduty_malware_protection_plan.laa_data_analysis_bucket[0] will be updated in-place
  ~ resource "aws_guardduty_malware_protection_plan" "laa_data_analysis_bucket" {
        id         = "aacbdc5b232dd5b07640"
      ~ role       = "arn:aws:iam::471112983409:role/guard-duty-malware-production-scan" -> (known after apply)
      ~ status     = "ACTIVE" -> (known after apply)
        tags       = {
            "application"            = "analytical-platform-ingestion"
            "business-unit"          = "Platforms"
            "environment-name"       = "analytical-platform-ingestion-production"
            "infrastructure-support" = "analytical-platform@digital.justice.gov.uk"
            "is-production"          = "true"
            "owner"                  = "Analytical Platform"
            "source-code"            = "https://github.com/ministryofjustice/modernisation-platform-environments"
        }
        # (5 unchanged attributes hidden)

        # (1 unchanged block hidden)
    }

  # aws_guardduty_malware_protection_plan.landing_bucket will be updated in-place
  ~ resource "aws_guardduty_malware_protection_plan" "landing_bucket" {
        id         = "84cab06d27095ed1e00e"
      ~ role       = "arn:aws:iam::471112983409:role/guard-duty-malware-production-scan" -> (known after apply)
      ~ status     = "ACTIVE" -> (known after apply)
        tags       = {
            "application"            = "analytical-platform-ingestion"
            "business-unit"          = "Platforms"
            "environment-name"       = "analytical-platform-ingestion-production"
            "infrastructure-support" = "analytical-platform@digital.justice.gov.uk"
            "is-production"          = "true"
            "owner"                  = "Analytical Platform"
            "source-code"            = "https://github.com/ministryofjustice/modernisation-platform-environments"
        }
        # (5 unchanged attributes hidden)

        # (1 unchanged block hidden)
    }

  # aws_transfer_server.this will be updated in-place
  ~ resource "aws_transfer_server" "this" {
        id                               = "s-fe8ed859c3f14f479"
      ~ logging_role                     = "arn:aws:iam::471112983409:role/transfer-server20240327121853746100000001" -> (known after apply)
        tags                             = {}
        # (20 unchanged attributes hidden)

        # (3 unchanged blocks hidden)
    }

  # module.datasync_activation_nlb.aws_lb.this[0] will be updated in-place
  ~ resource "aws_lb" "this" {
        id                                                           = "arn:aws:elasticloadbalancing:eu-west-2:471112983409:loadbalancer/net/datasync-activation/8fa5a72cbe40feb5"
        name                                                         = "datasync-activation"
      ~ tags                                                         = {
            "application"            = "analytical-platform-ingestion"
            "business-unit"          = "Platforms"
            "environment-name"       = "analytical-platform-ingestion-production"
            "infrastructure-support" = "analytical-platform@digital.justice.gov.uk"
            "is-production"          = "true"
            "owner"                  = "Analytical Platform"
            "source-code"            = "https://github.com/ministryofjustice/modernisation-platform-environments"
          - "terraform-aws-modules"  = "alb" -> null
        }
      ~ tags_all                                                     = {
          - "terraform-aws-modules"  = "alb" -> null
            # (7 unchanged elements hidden)
        }
        # (19 unchanged attributes hidden)

      - timeouts {}

        # (2 unchanged blocks hidden)
    }

  # module.datasync_activation_nlb.aws_lb_listener.this["datasync"] will be updated in-place
  ~ resource "aws_lb_listener" "this" {
        id                       = "arn:aws:elasticloadbalancing:eu-west-2:471112983409:listener/net/datasync-activation/8fa5a72cbe40feb5/ada0b631859e963f"
      ~ tags                     = {
            "application"            = "analytical-platform-ingestion"
            "business-unit"          = "Platforms"
            "environment-name"       = "analytical-platform-ingestion-production"
            "infrastructure-support" = "analytical-platform@digital.justice.gov.uk"
            "is-production"          = "true"
            "owner"                  = "Analytical Platform"
            "source-code"            = "https://github.com/ministryofjustice/modernisation-platform-environments"
          - "terraform-aws-modules"  = "alb" -> null
        }
      ~ tags_all                 = {
          - "terraform-aws-modules"  = "alb" -> null
            # (7 unchanged elements hidden)
        }
        # (7 unchanged attributes hidden)

        # (1 unchanged block hidden)
    }

  # module.datasync_activation_nlb.aws_lb_target_group.this["datasync"] will be updated in-place
  ~ resource "aws_lb_target_group" "this" {
        id                                 = "arn:aws:elasticloadbalancing:eu-west-2:471112983409:targetgroup/ds-20241017083906243300000004/b91ff216bf946a66"
        name                               = "ds-20241017083906243300000004"
      ~ tags                               = {
            "application"            = "analytical-platform-ingestion"
            "business-unit"          = "Platforms"
            "environment-name"       = "analytical-platform-ingestion-production"
            "infrastructure-support" = "analytical-platform@digital.justice.gov.uk"
            "is-production"          = "true"
            "owner"                  = "Analytical Platform"
            "source-code"            = "https://github.com/ministryofjustice/modernisation-platform-environments"
          - "terraform-aws-modules"  = "alb" -> null
        }
      ~ tags_all                           = {
          - "terraform-aws-modules"  = "alb" -> null
            # (7 unchanged elements hidden)
        }
        # (18 unchanged attributes hidden)

        # (5 unchanged blocks hidden)
    }

  # module.datasync_activation_nlb_security_group.aws_security_group_rule.ingress_rules[0] must be replaced
-/+ resource "aws_security_group_rule" "ingress_rules" {
      ~ cidr_blocks              = [ # forces replacement
          ~ "64.236.200.229/32" -> "109.154.249.138/32",
        ]
      ~ id                       = "sgrule-1440702515" -> (known after apply)
      ~ security_group_rule_id   = "sgr-01364336c0051e271" -> (known after apply)
      + source_security_group_id = (known after apply)
        # (10 unchanged attributes hidden)
    }

  # module.datasync_iam_policy.aws_iam_policy.policy[0] must be replaced
-/+ resource "aws_iam_policy" "policy" {
      ~ arn              = "arn:aws:iam::471112983409:policy/datasync20241113150032026200000002" -> (known after apply)
      ~ attachment_count = 1 -> (known after apply)
      - description      = "IAM Policy" -> null # forces replacement
      ~ id               = "arn:aws:iam::471112983409:policy/datasync20241113150032026200000002" -> (known after apply)
      ~ name             = "datasync20241113150032026200000002" -> (known after apply)
      ~ policy_id        = "ANPAW3MEFUNYY2JAM4ISE" -> (known after apply)
      - tags             = {} -> null
      ~ tags_all         = {} -> (known after apply)
        # (3 unchanged attributes hidden)
    }

  # module.datasync_iam_role.aws_iam_role.this[0] must be replaced
+/- resource "aws_iam_role" "this" {
      ~ arn                   = "arn:aws:iam::471112983409:role/datasync20241113150028145000000001" -> (known after apply)
      ~ assume_role_policy    = jsonencode(
          ~ {
              ~ Statement = [
                  ~ {
                      ~ Action    = [
                          - "sts:TagSession",
                          - "sts:AssumeRole",
                        ] -> "sts:AssumeRole"
                      ~ Principal = {
                          - AWS     = []
                            # (1 unchanged attribute hidden)
                        }
                      + Sid       = "AllowDataSyncService"
                        # (1 unchanged attribute hidden)
                    },
                ]
                # (1 unchanged attribute hidden)
            }
        )
      ~ create_date           = "2024-11-13T15:00:28Z" -> (known after apply)
      ~ force_detach_policies = false -> true
      ~ id                    = "datasync20241113150028145000000001" -> (known after apply)
      ~ managed_policy_arns   = [
          - "arn:aws:iam::471112983409:policy/datasync20241113150032026200000002",
        ] -> (known after apply)
      ~ name                  = "datasync20241113150028145000000001" -> (known after apply)
      ~ name_prefix           = "datasync" -> "datasync-" # forces replacement
      - tags                  = {} -> null
      ~ tags_all              = {} -> (known after apply)
      ~ unique_id             = "AROAW3MEFUNYYVEB4UX7P" -> (known after apply)
        # (4 unchanged attributes hidden)

      ~ inline_policy (known after apply)
    }

  # module.datasync_iam_role.aws_iam_role_policy_attachment.custom[0] will be destroyed
  # (because aws_iam_role_policy_attachment.custom is not in configuration)
  - resource "aws_iam_role_policy_attachment" "custom" {
      - id         = "datasync20241113150028145000000001-20241113150032638100000003" -> null
      - policy_arn = "arn:aws:iam::471112983409:policy/datasync20241113150032026200000002" -> null
      - role       = "datasync20241113150028145000000001" -> null
    }

  # module.datasync_iam_role.aws_iam_role_policy_attachment.this["datasync_policy"] will be created
  + resource "aws_iam_role_policy_attachment" "this" {
      + id         = (known after apply)
      + policy_arn = (known after apply)
      + role       = (known after apply)
    }

  # module.datasync_laa_data_analysis_iam_role[0].aws_iam_role.this[0] must be replaced
+/- resource "aws_iam_role" "this" {
      ~ arn                   = "arn:aws:iam::471112983409:role/datasync-laa-data-analysis" -> (known after apply)
      ~ assume_role_policy    = jsonencode(
          ~ {
              ~ Statement = [
                  ~ {
                      ~ Action    = [
                          - "sts:TagSession",
                          - "sts:AssumeRole",
                        ] -> "sts:AssumeRole"
                      ~ Principal = {
                          - AWS     = []
                            # (1 unchanged attribute hidden)
                        }
                      + Sid       = "AllowDataSyncService"
                        # (1 unchanged attribute hidden)
                    },
                ]
                # (1 unchanged attribute hidden)
            }
        )
      ~ create_date           = "2025-06-28T20:40:12Z" -> (known after apply)
      ~ force_detach_policies = false -> true
      ~ id                    = "datasync-laa-data-analysis" -> (known after apply)
      ~ managed_policy_arns   = [
          - "arn:aws:iam::471112983409:policy/laa-data-analysis20250628204011939800000001",
        ] -> (known after apply)
      ~ name                  = "datasync-laa-data-analysis" -> (known after apply)
      + name_prefix           = "datasync-laa-data-analysis-" # forces replacement
      - tags                  = {} -> null
      ~ tags_all              = {} -> (known after apply)
      ~ unique_id             = "AROAW3MEFUNYVPV67B4OY" -> (known after apply)
        # (4 unchanged attributes hidden)

      ~ inline_policy (known after apply)
    }

  # module.datasync_laa_data_analysis_iam_role[0].aws_iam_role_policy_attachment.custom[0] will be destroyed
  # (because aws_iam_role_policy_attachment.custom is not in configuration)
  - resource "aws_iam_role_policy_attachment" "custom" {
      - id         = "datasync-laa-data-analysis-20250628204013194800000002" -> null
      - policy_arn = "arn:aws:iam::471112983409:policy/laa-data-analysis20250628204011939800000001" -> null
      - role       = "datasync-laa-data-analysis" -> null
    }

  # module.datasync_laa_data_analysis_iam_role[0].aws_iam_role_policy_attachment.this["laa_data_analysis_policy"] will be created
  + resource "aws_iam_role_policy_attachment" "this" {
      + id         = (known after apply)
      + policy_arn = (known after apply)
      + role       = (known after apply)
    }

  # module.datasync_opg_bucket.aws_s3_bucket_replication_configuration.this[0] will be updated in-place
  ~ resource "aws_s3_bucket_replication_configuration" "this" {
        id     = "mojap-ingestion-production-datasync-opg"
      ~ role   = "arn:aws:iam::471112983409:role/datasync-opg-ingress-production-replication" -> (known after apply)
        # (2 unchanged attributes hidden)

        # (1 unchanged block hidden)
    }

  # module.datasync_opg_replication_iam_policy.aws_iam_policy.policy[0] must be replaced
-/+ resource "aws_iam_policy" "policy" {
      ~ arn              = "arn:aws:iam::471112983409:policy/datasync-opg-ingress-production-replication20250217154849956100000001" -> (known after apply)
      ~ attachment_count = 1 -> (known after apply)
      - description      = "IAM Policy" -> null # forces replacement
      ~ id               = "arn:aws:iam::471112983409:policy/datasync-opg-ingress-production-replication20250217154849956100000001" -> (known after apply)
      ~ name             = "datasync-opg-ingress-production-replication20250217154849956100000001" -> (known after apply)
      ~ policy_id        = "ANPAW3MEFUNYYNFZFQQAN" -> (known after apply)
      - tags             = {} -> null
      ~ tags_all         = {} -> (known after apply)
        # (3 unchanged attributes hidden)
    }

  # module.datasync_opg_replication_iam_role.aws_iam_role.this[0] must be replaced
+/- resource "aws_iam_role" "this" {
      ~ arn                   = "arn:aws:iam::471112983409:role/datasync-opg-ingress-production-replication" -> (known after apply)
      ~ assume_role_policy    = jsonencode(
          ~ {
              ~ Statement = [
                  ~ {
                      ~ Action    = [
                          - "sts:TagSession",
                          - "sts:AssumeRole",
                        ] -> "sts:AssumeRole"
                      ~ Principal = {
                          - AWS     = []
                            # (1 unchanged attribute hidden)
                        }
                      + Sid       = "AllowS3Service"
                        # (1 unchanged attribute hidden)
                    },
                ]
                # (1 unchanged attribute hidden)
            }
        )
      ~ create_date           = "2025-02-17T15:48:40Z" -> (known after apply)
      ~ force_detach_policies = false -> true
      ~ id                    = "datasync-opg-ingress-production-replication" -> (known after apply)
      ~ managed_policy_arns   = [
          - "arn:aws:iam::471112983409:policy/datasync-opg-ingress-production-replication20250217154849956100000001",
        ] -> (known after apply)
      ~ name                  = "datasync-opg-ingress-production-replication" -> (known after apply)
      + name_prefix           = "datasync-opg-production-replication-" # forces replacement
      - tags                  = {} -> null
      ~ tags_all              = {} -> (known after apply)
      ~ unique_id             = "AROAW3MEFUNY6QURBA3IF" -> (known after apply)
        # (4 unchanged attributes hidden)

      ~ inline_policy (known after apply)
    }

  # module.datasync_opg_replication_iam_role.aws_iam_role_policy_attachment.custom[0] will be destroyed
  # (because aws_iam_role_policy_attachment.custom is not in configuration)
  - resource "aws_iam_role_policy_attachment" "custom" {
      - id         = "datasync-opg-ingress-production-replication-20250217154850177400000002" -> null
      - policy_arn = "arn:aws:iam::471112983409:policy/datasync-opg-ingress-production-replication20250217154849956100000001" -> null
      - role       = "datasync-opg-ingress-production-replication" -> null
    }

  # module.datasync_opg_replication_iam_role.aws_iam_role_policy_attachment.this["datasync_opg_replication_policy"] will be created
  + resource "aws_iam_role_policy_attachment" "this" {
      + id         = (known after apply)
      + policy_arn = (known after apply)
      + role       = (known after apply)
    }

  # module.datasync_replication_iam_policy.aws_iam_policy.policy[0] must be replaced
-/+ resource "aws_iam_policy" "policy" {
      ~ arn              = "arn:aws:iam::471112983409:policy/datasync-replication20241113173359638200000001" -> (known after apply)
      ~ attachment_count = 1 -> (known after apply)
      - description      = "IAM Policy" -> null # forces replacement
      ~ id               = "arn:aws:iam::471112983409:policy/datasync-replication20241113173359638200000001" -> (known after apply)
      ~ name             = "datasync-replication20241113173359638200000001" -> (known after apply)
      ~ policy_id        = "ANPAW3MEFUNYV4ME724GT" -> (known after apply)
      - tags             = {} -> null
      ~ tags_all         = {} -> (known after apply)
        # (3 unchanged attributes hidden)
    }

  # module.datasync_replication_iam_role.aws_iam_role.this[0] must be replaced
+/- resource "aws_iam_role" "this" {
      ~ arn                   = "arn:aws:iam::471112983409:role/datasync-replication" -> (known after apply)
      ~ assume_role_policy    = jsonencode(
          ~ {
              ~ Statement = [
                  ~ {
                      ~ Action    = [
                          - "sts:TagSession",
                          - "sts:AssumeRole",
                        ] -> "sts:AssumeRole"
                      ~ Principal = {
                          - AWS     = []
                            # (1 unchanged attribute hidden)
                        }
                      + Sid       = "AllowS3Service"
                        # (1 unchanged attribute hidden)
                    },
                ]
                # (1 unchanged attribute hidden)
            }
        )
      ~ create_date           = "2024-11-13T17:33:59Z" -> (known after apply)
      ~ force_detach_policies = false -> true
      ~ id                    = "datasync-replication" -> (known after apply)
      ~ managed_policy_arns   = [
          - "arn:aws:iam::471112983409:policy/datasync-replication20241113173359638200000001",
        ] -> (known after apply)
      ~ name                  = "datasync-replication" -> (known after apply)
      + name_prefix           = "datasync-replication-" # forces replacement
      - tags                  = {} -> null
      ~ tags_all              = {} -> (known after apply)
      ~ unique_id             = "AROAW3MEFUNYWHY5T2AYO" -> (known after apply)
        # (4 unchanged attributes hidden)

      ~ inline_policy (known after apply)
    }

  # module.datasync_replication_iam_role.aws_iam_role_policy_attachment.custom[0] will be destroyed
  # (because aws_iam_role_policy_attachment.custom is not in configuration)
  - resource "aws_iam_role_policy_attachment" "custom" {
      - id         = "datasync-replication-20241113173400094400000002" -> null
      - policy_arn = "arn:aws:iam::471112983409:policy/datasync-replication20241113173359638200000001" -> null
      - role       = "datasync-replication" -> null
    }

  # module.datasync_replication_iam_role.aws_iam_role_policy_attachment.this["datasync_replication_policy"] will be created
  + resource "aws_iam_role_policy_attachment" "this" {
      + id         = (known after apply)
      + policy_arn = (known after apply)
      + role       = (known after apply)
    }

  # module.guard_duty_malware_s3_scan_iam_role.aws_iam_role.this[0] must be replaced
+/- resource "aws_iam_role" "this" {
      ~ arn                   = "arn:aws:iam::471112983409:role/guard-duty-malware-production-scan" -> (known after apply)
      ~ assume_role_policy    = jsonencode(
          ~ {
              ~ Statement = [
                  ~ {
                      ~ Action    = [
                          - "sts:TagSession",
                          - "sts:AssumeRole",
                        ] -> "sts:AssumeRole"
                      ~ Principal = {
                          - AWS     = []
                            # (1 unchanged attribute hidden)
                        }
                      + Sid       = "AllowGuardDutyService"
                        # (1 unchanged attribute hidden)
                    },
                ]
                # (1 unchanged attribute hidden)
            }
        )
      ~ create_date           = "2025-02-19T10:58:18Z" -> (known after apply)
      ~ force_detach_policies = false -> true
      ~ id                    = "guard-duty-malware-production-scan" -> (known after apply)
      ~ managed_policy_arns   = [
          - "arn:aws:iam::471112983409:policy/guard-duty-s3-malware-protection-production-scan20250219105818952800000001",
        ] -> (known after apply)
      ~ name                  = "guard-duty-malware-production-scan" -> (known after apply)
      + name_prefix           = "guard-duty-malware-production-scan-" # forces replacement
      - tags                  = {} -> null
      ~ tags_all              = {} -> (known after apply)
      ~ unique_id             = "AROAW3MEFUNYXSLYESF7J" -> (known after apply)
        # (4 unchanged attributes hidden)

      ~ inline_policy (known after apply)
    }

  # module.guard_duty_malware_s3_scan_iam_role.aws_iam_role_policy_attachment.custom[0] will be destroyed
  # (because aws_iam_role_policy_attachment.custom is not in configuration)
  - resource "aws_iam_role_policy_attachment" "custom" {
      - id         = "guard-duty-malware-production-scan-20250219105819209700000002" -> null
      - policy_arn = "arn:aws:iam::471112983409:policy/guard-duty-s3-malware-protection-production-scan20250219105818952800000001" -> null
      - role       = "guard-duty-malware-production-scan" -> null
    }

  # module.guard_duty_malware_s3_scan_iam_role.aws_iam_role_policy_attachment.this["guard_duty_malware_protection_policy"] will be created
  + resource "aws_iam_role_policy_attachment" "this" {
      + id         = (known after apply)
      + policy_arn = (known after apply)
      + role       = (known after apply)
    }

  # module.guard_duty_s3_malware_protection_iam_policy.aws_iam_policy.policy[0] must be replaced
-/+ resource "aws_iam_policy" "policy" {
      ~ arn              = "arn:aws:iam::471112983409:policy/guard-duty-s3-malware-protection-production-scan20250219105818952800000001" -> (known after apply)
      ~ attachment_count = 1 -> (known after apply)
      - description      = "IAM Policy" -> null # forces replacement
      ~ id               = "arn:aws:iam::471112983409:policy/guard-duty-s3-malware-protection-production-scan20250219105818952800000001" -> (known after apply)
      ~ name             = "guard-duty-s3-malware-protection-production-scan20250219105818952800000001" -> (known after apply)
      ~ policy_id        = "ANPAW3MEFUNYQKINNAMZC" -> (known after apply)
      - tags             = {} -> null
      ~ tags_all         = {} -> (known after apply)
        # (3 unchanged attributes hidden)
    }

  # module.laa_data_analysis_bucket[0].aws_s3_bucket_replication_configuration.this[0] will be updated in-place
  ~ resource "aws_s3_bucket_replication_configuration" "this" {
        id     = "mojap-ingestion-production-laa-data-analysis"
      ~ role   = "arn:aws:iam::471112983409:role/laa-data-analysis-production-replication" -> (known after apply)
        # (2 unchanged attributes hidden)

        # (1 unchanged block hidden)
    }

  # module.laa_data_analysis_iam_policy[0].aws_iam_policy.policy[0] must be replaced
-/+ resource "aws_iam_policy" "policy" {
      ~ arn              = "arn:aws:iam::471112983409:policy/laa-data-analysis20250628204011939800000001" -> (known after apply)
      ~ attachment_count = 1 -> (known after apply)
      - description      = "IAM Policy" -> null # forces replacement
      ~ id               = "arn:aws:iam::471112983409:policy/laa-data-analysis20250628204011939800000001" -> (known after apply)
      ~ name             = "laa-data-analysis20250628204011939800000001" -> (known after apply)
      ~ policy_id        = "ANPAW3MEFUNY7XVC7JQMJ" -> (known after apply)
      - tags             = {} -> null
      ~ tags_all         = {} -> (known after apply)
        # (3 unchanged attributes hidden)
    }

  # module.laa_data_analysis_replication_iam_policy[0].aws_iam_policy.policy[0] must be replaced
-/+ resource "aws_iam_policy" "policy" {
      ~ arn              = "arn:aws:iam::471112983409:policy/laa-data-analysis-production-replication20250628224352688200000001" -> (known after apply)
      ~ attachment_count = 1 -> (known after apply)
      - description      = "IAM Policy" -> null # forces replacement
      ~ id               = "arn:aws:iam::471112983409:policy/laa-data-analysis-production-replication20250628224352688200000001" -> (known after apply)
      ~ name             = "laa-data-analysis-production-replication20250628224352688200000001" -> (known after apply)
      ~ policy_id        = "ANPAW3MEFUNYWZYPIYCP6" -> (known after apply)
      - tags             = {} -> null
      ~ tags_all         = {} -> (known after apply)
        # (3 unchanged attributes hidden)
    }

  # module.laa_data_analysis_replication_iam_role[0].aws_iam_role.this[0] must be replaced
+/- resource "aws_iam_role" "this" {
      ~ arn                   = "arn:aws:iam::471112983409:role/laa-data-analysis-production-replication" -> (known after apply)
      ~ assume_role_policy    = jsonencode(
          ~ {
              ~ Statement = [
                  ~ {
                      ~ Action    = [
                          - "sts:TagSession",
                          - "sts:AssumeRole",
                        ] -> "sts:AssumeRole"
                      ~ Principal = {
                          - AWS     = []
                            # (1 unchanged attribute hidden)
                        }
                      + Sid       = "AllowS3Services"
                        # (1 unchanged attribute hidden)
                    },
                ]
                # (1 unchanged attribute hidden)
            }
        )
      ~ create_date           = "2025-06-28T22:43:44Z" -> (known after apply)
      ~ force_detach_policies = false -> true
      ~ id                    = "laa-data-analysis-production-replication" -> (known after apply)
      ~ managed_policy_arns   = [
          - "arn:aws:iam::471112983409:policy/laa-data-analysis-production-replication20250628224352688200000001",
        ] -> (known after apply)
      ~ name                  = "laa-data-analysis-production-replication" -> (known after apply)
      + name_prefix           = "laa-analysis-production-repl-" # forces replacement
      - tags                  = {} -> null
      ~ tags_all              = {} -> (known after apply)
      ~ unique_id             = "AROAW3MEFUNYQK5UWQEGD" -> (known after apply)
        # (4 unchanged attributes hidden)

      ~ inline_policy (known after apply)
    }

  # module.laa_data_analysis_replication_iam_role[0].aws_iam_role_policy_attachment.custom[0] will be destroyed
  # (because aws_iam_role_policy_attachment.custom is not in configuration)
  - resource "aws_iam_role_policy_attachment" "custom" {
      - id         = "laa-data-analysis-production-replication-20250628224353578200000002" -> null
      - policy_arn = "arn:aws:iam::471112983409:policy/laa-data-analysis-production-replication20250628224352688200000001" -> null
      - role       = "laa-data-analysis-production-replication" -> null
    }

  # module.laa_data_analysis_replication_iam_role[0].aws_iam_role_policy_attachment.this["laa_data_analysis_replication_policy"] will be created
  + resource "aws_iam_role_policy_attachment" "this" {
      + id         = (known after apply)
      + policy_arn = (known after apply)
      + role       = (known after apply)
    }

  # module.sftp_users["cgi-cps"].aws_transfer_user.this will be updated in-place
  ~ resource "aws_transfer_user" "this" {
        id                  = "s-fe8ed859c3f14f479/cgi-cps"
      ~ role                = "arn:aws:iam::471112983409:role/transfer-user-cgi-cps" -> (known after apply)
        tags                = {}
        # (8 unchanged attributes hidden)
    }

  # module.sftp_users["maat-xhibit"].aws_transfer_user.this will be updated in-place
  ~ resource "aws_transfer_user" "this" {
        id                  = "s-fe8ed859c3f14f479/maat-xhibit"
      ~ role                = "arn:aws:iam::471112983409:role/transfer-user-maat-xhibit" -> (known after apply)
        tags                = {}
        # (8 unchanged attributes hidden)
    }

  # module.sftp_users["meganexususer"].aws_transfer_user.this will be updated in-place
  ~ resource "aws_transfer_user" "this" {
        id                  = "s-fe8ed859c3f14f479/meganexususer"
      ~ role                = "arn:aws:iam::471112983409:role/transfer-user-meganexususer" -> (known after apply)
        tags                = {}
        # (8 unchanged attributes hidden)
    }

  # module.sftp_users["opg-restore-ocr"].aws_transfer_user.this will be updated in-place
  ~ resource "aws_transfer_user" "this" {
        id                  = "s-fe8ed859c3f14f479/opg-restore-ocr"
      ~ role                = "arn:aws:iam::471112983409:role/transfer-user-opg-restore-ocr" -> (known after apply)
        tags                = {}
        # (8 unchanged attributes hidden)
    }

  # module.sftp_users["property-concept"].aws_transfer_user.this will be updated in-place
  ~ resource "aws_transfer_user" "this" {
        id                  = "s-fe8ed859c3f14f479/property-concept"
      ~ role                = "arn:aws:iam::471112983409:role/transfer-user-property-concept" -> (known after apply)
        tags                = {}
        # (8 unchanged attributes hidden)
    }

  # module.sftp_users["sscl-chris-j"].aws_transfer_user.this will be updated in-place
  ~ resource "aws_transfer_user" "this" {
        id                  = "s-fe8ed859c3f14f479/sscl-chris-j"
      ~ role                = "arn:aws:iam::471112983409:role/transfer-user-sscl-chris-j" -> (known after apply)
        tags                = {}
        # (8 unchanged attributes hidden)
    }

  # module.sftp_users["sscl-epm"].aws_transfer_user.this will be updated in-place
  ~ resource "aws_transfer_user" "this" {
        id                  = "s-fe8ed859c3f14f479/sscl-epm"
      ~ role                = "arn:aws:iam::471112983409:role/transfer-user-sscl-epm" -> (known after apply)
        tags                = {}
        # (8 unchanged attributes hidden)
    }

  # module.sftp_users_with_egress["cgi-ssct-sop"].aws_transfer_user.this will be updated in-place
  ~ resource "aws_transfer_user" "this" {
        id                  = "s-fe8ed859c3f14f479/cgi-ssct-sop"
      ~ role                = "arn:aws:iam::471112983409:role/transfer-user-cgi-ssct-sop" -> (known after apply)
        tags                = {}
        # (8 unchanged attributes hidden)

        # (2 unchanged blocks hidden)
    }

  # module.sftp_users_with_egress["essex-police"].aws_transfer_user.this will be updated in-place
  ~ resource "aws_transfer_user" "this" {
        id                  = "s-fe8ed859c3f14f479/essex-police"
      ~ role                = "arn:aws:iam::471112983409:role/transfer-user-essex-police" -> (known after apply)
        tags                = {}
        # (8 unchanged attributes hidden)

        # (2 unchanged blocks hidden)
    }

  # module.transfer_family_service_role.aws_iam_role.this[0] must be replaced
+/- resource "aws_iam_role" "this" {
      ~ arn                   = "arn:aws:iam::471112983409:role/transfer-family-service-role" -> (known after apply)
      ~ assume_role_policy    = jsonencode(
          ~ {
              ~ Statement = [
                  ~ {
                      ~ Action    = [
                          - "sts:TagSession",
                          - "sts:AssumeRole",
                        ] -> "sts:AssumeRole"
                      ~ Principal = {
                          - AWS     = []
                            # (1 unchanged attribute hidden)
                        }
                      + Sid       = "AllowTransferService"
                        # (1 unchanged attribute hidden)
                    },
                ]
                # (1 unchanged attribute hidden)
            }
        )
      ~ create_date           = "2024-03-20T17:15:53Z" -> (known after apply)
      ~ force_detach_policies = false -> true
      ~ id                    = "transfer-family-service-role" -> (known after apply)
      ~ managed_policy_arns   = [
          - "arn:aws:iam::aws:policy/service-role/AWSTransferLoggingAccess",
        ] -> (known after apply)
      ~ name                  = "transfer-family-service-role" -> (known after apply)
      + name_prefix           = "transfer-family-service-role-" # forces replacement
      - tags                  = {} -> null
      ~ tags_all              = {} -> (known after apply)
      ~ unique_id             = "AROAW3MEFUNYUYD4LKWY2" -> (known after apply)
        # (4 unchanged attributes hidden)

      ~ inline_policy (known after apply)
    }

  # module.transfer_family_service_role.aws_iam_role_policy_attachment.custom[0] will be destroyed
  # (because aws_iam_role_policy_attachment.custom is not in configuration)
  - resource "aws_iam_role_policy_attachment" "custom" {
      - id         = "transfer-family-service-role-20240320171555331200000001" -> null
      - policy_arn = "arn:aws:iam::aws:policy/service-role/AWSTransferLoggingAccess" -> null
      - role       = "transfer-family-service-role" -> null
    }

  # module.transfer_family_service_role.aws_iam_role_policy_attachment.this["aws_transfer_logging"] will be created
  + resource "aws_iam_role_policy_attachment" "this" {
      + id         = (known after apply)
      + policy_arn = "arn:aws:iam::aws:policy/service-role/AWSTransferLoggingAccess"
      + role       = (known after apply)
    }

  # module.transfer_logs_kms.aws_kms_key.this[0] will be updated in-place
  ~ resource "aws_kms_key" "this" {
        id                                 = "aaeffafc-de32-4d15-8064-37ef4fe5f0ba"
      ~ policy                             = jsonencode(
          ~ {
              ~ Statement = [
                    {
                        Action    = "kms:*"
                        Effect    = "Allow"
                        Principal = {
                            AWS = "arn:aws:iam::471112983409:root"
                        }
                        Resource  = "*"
                        Sid       = "Default"
                    },
                  ~ {
                      - Condition = {
                          - ArnEquals = {
                              - "kms:EncryptionContext:aws:logs:arn" = "arn:aws:logs:eu-west-2:471112983409:log-group:/aws/transfer-structured-logs"
                            }
                        }
                        # (5 unchanged attributes hidden)
                    },
                ]
                # (1 unchanged attribute hidden)
            }
        )
        tags                               = {}
        # (15 unchanged attributes hidden)
    }

  # module.transfer_server_iam_policy.aws_iam_policy.policy[0] must be replaced
-/+ resource "aws_iam_policy" "policy" {
      ~ arn              = "arn:aws:iam::471112983409:policy/transfer-server20240327121903358400000002" -> (known after apply)
      ~ attachment_count = 1 -> (known after apply)
      - description      = "IAM Policy" -> null # forces replacement
      ~ id               = "arn:aws:iam::471112983409:policy/transfer-server20240327121903358400000002" -> (known after apply)
      ~ name             = "transfer-server20240327121903358400000002" -> (known after apply)
      ~ policy_id        = "ANPAW3MEFUNYWGA3JPKLB" -> (known after apply)
      - tags             = {} -> null
      ~ tags_all         = {} -> (known after apply)
        # (3 unchanged attributes hidden)
    }

  # module.transfer_server_iam_role.aws_iam_role.this[0] must be replaced
+/- resource "aws_iam_role" "this" {
      ~ arn                   = "arn:aws:iam::471112983409:role/transfer-server20240327121853746100000001" -> (known after apply)
      ~ assume_role_policy    = jsonencode(
          ~ {
              ~ Statement = [
                  ~ {
                      ~ Action    = [
                          - "sts:TagSession",
                          - "sts:AssumeRole",
                        ] -> "sts:AssumeRole"
                      ~ Principal = {
                          - AWS     = []
                            # (1 unchanged attribute hidden)
                        }
                      + Sid       = "AllowTransferService"
                        # (1 unchanged attribute hidden)
                    },
                ]
                # (1 unchanged attribute hidden)
            }
        )
      ~ create_date           = "2024-03-27T12:18:53Z" -> (known after apply)
      ~ force_detach_policies = false -> true
      ~ id                    = "transfer-server20240327121853746100000001" -> (known after apply)
      ~ managed_policy_arns   = [
          - "arn:aws:iam::471112983409:policy/transfer-server20240327121903358400000002",
          - "arn:aws:iam::aws:policy/service-role/AWSTransferLoggingAccess",
        ] -> (known after apply)
      ~ name                  = "transfer-server20240327121853746100000001" -> (known after apply)
      ~ name_prefix           = "transfer-server" -> "transfer-server-" # forces replacement
      - tags                  = {} -> null
      ~ tags_all              = {} -> (known after apply)
      ~ unique_id             = "AROAW3MEFUNYX7T2BDVRA" -> (known after apply)
        # (4 unchanged attributes hidden)

      ~ inline_policy (known after apply)
    }

  # module.transfer_server_iam_role.aws_iam_role_policy_attachment.custom[0] will be destroyed
  # (because aws_iam_role_policy_attachment.custom is not in configuration)
  - resource "aws_iam_role_policy_attachment" "custom" {
      - id         = "transfer-server20240327121853746100000001-20240327121903654900000004" -> null
      - policy_arn = "arn:aws:iam::471112983409:policy/transfer-server20240327121903358400000002" -> null
      - role       = "transfer-server20240327121853746100000001" -> null
    }

  # module.transfer_server_iam_role.aws_iam_role_policy_attachment.custom[1] will be destroyed
  # (because aws_iam_role_policy_attachment.custom is not in configuration)
  - resource "aws_iam_role_policy_attachment" "custom" {
      - id         = "transfer-server20240327121853746100000001-20240327121903623800000003" -> null
      - policy_arn = "arn:aws:iam::aws:policy/service-role/AWSTransferLoggingAccess" -> null
      - role       = "transfer-server20240327121853746100000001" -> null
    }

  # module.transfer_server_iam_role.aws_iam_role_policy_attachment.this["aws_transfer_logging"] will be created
  + resource "aws_iam_role_policy_attachment" "this" {
      + id         = (known after apply)
      + policy_arn = "arn:aws:iam::aws:policy/service-role/AWSTransferLoggingAccess"
      + role       = (known after apply)
    }

  # module.transfer_server_iam_role.aws_iam_role_policy_attachment.this["transfer_server_policy"] will be created
  + resource "aws_iam_role_policy_attachment" "this" {
      + id         = (known after apply)
      + policy_arn = (known after apply)
      + role       = (known after apply)
    }

  # module.sftp_users["cgi-cps"].module.policy.aws_iam_policy.policy[0] must be replaced
-/+ resource "aws_iam_policy" "policy" {
      ~ arn              = "arn:aws:iam::471112983409:policy/transfer-user-cgi-cps20250324162838903100000005" -> (known after apply)
      ~ attachment_count = 1 -> (known after apply)
      - description      = "IAM Policy" -> null # forces replacement
      ~ id               = "arn:aws:iam::471112983409:policy/transfer-user-cgi-cps20250324162838903100000005" -> (known after apply)
      ~ name             = "transfer-user-cgi-cps20250324162838903100000005" -> (known after apply)
      ~ policy_id        = "ANPAW3MEFUNYZB2URLWPL" -> (known after apply)
      - tags             = {} -> null
      ~ tags_all         = {} -> (known after apply)
        # (3 unchanged attributes hidden)
    }

  # module.sftp_users["cgi-cps"].module.role.aws_iam_role.this[0] must be replaced
+/- resource "aws_iam_role" "this" {
      ~ arn                   = "arn:aws:iam::471112983409:role/transfer-user-cgi-cps" -> (known after apply)
      ~ assume_role_policy    = jsonencode(
          ~ {
              ~ Statement = [
                  ~ {
                      ~ Action    = [
                          - "sts:TagSession",
                          - "sts:AssumeRole",
                        ] -> "sts:AssumeRole"
                      ~ Principal = {
                          - AWS     = []
                            # (1 unchanged attribute hidden)
                        }
                      + Sid       = "AllowTransferService"
                        # (1 unchanged attribute hidden)
                    },
                ]
                # (1 unchanged attribute hidden)
            }
        )
      ~ create_date           = "2025-03-24T16:28:39Z" -> (known after apply)
      ~ force_detach_policies = false -> true
      ~ id                    = "transfer-user-cgi-cps" -> (known after apply)
      ~ managed_policy_arns   = [
          - "arn:aws:iam::471112983409:policy/transfer-user-cgi-cps20250324162838903100000005",
        ] -> (known after apply)
      ~ name                  = "transfer-user-cgi-cps" -> (known after apply)
      + name_prefix           = "transfer-user-cgi-cps-" # forces replacement
      - tags                  = {} -> null
      ~ tags_all              = {} -> (known after apply)
      ~ unique_id             = "AROAW3MEFUNY4PQ4BUKFF" -> (known after apply)
        # (4 unchanged attributes hidden)

      ~ inline_policy (known after apply)
    }

  # module.sftp_users["cgi-cps"].module.role.aws_iam_role_policy_attachment.custom[0] will be destroyed
  # (because aws_iam_role_policy_attachment.custom is not in configuration)
  - resource "aws_iam_role_policy_attachment" "custom" {
      - id         = "transfer-user-cgi-cps-20250324162839330400000006" -> null
      - policy_arn = "arn:aws:iam::471112983409:policy/transfer-user-cgi-cps20250324162838903100000005" -> null
      - role       = "transfer-user-cgi-cps" -> null
    }

  # module.sftp_users["cgi-cps"].module.role.aws_iam_role_policy_attachment.this["transfer_user_policy"] will be created
  + resource "aws_iam_role_policy_attachment" "this" {
      + id         = (known after apply)
      + policy_arn = (known after apply)
      + role       = (known after apply)
    }

  # module.sftp_users["maat-xhibit"].module.policy.aws_iam_policy.policy[0] must be replaced
-/+ resource "aws_iam_policy" "policy" {
      ~ arn              = "arn:aws:iam::471112983409:policy/transfer-user-maat-xhibit20250808103112680100000005" -> (known after apply)
      ~ attachment_count = 1 -> (known after apply)
      - description      = "IAM Policy" -> null # forces replacement
      ~ id               = "arn:aws:iam::471112983409:policy/transfer-user-maat-xhibit20250808103112680100000005" -> (known after apply)
      ~ name             = "transfer-user-maat-xhibit20250808103112680100000005" -> (known after apply)
      ~ policy_id        = "ANPAW3MEFUNY5C3D4B5U4" -> (known after apply)
      - tags             = {} -> null
      ~ tags_all         = {} -> (known after apply)
        # (3 unchanged attributes hidden)
    }

  # module.sftp_users["maat-xhibit"].module.role.aws_iam_role.this[0] must be replaced
+/- resource "aws_iam_role" "this" {
      ~ arn                   = "arn:aws:iam::471112983409:role/transfer-user-maat-xhibit" -> (known after apply)
      ~ assume_role_policy    = jsonencode(
          ~ {
              ~ Statement = [
                  ~ {
                      ~ Action    = [
                          - "sts:TagSession",
                          - "sts:AssumeRole",
                        ] -> "sts:AssumeRole"
                      ~ Principal = {
                          - AWS     = []
                            # (1 unchanged attribute hidden)
                        }
                      + Sid       = "AllowTransferService"
                        # (1 unchanged attribute hidden)
                    },
                ]
                # (1 unchanged attribute hidden)
            }
        )
      ~ create_date           = "2025-08-08T10:31:12Z" -> (known after apply)
      ~ force_detach_policies = false -> true
      ~ id                    = "transfer-user-maat-xhibit" -> (known after apply)
      ~ managed_policy_arns   = [
          - "arn:aws:iam::471112983409:policy/transfer-user-maat-xhibit20250808103112680100000005",
        ] -> (known after apply)
      ~ name                  = "transfer-user-maat-xhibit" -> (known after apply)
      + name_prefix           = "transfer-user-maat-xhibit-" # forces replacement
      - tags                  = {} -> null
      ~ tags_all              = {} -> (known after apply)
      ~ unique_id             = "AROAW3MEFUNY5VNJXIKBK" -> (known after apply)
        # (4 unchanged attributes hidden)

      ~ inline_policy (known after apply)
    }

  # module.sftp_users["maat-xhibit"].module.role.aws_iam_role_policy_attachment.custom[0] will be destroyed
  # (because aws_iam_role_policy_attachment.custom is not in configuration)
  - resource "aws_iam_role_policy_attachment" "custom" {
      - id         = "transfer-user-maat-xhibit/arn:aws:iam::471112983409:policy/transfer-user-maat-xhibit20250808103112680100000005" -> null
      - policy_arn = "arn:aws:iam::471112983409:policy/transfer-user-maat-xhibit20250808103112680100000005" -> null
      - role       = "transfer-user-maat-xhibit" -> null
    }

  # module.sftp_users["maat-xhibit"].module.role.aws_iam_role_policy_attachment.this["transfer_user_policy"] will be created
  + resource "aws_iam_role_policy_attachment" "this" {
      + id         = (known after apply)
      + policy_arn = (known after apply)
      + role       = (known after apply)
    }

  # module.sftp_users["meganexususer"].module.policy.aws_iam_policy.policy[0] must be replaced
-/+ resource "aws_iam_policy" "policy" {
      ~ arn              = "arn:aws:iam::471112983409:policy/transfer-user-meganexususer20260122141922420600000005" -> (known after apply)
      ~ attachment_count = 1 -> (known after apply)
      - description      = "IAM Policy" -> null # forces replacement
      ~ id               = "arn:aws:iam::471112983409:policy/transfer-user-meganexususer20260122141922420600000005" -> (known after apply)
      ~ name             = "transfer-user-meganexususer20260122141922420600000005" -> (known after apply)
      ~ policy_id        = "ANPAW3MEFUNY26IL7ZS7A" -> (known after apply)
      - tags             = {} -> null
      ~ tags_all         = {} -> (known after apply)
        # (3 unchanged attributes hidden)
    }

  # module.sftp_users["meganexususer"].module.role.aws_iam_role.this[0] must be replaced
+/- resource "aws_iam_role" "this" {
      ~ arn                   = "arn:aws:iam::471112983409:role/transfer-user-meganexususer" -> (known after apply)
      ~ assume_role_policy    = jsonencode(
          ~ {
              ~ Statement = [
                  ~ {
                      ~ Action    = [
                          - "sts:TagSession",
                          - "sts:AssumeRole",
                        ] -> "sts:AssumeRole"
                      ~ Principal = {
                          - AWS     = []
                            # (1 unchanged attribute hidden)
                        }
                      + Sid       = "AllowTransferService"
                        # (1 unchanged attribute hidden)
                    },
                ]
                # (1 unchanged attribute hidden)
            }
        )
      ~ create_date           = "2026-01-22T14:19:22Z" -> (known after apply)
      ~ force_detach_policies = false -> true
      ~ id                    = "transfer-user-meganexususer" -> (known after apply)
      ~ managed_policy_arns   = [
          - "arn:aws:iam::471112983409:policy/transfer-user-meganexususer20260122141922420600000005",
        ] -> (known after apply)
      ~ name                  = "transfer-user-meganexususer" -> (known after apply)
      + name_prefix           = "transfer-user-meganexususer-" # forces replacement
      - tags                  = {} -> null
      ~ tags_all              = {} -> (known after apply)
      ~ unique_id             = "AROAW3MEFUNYUWIUOUSCU" -> (known after apply)
        # (4 unchanged attributes hidden)

      ~ inline_policy (known after apply)
    }

  # module.sftp_users["meganexususer"].module.role.aws_iam_role_policy_attachment.custom[0] will be destroyed
  # (because aws_iam_role_policy_attachment.custom is not in configuration)
  - resource "aws_iam_role_policy_attachment" "custom" {
      - id         = "transfer-user-meganexususer/arn:aws:iam::471112983409:policy/transfer-user-meganexususer20260122141922420600000005" -> null
      - policy_arn = "arn:aws:iam::471112983409:policy/transfer-user-meganexususer20260122141922420600000005" -> null
      - role       = "transfer-user-meganexususer" -> null
    }

  # module.sftp_users["meganexususer"].module.role.aws_iam_role_policy_attachment.this["transfer_user_policy"] will be created
  + resource "aws_iam_role_policy_attachment" "this" {
      + id         = (known after apply)
      + policy_arn = (known after apply)
      + role       = (known after apply)
    }

  # module.sftp_users["opg-restore-ocr"].module.policy.aws_iam_policy.policy[0] must be replaced
-/+ resource "aws_iam_policy" "policy" {
      ~ arn              = "arn:aws:iam::471112983409:policy/transfer-user-opg-restore-ocr20250226121936037900000005" -> (known after apply)
      ~ attachment_count = 1 -> (known after apply)
      - description      = "IAM Policy" -> null # forces replacement
      ~ id               = "arn:aws:iam::471112983409:policy/transfer-user-opg-restore-ocr20250226121936037900000005" -> (known after apply)
      ~ name             = "transfer-user-opg-restore-ocr20250226121936037900000005" -> (known after apply)
      ~ policy_id        = "ANPAW3MEFUNYRXHQNJY2M" -> (known after apply)
      - tags             = {} -> null
      ~ tags_all         = {} -> (known after apply)
        # (3 unchanged attributes hidden)
    }

  # module.sftp_users["opg-restore-ocr"].module.role.aws_iam_role.this[0] must be replaced
+/- resource "aws_iam_role" "this" {
      ~ arn                   = "arn:aws:iam::471112983409:role/transfer-user-opg-restore-ocr" -> (known after apply)
      ~ assume_role_policy    = jsonencode(
          ~ {
              ~ Statement = [
                  ~ {
                      ~ Action    = [
                          - "sts:TagSession",
                          - "sts:AssumeRole",
                        ] -> "sts:AssumeRole"
                      ~ Principal = {
                          - AWS     = []
                            # (1 unchanged attribute hidden)
                        }
                      + Sid       = "AllowTransferService"
                        # (1 unchanged attribute hidden)
                    },
                ]
                # (1 unchanged attribute hidden)
            }
        )
      ~ create_date           = "2025-02-26T12:19:36Z" -> (known after apply)
      ~ force_detach_policies = false -> true
      ~ id                    = "transfer-user-opg-restore-ocr" -> (known after apply)
      ~ managed_policy_arns   = [
          - "arn:aws:iam::471112983409:policy/transfer-user-opg-restore-ocr20250226121936037900000005",
        ] -> (known after apply)
      ~ name                  = "transfer-user-opg-restore-ocr" -> (known after apply)
      + name_prefix           = "transfer-user-opg-restore-ocr-" # forces replacement
      - tags                  = {} -> null
      ~ tags_all              = {} -> (known after apply)
      ~ unique_id             = "AROAW3MEFUNYTDIT3I5E3" -> (known after apply)
        # (4 unchanged attributes hidden)

      ~ inline_policy (known after apply)
    }

  # module.sftp_users["opg-restore-ocr"].module.role.aws_iam_role_policy_attachment.custom[0] will be destroyed
  # (because aws_iam_role_policy_attachment.custom is not in configuration)
  - resource "aws_iam_role_policy_attachment" "custom" {
      - id         = "transfer-user-opg-restore-ocr-20250226121936393500000006" -> null
      - policy_arn = "arn:aws:iam::471112983409:policy/transfer-user-opg-restore-ocr20250226121936037900000005" -> null
      - role       = "transfer-user-opg-restore-ocr" -> null
    }

  # module.sftp_users["opg-restore-ocr"].module.role.aws_iam_role_policy_attachment.this["transfer_user_policy"] will be created
  + resource "aws_iam_role_policy_attachment" "this" {
      + id         = (known after apply)
      + policy_arn = (known after apply)
      + role       = (known after apply)
    }

  # module.sftp_users["property-concept"].module.policy.aws_iam_policy.policy[0] must be replaced
-/+ resource "aws_iam_policy" "policy" {
      ~ arn              = "arn:aws:iam::471112983409:policy/transfer-user-property-concept20251028155826302100000005" -> (known after apply)
      ~ attachment_count = 1 -> (known after apply)
      - description      = "IAM Policy" -> null # forces replacement
      ~ id               = "arn:aws:iam::471112983409:policy/transfer-user-property-concept20251028155826302100000005" -> (known after apply)
      ~ name             = "transfer-user-property-concept20251028155826302100000005" -> (known after apply)
      ~ policy_id        = "ANPAW3MEFUNYV5K6SAJ5S" -> (known after apply)
      - tags             = {} -> null
      ~ tags_all         = {} -> (known after apply)
        # (3 unchanged attributes hidden)
    }

  # module.sftp_users["property-concept"].module.role.aws_iam_role.this[0] must be replaced
+/- resource "aws_iam_role" "this" {
      ~ arn                   = "arn:aws:iam::471112983409:role/transfer-user-property-concept" -> (known after apply)
      ~ assume_role_policy    = jsonencode(
          ~ {
              ~ Statement = [
                  ~ {
                      ~ Action    = [
                          - "sts:TagSession",
                          - "sts:AssumeRole",
                        ] -> "sts:AssumeRole"
                      ~ Principal = {
                          - AWS     = []
                            # (1 unchanged attribute hidden)
                        }
                      + Sid       = "AllowTransferService"
                        # (1 unchanged attribute hidden)
                    },
                ]
                # (1 unchanged attribute hidden)
            }
        )
      ~ create_date           = "2025-10-28T15:58:26Z" -> (known after apply)
      ~ force_detach_policies = false -> true
      ~ id                    = "transfer-user-property-concept" -> (known after apply)
      ~ managed_policy_arns   = [
          - "arn:aws:iam::471112983409:policy/transfer-user-property-concept20251028155826302100000005",
        ] -> (known after apply)
      ~ name                  = "transfer-user-property-concept" -> (known after apply)
      + name_prefix           = "transfer-user-property-concept-" # forces replacement
      - tags                  = {} -> null
      ~ tags_all              = {} -> (known after apply)
      ~ unique_id             = "AROAW3MEFUNY2WYNRSZKP" -> (known after apply)
        # (4 unchanged attributes hidden)

      ~ inline_policy (known after apply)
    }

  # module.sftp_users["property-concept"].module.role.aws_iam_role_policy_attachment.custom[0] will be destroyed
  # (because aws_iam_role_policy_attachment.custom is not in configuration)
  - resource "aws_iam_role_policy_attachment" "custom" {
      - id         = "transfer-user-property-concept/arn:aws:iam::471112983409:policy/transfer-user-property-concept20251028155826302100000005" -> null
      - policy_arn = "arn:aws:iam::471112983409:policy/transfer-user-property-concept20251028155826302100000005" -> null
      - role       = "transfer-user-property-concept" -> null
    }

  # module.sftp_users["property-concept"].module.role.aws_iam_role_policy_attachment.this["transfer_user_policy"] will be created
  + resource "aws_iam_role_policy_attachment" "this" {
      + id         = (known after apply)
      + policy_arn = (known after apply)
      + role       = (known after apply)
    }

  # module.sftp_users["sscl-chris-j"].module.policy.aws_iam_policy.policy[0] must be replaced
-/+ resource "aws_iam_policy" "policy" {
      ~ arn              = "arn:aws:iam::471112983409:policy/transfer-user-sscl-chris-j20250204181850498800000005" -> (known after apply)
      ~ attachment_count = 1 -> (known after apply)
      - description      = "IAM Policy" -> null # forces replacement
      ~ id               = "arn:aws:iam::471112983409:policy/transfer-user-sscl-chris-j20250204181850498800000005" -> (known after apply)
      ~ name             = "transfer-user-sscl-chris-j20250204181850498800000005" -> (known after apply)
      ~ policy_id        = "ANPAW3MEFUNY6SKFVAVSS" -> (known after apply)
      - tags             = {} -> null
      ~ tags_all         = {} -> (known after apply)
        # (3 unchanged attributes hidden)
    }

  # module.sftp_users["sscl-chris-j"].module.role.aws_iam_role.this[0] must be replaced
+/- resource "aws_iam_role" "this" {
      ~ arn                   = "arn:aws:iam::471112983409:role/transfer-user-sscl-chris-j" -> (known after apply)
      ~ assume_role_policy    = jsonencode(
          ~ {
              ~ Statement = [
                  ~ {
                      ~ Action    = [
                          - "sts:TagSession",
                          - "sts:AssumeRole",
                        ] -> "sts:AssumeRole"
                      ~ Principal = {
                          - AWS     = []
                            # (1 unchanged attribute hidden)
                        }
                      + Sid       = "AllowTransferService"
                        # (1 unchanged attribute hidden)
                    },
                ]
                # (1 unchanged attribute hidden)
            }
        )
      ~ create_date           = "2025-02-04T18:18:50Z" -> (known after apply)
      ~ force_detach_policies = false -> true
      ~ id                    = "transfer-user-sscl-chris-j" -> (known after apply)
      ~ managed_policy_arns   = [
          - "arn:aws:iam::471112983409:policy/transfer-user-sscl-chris-j20250204181850498800000005",
        ] -> (known after apply)
      ~ name                  = "transfer-user-sscl-chris-j" -> (known after apply)
      + name_prefix           = "transfer-user-sscl-chris-j-" # forces replacement
      - tags                  = {} -> null
      ~ tags_all              = {} -> (known after apply)
      ~ unique_id             = "AROAW3MEFUNYXZSJONMHH" -> (known after apply)
        # (4 unchanged attributes hidden)

      ~ inline_policy (known after apply)
    }

  # module.sftp_users["sscl-chris-j"].module.role.aws_iam_role_policy_attachment.custom[0] will be destroyed
  # (because aws_iam_role_policy_attachment.custom is not in configuration)
  - resource "aws_iam_role_policy_attachment" "custom" {
      - id         = "transfer-user-sscl-chris-j-20250204181850874400000006" -> null
      - policy_arn = "arn:aws:iam::471112983409:policy/transfer-user-sscl-chris-j20250204181850498800000005" -> null
      - role       = "transfer-user-sscl-chris-j" -> null
    }

  # module.sftp_users["sscl-chris-j"].module.role.aws_iam_role_policy_attachment.this["transfer_user_policy"] will be created
  + resource "aws_iam_role_policy_attachment" "this" {
      + id         = (known after apply)
      + policy_arn = (known after apply)
      + role       = (known after apply)
    }

  # module.sftp_users["sscl-epm"].module.policy.aws_iam_policy.policy[0] must be replaced
-/+ resource "aws_iam_policy" "policy" {
      ~ arn              = "arn:aws:iam::471112983409:policy/transfer-user-sscl-epm20250909110714396900000005" -> (known after apply)
      ~ attachment_count = 1 -> (known after apply)
      - description      = "IAM Policy" -> null # forces replacement
      ~ id               = "arn:aws:iam::471112983409:policy/transfer-user-sscl-epm20250909110714396900000005" -> (known after apply)
      ~ name             = "transfer-user-sscl-epm20250909110714396900000005" -> (known after apply)
      ~ policy_id        = "ANPAW3MEFUNYVAFIG7ILA" -> (known after apply)
      - tags             = {} -> null
      ~ tags_all         = {} -> (known after apply)
        # (3 unchanged attributes hidden)
    }

  # module.sftp_users["sscl-epm"].module.role.aws_iam_role.this[0] must be replaced
+/- resource "aws_iam_role" "this" {
      ~ arn                   = "arn:aws:iam::471112983409:role/transfer-user-sscl-epm" -> (known after apply)
      ~ assume_role_policy    = jsonencode(
          ~ {
              ~ Statement = [
                  ~ {
                      ~ Action    = [
                          - "sts:TagSession",
                          - "sts:AssumeRole",
                        ] -> "sts:AssumeRole"
                      ~ Principal = {
                          - AWS     = []
                            # (1 unchanged attribute hidden)
                        }
                      + Sid       = "AllowTransferService"
                        # (1 unchanged attribute hidden)
                    },
                ]
                # (1 unchanged attribute hidden)
            }
        )
      ~ create_date           = "2025-09-09T11:07:14Z" -> (known after apply)
      ~ force_detach_policies = false -> true
      ~ id                    = "transfer-user-sscl-epm" -> (known after apply)
      ~ managed_policy_arns   = [
          - "arn:aws:iam::471112983409:policy/transfer-user-sscl-epm20250909110714396900000005",
        ] -> (known after apply)
      ~ name                  = "transfer-user-sscl-epm" -> (known after apply)
      + name_prefix           = "transfer-user-sscl-epm-" # forces replacement
      - tags                  = {} -> null
      ~ tags_all              = {} -> (known after apply)
      ~ unique_id             = "AROAW3MEFUNYX5ZX3AOTB" -> (known after apply)
        # (4 unchanged attributes hidden)

      ~ inline_policy (known after apply)
    }

  # module.sftp_users["sscl-epm"].module.role.aws_iam_role_policy_attachment.custom[0] will be destroyed
  # (because aws_iam_role_policy_attachment.custom is not in configuration)
  - resource "aws_iam_role_policy_attachment" "custom" {
      - id         = "transfer-user-sscl-epm/arn:aws:iam::471112983409:policy/transfer-user-sscl-epm20250909110714396900000005" -> null
      - policy_arn = "arn:aws:iam::471112983409:policy/transfer-user-sscl-epm20250909110714396900000005" -> null
      - role       = "transfer-user-sscl-epm" -> null
    }

  # module.sftp_users["sscl-epm"].module.role.aws_iam_role_policy_attachment.this["transfer_user_policy"] will be created
  + resource "aws_iam_role_policy_attachment" "this" {
      + id         = (known after apply)
      + policy_arn = (known after apply)
      + role       = (known after apply)
    }

  # module.sftp_users_with_egress["cgi-ssct-sop"].module.policy.aws_iam_policy.policy[0] must be replaced
-/+ resource "aws_iam_policy" "policy" {
      ~ arn              = "arn:aws:iam::471112983409:policy/transfer-user-cgi-ssct-sop20250821114817998300000005" -> (known after apply)
      ~ attachment_count = 1 -> (known after apply)
      - description      = "IAM Policy" -> null # forces replacement
      ~ id               = "arn:aws:iam::471112983409:policy/transfer-user-cgi-ssct-sop20250821114817998300000005" -> (known after apply)
      ~ name             = "transfer-user-cgi-ssct-sop20250821114817998300000005" -> (known after apply)
      ~ policy_id        = "ANPAW3MEFUNY7R7JIDKYP" -> (known after apply)
      - tags             = {} -> null
      ~ tags_all         = {} -> (known after apply)
        # (3 unchanged attributes hidden)
    }

  # module.sftp_users_with_egress["cgi-ssct-sop"].module.role.aws_iam_role.this[0] must be replaced
+/- resource "aws_iam_role" "this" {
      ~ arn                   = "arn:aws:iam::471112983409:role/transfer-user-cgi-ssct-sop" -> (known after apply)
      ~ assume_role_policy    = jsonencode(
          ~ {
              ~ Statement = [
                  ~ {
                      ~ Action    = [
                          - "sts:TagSession",
                          - "sts:AssumeRole",
                        ] -> "sts:AssumeRole"
                      ~ Principal = {
                          - AWS     = []
                            # (1 unchanged attribute hidden)
                        }
                      + Sid       = "AllowTransferService"
                        # (1 unchanged attribute hidden)
                    },
                ]
                # (1 unchanged attribute hidden)
            }
        )
      ~ create_date           = "2025-08-21T11:48:18Z" -> (known after apply)
      ~ force_detach_policies = false -> true
      ~ id                    = "transfer-user-cgi-ssct-sop" -> (known after apply)
      ~ managed_policy_arns   = [
          - "arn:aws:iam::471112983409:policy/transfer-user-cgi-ssct-sop20250821114817998300000005",
        ] -> (known after apply)
      ~ name                  = "transfer-user-cgi-ssct-sop" -> (known after apply)
      + name_prefix           = "transfer-user-cgi-ssct-sop-" # forces replacement
      - tags                  = {} -> null
      ~ tags_all              = {} -> (known after apply)
      ~ unique_id             = "AROAW3MEFUNYVGAAQ4K5Z" -> (known after apply)
        # (4 unchanged attributes hidden)

      ~ inline_policy (known after apply)
    }

  # module.sftp_users_with_egress["cgi-ssct-sop"].module.role.aws_iam_role_policy_attachment.custom[0] will be destroyed
  # (because aws_iam_role_policy_attachment.custom is not in configuration)
  - resource "aws_iam_role_policy_attachment" "custom" {
      - id         = "transfer-user-cgi-ssct-sop/arn:aws:iam::471112983409:policy/transfer-user-cgi-ssct-sop20250821114817998300000005" -> null
      - policy_arn = "arn:aws:iam::471112983409:policy/transfer-user-cgi-ssct-sop20250821114817998300000005" -> null
      - role       = "transfer-user-cgi-ssct-sop" -> null
    }

  # module.sftp_users_with_egress["cgi-ssct-sop"].module.role.aws_iam_role_policy_attachment.this["transfer_user_policy"] will be created
  + resource "aws_iam_role_policy_attachment" "this" {
      + id         = (known after apply)
      + policy_arn = (known after apply)
      + role       = (known after apply)
    }

  # module.sftp_users_with_egress["essex-police"].module.policy.aws_iam_policy.policy[0] must be replaced
-/+ resource "aws_iam_policy" "policy" {
      ~ arn              = "arn:aws:iam::471112983409:policy/transfer-user-essex-police20240617103355446700000005" -> (known after apply)
      ~ attachment_count = 1 -> (known after apply)
      - description      = "IAM Policy" -> null # forces replacement
      ~ id               = "arn:aws:iam::471112983409:policy/transfer-user-essex-police20240617103355446700000005" -> (known after apply)
      ~ name             = "transfer-user-essex-police20240617103355446700000005" -> (known after apply)
      ~ policy_id        = "ANPAW3MEFUNY6VALX65NZ" -> (known after apply)
      - tags             = {} -> null
      ~ tags_all         = {} -> (known after apply)
        # (3 unchanged attributes hidden)
    }

  # module.sftp_users_with_egress["essex-police"].module.role.aws_iam_role.this[0] must be replaced
+/- resource "aws_iam_role" "this" {
      ~ arn                   = "arn:aws:iam::471112983409:role/transfer-user-essex-police" -> (known after apply)
      ~ assume_role_policy    = jsonencode(
          ~ {
              ~ Statement = [
                  ~ {
                      ~ Action    = [
                          - "sts:TagSession",
                          - "sts:AssumeRole",
                        ] -> "sts:AssumeRole"
                      ~ Principal = {
                          - AWS     = []
                            # (1 unchanged attribute hidden)
                        }
                      + Sid       = "AllowTransferService"
                        # (1 unchanged attribute hidden)
                    },
                ]
                # (1 unchanged attribute hidden)
            }
        )
      ~ create_date           = "2024-06-17T10:33:55Z" -> (known after apply)
      ~ force_detach_policies = false -> true
      ~ id                    = "transfer-user-essex-police" -> (known after apply)
      ~ managed_policy_arns   = [
          - "arn:aws:iam::471112983409:policy/transfer-user-essex-police20240617103355446700000005",
        ] -> (known after apply)
      ~ name                  = "transfer-user-essex-police" -> (known after apply)
      + name_prefix           = "transfer-user-essex-police-" # forces replacement
      - tags                  = {} -> null
      ~ tags_all              = {} -> (known after apply)
      ~ unique_id             = "AROAW3MEFUNYX6LF66IKG" -> (known after apply)
        # (4 unchanged attributes hidden)

      ~ inline_policy (known after apply)
    }

  # module.sftp_users_with_egress["essex-police"].module.role.aws_iam_role_policy_attachment.custom[0] will be destroyed
  # (because aws_iam_role_policy_attachment.custom is not in configuration)
  - resource "aws_iam_role_policy_attachment" "custom" {
      - id         = "transfer-user-essex-police-20240617103356258400000006" -> null
      - policy_arn = "arn:aws:iam::471112983409:policy/transfer-user-essex-police20240617103355446700000005" -> null
      - role       = "transfer-user-essex-police" -> null
    }

  # module.sftp_users_with_egress["essex-police"].module.role.aws_iam_role_policy_attachment.this["transfer_user_policy"] will be created
  + resource "aws_iam_role_policy_attachment" "this" {
      + id         = (known after apply)
      + policy_arn = (known after apply)
      + role       = (known after apply)
    }

Plan: 126 to add, 18 to change, 126 to destroy.
╷
│ Warning: Missing required argument
│ 
│   with provider["registry.terraform.io/hashicorp/aws"],
│   on platform_providers.tf line 8, in provider "aws":
│    8: provider "aws" {
│ 
│ The argument "role_arn" is required, but no definition was found.
│ 
│ This will be an error in a future release of the provider.
│ 
│ (and one more similar warning elsewhere)
╵

─────────────────────────────────────────────────────────────────────────────

Note: You didn't use the -out option to save this plan, so Terraform can't
guarantee to take exactly these actions if you run "terraform apply" now.
