Account: analytical-platform-ingestion
Component: root
Stage: production
Role: platform-engineer-admin
Apply: false
[0m[1mInitializing the backend...[0m
[0m[1mUpgrading modules...[0m
Downloading git::https://github.com/ministryofjustice/terraform-aws-analytical-platform-observability.git?ref=4.2.0 for analytical_platform_observability...
- analytical_platform_observability in /tmp/terraform/analytical-platform-ingestion/modules/analytical_platform_observability
Downloading registry.terraform.io/terraform-aws-modules/iam/aws 6.1.0 for analytical_platform_observability.iam_role...
- analytical_platform_observability.iam_role in /tmp/terraform/analytical-platform-ingestion/modules/analytical_platform_observability.iam_role/modules/iam-role
Downloading registry.terraform.io/terraform-aws-modules/s3-bucket/aws 5.10.0 for bold_egress_bucket...
- bold_egress_bucket in /tmp/terraform/analytical-platform-ingestion/modules/bold_egress_bucket
Downloading registry.terraform.io/terraform-aws-modules/vpc/aws 6.6.0 for connected_vpc...
- connected_vpc in /tmp/terraform/analytical-platform-ingestion/modules/connected_vpc
Downloading registry.terraform.io/terraform-aws-modules/vpc/aws 6.0.1 for connected_vpc_endpoints...
- connected_vpc_endpoints in /tmp/terraform/analytical-platform-ingestion/modules/connected_vpc_endpoints/modules/vpc-endpoints
Downloading registry.terraform.io/terraform-aws-modules/route53/aws 5.0.0 for connected_vpc_outbound_route53_resolver_endpoint...
- connected_vpc_outbound_route53_resolver_endpoint in /tmp/terraform/analytical-platform-ingestion/modules/connected_vpc_outbound_route53_resolver_endpoint/modules/resolver-endpoints
Downloading registry.terraform.io/terraform-aws-modules/route53/aws 5.0.0 for connected_vpc_route53_resolver_associations...
- connected_vpc_route53_resolver_associations in /tmp/terraform/analytical-platform-ingestion/modules/connected_vpc_route53_resolver_associations/modules/resolver-rule-associations
Downloading registry.terraform.io/terraform-aws-modules/cloudwatch/aws 5.6.0 for connected_vpc_route53_resolver_logs...
- connected_vpc_route53_resolver_logs in /tmp/terraform/analytical-platform-ingestion/modules/connected_vpc_route53_resolver_logs/modules/log-group
- connected_vpc_transit_gateway_routes in modules/routes
Downloading registry.terraform.io/terraform-aws-modules/alb/aws 10.5.0 for datasync_activation_nlb...
- datasync_activation_nlb in /tmp/terraform/analytical-platform-ingestion/modules/datasync_activation_nlb
Downloading registry.terraform.io/terraform-aws-modules/security-group/aws 5.3.1 for datasync_activation_nlb_security_group...
- datasync_activation_nlb_security_group in /tmp/terraform/analytical-platform-ingestion/modules/datasync_activation_nlb_security_group
Downloading registry.terraform.io/terraform-aws-modules/kms/aws 4.2.0 for datasync_credentials_kms...
- datasync_credentials_kms in /tmp/terraform/analytical-platform-ingestion/modules/datasync_credentials_kms
Downloading registry.terraform.io/terraform-aws-modules/secrets-manager/aws 1.3.1 for datasync_dom1_secret...
- datasync_dom1_secret in /tmp/terraform/analytical-platform-ingestion/modules/datasync_dom1_secret
Downloading registry.terraform.io/terraform-aws-modules/cloudwatch/aws 5.6.0 for datasync_enhanced_logs...
- datasync_enhanced_logs in /tmp/terraform/analytical-platform-ingestion/modules/datasync_enhanced_logs/modules/log-group
Downloading registry.terraform.io/terraform-aws-modules/secrets-manager/aws 1.3.1 for datasync_exclude_path_secret...
- datasync_exclude_path_secret in /tmp/terraform/analytical-platform-ingestion/modules/datasync_exclude_path_secret
Downloading registry.terraform.io/terraform-aws-modules/iam/aws 6.4.0 for datasync_iam_policy...
- datasync_iam_policy in /tmp/terraform/analytical-platform-ingestion/modules/datasync_iam_policy/modules/iam-policy
Downloading registry.terraform.io/terraform-aws-modules/iam/aws 6.4.0 for datasync_iam_role...
- datasync_iam_role in /tmp/terraform/analytical-platform-ingestion/modules/datasync_iam_role/modules/iam-role
Downloading registry.terraform.io/terraform-aws-modules/secrets-manager/aws 1.3.1 for datasync_include_paths_secret...
- datasync_include_paths_secret in /tmp/terraform/analytical-platform-ingestion/modules/datasync_include_paths_secret
Downloading registry.terraform.io/terraform-aws-modules/ec2-instance/aws 6.2.0 for datasync_instance...
- datasync_instance in /tmp/terraform/analytical-platform-ingestion/modules/datasync_instance
Downloading registry.terraform.io/terraform-aws-modules/security-group/aws 5.3.1 for datasync_instance_security_group...
- datasync_instance_security_group in /tmp/terraform/analytical-platform-ingestion/modules/datasync_instance_security_group
Downloading registry.terraform.io/terraform-aws-modules/iam/aws 6.4.0 for datasync_laa_data_analysis_iam_role...
- datasync_laa_data_analysis_iam_role in /tmp/terraform/analytical-platform-ingestion/modules/datasync_laa_data_analysis_iam_role/modules/iam-role
Downloading registry.terraform.io/terraform-aws-modules/s3-bucket/aws 5.10.0 for datasync_opg_bucket...
- datasync_opg_bucket in /tmp/terraform/analytical-platform-ingestion/modules/datasync_opg_bucket
Downloading registry.terraform.io/terraform-aws-modules/iam/aws 6.4.0 for datasync_opg_replication_iam_policy...
- datasync_opg_replication_iam_policy in /tmp/terraform/analytical-platform-ingestion/modules/datasync_opg_replication_iam_policy/modules/iam-policy
Downloading registry.terraform.io/terraform-aws-modules/iam/aws 6.4.0 for datasync_opg_replication_iam_role...
- datasync_opg_replication_iam_role in /tmp/terraform/analytical-platform-ingestion/modules/datasync_opg_replication_iam_role/modules/iam-role
Downloading registry.terraform.io/terraform-aws-modules/iam/aws 6.4.0 for datasync_replication_iam_policy...
- datasync_replication_iam_policy in /tmp/terraform/analytical-platform-ingestion/modules/datasync_replication_iam_policy/modules/iam-policy
Downloading registry.terraform.io/terraform-aws-modules/iam/aws 6.4.0 for datasync_replication_iam_role...
- datasync_replication_iam_role in /tmp/terraform/analytical-platform-ingestion/modules/datasync_replication_iam_role/modules/iam-role
Downloading registry.terraform.io/terraform-aws-modules/security-group/aws 5.3.1 for datasync_task_eni_security_group...
- datasync_task_eni_security_group in /tmp/terraform/analytical-platform-ingestion/modules/datasync_task_eni_security_group
Downloading registry.terraform.io/terraform-aws-modules/cloudwatch/aws 5.6.0 for datasync_task_logs...
- datasync_task_logs in /tmp/terraform/analytical-platform-ingestion/modules/datasync_task_logs/modules/log-group
Downloading registry.terraform.io/terraform-aws-modules/security-group/aws 5.3.1 for datasync_vpc_endpoint_security_group...
- datasync_vpc_endpoint_security_group in /tmp/terraform/analytical-platform-ingestion/modules/datasync_vpc_endpoint_security_group
Downloading registry.terraform.io/terraform-aws-modules/lambda/aws 8.0.1 for definition_upload_lambda...
- definition_upload_lambda in /tmp/terraform/analytical-platform-ingestion/modules/definition_upload_lambda
Downloading registry.terraform.io/terraform-aws-modules/security-group/aws 5.3.1 for definition_upload_lambda_security_group...
- definition_upload_lambda_security_group in /tmp/terraform/analytical-platform-ingestion/modules/definition_upload_lambda_security_group
Downloading registry.terraform.io/terraform-aws-modules/s3-bucket/aws 5.10.0 for definitions_bucket...
- definitions_bucket in /tmp/terraform/analytical-platform-ingestion/modules/definitions_bucket
Downloading registry.terraform.io/terraform-aws-modules/kms/aws 3.1.1 for ec2_ebs_kms...
- ec2_ebs_kms in /tmp/terraform/analytical-platform-ingestion/modules/ec2_ebs_kms
Downloading registry.terraform.io/terraform-aws-modules/kms/aws 4.2.0 for govuk_notify_kms...
- govuk_notify_kms in /tmp/terraform/analytical-platform-ingestion/modules/govuk_notify_kms
Downloading registry.terraform.io/terraform-aws-modules/iam/aws 6.4.0 for guard_duty_malware_s3_scan_iam_role...
- guard_duty_malware_s3_scan_iam_role in /tmp/terraform/analytical-platform-ingestion/modules/guard_duty_malware_s3_scan_iam_role/modules/iam-role
Downloading registry.terraform.io/terraform-aws-modules/iam/aws 6.4.0 for guard_duty_s3_malware_protection_iam_policy...
- guard_duty_s3_malware_protection_iam_policy in /tmp/terraform/analytical-platform-ingestion/modules/guard_duty_s3_malware_protection_iam_policy/modules/iam-policy
Downloading registry.terraform.io/terraform-aws-modules/s3-bucket/aws 5.10.0 for ingestion_landing_bucket_notification...
- ingestion_landing_bucket_notification in /tmp/terraform/analytical-platform-ingestion/modules/ingestion_landing_bucket_notification/modules/notification
Downloading registry.terraform.io/terraform-aws-modules/s3-bucket/aws 5.10.0 for ingestion_quarantine_bucket_notification...
- ingestion_quarantine_bucket_notification in /tmp/terraform/analytical-platform-ingestion/modules/ingestion_quarantine_bucket_notification/modules/notification
Downloading registry.terraform.io/terraform-aws-modules/s3-bucket/aws 5.10.0 for ingestion_transfer_bucket_notification...
- ingestion_transfer_bucket_notification in /tmp/terraform/analytical-platform-ingestion/modules/ingestion_transfer_bucket_notification/modules/notification
Downloading registry.terraform.io/terraform-aws-modules/vpc/aws 6.6.0 for isolated_vpc...
- isolated_vpc in /tmp/terraform/analytical-platform-ingestion/modules/isolated_vpc
Downloading registry.terraform.io/terraform-aws-modules/vpc/aws 6.0.1 for isolated_vpc_endpoints...
- isolated_vpc_endpoints in /tmp/terraform/analytical-platform-ingestion/modules/isolated_vpc_endpoints/modules/vpc-endpoints
Downloading registry.terraform.io/terraform-aws-modules/s3-bucket/aws 5.10.0 for laa_data_analysis_bucket...
- laa_data_analysis_bucket in /tmp/terraform/analytical-platform-ingestion/modules/laa_data_analysis_bucket
Downloading registry.terraform.io/terraform-aws-modules/secrets-manager/aws 1.3.1 for laa_data_analysis_bucket_list...
- laa_data_analysis_bucket_list in /tmp/terraform/analytical-platform-ingestion/modules/laa_data_analysis_bucket_list
Downloading registry.terraform.io/terraform-aws-modules/iam/aws 6.4.0 for laa_data_analysis_iam_policy...
- laa_data_analysis_iam_policy in /tmp/terraform/analytical-platform-ingestion/modules/laa_data_analysis_iam_policy/modules/iam-policy
Downloading registry.terraform.io/terraform-aws-modules/secrets-manager/aws 1.3.1 for laa_data_analysis_keys...
- laa_data_analysis_keys in /tmp/terraform/analytical-platform-ingestion/modules/laa_data_analysis_keys
Downloading registry.terraform.io/terraform-aws-modules/iam/aws 6.4.0 for laa_data_analysis_replication_iam_policy...
- laa_data_analysis_replication_iam_policy in /tmp/terraform/analytical-platform-ingestion/modules/laa_data_analysis_replication_iam_policy/modules/iam-policy
Downloading registry.terraform.io/terraform-aws-modules/iam/aws 6.4.0 for laa_data_analysis_replication_iam_role...
- laa_data_analysis_replication_iam_role in /tmp/terraform/analytical-platform-ingestion/modules/laa_data_analysis_replication_iam_role/modules/iam-role
Downloading registry.terraform.io/terraform-aws-modules/s3-bucket/aws 5.10.0 for landing_bucket...
- landing_bucket in /tmp/terraform/analytical-platform-ingestion/modules/landing_bucket
Downloading registry.terraform.io/terraform-aws-modules/lambda/aws 8.0.1 for notify_quarantined_lambda...
- notify_quarantined_lambda in /tmp/terraform/analytical-platform-ingestion/modules/notify_quarantined_lambda
Downloading registry.terraform.io/terraform-aws-modules/lambda/aws 8.0.1 for notify_transferred_lambda...
- notify_transferred_lambda in /tmp/terraform/analytical-platform-ingestion/modules/notify_transferred_lambda
Downloading registry.terraform.io/ministryofjustice/observability-platform-tenant/aws 2.0.0 for observability_platform_tenant...
- observability_platform_tenant in /tmp/terraform/analytical-platform-ingestion/modules/observability_platform_tenant
Downloading registry.terraform.io/terraform-aws-modules/s3-bucket/aws 5.10.0 for processed_bucket...
- processed_bucket in /tmp/terraform/analytical-platform-ingestion/modules/processed_bucket
Downloading registry.terraform.io/terraform-aws-modules/s3-bucket/aws 5.10.0 for quarantine_bucket...
- quarantine_bucket in /tmp/terraform/analytical-platform-ingestion/modules/quarantine_bucket
Downloading registry.terraform.io/terraform-aws-modules/kms/aws 3.1.1 for quarantined_sns_kms...
- quarantined_sns_kms in /tmp/terraform/analytical-platform-ingestion/modules/quarantined_sns_kms
Downloading registry.terraform.io/terraform-aws-modules/sns/aws 7.1.0 for quarantined_topic...
- quarantined_topic in /tmp/terraform/analytical-platform-ingestion/modules/quarantined_topic
Downloading registry.terraform.io/terraform-aws-modules/kms/aws 4.2.0 for s3_bold_egress_kms...
- s3_bold_egress_kms in /tmp/terraform/analytical-platform-ingestion/modules/s3_bold_egress_kms
Downloading registry.terraform.io/terraform-aws-modules/kms/aws 3.1.1 for s3_datasync_opg_kms...
- s3_datasync_opg_kms in /tmp/terraform/analytical-platform-ingestion/modules/s3_datasync_opg_kms
Downloading registry.terraform.io/terraform-aws-modules/kms/aws 4.2.0 for s3_definitions_kms...
- s3_definitions_kms in /tmp/terraform/analytical-platform-ingestion/modules/s3_definitions_kms
Downloading registry.terraform.io/terraform-aws-modules/kms/aws 3.1.1 for s3_laa_data_analysis_kms...
- s3_laa_data_analysis_kms in /tmp/terraform/analytical-platform-ingestion/modules/s3_laa_data_analysis_kms
Downloading registry.terraform.io/terraform-aws-modules/kms/aws 4.2.0 for s3_landing_kms...
- s3_landing_kms in /tmp/terraform/analytical-platform-ingestion/modules/s3_landing_kms
Downloading registry.terraform.io/terraform-aws-modules/kms/aws 4.2.0 for s3_processed_kms...
- s3_processed_kms in /tmp/terraform/analytical-platform-ingestion/modules/s3_processed_kms
Downloading registry.terraform.io/terraform-aws-modules/kms/aws 4.2.0 for s3_quarantine_kms...
- s3_quarantine_kms in /tmp/terraform/analytical-platform-ingestion/modules/s3_quarantine_kms
Downloading registry.terraform.io/terraform-aws-modules/lambda/aws 8.0.1 for scan_lambda...
- scan_lambda in /tmp/terraform/analytical-platform-ingestion/modules/scan_lambda
Downloading registry.terraform.io/terraform-aws-modules/security-group/aws 5.3.1 for scan_lambda_security_group...
- scan_lambda_security_group in /tmp/terraform/analytical-platform-ingestion/modules/scan_lambda_security_group
Downloading registry.terraform.io/terraform-aws-modules/kms/aws 3.1.1 for secretsmanager_common_kms...
- secretsmanager_common_kms in /tmp/terraform/analytical-platform-ingestion/modules/secretsmanager_common_kms
- sftp_users in modules/transfer-family/user
Downloading registry.terraform.io/terraform-aws-modules/iam/aws 6.4.0 for sftp_users.policy...
- sftp_users.policy in /tmp/terraform/analytical-platform-ingestion/modules/sftp_users.policy/modules/iam-policy
Downloading registry.terraform.io/terraform-aws-modules/iam/aws 6.4.0 for sftp_users.role...
- sftp_users.role in /tmp/terraform/analytical-platform-ingestion/modules/sftp_users.role/modules/iam-role
- sftp_users_with_egress in modules/transfer-family/user-with-egress
Downloading registry.terraform.io/terraform-aws-modules/iam/aws 6.4.0 for sftp_users_with_egress.policy...
- sftp_users_with_egress.policy in /tmp/terraform/analytical-platform-ingestion/modules/sftp_users_with_egress.policy/modules/iam-policy
Downloading registry.terraform.io/terraform-aws-modules/iam/aws 6.4.0 for sftp_users_with_egress.role...
- sftp_users_with_egress.role in /tmp/terraform/analytical-platform-ingestion/modules/sftp_users_with_egress.role/modules/iam-role
Downloading registry.terraform.io/terraform-aws-modules/s3-bucket/aws 5.10.0 for shared_services_client_team_gov_29148_egress_bucket...
- shared_services_client_team_gov_29148_egress_bucket in /tmp/terraform/analytical-platform-ingestion/modules/shared_services_client_team_gov_29148_egress_bucket
Downloading registry.terraform.io/terraform-aws-modules/kms/aws 3.1.1 for shared_services_client_team_gov_29148_egress_kms...
- shared_services_client_team_gov_29148_egress_kms in /tmp/terraform/analytical-platform-ingestion/modules/shared_services_client_team_gov_29148_egress_kms
Downloading registry.terraform.io/terraform-aws-modules/kms/aws 4.2.0 for slack_token_kms...
- slack_token_kms in /tmp/terraform/analytical-platform-ingestion/modules/slack_token_kms
Downloading registry.terraform.io/terraform-aws-modules/kms/aws 3.1.1 for supplier_data_kms...
- supplier_data_kms in /tmp/terraform/analytical-platform-ingestion/modules/supplier_data_kms
Downloading registry.terraform.io/terraform-aws-modules/iam/aws 6.4.0 for transfer_family_service_role...
- transfer_family_service_role in /tmp/terraform/analytical-platform-ingestion/modules/transfer_family_service_role/modules/iam-role
Downloading registry.terraform.io/terraform-aws-modules/lambda/aws 8.0.1 for transfer_lambda...
- transfer_lambda in /tmp/terraform/analytical-platform-ingestion/modules/transfer_lambda
Downloading registry.terraform.io/terraform-aws-modules/security-group/aws 5.3.1 for transfer_lambda_security_group...
- transfer_lambda_security_group in /tmp/terraform/analytical-platform-ingestion/modules/transfer_lambda_security_group
Downloading registry.terraform.io/terraform-aws-modules/kms/aws 4.2.0 for transfer_logs_kms...
- transfer_logs_kms in /tmp/terraform/analytical-platform-ingestion/modules/transfer_logs_kms
Downloading registry.terraform.io/terraform-aws-modules/iam/aws 6.4.0 for transfer_server_iam_policy...
- transfer_server_iam_policy in /tmp/terraform/analytical-platform-ingestion/modules/transfer_server_iam_policy/modules/iam-policy
Downloading registry.terraform.io/terraform-aws-modules/iam/aws 6.4.0 for transfer_server_iam_role...
- transfer_server_iam_role in /tmp/terraform/analytical-platform-ingestion/modules/transfer_server_iam_role/modules/iam-role
Downloading registry.terraform.io/terraform-aws-modules/security-group/aws 5.3.1 for transfer_server_security_group...
- transfer_server_security_group in /tmp/terraform/analytical-platform-ingestion/modules/transfer_server_security_group
Downloading registry.terraform.io/terraform-aws-modules/cloudwatch/aws 5.6.0 for transfer_structured_logs...
- transfer_structured_logs in /tmp/terraform/analytical-platform-ingestion/modules/transfer_structured_logs/modules/log-group
Downloading registry.terraform.io/terraform-aws-modules/kms/aws 3.1.1 for transferred_sns_kms...
- transferred_sns_kms in /tmp/terraform/analytical-platform-ingestion/modules/transferred_sns_kms
Downloading registry.terraform.io/terraform-aws-modules/sns/aws 7.1.0 for transferred_topic...
- transferred_topic in /tmp/terraform/analytical-platform-ingestion/modules/transferred_topic
[0m[1mInitializing provider plugins...[0m
- terraform.io/builtin/terraform is built in to Terraform
- Finding hashicorp/dns versions matching "~> 3.0"...
- Finding hashicorp/random versions matching ">= 3.0.0"...
- Finding hashicorp/aws versions matching ">= 3.29.0, >= 5.0.0, >= 5.49.0, >= 5.58.0, >= 5.91.0, >= 6.0.0, ~> 6.0, >= 6.28.0"...
- Finding hashicorp/external versions matching ">= 1.0.0, ~> 2.0"...
- Finding hashicorp/http versions matching "~> 3.0"...
- Finding hashicorp/local versions matching ">= 1.0.0"...
- Finding hashicorp/null versions matching ">= 2.0.0"...
- Using previously-installed hashicorp/null v3.2.4
- Using previously-installed hashicorp/dns v3.5.0
- Using previously-installed hashicorp/random v3.8.1
- Using previously-installed hashicorp/aws v6.31.0
- Using previously-installed hashicorp/external v2.3.5
- Using previously-installed hashicorp/http v3.5.0
- Using previously-installed hashicorp/local v2.6.2

[0m[1m[32mTerraform has been successfully initialized![0m[32m[0m
[0m[32m
You may now begin working with Terraform. Try running "terraform plan" to see
any changes that are required for your infrastructure. All Terraform commands
should now work.

If you ever set or change modules or backend configuration for Terraform,
rerun this command to reinitialize your working directory. If you forget, other
commands will detect it and remind you to do so if necessary.[0m
[0m[1mdata.terraform_remote_state.core_network_services: Reading...[0m[0m
[0m[1mdata.external.external_ip: Reading...[0m[0m
[0m[1mdata.http.environments_file: Reading...[0m[0m
[0m[1mdata.http.environments_file: Read complete after 0s [id=https://raw.githubusercontent.com/ministryofjustice/modernisation-platform/main/environments/analytical-platform-ingestion.json][0m
[0m[1mdata.aws_ssm_parameter.modernisation_platform_account_id: Reading...[0m[0m
[0m[1mdata.aws_caller_identity.original_session: Reading...[0m[0m
[0m[1mdata.external.external_ip: Read complete after 0s [id=-][0m
[0m[1mdata.aws_caller_identity.original_session: Read complete after 0s [id=471112983409][0m
[0m[1mdata.aws_iam_session_context.whoami: Reading...[0m[0m
[0m[1mdata.aws_ssm_parameter.modernisation_platform_account_id: Read complete after 0s [id=modernisation_platform_account_id][0m
[0m[1mdata.aws_iam_session_context.whoami: Read complete after 0s [id=arn:aws:sts::471112983409:assumed-role/AWSReservedSSO_platform-engineer-admin_c509787e0be6327c/brianellwood@digital.justice.gov.uk][0m
[0m[1mdata.terraform_remote_state.core_network_services: Read complete after 0s[0m
[0m[1mdata.aws_secretsmanager_secret.environment_management: Reading...[0m[0m
[0m[1mdata.aws_caller_identity.modernisation_platform: Reading...[0m[0m
[0m[1mdata.aws_caller_identity.modernisation_platform: Read complete after 0s [id=946070829339][0m
[0m[1mdata.aws_secretsmanager_secret.environment_management: Read complete after 0s [id=arn:aws:secretsmanager:eu-west-2:946070829339:secret:environment_management-BLRCDb][0m
[0m[1mdata.aws_secretsmanager_secret_version.environment_management: Reading...[0m[0m
[0m[1mdata.aws_secretsmanager_secret_version.environment_management: Read complete after 0s [id=arn:aws:secretsmanager:eu-west-2:946070829339:secret:environment_management-BLRCDb|AWSCURRENT][0m
[0m[1mmodule.datasync_replication_iam_role.aws_iam_role_policy_attachment.custom[0]: Refreshing state... [id=datasync-replication-20241113173400094400000002][0m
[0m[1mdata.aws_ec2_transit_gateway.moj_tgw: Reading...[0m[0m
[0m[1mmodule.landing_bucket.data.aws_partition.current: Reading...[0m[0m
[0m[1mmodule.transfer_family_service_role.aws_iam_role_policy_attachment.custom[0]: Refreshing state... [id=transfer-family-service-role-20240320171555331200000001][0m
[0m[1mmodule.datasync_iam_role.aws_iam_role_policy_attachment.custom[0]: Refreshing state... [id=datasync20241113150028145000000001-20241113150032638100000003][0m
[0m[1mmodule.datasync_laa_data_analysis_iam_role[0].aws_iam_role_policy_attachment.custom[0]: Refreshing state... [id=datasync-laa-data-analysis-20250628204013194800000002][0m
[0m[1mmodule.guard_duty_malware_s3_scan_iam_role.aws_iam_role_policy_attachment.custom[0]: Refreshing state... [id=guard-duty-malware-production-scan-20250219105819209700000002][0m
[0m[1mmodule.transfer_server_iam_role.aws_iam_role_policy_attachment.custom[0]: Refreshing state... [id=transfer-server20240327121853746100000001-20240327121903654900000004][0m
[0m[1mmodule.landing_bucket.data.aws_partition.current: Read complete after 0s [id=aws][0m
[0m[1mmodule.transfer_server_iam_role.aws_iam_role_policy_attachment.custom[1]: Refreshing state... [id=transfer-server20240327121853746100000001-20240327121903623800000003][0m
[0m[1mmodule.datasync_opg_bucket.data.aws_caller_identity.current: Reading...[0m[0m
[0m[1mmodule.datasync_opg_bucket.data.aws_caller_identity.current: Read complete after 0s [id=471112983409][0m
[0m[1mmodule.datasync_opg_replication_iam_role.aws_iam_role_policy_attachment.custom[0]: Refreshing state... [id=datasync-opg-ingress-production-replication-20250217154850177400000002][0m
[0m[1mdata.aws_ec2_transit_gateway.moj_tgw: Read complete after 0s [id=tgw-026162f1ba39ce704][0m
[0m[1mmodule.laa_data_analysis_replication_iam_role[0].aws_iam_role_policy_attachment.custom[0]: Refreshing state... [id=laa-data-analysis-production-replication-20250628224353578200000002][0m
[0m[1mmodule.laa_data_analysis_bucket[0].data.aws_partition.current: Reading...[0m[0m
[0m[1mmodule.laa_data_analysis_bucket[0].data.aws_partition.current: Read complete after 0s [id=aws][0m
[0m[1mdata.aws_route53_resolver_query_log_config.core_logging_s3: Reading...[0m[0m
[0m[1mdata.aws_route53_resolver_query_log_config.core_logging_s3: Read complete after 0s [id=rqlc-248ff4e8c3de456c][0m
[0m[1mmodule.s3_laa_data_analysis_kms[0].data.aws_partition.current[0]: Reading...[0m[0m
[0m[1mmodule.s3_laa_data_analysis_kms[0].data.aws_partition.current[0]: Read complete after 0s [id=aws][0m
[0m[1mmodule.landing_bucket.data.aws_region.current: Reading...[0m[0m
[0m[1mmodule.landing_bucket.data.aws_region.current: Read complete after 0s [id=eu-west-2][0m
[0m[1mmodule.notify_transferred_lambda.data.aws_region.current: Reading...[0m[0m
[0m[1mmodule.notify_transferred_lambda.data.aws_region.current: Read complete after 0s [id=eu-west-2][0m
[0m[1mmodule.guard_duty_malware_s3_scan_iam_role.data.aws_caller_identity.current[0]: Reading...[0m[0m
[0m[1mmodule.guard_duty_malware_s3_scan_iam_role.data.aws_caller_identity.current[0]: Read complete after 0s [id=471112983409][0m
[0m[1mmodule.shared_services_client_team_gov_29148_egress_kms[0].data.aws_partition.current[0]: Reading...[0m[0m
[0m[1mmodule.shared_services_client_team_gov_29148_egress_kms[0].data.aws_partition.current[0]: Read complete after 0s [id=aws][0m
[0m[1mmodule.notify_quarantined_lambda.aws_cloudwatch_log_group.lambda[0]: Refreshing state... [id=/aws/lambda/notify-quarantined][0m
[0m[1mmodule.transferred_sns_kms.data.aws_caller_identity.current[0]: Reading...[0m[0m
[0m[1mmodule.transferred_sns_kms.data.aws_caller_identity.current[0]: Read complete after 0s [id=471112983409][0m
[0m[1mmodule.analytical_platform_observability.module.iam_role.data.aws_partition.current[0]: Reading...[0m[0m
[0m[1mmodule.analytical_platform_observability.module.iam_role.data.aws_partition.current[0]: Read complete after 0s [id=aws][0m
[0m[1mmodule.connected_vpc.data.aws_region.current[0]: Reading...[0m[0m
[0m[1mmodule.connected_vpc.data.aws_region.current[0]: Read complete after 0s [id=eu-west-2][0m
[0m[1mdata.aws_iam_policy_document.landing_bucket_policy: Reading...[0m[0m
[0m[1mdata.aws_iam_policy_document.landing_bucket_policy: Read complete after 0s [id=3132301960][0m
[0m[1mmodule.shared_services_client_team_gov_29148_egress_bucket[0].data.aws_region.current: Reading...[0m[0m
[0m[1mmodule.shared_services_client_team_gov_29148_egress_bucket[0].data.aws_region.current: Read complete after 0s [id=eu-west-2][0m
[0m[1mmodule.quarantine_bucket.aws_s3_bucket.this[0]: Refreshing state... [id=mojap-ingestion-production-quarantine][0m
[0m[1mdata.aws_region.current: Reading...[0m[0m
[0m[1mdata.aws_region.current: Read complete after 0s [id=eu-west-2][0m
[0m[1mmodule.transfer_lambda.data.aws_iam_policy_document.assume_role[0]: Reading...[0m[0m
[0m[1mmodule.transfer_lambda.data.aws_iam_policy_document.assume_role[0]: Read complete after 0s [id=2690255455][0m
[0m[1mmodule.slack_token_kms.data.aws_caller_identity.current[0]: Reading...[0m[0m
[0m[1mmodule.scan_lambda.data.aws_iam_policy_document.assume_role[0]: Reading...[0m[0m
[0m[1mmodule.s3_landing_kms.data.aws_partition.current[0]: Reading...[0m[0m
[0m[1mmodule.scan_lambda.data.aws_iam_policy_document.assume_role[0]: Read complete after 0s [id=2690255455][0m
[0m[1mmodule.s3_landing_kms.data.aws_partition.current[0]: Read complete after 0s [id=aws][0m
[0m[1mmodule.observability_platform_tenant.data.aws_iam_policy_document.assume: Reading...[0m[0m
[0m[1mmodule.guard_duty_malware_s3_scan_iam_role.data.aws_partition.current[0]: Reading...[0m[0m
[0m[1mmodule.guard_duty_malware_s3_scan_iam_role.data.aws_partition.current[0]: Read complete after 0s [id=aws][0m
[0m[1mmodule.notify_transferred_lambda.aws_cloudwatch_log_group.lambda[0]: Refreshing state... [id=/aws/lambda/notify-transferred][0m
[0m[1mmodule.observability_platform_tenant.data.aws_iam_policy_document.assume: Read complete after 0s [id=161180149][0m
[0m[1mmodule.quarantine_bucket.data.aws_partition.current: Reading...[0m[0m
[0m[1mmodule.quarantine_bucket.data.aws_partition.current: Read complete after 0s [id=aws][0m
[0m[1mmodule.s3_bold_egress_kms.data.aws_caller_identity.current[0]: Reading...[0m[0m
[0m[1mmodule.slack_token_kms.data.aws_caller_identity.current[0]: Read complete after 0s [id=471112983409][0m
[0m[1mmodule.datasync_credentials_kms.data.aws_caller_identity.current[0]: Reading...[0m[0m
[0m[1mmodule.ec2_ebs_kms.data.aws_caller_identity.current[0]: Reading...[0m[0m
[0m[1mmodule.shared_services_client_team_gov_29148_egress_bucket[0].data.aws_partition.current: Reading...[0m[0m
[0m[1mmodule.shared_services_client_team_gov_29148_egress_bucket[0].data.aws_partition.current: Read complete after 0s [id=aws][0m
[0m[1mmodule.isolated_vpc.data.aws_partition.current[0]: Reading...[0m[0m
[0m[1mmodule.isolated_vpc.data.aws_partition.current[0]: Read complete after 0s [id=aws][0m
[0m[1mmodule.secretsmanager_common_kms.data.aws_caller_identity.current[0]: Reading...[0m[0m
[0m[1mmodule.s3_bold_egress_kms.data.aws_caller_identity.current[0]: Read complete after 0s [id=471112983409][0m
[0m[1mmodule.processed_bucket.data.aws_caller_identity.current: Reading...[0m[0m
[0m[1mmodule.datasync_replication_iam_role.data.aws_partition.current[0]: Reading...[0m[0m
[0m[1mmodule.datasync_replication_iam_role.data.aws_partition.current[0]: Read complete after 0s [id=aws][0m
[0m[1mmodule.datasync_opg_bucket.aws_s3_bucket.this[0]: Refreshing state... [id=mojap-ingestion-production-datasync-opg][0m
[0m[1mdata.aws_iam_policy_document.datasync_opg_policy: Reading...[0m[0m
[0m[1mdata.aws_iam_policy_document.datasync_opg_policy: Read complete after 0s [id=2997255735][0m
[0m[1mmodule.landing_bucket.data.aws_caller_identity.current: Reading...[0m[0m
[0m[1mmodule.datasync_credentials_kms.data.aws_caller_identity.current[0]: Read complete after 0s [id=471112983409][0m
[0m[1mmodule.secretsmanager_common_kms.data.aws_partition.current[0]: Reading...[0m[0m
[0m[1mmodule.secretsmanager_common_kms.data.aws_partition.current[0]: Read complete after 0s [id=aws][0m
[0m[1mdata.aws_availability_zones.available: Reading...[0m[0m
[0m[1mmodule.quarantined_topic.data.aws_caller_identity.current[0]: Reading...[0m[0m
[0m[1mmodule.ec2_ebs_kms.data.aws_caller_identity.current[0]: Read complete after 0s [id=471112983409][0m
[0m[1mmodule.datasync_opg_bucket.data.aws_region.current: Reading...[0m[0m
[0m[1mmodule.datasync_opg_bucket.data.aws_region.current: Read complete after 0s [id=eu-west-2][0m
[0m[1mmodule.ec2_ebs_kms.data.aws_partition.current[0]: Reading...[0m[0m
[0m[1mmodule.isolated_vpc.data.aws_region.current[0]: Reading...[0m[0m
[0m[1mmodule.isolated_vpc.data.aws_region.current[0]: Read complete after 0s [id=eu-west-2][0m
[0m[1mmodule.ec2_ebs_kms.data.aws_partition.current[0]: Read complete after 0s [id=aws][0m
[0m[1mdata.aws_ssm_parameter.datasync_ami: Reading...[0m[0m
[0m[1mmodule.shared_services_client_team_gov_29148_egress_bucket[0].data.aws_caller_identity.current: Reading...[0m[0m
[0m[1mmodule.landing_bucket.data.aws_caller_identity.current: Read complete after 0s [id=471112983409][0m
[0m[1mmodule.connected_vpc.data.aws_caller_identity.current[0]: Reading...[0m[0m
[0m[1mmodule.secretsmanager_common_kms.data.aws_caller_identity.current[0]: Read complete after 0s [id=471112983409][0m
[0m[1mmodule.definitions_bucket.aws_s3_bucket.this[0]: Refreshing state... [id=mojap-ingestion-production-definitions][0m
[0m[1mmodule.definition_upload_lambda.data.aws_partition.current: Reading...[0m[0m
[0m[1mmodule.definition_upload_lambda.data.aws_partition.current: Read complete after 0s [id=aws][0m
[0m[1mmodule.transfer_lambda.data.aws_region.current: Reading...[0m[0m
[0m[1mmodule.transfer_lambda.data.aws_region.current: Read complete after 0s [id=eu-west-2][0m
[0m[1mmodule.connected_vpc.data.aws_partition.current[0]: Reading...[0m[0m
[0m[1mmodule.connected_vpc.data.aws_partition.current[0]: Read complete after 0s [id=aws][0m
[0m[1mmodule.processed_bucket.data.aws_caller_identity.current: Read complete after 0s [id=471112983409][0m
[0m[1mmodule.bold_egress_bucket.data.aws_caller_identity.current: Reading...[0m[0m
[0m[1mmodule.isolated_vpc.data.aws_caller_identity.current[0]: Reading...[0m[0m
[0m[1mmodule.shared_services_client_team_gov_29148_egress_bucket[0].data.aws_caller_identity.current: Read complete after 0s [id=471112983409][0m
[0m[1mmodule.slack_token_kms.data.aws_partition.current[0]: Reading...[0m[0m
[0m[1mmodule.slack_token_kms.data.aws_partition.current[0]: Read complete after 0s [id=aws][0m
[0m[1mmodule.notify_transferred_lambda.data.aws_partition.current: Reading...[0m[0m
[0m[1mmodule.notify_transferred_lambda.data.aws_partition.current: Read complete after 0s [id=aws][0m
[0m[1mmodule.transfer_server_iam_role.data.aws_partition.current[0]: Reading...[0m[0m
[0m[1mmodule.transfer_server_iam_role.data.aws_partition.current[0]: Read complete after 0s [id=aws][0m
[0m[1mdata.aws_availability_zones.available: Read complete after 0s [id=eu-west-2][0m
[0m[1mdata.aws_iam_policy_document.bold_egress_bucket_policy: Reading...[0m[0m
[0m[1mdata.aws_iam_policy_document.bold_egress_bucket_policy: Read complete after 0s [id=1766103356][0m
[0m[1mmodule.connected_vpc.data.aws_iam_policy_document.flow_log_cloudwatch_assume_role[0]: Reading...[0m[0m
[0m[1mmodule.s3_definitions_kms.data.aws_partition.current[0]: Reading...[0m[0m
[0m[1mmodule.connected_vpc.data.aws_iam_policy_document.flow_log_cloudwatch_assume_role[0]: Read complete after 0s [id=1021377347][0m
[0m[1mmodule.s3_definitions_kms.data.aws_partition.current[0]: Read complete after 0s [id=aws][0m
[0m[1mmodule.laa_data_analysis_replication_iam_role[0].data.aws_caller_identity.current[0]: Reading...[0m[0m
[0m[1mmodule.notify_transferred_lambda.data.aws_iam_policy_document.assume_role[0]: Reading...[0m[0m
[0m[1mmodule.notify_transferred_lambda.data.aws_iam_policy_document.assume_role[0]: Read complete after 0s [id=2690255455][0m
[0m[1mmodule.connected_vpc.data.aws_caller_identity.current[0]: Read complete after 0s [id=471112983409][0m
[0m[1mmodule.quarantined_topic.data.aws_caller_identity.current[0]: Read complete after 0s [id=471112983409][0m
[0m[1mmodule.s3_definitions_kms.data.aws_caller_identity.current[0]: Reading...[0m[0m
[0m[1mmodule.bold_egress_bucket.data.aws_caller_identity.current: Read complete after 0s [id=471112983409][0m
[0m[1mmodule.analytical_platform_observability.module.iam_role.data.aws_caller_identity.current[0]: Reading...[0m[0m
[0m[1mmodule.definition_upload_lambda.aws_cloudwatch_log_group.lambda[0]: Refreshing state... [id=/aws/lambda/definition-upload][0m
[0m[1mmodule.datasync_opg_replication_iam_role.data.aws_caller_identity.current[0]: Reading...[0m[0m
[0m[1mmodule.isolated_vpc.data.aws_caller_identity.current[0]: Read complete after 0s [id=471112983409][0m
[0m[1mmodule.s3_quarantine_kms.data.aws_caller_identity.current[0]: Reading...[0m[0m
[0m[1mmodule.s3_definitions_kms.data.aws_caller_identity.current[0]: Read complete after 0s [id=471112983409][0m
[0m[1mmodule.s3_bold_egress_kms.data.aws_partition.current[0]: Reading...[0m[0m
[0m[1mmodule.s3_bold_egress_kms.data.aws_partition.current[0]: Read complete after 0s [id=aws][0m
[0m[1mmodule.scan_lambda.data.aws_partition.current: Reading...[0m[0m
[0m[1mmodule.scan_lambda.data.aws_partition.current: Read complete after 0s [id=aws][0m
[0m[1mmodule.analytical_platform_observability.module.iam_role.data.aws_caller_identity.current[0]: Read complete after 0s [id=471112983409][0m
[0m[1mmodule.datasync_opg_replication_iam_role.data.aws_caller_identity.current[0]: Read complete after 0s [id=471112983409][0m
[0m[1mmodule.definitions_bucket.data.aws_region.current: Reading...[0m[0m
[0m[1mdata.aws_iam_policy_document.processed_bucket_policy: Reading...[0m[0m
[0m[1mmodule.definitions_bucket.data.aws_region.current: Read complete after 0s [id=eu-west-2][0m
[0m[1mmodule.datasync_activation_nlb.data.aws_partition.current[0]: Reading...[0m[0m
[0m[1mmodule.transfer_lambda.data.aws_partition.current: Reading...[0m[0m
[0m[1mdata.aws_iam_policy_document.processed_bucket_policy: Read complete after 0s [id=2351515579][0m
[0m[1mmodule.datasync_activation_nlb.data.aws_partition.current[0]: Read complete after 0s [id=aws][0m
[0m[1mmodule.transfer_lambda.data.aws_partition.current: Read complete after 0s [id=aws][0m
[0m[1mmodule.s3_quarantine_kms.data.aws_caller_identity.current[0]: Read complete after 0s [id=471112983409][0m
[0m[1mmodule.laa_data_analysis_replication_iam_role[0].data.aws_caller_identity.current[0]: Read complete after 0s [id=471112983409][0m
[0m[1mmodule.definitions_bucket.data.aws_caller_identity.current: Reading...[0m[0m
[0m[1mmodule.quarantine_bucket.data.aws_region.current: Reading...[0m[0m
[0m[1mmodule.definitions_bucket.data.aws_partition.current: Reading...[0m[0m
[0m[1mmodule.processed_bucket.data.aws_region.current: Reading...[0m[0m
[0m[1mmodule.shared_services_client_team_gov_29148_egress_bucket[0].aws_s3_bucket.this[0]: Refreshing state... [id=mojap-ingestion-production-ssct-gov-29148-egress][0m
[0m[1mmodule.definitions_bucket.data.aws_partition.current: Read complete after 0s [id=aws][0m
[0m[1mmodule.quarantine_bucket.data.aws_region.current: Read complete after 0s [id=eu-west-2][0m
[0m[1mmodule.processed_bucket.data.aws_region.current: Read complete after 0s [id=eu-west-2][0m
[0m[1mmodule.laa_data_analysis_bucket[0].data.aws_caller_identity.current: Reading...[0m[0m
[0m[1mmodule.laa_data_analysis_bucket[0].data.aws_region.current: Reading...[0m[0m
[0m[1mmodule.datasync_laa_data_analysis_iam_role[0].data.aws_partition.current[0]: Reading...[0m[0m
[0m[1mmodule.datasync_laa_data_analysis_iam_role[0].data.aws_partition.current[0]: Read complete after 0s [id=aws][0m
[0m[1mmodule.laa_data_analysis_bucket[0].data.aws_region.current: Read complete after 0s [id=eu-west-2][0m
[0m[1mmodule.s3_datasync_opg_kms.data.aws_caller_identity.current[0]: Reading...[0m[0m
[0m[1mmodule.govuk_notify_kms.data.aws_partition.current[0]: Reading...[0m[0m
[0m[1mmodule.govuk_notify_kms.data.aws_partition.current[0]: Read complete after 0s [id=aws][0m
[0m[1mmodule.s3_quarantine_kms.data.aws_partition.current[0]: Reading...[0m[0m
[0m[1mmodule.s3_quarantine_kms.data.aws_partition.current[0]: Read complete after 0s [id=aws][0m
[0m[1mmodule.datasync_opg_bucket.data.aws_partition.current: Reading...[0m[0m
[0m[1mmodule.datasync_opg_bucket.data.aws_partition.current: Read complete after 0s [id=aws][0m
[0m[1mmodule.datasync_credentials_kms.data.aws_partition.current[0]: Reading...[0m[0m
[0m[1mmodule.datasync_credentials_kms.data.aws_partition.current[0]: Read complete after 0s [id=aws][0m
[0m[1mmodule.ingestion_transfer_bucket_notification.data.aws_partition.this: Reading...[0m[0m
[0m[1mmodule.ingestion_transfer_bucket_notification.data.aws_partition.this: Read complete after 0s [id=aws][0m
[0m[1mmodule.definitions_bucket.data.aws_caller_identity.current: Read complete after 0s [id=471112983409][0m
[0m[1mmodule.s3_landing_kms.data.aws_caller_identity.current[0]: Reading...[0m[0m
[0m[1maws_cloudwatch_event_rule.definition_update: Refreshing state... [id=definition-update][0m
[0m[1mdata.aws_organizations_organization.root_account: Reading...[0m[0m
[0m[1mdata.aws_ssm_parameter.datasync_ami: Read complete after 0s [id=/aws/service/datasync/ami][0m
[0m[1mmodule.datasync_replication_iam_role.data.aws_caller_identity.current[0]: Reading...[0m[0m
[0m[1mmodule.laa_data_analysis_bucket[0].data.aws_caller_identity.current: Read complete after 0s [id=471112983409][0m
[0m[1mmodule.s3_datasync_opg_kms.data.aws_caller_identity.current[0]: Read complete after 0s [id=471112983409][0m
[0m[1mmodule.transfer_lambda.data.aws_caller_identity.current: Reading...[0m[0m
[0m[1mmodule.scan_lambda.data.aws_caller_identity.current: Reading...[0m[0m
[0m[1mmodule.s3_landing_kms.data.aws_caller_identity.current[0]: Read complete after 0s [id=471112983409][0m
[0m[1mmodule.bold_egress_bucket.data.aws_partition.current: Reading...[0m[0m
[0m[1mmodule.bold_egress_bucket.data.aws_partition.current: Read complete after 0s [id=aws][0m
[0m[1mmodule.datasync_instance.data.aws_ssm_parameter.this: Reading...[0m[0m
[0m[1mmodule.datasync_replication_iam_role.data.aws_caller_identity.current[0]: Read complete after 0s [id=471112983409][0m
[0m[1mmodule.notify_quarantined_lambda.data.aws_region.current: Reading...[0m[0m
[0m[1mmodule.notify_quarantined_lambda.data.aws_region.current: Read complete after 0s [id=eu-west-2][0m
[0m[1mmodule.notify_quarantined_lambda.data.aws_caller_identity.current: Reading...[0m[0m
[0m[1mmodule.scan_lambda.data.aws_caller_identity.current: Read complete after 0s [id=471112983409][0m
[0m[1mmodule.definition_upload_lambda.data.aws_region.current: Reading...[0m[0m
[0m[1mmodule.definition_upload_lambda.data.aws_region.current: Read complete after 0s [id=eu-west-2][0m
[0m[1mmodule.transfer_lambda.data.aws_caller_identity.current: Read complete after 0s [id=471112983409][0m
[0m[1mmodule.shared_services_client_team_gov_29148_egress_kms[0].data.aws_caller_identity.current[0]: Reading...[0m[0m
[0m[1mdata.aws_iam_policy_document.quarantine_bucket_policy: Reading...[0m[0m
[0m[1mdata.aws_iam_policy_document.quarantine_bucket_policy: Read complete after 0s [id=741901701][0m
[0m[1mmodule.datasync_instance.data.aws_partition.current: Reading...[0m[0m
[0m[1mmodule.datasync_instance.data.aws_partition.current: Read complete after 0s [id=aws][0m
[0m[1mmodule.ingestion_quarantine_bucket_notification.data.aws_partition.this: Reading...[0m[0m
[0m[1mmodule.ingestion_quarantine_bucket_notification.data.aws_partition.this: Read complete after 0s [id=aws][0m
[0m[1mmodule.laa_data_analysis_replication_iam_role[0].data.aws_partition.current[0]: Reading...[0m[0m
[0m[1mmodule.laa_data_analysis_replication_iam_role[0].data.aws_partition.current[0]: Read complete after 0s [id=aws][0m
[0m[1mmodule.transfer_family_service_role.data.aws_partition.current[0]: Reading...[0m[0m
[0m[1mmodule.transfer_family_service_role.data.aws_partition.current[0]: Read complete after 0s [id=aws][0m
[0m[1mmodule.s3_laa_data_analysis_kms[0].data.aws_caller_identity.current[0]: Reading...[0m[0m
[0m[1mmodule.notify_quarantined_lambda.data.aws_caller_identity.current: Read complete after 0s [id=471112983409][0m
[0m[1mmodule.ingestion_landing_bucket_notification.data.aws_partition.this: Reading...[0m[0m
[0m[1mmodule.ingestion_landing_bucket_notification.data.aws_partition.this: Read complete after 0s [id=aws][0m
[0m[1mdata.aws_iam_policy_document.laa_data_analysis_bucket_policy: Reading...[0m[0m
[0m[1mdata.aws_iam_policy_document.laa_data_analysis_bucket_policy: Read complete after 0s [id=1404259998][0m
[0m[1mmodule.laa_data_analysis_bucket[0].aws_s3_bucket.this[0]: Refreshing state... [id=mojap-ingestion-production-laa-data-analysis][0m
[0m[1mmodule.shared_services_client_team_gov_29148_egress_kms[0].data.aws_caller_identity.current[0]: Read complete after 0s [id=471112983409][0m
[0m[1mmodule.scan_lambda.data.aws_region.current: Reading...[0m[0m
[0m[1mmodule.scan_lambda.data.aws_region.current: Read complete after 0s [id=eu-west-2][0m
[0m[1mmodule.datasync_task_logs.aws_cloudwatch_log_group.this[0]: Refreshing state... [id=/aws/datasync/tasks][0m
[0m[1mmodule.s3_laa_data_analysis_kms[0].data.aws_caller_identity.current[0]: Read complete after 0s [id=471112983409][0m
[0m[1mmodule.transferred_sns_kms.data.aws_partition.current[0]: Reading...[0m[0m
[0m[1mmodule.transferred_sns_kms.data.aws_partition.current[0]: Read complete after 0s [id=aws][0m
[0m[1mmodule.transfer_lambda.aws_cloudwatch_log_group.lambda[0]: Refreshing state... [id=/aws/lambda/transfer][0m
[0m[1mmodule.datasync_instance.data.aws_ssm_parameter.this: Read complete after 0s [id=/aws/service/ami-amazon-linux-latest/al2023-ami-kernel-default-x86_64][0m
[0m[1mmodule.datasync_opg_replication_iam_role.data.aws_partition.current[0]: Reading...[0m[0m
[0m[1mmodule.datasync_opg_replication_iam_role.data.aws_partition.current[0]: Read complete after 0s [id=aws][0m
[0m[1mmodule.definition_upload_lambda.data.aws_caller_identity.current: Reading...[0m[0m
[0m[1mmodule.definition_upload_lambda.data.aws_caller_identity.current: Read complete after 0s [id=471112983409][0m
[0m[1mmodule.quarantine_bucket.data.aws_caller_identity.current: Reading...[0m[0m
[0m[1mmodule.supplier_data_kms.data.aws_partition.current[0]: Reading...[0m[0m
[0m[1mmodule.supplier_data_kms.data.aws_partition.current[0]: Read complete after 0s [id=aws][0m
[0m[1mdata.aws_caller_identity.current: Reading...[0m[0m
[0m[1mmodule.quarantine_bucket.data.aws_caller_identity.current: Read complete after 0s [id=471112983409][0m
[0m[1mmodule.supplier_data_kms.data.aws_caller_identity.current[0]: Reading...[0m[0m
[0m[1mdata.aws_caller_identity.current: Read complete after 0s [id=471112983409][0m
[0m[1mmodule.notify_transferred_lambda.data.aws_caller_identity.current: Reading...[0m[0m
[0m[1mmodule.processed_bucket.data.aws_partition.current: Reading...[0m[0m
[0m[1mmodule.processed_bucket.data.aws_partition.current: Read complete after 0s [id=aws][0m
[0m[1mmodule.bold_egress_bucket.data.aws_region.current: Reading...[0m[0m
[0m[1mmodule.bold_egress_bucket.data.aws_region.current: Read complete after 0s [id=eu-west-2][0m
[0m[1mdata.aws_iam_policy_document.shared_services_client_team_gov_29148_egress[0]: Reading...[0m[0m
[0m[1mdata.aws_iam_policy_document.shared_services_client_team_gov_29148_egress[0]: Read complete after 0s [id=2439550805][0m
[0m[1mmodule.quarantined_sns_kms.data.aws_caller_identity.current[0]: Reading...[0m[0m
[0m[1mmodule.supplier_data_kms.data.aws_caller_identity.current[0]: Read complete after 0s [id=471112983409][0m
[0m[1mmodule.s3_processed_kms.data.aws_caller_identity.current[0]: Reading...[0m[0m
[0m[1mmodule.notify_transferred_lambda.data.aws_caller_identity.current: Read complete after 0s [id=471112983409][0m
[0m[1mmodule.isolated_vpc.data.aws_iam_policy_document.flow_log_cloudwatch_assume_role[0]: Reading...[0m[0m
[0m[1mmodule.isolated_vpc.data.aws_iam_policy_document.flow_log_cloudwatch_assume_role[0]: Read complete after 0s [id=1021377347][0m
[0m[1mmodule.datasync_enhanced_logs.aws_cloudwatch_log_group.this[0]: Refreshing state... [id=/aws/datasync][0m
[0m[1mmodule.quarantined_sns_kms.data.aws_caller_identity.current[0]: Read complete after 0s [id=471112983409][0m
[0m[1mmodule.datasync_laa_data_analysis_iam_role[0].data.aws_caller_identity.current[0]: Reading...[0m[0m
[0m[1mmodule.s3_processed_kms.data.aws_caller_identity.current[0]: Read complete after 0s [id=471112983409][0m
[0m[1mmodule.datasync_iam_role.data.aws_caller_identity.current[0]: Reading...[0m[0m
[0m[1mmodule.datasync_laa_data_analysis_iam_role[0].data.aws_caller_identity.current[0]: Read complete after 0s [id=471112983409][0m
[0m[1mmodule.transfer_logs_kms.data.aws_caller_identity.current[0]: Reading...[0m[0m
[0m[1mmodule.datasync_iam_role.data.aws_caller_identity.current[0]: Read complete after 0s [id=471112983409][0m
[0m[1mmodule.datasync_iam_role.data.aws_partition.current[0]: Reading...[0m[0m
[0m[1mmodule.datasync_iam_role.data.aws_partition.current[0]: Read complete after 0s [id=aws][0m
[0m[1mmodule.processed_bucket.aws_s3_bucket.this[0]: Refreshing state... [id=mojap-ingestion-production-processed][0m
[0m[1mmodule.transferred_topic.data.aws_caller_identity.current[0]: Reading...[0m[0m
[0m[1mmodule.transfer_logs_kms.data.aws_caller_identity.current[0]: Read complete after 0s [id=471112983409][0m
[0m[1mmodule.landing_bucket.aws_s3_bucket.this[0]: Refreshing state... [id=mojap-ingestion-production-landing][0m
[0m[1mmodule.s3_datasync_opg_kms.data.aws_partition.current[0]: Reading...[0m[0m
[0m[1mmodule.s3_datasync_opg_kms.data.aws_partition.current[0]: Read complete after 0s [id=aws][0m
[0m[1mmodule.quarantined_sns_kms.data.aws_partition.current[0]: Reading...[0m[0m
[0m[1mmodule.quarantined_sns_kms.data.aws_partition.current[0]: Read complete after 0s [id=aws][0m
[0m[1mmodule.transfer_server_iam_role.data.aws_caller_identity.current[0]: Reading...[0m[0m
[0m[1mmodule.transferred_topic.data.aws_caller_identity.current[0]: Read complete after 0s [id=471112983409][0m
[0m[1mmodule.definition_upload_lambda.data.aws_iam_policy_document.assume_role[0]: Reading...[0m[0m
[0m[1mmodule.definition_upload_lambda.data.aws_iam_policy_document.assume_role[0]: Read complete after 0s [id=2690255455][0m
[0m[1mmodule.notify_quarantined_lambda.data.aws_iam_policy_document.assume_role[0]: Reading...[0m[0m
[0m[1mmodule.notify_quarantined_lambda.data.aws_iam_policy_document.assume_role[0]: Read complete after 0s [id=2690255455][0m
[0m[1mmodule.transfer_logs_kms.data.aws_partition.current[0]: Reading...[0m[0m
[0m[1mmodule.transfer_logs_kms.data.aws_partition.current[0]: Read complete after 0s [id=aws][0m
[0m[1mmodule.s3_processed_kms.data.aws_partition.current[0]: Reading...[0m[0m
[0m[1mmodule.s3_processed_kms.data.aws_partition.current[0]: Read complete after 0s [id=aws][0m
[0m[1mmodule.notify_quarantined_lambda.data.aws_partition.current: Reading...[0m[0m
[0m[1mmodule.notify_quarantined_lambda.data.aws_partition.current: Read complete after 0s [id=aws][0m
[0m[1mmodule.connected_vpc_route53_resolver_logs.aws_cloudwatch_log_group.this[0]: Refreshing state... [id=/aws/route53-resolver/connected-vpc][0m
[0m[1mmodule.transfer_server_iam_role.data.aws_caller_identity.current[0]: Read complete after 0s [id=471112983409][0m
[0m[1mmodule.scan_lambda.aws_cloudwatch_log_group.lambda[0]: Refreshing state... [id=/aws/lambda/scan][0m
[0m[1mmodule.govuk_notify_kms.data.aws_caller_identity.current[0]: Reading...[0m[0m
[0m[1mmodule.bold_egress_bucket.aws_s3_bucket.this[0]: Refreshing state... [id=mojap-ingestion-production-bold-egress][0m
[0m[1mmodule.govuk_notify_kms.data.aws_caller_identity.current[0]: Read complete after 0s [id=471112983409][0m
[0m[1mmodule.transfer_family_service_role.data.aws_caller_identity.current[0]: Reading...[0m[0m
[0m[1mmodule.transfer_family_service_role.data.aws_caller_identity.current[0]: Read complete after 0s [id=471112983409][0m
[0m[1mdata.aws_route53_zone.network-services: Reading...[0m[0m
[0m[1mmodule.transfer_lambda.aws_iam_role.lambda[0]: Refreshing state... [id=transfer][0m
[0m[1mmodule.scan_lambda.aws_iam_role.lambda[0]: Refreshing state... [id=scan][0m
[0m[1mmodule.observability_platform_tenant.aws_iam_role.this: Refreshing state... [id=observability-platform][0m
[0m[1mmodule.definition_upload_lambda.data.aws_iam_policy.vpc[0]: Reading...[0m[0m
[0m[1mmodule.notify_transferred_lambda.data.aws_iam_policy.vpc[0]: Reading...[0m[0m
[0m[1mmodule.connected_vpc.aws_iam_role.vpc_flow_log_cloudwatch[0]: Refreshing state... [id=vpc-flow-log-role-20240930155825522400000001][0m
[0m[1mmodule.notify_transferred_lambda.aws_iam_role.lambda[0]: Refreshing state... [id=notify-transferred][0m
[0m[1mmodule.scan_lambda.data.aws_iam_policy.vpc[0]: Reading...[0m[0m
[0m[1mmodule.definition_upload_lambda.data.aws_iam_policy.vpc[0]: Read complete after 0s [id=arn:aws:iam::aws:policy/service-role/AWSLambdaENIManagementAccess][0m
[0m[1mmodule.transfer_lambda.data.aws_iam_policy.vpc[0]: Reading...[0m[0m
[0m[1mmodule.notify_transferred_lambda.data.aws_iam_policy.vpc[0]: Read complete after 0s [id=arn:aws:iam::aws:policy/service-role/AWSLambdaENIManagementAccess][0m
[0m[1mmodule.isolated_vpc.aws_iam_role.vpc_flow_log_cloudwatch[0]: Refreshing state... [id=vpc-flow-log-role-20240312150011812400000002][0m
[0m[1mdata.aws_organizations_organization.root_account: Read complete after 0s [id=o-b2fpbzyd95][0m
[0m[1mmodule.definition_upload_lambda.aws_iam_role.lambda[0]: Refreshing state... [id=definition-upload][0m
[0m[1mmodule.notify_quarantined_lambda.aws_iam_role.lambda[0]: Refreshing state... [id=notify-quarantined][0m
[0m[1mmodule.scan_lambda.data.aws_iam_policy.vpc[0]: Read complete after 1s [id=arn:aws:iam::aws:policy/service-role/AWSLambdaENIManagementAccess][0m
[0m[1mmodule.transfer_lambda.data.aws_iam_policy.vpc[0]: Read complete after 1s [id=arn:aws:iam::aws:policy/service-role/AWSLambdaENIManagementAccess][0m
[0m[1mmodule.notify_quarantined_lambda.data.aws_iam_policy.vpc[0]: Reading...[0m[0m
[0m[1mmodule.quarantine_bucket.aws_s3_bucket_public_access_block.this[0]: Refreshing state... [id=mojap-ingestion-production-quarantine][0m
[0m[1mmodule.quarantine_bucket.aws_s3_bucket_lifecycle_configuration.this[0]: Refreshing state... [id=mojap-ingestion-production-quarantine][0m
[0m[1mmodule.datasync_opg_bucket.aws_s3_bucket_versioning.this[0]: Refreshing state... [id=mojap-ingestion-production-datasync-opg][0m
[0m[1mmodule.datasync_opg_bucket.aws_s3_bucket_public_access_block.this[0]: Refreshing state... [id=mojap-ingestion-production-datasync-opg][0m
[0m[1mmodule.shared_services_client_team_gov_29148_egress_bucket[0].aws_s3_bucket_public_access_block.this[0]: Refreshing state... [id=mojap-ingestion-production-ssct-gov-29148-egress][0m
[0m[1mdata.aws_route53_zone.network-services: Read complete after 1s [id=Z00379322STHYMCQ5Z45Y][0m
[0m[1mmodule.shared_services_client_team_gov_29148_egress_bucket[0].aws_s3_bucket_versioning.this[0]: Refreshing state... [id=mojap-ingestion-production-ssct-gov-29148-egress][0m
[0m[1mmodule.guard_duty_malware_s3_scan_iam_role.data.aws_iam_policy_document.this[0]: Reading...[0m[0m
[0m[1mmodule.guard_duty_malware_s3_scan_iam_role.data.aws_iam_policy_document.this[0]: Read complete after 0s [id=2092920179][0m
[0m[1mmodule.definitions_bucket.aws_s3_bucket_public_access_block.this[0]: Refreshing state... [id=mojap-ingestion-production-definitions][0m
[0m[1mmodule.secretsmanager_common_kms.data.aws_iam_policy_document.this[0]: Reading...[0m[0m
[0m[1mmodule.secretsmanager_common_kms.data.aws_iam_policy_document.this[0]: Read complete after 0s [id=4052214458][0m
[0m[1mmodule.ec2_ebs_kms.data.aws_iam_policy_document.this[0]: Reading...[0m[0m
[0m[1mmodule.ec2_ebs_kms.data.aws_iam_policy_document.this[0]: Read complete after 0s [id=4052214458][0m
[0m[1mmodule.laa_data_analysis_bucket[0].aws_s3_bucket_versioning.this[0]: Refreshing state... [id=mojap-ingestion-production-laa-data-analysis][0m
[0m[1mmodule.laa_data_analysis_bucket[0].data.aws_iam_policy_document.inventory_and_analytics_destination_policy[0]: Reading...[0m[0m
[0m[1mmodule.laa_data_analysis_bucket[0].data.aws_iam_policy_document.inventory_and_analytics_destination_policy[0]: Read complete after 0s [id=3847230532][0m
[0m[1mmodule.laa_data_analysis_bucket[0].aws_s3_bucket_public_access_block.this[0]: Refreshing state... [id=mojap-ingestion-production-laa-data-analysis][0m
[0m[1mmodule.slack_token_kms.data.aws_iam_policy_document.this[0]: Reading...[0m[0m
[0m[1mmodule.slack_token_kms.data.aws_iam_policy_document.this[0]: Read complete after 0s [id=4052214458][0m
[0m[1mmodule.laa_data_analysis_bucket[0].aws_s3_bucket_inventory.this["laa-data-analysis-inventory-csv"]: Refreshing state... [id=mojap-ingestion-production-laa-data-analysis:laa-data-analysis-inventory-csv][0m
[0m[1mmodule.laa_data_analysis_bucket[0].aws_s3_bucket_inventory.this["laa-data-analysis-inventory-parquet"]: Refreshing state... [id=mojap-ingestion-production-laa-data-analysis:laa-data-analysis-inventory-parquet][0m
[0m[1mmodule.processed_bucket.aws_s3_bucket_public_access_block.this[0]: Refreshing state... [id=mojap-ingestion-production-processed][0m
[0m[1mmodule.notify_quarantined_lambda.data.aws_iam_policy.vpc[0]: Read complete after 0s [id=arn:aws:iam::aws:policy/service-role/AWSLambdaENIManagementAccess][0m
[0m[1mmodule.landing_bucket.aws_s3_bucket_public_access_block.this[0]: Refreshing state... [id=mojap-ingestion-production-landing][0m
[0m[1mmodule.s3_definitions_kms.data.aws_iam_policy_document.this[0]: Reading...[0m[0m
[0m[1mmodule.s3_definitions_kms.data.aws_iam_policy_document.this[0]: Read complete after 0s [id=4052214458][0m
[0m[1mmodule.s3_bold_egress_kms.data.aws_iam_policy_document.this[0]: Reading...[0m[0m
[0m[1mmodule.s3_bold_egress_kms.data.aws_iam_policy_document.this[0]: Read complete after 0s [id=645873177][0m
[0m[1mmodule.analytical_platform_observability.module.iam_role.data.aws_iam_policy_document.this[0]: Reading...[0m[0m
[0m[1mmodule.analytical_platform_observability.module.iam_role.data.aws_iam_policy_document.this[0]: Read complete after 0s [id=1198829072][0m
[0m[1mmodule.bold_egress_bucket.aws_s3_bucket_versioning.this[0]: Refreshing state... [id=mojap-ingestion-production-bold-egress][0m
[0m[1mmodule.bold_egress_bucket.aws_s3_bucket_public_access_block.this[0]: Refreshing state... [id=mojap-ingestion-production-bold-egress][0m
[0m[1mmodule.s3_quarantine_kms.data.aws_iam_policy_document.this[0]: Reading...[0m[0m
[0m[1mmodule.s3_quarantine_kms.data.aws_iam_policy_document.this[0]: Read complete after 0s [id=4052214458][0m
[0m[1mmodule.datasync_credentials_kms.data.aws_iam_policy_document.this[0]: Reading...[0m[0m
[0m[1mmodule.datasync_credentials_kms.data.aws_iam_policy_document.this[0]: Read complete after 0s [id=4052214458][0m
[0m[1mmodule.s3_landing_kms.data.aws_iam_policy_document.this[0]: Reading...[0m[0m
[0m[1mmodule.s3_landing_kms.data.aws_iam_policy_document.this[0]: Read complete after 0s [id=4052214458][0m
[0m[1mmodule.datasync_replication_iam_role.data.aws_iam_policy_document.this[0]: Reading...[0m[0m
[0m[1mmodule.datasync_replication_iam_role.data.aws_iam_policy_document.this[0]: Read complete after 0s [id=4009711414][0m
[0m[1mmodule.laa_data_analysis_replication_iam_role[0].data.aws_iam_policy_document.this[0]: Reading...[0m[0m
[0m[1mmodule.laa_data_analysis_replication_iam_role[0].data.aws_iam_policy_document.this[0]: Read complete after 0s [id=3633538030][0m
[0m[1mmodule.shared_services_client_team_gov_29148_egress_kms[0].data.aws_iam_policy_document.this[0]: Reading...[0m[0m
[0m[1mmodule.shared_services_client_team_gov_29148_egress_kms[0].data.aws_iam_policy_document.this[0]: Read complete after 0s [id=3521787981][0m
[0m[1mmodule.s3_laa_data_analysis_kms[0].data.aws_iam_policy_document.this[0]: Reading...[0m[0m
[0m[1mmodule.s3_laa_data_analysis_kms[0].data.aws_iam_policy_document.this[0]: Read complete after 0s [id=4052214458][0m
[0m[1mmodule.transferred_sns_kms.data.aws_iam_policy_document.this[0]: Reading...[0m[0m
[0m[1mmodule.transferred_sns_kms.data.aws_iam_policy_document.this[0]: Read complete after 0s [id=4052214458][0m
[0m[1mmodule.datasync_opg_replication_iam_role.data.aws_iam_policy_document.this[0]: Reading...[0m[0m
[0m[1mmodule.datasync_opg_replication_iam_role.data.aws_iam_policy_document.this[0]: Read complete after 0s [id=4009711414][0m
[0m[1mmodule.supplier_data_kms.data.aws_iam_policy_document.this[0]: Reading...[0m[0m
[0m[1mmodule.supplier_data_kms.data.aws_iam_policy_document.this[0]: Read complete after 0s [id=4052214458][0m
[0m[1mmodule.datasync_laa_data_analysis_iam_role[0].data.aws_iam_policy_document.this[0]: Reading...[0m[0m
[0m[1mmodule.datasync_laa_data_analysis_iam_role[0].data.aws_iam_policy_document.this[0]: Read complete after 0s [id=2536275879][0m
[0m[1mmodule.datasync_iam_role.data.aws_iam_policy_document.this[0]: Reading...[0m[0m
[0m[1mmodule.datasync_iam_role.data.aws_iam_policy_document.this[0]: Read complete after 0s [id=2536275879][0m
[0m[1mdata.aws_iam_policy_document.datasync_cloudwatch_logs: Reading...[0m[0m
[0m[1mdata.aws_iam_policy_document.datasync_cloudwatch_logs: Read complete after 0s [id=2832677384][0m
[0m[1mmodule.s3_datasync_opg_kms.data.aws_iam_policy_document.this[0]: Reading...[0m[0m
[0m[1mmodule.s3_datasync_opg_kms.data.aws_iam_policy_document.this[0]: Read complete after 0s [id=4052214458][0m
[0m[1mmodule.observability_platform_tenant.aws_iam_role_policy_attachment.cloudwatch_readonly_access: Refreshing state... [id=observability-platform-20240314162840398200000001][0m
[0m[1mmodule.quarantined_sns_kms.data.aws_iam_policy_document.this[0]: Reading...[0m[0m
[0m[1mmodule.quarantined_sns_kms.data.aws_iam_policy_document.this[0]: Read complete after 0s [id=430211146][0m
[0m[1mmodule.observability_platform_tenant.aws_iam_role_policy_attachment.xray_readonly_access[0]: Refreshing state... [id=observability-platform-20240314162840577000000002][0m
[0m[1mmodule.transfer_logs_kms.data.aws_iam_policy_document.this[0]: Reading...[0m[0m
[0m[1mmodule.transfer_logs_kms.data.aws_iam_policy_document.this[0]: Read complete after 0s [id=1335340341][0m
[0m[1mmodule.s3_processed_kms.data.aws_iam_policy_document.this[0]: Reading...[0m[0m
[0m[1mmodule.s3_processed_kms.data.aws_iam_policy_document.this[0]: Read complete after 0s [id=4052214458][0m
[0m[1mmodule.transfer_server_iam_role.data.aws_iam_policy_document.this[0]: Reading...[0m[0m
[0m[1mmodule.transfer_server_iam_role.data.aws_iam_policy_document.this[0]: Read complete after 0s [id=44862412][0m
[0m[1maws_route53_resolver_query_log_config.connected_vpc: Refreshing state... [id=rqlc-5e303e3c7c0e432d][0m
[0m[1mmodule.govuk_notify_kms.data.aws_iam_policy_document.this[0]: Reading...[0m[0m
[0m[1mmodule.govuk_notify_kms.data.aws_iam_policy_document.this[0]: Read complete after 0s [id=4052214458][0m
[0m[1mmodule.transfer_family_service_role.data.aws_iam_policy_document.this[0]: Reading...[0m[0m
[0m[1mmodule.transfer_family_service_role.data.aws_iam_policy_document.this[0]: Read complete after 0s [id=44862412][0m
[0m[1mmodule.transfer_lambda.aws_iam_role_policy.vpc[0]: Refreshing state... [id=transfer:transfer-vpc][0m
[0m[1mmodule.guard_duty_malware_s3_scan_iam_role.aws_iam_role.this[0]: Refreshing state... [id=guard-duty-malware-production-scan][0m
[0m[1mmodule.notify_transferred_lambda.data.aws_iam_policy_document.logs[0]: Reading...[0m[0m
[0m[1mmodule.notify_transferred_lambda.data.aws_iam_policy_document.logs[0]: Read complete after 0s [id=491207217][0m
[0m[1mmodule.notify_quarantined_lambda.data.aws_iam_policy_document.logs[0]: Reading...[0m[0m
[0m[1mmodule.secretsmanager_common_kms.aws_kms_key.this[0]: Refreshing state... [id=2a666b1a-6f9e-4d43-b862-33de46e6a853][0m
[0m[1mmodule.notify_quarantined_lambda.data.aws_iam_policy_document.logs[0]: Read complete after 0s [id=3956147583][0m
[0m[1mmodule.ec2_ebs_kms.aws_kms_key.this[0]: Refreshing state... [id=4e4c0406-bf5c-4948-92f3-efb0374bd2c5][0m
[0m[1mmodule.scan_lambda.aws_iam_role_policy.vpc[0]: Refreshing state... [id=scan:scan-vpc][0m
[0m[1mmodule.slack_token_kms.aws_kms_key.this[0]: Refreshing state... [id=14b6942b-92c7-4d45-8b53-93a744a34847][0m
[0m[1mmodule.s3_definitions_kms.aws_kms_key.this[0]: Refreshing state... [id=541f9561-7c5d-4bf0-b1e0-c7aee1b85eda][0m
[0m[1mmodule.s3_bold_egress_kms.aws_kms_key.this[0]: Refreshing state... [id=159671dd-57fa-497c-93b9-2aa9aa8b0fd1][0m
[0m[1mmodule.analytical_platform_observability.module.iam_role.aws_iam_role.this[0]: Refreshing state... [id=analytical-platform-observability][0m
[0m[1mmodule.s3_quarantine_kms.aws_kms_key.this[0]: Refreshing state... [id=3982a700-3feb-4ad6-888f-df93a4f59288][0m
[0m[1mmodule.datasync_credentials_kms.aws_kms_key.this[0]: Refreshing state... [id=740b259b-2c63-403b-91a6-5df3513f0732][0m
[0m[1mmodule.definition_upload_lambda.data.aws_iam_policy_document.logs[0]: Reading...[0m[0m
[0m[1mmodule.definition_upload_lambda.data.aws_iam_policy_document.logs[0]: Read complete after 0s [id=75964792][0m
[0m[1mmodule.s3_landing_kms.aws_kms_key.this[0]: Refreshing state... [id=c550622e-ad59-4fb5-9e35-2294a68d87f5][0m
[0m[1mmodule.datasync_replication_iam_role.aws_iam_role.this[0]: Refreshing state... [id=datasync-replication][0m
[0m[1mmodule.laa_data_analysis_replication_iam_role[0].aws_iam_role.this[0]: Refreshing state... [id=laa-data-analysis-production-replication][0m
[0m[1mmodule.shared_services_client_team_gov_29148_egress_kms[0].aws_kms_key.this[0]: Refreshing state... [id=ad799e93-7e99-4b42-9753-8cad9d5b05f4][0m
[0m[1mmodule.s3_laa_data_analysis_kms[0].aws_kms_key.this[0]: Refreshing state... [id=ad89b0da-3b8e-44f5-9f63-22d4677da9a2][0m
[0m[1mmodule.transferred_sns_kms.aws_kms_key.this[0]: Refreshing state... [id=4aab80fd-e9fd-4ca9-92d2-3788e4b67cfb][0m
[0m[1mmodule.transfer_lambda.data.aws_iam_policy_document.logs[0]: Reading...[0m[0m
[0m[1mmodule.transfer_lambda.data.aws_iam_policy_document.logs[0]: Read complete after 0s [id=3963335986][0m
[0m[1mmodule.datasync_opg_replication_iam_role.aws_iam_role.this[0]: Refreshing state... [id=datasync-opg-ingress-production-replication][0m
[0m[1mmodule.supplier_data_kms.aws_kms_key.this[0]: Refreshing state... [id=c5cd7ebb-201f-4151-ae05-3a21847d6cd0][0m
[0m[1mmodule.datasync_laa_data_analysis_iam_role[0].aws_iam_role.this[0]: Refreshing state... [id=datasync-laa-data-analysis][0m
[0m[1mmodule.datasync_iam_role.aws_iam_role.this[0]: Refreshing state... [id=datasync20241113150028145000000001][0m
[0m[1maws_cloudwatch_log_resource_policy.datasync_cloudwatch_logs: Refreshing state... [id=datasync-cloudwatch-logs][0m
[0m[1mmodule.s3_datasync_opg_kms.aws_kms_key.this[0]: Refreshing state... [id=28c88ac6-6f51-4946-9dc6-a1b287b41149][0m
[0m[1mmodule.quarantined_sns_kms.aws_kms_key.this[0]: Refreshing state... [id=9a8f31a0-ee83-4478-adaf-13db9ff7dcbb][0m
[0m[1mmodule.notify_transferred_lambda.aws_iam_role_policy.vpc[0]: Refreshing state... [id=notify-transferred:notify-transferred-vpc][0m
[0m[1mmodule.transfer_logs_kms.aws_kms_key.this[0]: Refreshing state... [id=aaeffafc-de32-4d15-8064-37ef4fe5f0ba][0m
[0m[1mmodule.s3_processed_kms.aws_kms_key.this[0]: Refreshing state... [id=43937934-9e0a-4182-9aa3-f0da65da7ce8][0m
[0m[1mmodule.transfer_server_iam_role.aws_iam_role.this[0]: Refreshing state... [id=transfer-server20240327121853746100000001][0m
[0m[1mmodule.scan_lambda.data.aws_iam_policy_document.logs[0]: Reading...[0m[0m
[0m[1mmodule.scan_lambda.data.aws_iam_policy_document.logs[0]: Read complete after 0s [id=3042990056][0m
[0m[1mmodule.govuk_notify_kms.aws_kms_key.this[0]: Refreshing state... [id=e33e9398-f0f0-43c8-9623-4251094dc08c][0m
[0m[1mmodule.transfer_family_service_role.aws_iam_role.this[0]: Refreshing state... [id=transfer-family-service-role][0m
[0m[1mmodule.notify_transferred_lambda.aws_iam_role_policy.logs[0]: Refreshing state... [id=notify-transferred:notify-transferred-logs][0m
[0m[1mmodule.definition_upload_lambda.aws_iam_role_policy.vpc[0]: Refreshing state... [id=definition-upload:definition-upload-vpc][0m
[0m[1mmodule.notify_quarantined_lambda.aws_iam_role_policy.vpc[0]: Refreshing state... [id=notify-quarantined:notify-quarantined-vpc][0m
[0m[1mmodule.notify_quarantined_lambda.aws_iam_role_policy.logs[0]: Refreshing state... [id=notify-quarantined:notify-quarantined-logs][0m
[0m[1mmodule.secretsmanager_common_kms.aws_kms_alias.this["secretsmanager/common"]: Refreshing state... [id=alias/secretsmanager/common][0m
[0m[1mmodule.ec2_ebs_kms.aws_kms_alias.this["ec2/ebs"]: Refreshing state... [id=alias/ec2/ebs][0m
[0m[1mmodule.slack_token_kms.aws_kms_alias.this["secretsmanager/slack-token"]: Refreshing state... [id=alias/secretsmanager/slack-token][0m
[0m[1mmodule.s3_definitions_kms.aws_kms_alias.this["s3/definitions"]: Refreshing state... [id=alias/s3/definitions][0m
[0m[1mmodule.definition_upload_lambda.aws_iam_role_policy.logs[0]: Refreshing state... [id=definition-upload:definition-upload-logs][0m
[0m[1mmodule.s3_bold_egress_kms.aws_kms_alias.this["s3/bold-egress"]: Refreshing state... [id=alias/s3/bold-egress][0m
[0m[1mmodule.s3_quarantine_kms.aws_kms_alias.this["s3/quarantine"]: Refreshing state... [id=alias/s3/quarantine][0m
[0m[1mmodule.datasync_credentials_kms.aws_kms_alias.this["datasync/credentials"]: Refreshing state... [id=alias/datasync/credentials][0m
[0m[1mmodule.s3_landing_kms.aws_kms_alias.this["s3/landing"]: Refreshing state... [id=alias/s3/landing][0m
[0m[1mmodule.s3_laa_data_analysis_kms[0].aws_kms_alias.this["s3/laa-data-analysis"]: Refreshing state... [id=alias/s3/laa-data-analysis][0m
[0m[1mmodule.transfer_lambda.aws_iam_role_policy.logs[0]: Refreshing state... [id=transfer:transfer-logs][0m
[0m[1mmodule.shared_services_client_team_gov_29148_egress_kms[0].aws_kms_alias.this["s3/ssct-gov-29148-egress"]: Refreshing state... [id=alias/s3/ssct-gov-29148-egress][0m
[0m[1mmodule.transferred_sns_kms.aws_kms_alias.this["sns/transferred"]: Refreshing state... [id=alias/sns/transferred][0m
[0m[1mmodule.supplier_data_kms.aws_kms_alias.this["secretsmanager/supplier-data"]: Refreshing state... [id=alias/secretsmanager/supplier-data][0m
[0m[1mmodule.s3_datasync_opg_kms.aws_kms_alias.this["s3/datasync-opg"]: Refreshing state... [id=alias/s3/datasync-opg][0m
[0m[1mmodule.quarantined_sns_kms.aws_kms_alias.this["sns/quarantined"]: Refreshing state... [id=alias/sns/quarantined][0m
[0m[1mmodule.scan_lambda.aws_iam_role_policy.logs[0]: Refreshing state... [id=scan:scan-logs][0m
[0m[1mmodule.transfer_logs_kms.aws_kms_alias.this["logs/transfer"]: Refreshing state... [id=alias/logs/transfer][0m
[0m[1mmodule.s3_processed_kms.aws_kms_alias.this["s3/processed"]: Refreshing state... [id=alias/s3/processed][0m
[0m[1mmodule.govuk_notify_kms.aws_kms_alias.this["secretsmanager/govuk-notify"]: Refreshing state... [id=alias/secretsmanager/govuk-notify][0m
[0m[1maws_secretsmanager_secret.slack_token: Refreshing state... [id=arn:aws:secretsmanager:eu-west-2:471112983409:secret:ingestion/slack-token-AM4mrx][0m
[0m[1maws_guardduty_malware_protection_plan.landing_bucket: Refreshing state... [id=84cab06d27095ed1e00e][0m
[0m[1maws_guardduty_malware_protection_plan.laa_data_analysis_bucket[0]: Refreshing state... [id=aacbdc5b232dd5b07640][0m
[0m[1mdata.aws_iam_policy_document.guard_duty_malware_protection_iam_policy: Reading...[0m[0m
[0m[1mdata.aws_iam_policy_document.guard_duty_malware_protection_iam_policy: Read complete after 0s [id=2411281443][0m
[0m[1mmodule.analytical_platform_observability.aws_iam_role_policy_attachment.aws_xray_read_only_access[0]: Refreshing state... [id=analytical-platform-observability-20250423161147855000000002][0m
[0m[1mmodule.analytical_platform_observability.aws_iam_role_policy_attachment.cloudwatch_read_only_access[0]: Refreshing state... [id=analytical-platform-observability-20250423161147844200000001][0m
[0m[1mdata.aws_iam_policy_document.datasync: Reading...[0m[0m
[0m[1mdata.aws_iam_policy_document.datasync: Read complete after 0s [id=159912557][0m
[0m[1mdata.aws_iam_policy_document.transfer_server: Reading...[0m[0m
[0m[1mdata.aws_iam_policy_document.transfer_server: Read complete after 0s [id=1017327326][0m
[0m[1maws_secretsmanager_secret.govuk_notify_templates: Refreshing state... [id=arn:aws:secretsmanager:eu-west-2:471112983409:secret:ingestion/govuk-notify/templates-n17wwR][0m
[0m[1maws_secretsmanager_secret.govuk_notify_api_key: Refreshing state... [id=arn:aws:secretsmanager:eu-west-2:471112983409:secret:ingestion/govuk-notify/api-key-r3pnMR][0m
[0m[1mmodule.laa_data_analysis_keys[0].aws_secretsmanager_secret.this[0]: Refreshing state... [id=arn:aws:secretsmanager:eu-west-2:471112983409:secret:laa/keys-O47xI2][0m
[0m[1mmodule.laa_data_analysis_bucket_list[0].aws_secretsmanager_secret.this[0]: Refreshing state... [id=arn:aws:secretsmanager:eu-west-2:471112983409:secret:laa/bucket-list-Ub9yad][0m
[0m[1mmodule.datasync_exclude_path_secret.aws_secretsmanager_secret.this[0]: Refreshing state... [id=arn:aws:secretsmanager:eu-west-2:471112983409:secret:datasync/exclude-paths-56gjzP][0m
[0m[1mmodule.datasync_include_paths_secret.aws_secretsmanager_secret.this[0]: Refreshing state... [id=arn:aws:secretsmanager:eu-west-2:471112983409:secret:datasync/include-paths-3eNK5O][0m
[0m[1maws_datasync_location_s3.opg: Refreshing state... [id=arn:aws:datasync:eu-west-2:471112983409:location/loc-0fe2c71caa69d8dfe][0m
[0m[1mmodule.definition_upload_lambda.data.aws_iam_policy_document.additional_inline[0]: Reading...[0m[0m
[0m[1mmodule.definition_upload_lambda.data.aws_iam_policy_document.additional_inline[0]: Read complete after 0s [id=1205233386][0m
[0m[1mmodule.definitions_bucket.aws_s3_bucket_server_side_encryption_configuration.this[0]: Refreshing state... [id=mojap-ingestion-production-definitions][0m
[0m[1mmodule.bold_egress_bucket.aws_s3_bucket_server_side_encryption_configuration.this[0]: Refreshing state... [id=mojap-ingestion-production-bold-egress][0m
[0m[1mmodule.bold_egress_bucket.data.aws_iam_policy_document.combined[0]: Reading...[0m[0m
[0m[1mmodule.bold_egress_bucket.data.aws_iam_policy_document.combined[0]: Read complete after 0s [id=1766103356][0m
[0m[1mmodule.quarantine_bucket.aws_s3_bucket_server_side_encryption_configuration.this[0]: Refreshing state... [id=mojap-ingestion-production-quarantine][0m
[0m[1mmodule.landing_bucket.data.aws_iam_policy_document.combined[0]: Reading...[0m[0m
[0m[1mmodule.landing_bucket.data.aws_iam_policy_document.combined[0]: Read complete after 0s [id=3132301960][0m
[0m[1mmodule.quarantine_bucket.data.aws_iam_policy_document.combined[0]: Reading...[0m[0m
[0m[1mmodule.quarantine_bucket.data.aws_iam_policy_document.combined[0]: Read complete after 0s [id=741901701][0m
[0m[1mmodule.laa_data_analysis_bucket[0].data.aws_iam_policy_document.combined[0]: Reading...[0m[0m
[0m[1mmodule.laa_data_analysis_bucket[0].data.aws_iam_policy_document.combined[0]: Read complete after 0s [id=1778680533][0m
[0m[1mmodule.landing_bucket.aws_s3_bucket_server_side_encryption_configuration.this[0]: Refreshing state... [id=mojap-ingestion-production-landing][0m
[0m[1mmodule.datasync_dom1_secret.aws_secretsmanager_secret.this[0]: Refreshing state... [id=arn:aws:secretsmanager:eu-west-2:471112983409:secret:datasync/dom1-sSeKxm][0m
[0m[1mmodule.laa_data_analysis_bucket[0].aws_s3_bucket_server_side_encryption_configuration.this[0]: Refreshing state... [id=mojap-ingestion-production-laa-data-analysis][0m
[0m[1mmodule.shared_services_client_team_gov_29148_egress_bucket[0].aws_s3_bucket_server_side_encryption_configuration.this[0]: Refreshing state... [id=mojap-ingestion-production-ssct-gov-29148-egress][0m
[0m[1mmodule.shared_services_client_team_gov_29148_egress_bucket[0].data.aws_iam_policy_document.combined[0]: Reading...[0m[0m
[0m[1mmodule.shared_services_client_team_gov_29148_egress_bucket[0].data.aws_iam_policy_document.combined[0]: Read complete after 0s [id=2439550805][0m
[0m[1mmodule.transferred_topic.aws_sns_topic.this[0]: Refreshing state... [id=arn:aws:sns:eu-west-2:471112983409:transferred][0m
[0m[1mmodule.datasync_opg_bucket.data.aws_iam_policy_document.combined[0]: Reading...[0m[0m
[0m[1mmodule.datasync_opg_bucket.data.aws_iam_policy_document.combined[0]: Read complete after 0s [id=2997255735][0m
[0m[1mmodule.quarantined_topic.aws_sns_topic.this[0]: Refreshing state... [id=arn:aws:sns:eu-west-2:471112983409:quarantined][0m
[0m[1mmodule.datasync_opg_bucket.aws_s3_bucket_server_side_encryption_configuration.this[0]: Refreshing state... [id=mojap-ingestion-production-datasync-opg][0m
[0m[1mmodule.transfer_structured_logs.aws_cloudwatch_log_group.this[0]: Refreshing state... [id=/aws/transfer-structured-logs][0m
[0m[1mmodule.processed_bucket.data.aws_iam_policy_document.combined[0]: Reading...[0m[0m
[0m[1mmodule.processed_bucket.data.aws_iam_policy_document.combined[0]: Read complete after 0s [id=2351515579][0m
[0m[1mmodule.processed_bucket.aws_s3_bucket_server_side_encryption_configuration.this[0]: Refreshing state... [id=mojap-ingestion-production-processed][0m
[0m[1mmodule.scan_lambda.data.aws_iam_policy_document.additional_inline[0]: Reading...[0m[0m
[0m[1mmodule.scan_lambda.data.aws_iam_policy_document.additional_inline[0]: Read complete after 0s [id=1020585084][0m
[0m[1mmodule.notify_quarantined_lambda.data.aws_iam_policy_document.additional_inline[0]: Reading...[0m[0m
[0m[1mmodule.notify_quarantined_lambda.data.aws_iam_policy_document.additional_inline[0]: Read complete after 0s [id=2245904120][0m
[0m[1mmodule.notify_transferred_lambda.data.aws_iam_policy_document.additional_inline[0]: Reading...[0m[0m
[0m[1mmodule.notify_transferred_lambda.data.aws_iam_policy_document.additional_inline[0]: Read complete after 0s [id=2245904120][0m
[0m[1mdata.aws_secretsmanager_secret_version.slack_token: Reading...[0m[0m
[0m[1mdata.aws_secretsmanager_secret_version.govuk_notify_templates: Reading...[0m[0m
[0m[1mdata.aws_secretsmanager_secret_version.govuk_notify_api_key: Reading...[0m[0m
[0m[1mmodule.laa_data_analysis_keys[0].aws_secretsmanager_secret_version.ignore_changes[0]: Refreshing state... [id=arn:aws:secretsmanager:eu-west-2:471112983409:secret:laa/keys-O47xI2|terraform-20250628144603821300000002][0m
[0m[1mmodule.definition_upload_lambda.aws_iam_role_policy.additional_inline[0]: Refreshing state... [id=definition-upload:definition-upload-inline][0m
[0m[1mdata.aws_secretsmanager_secret_version.slack_token: Read complete after 0s [id=arn:aws:secretsmanager:eu-west-2:471112983409:secret:ingestion/slack-token-AM4mrx|AWSCURRENT][0m
[0m[1mmodule.laa_data_analysis_bucket_list[0].aws_secretsmanager_secret_version.ignore_changes[0]: Refreshing state... [id=arn:aws:secretsmanager:eu-west-2:471112983409:secret:laa/bucket-list-Ub9yad|terraform-20250628140029801300000002][0m
[0m[1mmodule.datasync_include_paths_secret.aws_secretsmanager_secret_version.ignore_changes[0]: Refreshing state... [id=arn:aws:secretsmanager:eu-west-2:471112983409:secret:datasync/include-paths-3eNK5O|terraform-20250226123328858800000002][0m
[0m[1mdata.aws_secretsmanager_secret_version.govuk_notify_templates: Read complete after 0s [id=arn:aws:secretsmanager:eu-west-2:471112983409:secret:ingestion/govuk-notify/templates-n17wwR|AWSCURRENT][0m
[0m[1mdata.aws_iam_policy_document.datasync_replication: Reading...[0m[0m
[0m[1mdata.aws_iam_policy_document.datasync_replication: Read complete after 0s [id=3953504801][0m
[0m[1mdata.aws_iam_policy_document.laa_data_analysis_replication[0]: Reading...[0m[0m
[0m[1mdata.aws_iam_policy_document.laa_data_analysis_replication[0]: Read complete after 0s [id=1832074665][0m
[0m[1mdata.aws_iam_policy_document.datasync_opg_replication: Reading...[0m[0m
[0m[1mdata.aws_iam_policy_document.datasync_opg_replication: Read complete after 0s [id=1107525761][0m
[0m[1mmodule.guard_duty_s3_malware_protection_iam_policy.aws_iam_policy.policy[0]: Refreshing state... [id=arn:aws:iam::471112983409:policy/guard-duty-s3-malware-protection-production-scan20250219105818952800000001][0m
[0m[1mmodule.datasync_exclude_path_secret.aws_secretsmanager_secret_version.ignore_changes[0]: Refreshing state... [id=arn:aws:secretsmanager:eu-west-2:471112983409:secret:datasync/exclude-paths-56gjzP|terraform-20250204130329278200000002][0m
[0m[1mdata.aws_secretsmanager_secret_version.govuk_notify_api_key: Read complete after 0s [id=arn:aws:secretsmanager:eu-west-2:471112983409:secret:ingestion/govuk-notify/api-key-r3pnMR|AWSCURRENT][0m
[0m[1mmodule.datasync_iam_policy.aws_iam_policy.policy[0]: Refreshing state... [id=arn:aws:iam::471112983409:policy/datasync20241113150032026200000002][0m
[0m[1mmodule.transfer_server_iam_policy.aws_iam_policy.policy[0]: Refreshing state... [id=arn:aws:iam::471112983409:policy/transfer-server20240327121903358400000002][0m
[0m[1mmodule.scan_lambda.aws_iam_role_policy.additional_inline[0]: Refreshing state... [id=scan:scan-inline][0m
[0m[1mmodule.notify_quarantined_lambda.aws_iam_role_policy.additional_inline[0]: Refreshing state... [id=notify-quarantined:notify-quarantined-inline][0m
[0m[1mmodule.notify_transferred_lambda.aws_iam_role_policy.additional_inline[0]: Refreshing state... [id=notify-transferred:notify-transferred-inline][0m
[0m[1mmodule.datasync_dom1_secret.aws_secretsmanager_secret_version.ignore_changes[0]: Refreshing state... [id=arn:aws:secretsmanager:eu-west-2:471112983409:secret:datasync/dom1-sSeKxm|terraform-20241028125501694700000002][0m
[0m[1mdata.aws_secretsmanager_secret_version.laa_data_analysis_keys[0]: Reading...[0m[0m
[0m[1mdata.aws_secretsmanager_secret_version.laa_data_analysis_bucket_list[0]: Reading...[0m[0m
[0m[1mdata.aws_secretsmanager_secret_version.laa_data_analysis_bucket_list[0]: Read complete after 0s [id=arn:aws:secretsmanager:eu-west-2:471112983409:secret:laa/bucket-list-Ub9yad|AWSCURRENT][0m
[0m[1mdata.aws_secretsmanager_secret_version.laa_data_analysis_keys[0]: Read complete after 0s [id=arn:aws:secretsmanager:eu-west-2:471112983409:secret:laa/keys-O47xI2|AWSCURRENT][0m
[0m[1mmodule.bold_egress_bucket.aws_s3_bucket_policy.this[0]: Refreshing state... [id=mojap-ingestion-production-bold-egress][0m
[0m[1mmodule.quarantine_bucket.aws_s3_bucket_policy.this[0]: Refreshing state... [id=mojap-ingestion-production-quarantine][0m
[0m[1mmodule.landing_bucket.aws_s3_bucket_policy.this[0]: Refreshing state... [id=mojap-ingestion-production-landing][0m
[0m[1mmodule.laa_data_analysis_bucket[0].aws_s3_bucket_policy.this[0]: Refreshing state... [id=mojap-ingestion-production-laa-data-analysis][0m
[0m[1mdata.aws_secretsmanager_secret_version.datasync_include_paths: Reading...[0m[0m
[0m[1mmodule.laa_data_analysis_bucket[0].aws_s3_bucket_replication_configuration.this[0]: Refreshing state... [id=mojap-ingestion-production-laa-data-analysis][0m
[0m[1mmodule.datasync_opg_bucket.aws_s3_bucket_replication_configuration.this[0]: Refreshing state... [id=mojap-ingestion-production-datasync-opg][0m
[0m[1mmodule.connected_vpc.aws_vpc.this[0]: Refreshing state... [id=vpc-0a7bea43a3346cebb][0m
[0m[1mmodule.isolated_vpc.aws_vpc.this[0]: Refreshing state... [id=vpc-0f4dc457524b863f8][0m
[0m[1mmodule.shared_services_client_team_gov_29148_egress_bucket[0].aws_s3_bucket_policy.this[0]: Refreshing state... [id=mojap-ingestion-production-ssct-gov-29148-egress][0m
[0m[1mdata.aws_secretsmanager_secret_version.datasync_include_paths: Read complete after 0s [id=arn:aws:secretsmanager:eu-west-2:471112983409:secret:datasync/include-paths-3eNK5O|AWSCURRENT][0m
[0m[1mdata.aws_secretsmanager_secret_version.datasync_exclude_path: Reading...[0m[0m
[0m[1mmodule.datasync_opg_bucket.aws_s3_bucket_policy.this[0]: Refreshing state... [id=mojap-ingestion-production-datasync-opg][0m
[0m[1mmodule.processed_bucket.aws_s3_bucket_policy.this[0]: Refreshing state... [id=mojap-ingestion-production-processed][0m
[0m[1mdata.aws_secretsmanager_secret_version.datasync_dom1: Reading...[0m[0m
[0m[1mmodule.transferred_topic.data.aws_iam_policy_document.this[0]: Reading...[0m[0m
[0m[1mmodule.transferred_topic.data.aws_iam_policy_document.this[0]: Read complete after 0s [id=3239388434][0m
[0m[1mmodule.quarantined_topic.data.aws_iam_policy_document.this[0]: Reading...[0m[0m
[0m[1mmodule.quarantined_topic.data.aws_iam_policy_document.this[0]: Read complete after 0s [id=91804124][0m
[0m[1mdata.aws_iam_policy_document.laa_data_analysis[0]: Reading...[0m[0m
[0m[1mmodule.sftp_users["cgi-cps"].module.role.aws_iam_role_policy_attachment.custom[0]: Refreshing state... [id=transfer-user-cgi-cps-20250324162839330400000006][0m
[0m[1mmodule.sftp_users["sscl-chris-j"].module.role.aws_iam_role_policy_attachment.custom[0]: Refreshing state... [id=transfer-user-sscl-chris-j-20250204181850874400000006][0m
[0m[1mdata.aws_secretsmanager_secret_version.datasync_exclude_path: Read complete after 0s [id=arn:aws:secretsmanager:eu-west-2:471112983409:secret:datasync/exclude-paths-56gjzP|AWSCURRENT][0m
[0m[1mdata.aws_iam_policy_document.laa_data_analysis[0]: Read complete after 0s [id=761353290][0m
[0m[1mmodule.sftp_users["maat-xhibit"].module.role.aws_iam_role_policy_attachment.custom[0]: Refreshing state... [id=transfer-user-maat-xhibit/arn:aws:iam::471112983409:policy/transfer-user-maat-xhibit20250808103112680100000005][0m
[0m[1mmodule.sftp_users["property-concept"].module.role.aws_iam_role_policy_attachment.custom[0]: Refreshing state... [id=transfer-user-property-concept/arn:aws:iam::471112983409:policy/transfer-user-property-concept20251028155826302100000005][0m
[0m[1mdata.aws_secretsmanager_secret_version.datasync_dom1: Read complete after 0s [id=arn:aws:secretsmanager:eu-west-2:471112983409:secret:datasync/dom1-sSeKxm|AWSCURRENT][0m
[0m[1mmodule.sftp_users["meganexususer"].module.role.aws_iam_role_policy_attachment.custom[0]: Refreshing state... [id=transfer-user-meganexususer/arn:aws:iam::471112983409:policy/transfer-user-meganexususer20260122141922420600000005][0m
[0m[1mmodule.sftp_users_with_egress["cgi-ssct-sop"].module.role.aws_iam_role_policy_attachment.custom[0]: Refreshing state... [id=transfer-user-cgi-ssct-sop/arn:aws:iam::471112983409:policy/transfer-user-cgi-ssct-sop20250821114817998300000005][0m
[0m[1mmodule.sftp_users["opg-restore-ocr"].module.role.aws_iam_role_policy_attachment.custom[0]: Refreshing state... [id=transfer-user-opg-restore-ocr-20250226121936393500000006][0m
[0m[1mmodule.sftp_users["sscl-epm"].module.role.aws_iam_role_policy_attachment.custom[0]: Refreshing state... [id=transfer-user-sscl-epm/arn:aws:iam::471112983409:policy/transfer-user-sscl-epm20250909110714396900000005][0m
[0m[1mmodule.sftp_users_with_egress["essex-police"].module.role.aws_iam_role_policy_attachment.custom[0]: Refreshing state... [id=transfer-user-essex-police-20240617103356258400000006][0m
[0m[1mmodule.sftp_users["meganexususer"].aws_secretsmanager_secret.this["technical-contact"]: Refreshing state... [id=arn:aws:secretsmanager:eu-west-2:471112983409:secret:ingestion/sftp/meganexususer/technical-contact-lC6OBS][0m
[0m[1mmodule.sftp_users["opg-restore-ocr"].aws_secretsmanager_secret.this["target-bucket"]: Refreshing state... [id=arn:aws:secretsmanager:eu-west-2:471112983409:secret:ingestion/sftp/opg-restore-ocr/target-bucket-Pbc5YT][0m
[0m[1mmodule.sftp_users["property-concept"].aws_secretsmanager_secret.this["technical-contact"]: Refreshing state... [id=arn:aws:secretsmanager:eu-west-2:471112983409:secret:ingestion/sftp/property-concept/technical-contact-KIBAUM][0m
[0m[1mmodule.sftp_users["property-concept"].aws_secretsmanager_secret.this["data-contact"]: Refreshing state... [id=arn:aws:secretsmanager:eu-west-2:471112983409:secret:ingestion/sftp/property-concept/data-contact-gpvC5B][0m
[0m[1mmodule.sftp_users["cgi-cps"].aws_secretsmanager_secret.this["target-bucket"]: Refreshing state... [id=arn:aws:secretsmanager:eu-west-2:471112983409:secret:ingestion/sftp/cgi-cps/target-bucket-k4yUJu][0m
[0m[1mmodule.sftp_users["meganexususer"].aws_secretsmanager_secret.this["slack-channel"]: Refreshing state... [id=arn:aws:secretsmanager:eu-west-2:471112983409:secret:ingestion/sftp/meganexususer/slack-channel-DoI4cL][0m
[0m[1mmodule.sftp_users["opg-restore-ocr"].aws_secretsmanager_secret.this["technical-contact"]: Refreshing state... [id=arn:aws:secretsmanager:eu-west-2:471112983409:secret:ingestion/sftp/opg-restore-ocr/technical-contact-XhMNvV][0m
[0m[1mmodule.sftp_users["sscl-chris-j"].aws_secretsmanager_secret.this["data-contact"]: Refreshing state... [id=arn:aws:secretsmanager:eu-west-2:471112983409:secret:ingestion/sftp/sscl-chris-j/data-contact-T9cAkk][0m
[0m[1mmodule.sftp_users["cgi-cps"].aws_secretsmanager_secret.this["technical-contact"]: Refreshing state... [id=arn:aws:secretsmanager:eu-west-2:471112983409:secret:ingestion/sftp/cgi-cps/technical-contact-ZQ4Eqo][0m
[0m[1mmodule.sftp_users["maat-xhibit"].aws_secretsmanager_secret.this["data-contact"]: Refreshing state... [id=arn:aws:secretsmanager:eu-west-2:471112983409:secret:ingestion/sftp/maat-xhibit/data-contact-oshzNC][0m
[0m[1mmodule.sftp_users["property-concept"].aws_secretsmanager_secret.this["slack-channel"]: Refreshing state... [id=arn:aws:secretsmanager:eu-west-2:471112983409:secret:ingestion/sftp/property-concept/slack-channel-5W6RcT][0m
[0m[1mmodule.sftp_users["sscl-epm"].aws_secretsmanager_secret.this["target-bucket"]: Refreshing state... [id=arn:aws:secretsmanager:eu-west-2:471112983409:secret:ingestion/sftp/sscl-epm/target-bucket-lyDd7y][0m
[0m[1mmodule.sftp_users["sscl-epm"].aws_secretsmanager_secret.this["slack-channel"]: Refreshing state... [id=arn:aws:secretsmanager:eu-west-2:471112983409:secret:ingestion/sftp/sscl-epm/slack-channel-dAZOOy][0m
[0m[1mmodule.sftp_users["cgi-cps"].aws_secretsmanager_secret.this["slack-channel"]: Refreshing state... [id=arn:aws:secretsmanager:eu-west-2:471112983409:secret:ingestion/sftp/cgi-cps/slack-channel-L4Kf4v][0m
[0m[1mmodule.sftp_users["maat-xhibit"].aws_secretsmanager_secret.this["slack-channel"]: Refreshing state... [id=arn:aws:secretsmanager:eu-west-2:471112983409:secret:ingestion/sftp/maat-xhibit/slack-channel-8o1vZB][0m
[0m[1mmodule.sftp_users["meganexususer"].aws_secretsmanager_secret.this["target-bucket"]: Refreshing state... [id=arn:aws:secretsmanager:eu-west-2:471112983409:secret:ingestion/sftp/meganexususer/target-bucket-Xuh1gM][0m
[0m[1mmodule.sftp_users["sscl-chris-j"].aws_secretsmanager_secret.this["slack-channel"]: Refreshing state... [id=arn:aws:secretsmanager:eu-west-2:471112983409:secret:ingestion/sftp/sscl-chris-j/slack-channel-W3y6mh][0m
[0m[1mmodule.sftp_users["sscl-epm"].aws_secretsmanager_secret.this["technical-contact"]: Refreshing state... [id=arn:aws:secretsmanager:eu-west-2:471112983409:secret:ingestion/sftp/sscl-epm/technical-contact-lyDd7y][0m
[0m[1mmodule.sftp_users["cgi-cps"].aws_secretsmanager_secret.this["data-contact"]: Refreshing state... [id=arn:aws:secretsmanager:eu-west-2:471112983409:secret:ingestion/sftp/cgi-cps/data-contact-X4HtDu][0m
[0m[1mmodule.sftp_users["opg-restore-ocr"].aws_secretsmanager_secret.this["data-contact"]: Refreshing state... [id=arn:aws:secretsmanager:eu-west-2:471112983409:secret:ingestion/sftp/opg-restore-ocr/data-contact-DdgSrU][0m
[0m[1mmodule.sftp_users["sscl-chris-j"].aws_secretsmanager_secret.this["technical-contact"]: Refreshing state... [id=arn:aws:secretsmanager:eu-west-2:471112983409:secret:ingestion/sftp/sscl-chris-j/technical-contact-K3CSNi][0m
[0m[1mmodule.sftp_users["maat-xhibit"].aws_secretsmanager_secret.this["technical-contact"]: Refreshing state... [id=arn:aws:secretsmanager:eu-west-2:471112983409:secret:ingestion/sftp/maat-xhibit/technical-contact-BbA08t][0m
[0m[1mmodule.sftp_users["property-concept"].aws_secretsmanager_secret.this["target-bucket"]: Refreshing state... [id=arn:aws:secretsmanager:eu-west-2:471112983409:secret:ingestion/sftp/property-concept/target-bucket-DMYcBN][0m
[0m[1mmodule.sftp_users["sscl-epm"].aws_secretsmanager_secret.this["data-contact"]: Refreshing state... [id=arn:aws:secretsmanager:eu-west-2:471112983409:secret:ingestion/sftp/sscl-epm/data-contact-9yHYyy][0m
[0m[1mmodule.sftp_users["maat-xhibit"].aws_secretsmanager_secret.this["target-bucket"]: Refreshing state... [id=arn:aws:secretsmanager:eu-west-2:471112983409:secret:ingestion/sftp/maat-xhibit/target-bucket-A3CFUq][0m
[0m[1mmodule.sftp_users["meganexususer"].aws_secretsmanager_secret.this["data-contact"]: Refreshing state... [id=arn:aws:secretsmanager:eu-west-2:471112983409:secret:ingestion/sftp/meganexususer/data-contact-4qUoxL][0m
[0m[1mmodule.sftp_users["opg-restore-ocr"].aws_secretsmanager_secret.this["slack-channel"]: Refreshing state... [id=arn:aws:secretsmanager:eu-west-2:471112983409:secret:ingestion/sftp/opg-restore-ocr/slack-channel-9hJ14W][0m
[0m[1mmodule.sftp_users["sscl-chris-j"].aws_secretsmanager_secret.this["target-bucket"]: Refreshing state... [id=arn:aws:secretsmanager:eu-west-2:471112983409:secret:ingestion/sftp/sscl-chris-j/target-bucket-Jsb0fu][0m
[0m[1mmodule.sftp_users["sscl-chris-j"].data.aws_iam_policy_document.this: Reading...[0m[0m
[0m[1mmodule.sftp_users["maat-xhibit"].data.aws_iam_policy_document.this: Reading...[0m[0m
[0m[1mmodule.sftp_users["sscl-chris-j"].data.aws_iam_policy_document.this: Read complete after 0s [id=1809345295][0m
[0m[1mmodule.sftp_users["maat-xhibit"].data.aws_iam_policy_document.this: Read complete after 0s [id=365617015][0m
[0m[1mmodule.sftp_users["sscl-epm"].data.aws_iam_policy_document.this: Reading...[0m[0m
[0m[1mmodule.sftp_users["sscl-epm"].data.aws_iam_policy_document.this: Read complete after 0s [id=145095084][0m
[0m[1mmodule.sftp_users["meganexususer"].data.aws_iam_policy_document.this: Reading...[0m[0m
[0m[1mmodule.sftp_users["property-concept"].data.aws_iam_policy_document.this: Reading...[0m[0m
[0m[1mmodule.sftp_users["meganexususer"].data.aws_iam_policy_document.this: Read complete after 0s [id=1664676278][0m
[0m[1mmodule.sftp_users["property-concept"].data.aws_iam_policy_document.this: Read complete after 0s [id=1347909585][0m
[0m[1mmodule.sftp_users["cgi-cps"].data.aws_iam_policy_document.this: Reading...[0m[0m
[0m[1mmodule.sftp_users["opg-restore-ocr"].data.aws_iam_policy_document.this: Reading...[0m[0m
[0m[1mmodule.sftp_users["opg-restore-ocr"].data.aws_iam_policy_document.this: Read complete after 0s [id=1047935858][0m
[0m[1mmodule.sftp_users["cgi-cps"].data.aws_iam_policy_document.this: Read complete after 0s [id=1609125376][0m
[0m[1mmodule.sftp_users_with_egress["essex-police"].aws_secretsmanager_secret.this["technical-contact"]: Refreshing state... [id=arn:aws:secretsmanager:eu-west-2:471112983409:secret:ingestion/sftp/essex-police/technical-contact-r6ccBH][0m
[0m[1mmodule.sftp_users_with_egress["cgi-ssct-sop"].aws_secretsmanager_secret.this["slack-channel"]: Refreshing state... [id=arn:aws:secretsmanager:eu-west-2:471112983409:secret:ingestion/sftp/cgi-ssct-sop/slack-channel-YzYLM7][0m
[0m[1mmodule.sftp_users_with_egress["cgi-ssct-sop"].aws_secretsmanager_secret.this["target-bucket"]: Refreshing state... [id=arn:aws:secretsmanager:eu-west-2:471112983409:secret:ingestion/sftp/cgi-ssct-sop/target-bucket-glA1n0][0m
[0m[1mmodule.sftp_users_with_egress["essex-police"].aws_secretsmanager_secret.this["slack-channel"]: Refreshing state... [id=arn:aws:secretsmanager:eu-west-2:471112983409:secret:ingestion/sftp/essex-police/slack-channel-ocPGAK][0m
[0m[1mmodule.sftp_users_with_egress["cgi-ssct-sop"].aws_secretsmanager_secret.this["technical-contact"]: Refreshing state... [id=arn:aws:secretsmanager:eu-west-2:471112983409:secret:ingestion/sftp/cgi-ssct-sop/technical-contact-Dltvu0][0m
[0m[1mmodule.sftp_users_with_egress["cgi-ssct-sop"].aws_secretsmanager_secret.this["data-contact"]: Refreshing state... [id=arn:aws:secretsmanager:eu-west-2:471112983409:secret:ingestion/sftp/cgi-ssct-sop/data-contact-orcJU4][0m
[0m[1mmodule.sftp_users_with_egress["essex-police"].aws_secretsmanager_secret.this["data-contact"]: Refreshing state... [id=arn:aws:secretsmanager:eu-west-2:471112983409:secret:ingestion/sftp/essex-police/data-contact-C46qaG][0m
[0m[1mmodule.sftp_users_with_egress["essex-police"].aws_secretsmanager_secret.this["target-bucket"]: Refreshing state... [id=arn:aws:secretsmanager:eu-west-2:471112983409:secret:ingestion/sftp/essex-police/target-bucket-8aCzLI][0m
[0m[1mmodule.sftp_users_with_egress["essex-police"].data.aws_iam_policy_document.this: Reading...[0m[0m
[0m[1mmodule.sftp_users_with_egress["essex-police"].data.aws_iam_policy_document.this: Read complete after 0s [id=833001150][0m
[0m[1mmodule.sftp_users_with_egress["cgi-ssct-sop"].data.aws_iam_policy_document.this: Reading...[0m[0m
[0m[1mmodule.datasync_replication_iam_policy.aws_iam_policy.policy[0]: Refreshing state... [id=arn:aws:iam::471112983409:policy/datasync-replication20241113173359638200000001][0m
[0m[1mmodule.sftp_users_with_egress["cgi-ssct-sop"].data.aws_iam_policy_document.this: Read complete after 0s [id=1519857952][0m
[0m[1mmodule.laa_data_analysis_replication_iam_policy[0].aws_iam_policy.policy[0]: Refreshing state... [id=arn:aws:iam::471112983409:policy/laa-data-analysis-production-replication20250628224352688200000001][0m
[0m[1mmodule.datasync_opg_replication_iam_policy.aws_iam_policy.policy[0]: Refreshing state... [id=arn:aws:iam::471112983409:policy/datasync-opg-ingress-production-replication20250217154849956100000001][0m
[0m[1mmodule.transferred_topic.aws_sns_topic_policy.this[0]: Refreshing state... [id=arn:aws:sns:eu-west-2:471112983409:transferred][0m
[0m[1maws_datasync_location_s3.source_bucket_locations_eu_west_1["cf-templates-o0533spdqnul-eu-west-1"]: Refreshing state... [id=arn:aws:datasync:eu-west-1:471112983409:location/loc-019b0db356b3e8838][0m
[0m[1maws_datasync_location_s3.source_bucket_locations_eu_west_1["laa-s3-inventory-scan"]: Refreshing state... [id=arn:aws:datasync:eu-west-1:471112983409:location/loc-004ad7cc2b5d4b120][0m
[0m[1maws_datasync_location_s3.source_bucket_locations_eu_west_1["laa-ses-reputation-events"]: Refreshing state... [id=arn:aws:datasync:eu-west-1:471112983409:location/loc-04a06613ed12de635][0m
[0m[1maws_datasync_location_s3.source_bucket_locations["laa-lambda-backup-production"]: Refreshing state... [id=arn:aws:datasync:eu-west-2:471112983409:location/loc-07e129b3a547a77e6][0m
[0m[1maws_datasync_location_s3.source_bucket_locations["laa-s3-inventory-scan-eu-west-2"]: Refreshing state... [id=arn:aws:datasync:eu-west-2:471112983409:location/loc-05123c2b63ce97fac][0m
[0m[1maws_datasync_location_s3.source_bucket_locations["karol-test-lambda"]: Refreshing state... [id=arn:aws:datasync:eu-west-2:471112983409:location/loc-07f568b29b21ddcda][0m
[0m[1maws_datasync_location_s3.source_bucket_locations["laa-maatdb-production-appinfrastructure-ftpbucket-cc9uzmt9glhs"]: Refreshing state... [id=arn:aws:datasync:eu-west-2:471112983409:location/loc-0a843bc1a68f6b9d4][0m
[0m[1maws_datasync_location_s3.source_bucket_locations["laa-ccms-inbound-production"]: Refreshing state... [id=arn:aws:datasync:eu-west-2:471112983409:location/loc-0585f41de1832d4b5][0m
[0m[1maws_datasync_location_s3.source_bucket_locations["laa-hub-production-appinfrastru-ftpoutboundbucket-xh5oo69o5te6"]: Refreshing state... [id=arn:aws:datasync:eu-west-2:471112983409:location/loc-0276c3ae0b42a339f][0m
[0m[1maws_datasync_location_s3.source_bucket_locations["laa-hub-production-appinfrastructuretem-ftpbucket-1qbjubqvbs0na"]: Refreshing state... [id=arn:aws:datasync:eu-west-2:471112983409:location/loc-06585bd5634c0b47f][0m
[0m[1maws_datasync_location_s3.source_bucket_locations["aws-waf-logs-cwa"]: Refreshing state... [id=arn:aws:datasync:eu-west-2:471112983409:location/loc-0b9798f648b4cb46f][0m
[0m[1maws_datasync_location_s3.source_bucket_locations["forms-connector-lb-logs-poc"]: Refreshing state... [id=arn:aws:datasync:eu-west-2:471112983409:location/loc-03b65d87f89b1a15d][0m
[0m[1maws_datasync_location_s3.source_bucket_locations["laa-portal-production-archive"]: Refreshing state... [id=arn:aws:datasync:eu-west-2:471112983409:location/loc-0e9018b8e4bf262c9][0m
[0m[1maws_datasync_location_s3.source_bucket_locations["ccms-pui-production"]: Refreshing state... [id=arn:aws:datasync:eu-west-2:471112983409:location/loc-0f923641c7c41e71c][0m
[0m[1maws_datasync_location_s3.source_bucket_locations["cf-templates-o0533spdqnul-eu-west-2"]: Refreshing state... [id=arn:aws:datasync:eu-west-2:471112983409:location/loc-0269f8628812b6ba2][0m
[0m[1maws_datasync_location_s3.source_bucket_locations["aws-waf-logs-portal-production"]: Refreshing state... [id=arn:aws:datasync:eu-west-2:471112983409:location/loc-0de5a2b653cde0a40][0m
[0m[1maws_datasync_location_s3.source_bucket_locations["laa-nct-inbound-production"]: Refreshing state... [id=arn:aws:datasync:eu-west-2:471112983409:location/loc-00b5b253b58d00382][0m
[0m[1maws_datasync_location_s3.source_bucket_locations["laa-maatdb-outbound-xerox-test-production"]: Refreshing state... [id=arn:aws:datasync:eu-west-2:471112983409:location/loc-006b66144865e49e9][0m
[0m[1maws_datasync_location_s3.source_bucket_locations["bacway-dbrestore-production-eu-west-2-842522700642"]: Refreshing state... [id=arn:aws:datasync:eu-west-2:471112983409:location/loc-0270c79017f6db372][0m
[0m[1maws_datasync_location_s3.source_bucket_locations["laa-ccms-outbound-production"]: Refreshing state... [id=arn:aws:datasync:eu-west-2:471112983409:location/loc-0132d1fbfeb03472a][0m
[0m[1maws_datasync_location_s3.source_bucket_locations["laa-ccms-outbound-xerox-test-production"]: Refreshing state... [id=arn:aws:datasync:eu-west-2:471112983409:location/loc-00c87dfacc32885f2][0m
[0m[1maws_datasync_location_s3.source_bucket_locations["aws-athena-query-results-842522700642-eu-west-2"]: Refreshing state... [id=arn:aws:datasync:eu-west-2:471112983409:location/loc-0935681310a0f8087][0m
[0m[1maws_datasync_location_s3.source_bucket_locations["bacway-production-eu-west-2-842522700642"]: Refreshing state... [id=arn:aws:datasync:eu-west-2:471112983409:location/loc-0ed8ebad0147ae950][0m
[0m[1maws_datasync_location_s3.source_bucket_locations["laa-cloudfront-logging-production"]: Refreshing state... [id=arn:aws:datasync:eu-west-2:471112983409:location/loc-0aa221f6aa70bb0f4][0m
[0m[1maws_datasync_location_s3.laa_bucket_locations["laa-portal-production-archive"]: Refreshing state... [id=arn:aws:datasync:eu-west-2:471112983409:location/loc-0614f7900d30f1980][0m
[0m[1maws_datasync_location_s3.laa_bucket_locations["forms-connector-lb-logs-poc"]: Refreshing state... [id=arn:aws:datasync:eu-west-2:471112983409:location/loc-0b854f907183a738c][0m
[0m[1maws_datasync_location_s3.laa_bucket_locations["laa-ses-reputation-events"]: Refreshing state... [id=arn:aws:datasync:eu-west-2:471112983409:location/loc-0699b451434e4b58e][0m
[0m[1maws_datasync_location_s3.laa_bucket_locations["ccms-pui-production"]: Refreshing state... [id=arn:aws:datasync:eu-west-2:471112983409:location/loc-0f1f8a40c2c78ace5][0m
[0m[1maws_datasync_location_s3.laa_bucket_locations["laa-hub-production-appinfrastructuretem-ftpbucket-1qbjubqvbs0na"]: Refreshing state... [id=arn:aws:datasync:eu-west-2:471112983409:location/loc-0516fede40bf2467e][0m
[0m[1maws_datasync_location_s3.laa_bucket_locations["laa-maatdb-outbound-xerox-test-production"]: Refreshing state... [id=arn:aws:datasync:eu-west-2:471112983409:location/loc-0cf1d39c0611705f0][0m
[0m[1maws_datasync_location_s3.laa_bucket_locations["aws-waf-logs-portal-production"]: Refreshing state... [id=arn:aws:datasync:eu-west-2:471112983409:location/loc-0849fd7ca4ebc221e][0m
[0m[1maws_datasync_location_s3.laa_bucket_locations["laa-ccms-outbound-xerox-test-production"]: Refreshing state... [id=arn:aws:datasync:eu-west-2:471112983409:location/loc-07c5b54aec741ef97][0m
[0m[1maws_datasync_location_s3.laa_bucket_locations["laa-s3-inventory-scan-eu-west-2"]: Refreshing state... [id=arn:aws:datasync:eu-west-2:471112983409:location/loc-029560b1a4beb42a7][0m
[0m[1maws_datasync_location_s3.laa_bucket_locations["laa-s3-inventory-scan"]: Refreshing state... [id=arn:aws:datasync:eu-west-2:471112983409:location/loc-094731fe708e3a063][0m
[0m[1maws_datasync_location_s3.laa_bucket_locations["laa-lambda-backup-production"]: Refreshing state... [id=arn:aws:datasync:eu-west-2:471112983409:location/loc-0e87c174d7a400620][0m
[0m[1maws_datasync_location_s3.laa_bucket_locations["karol-test-lambda"]: Refreshing state... [id=arn:aws:datasync:eu-west-2:471112983409:location/loc-00737c8eb2c70597b][0m
[0m[1maws_datasync_location_s3.laa_bucket_locations["cf-templates-o0533spdqnul-eu-west-1"]: Refreshing state... [id=arn:aws:datasync:eu-west-2:471112983409:location/loc-0d10b58f85a5b392e][0m
[0m[1maws_datasync_location_s3.laa_bucket_locations["bacway-dbrestore-production-eu-west-2-842522700642"]: Refreshing state... [id=arn:aws:datasync:eu-west-2:471112983409:location/loc-0beaf25ceed5e4fb5][0m
[0m[1maws_datasync_location_s3.laa_bucket_locations["laa-ccms-inbound-production"]: Refreshing state... [id=arn:aws:datasync:eu-west-2:471112983409:location/loc-08e2de76a6acd2b8e][0m
[0m[1maws_datasync_location_s3.laa_bucket_locations["bacway-production-eu-west-2-842522700642"]: Refreshing state... [id=arn:aws:datasync:eu-west-2:471112983409:location/loc-0a60c2801c721d0d1][0m
[0m[1maws_datasync_location_s3.laa_bucket_locations["aws-waf-logs-cwa"]: Refreshing state... [id=arn:aws:datasync:eu-west-2:471112983409:location/loc-019ddeb02534b30df][0m
[0m[1maws_datasync_location_s3.laa_bucket_locations["laa-ccms-outbound-production"]: Refreshing state... [id=arn:aws:datasync:eu-west-2:471112983409:location/loc-01953973ef09f6c3c][0m
[0m[1maws_datasync_location_s3.laa_bucket_locations["laa-maatdb-production-appinfrastructure-ftpbucket-cc9uzmt9glhs"]: Refreshing state... [id=arn:aws:datasync:eu-west-2:471112983409:location/loc-0d594cf1d6a4d1c54][0m
[0m[1maws_datasync_location_s3.laa_bucket_locations["laa-cloudfront-logging-production"]: Refreshing state... [id=arn:aws:datasync:eu-west-2:471112983409:location/loc-082aac66132eaba92][0m
[0m[1mmodule.quarantined_topic.aws_sns_topic_policy.this[0]: Refreshing state... [id=arn:aws:sns:eu-west-2:471112983409:quarantined][0m
[0m[1maws_datasync_location_s3.laa_bucket_locations["cf-templates-o0533spdqnul-eu-west-2"]: Refreshing state... [id=arn:aws:datasync:eu-west-2:471112983409:location/loc-0952c777b28555122][0m
[0m[1maws_datasync_location_s3.laa_bucket_locations["laa-nct-inbound-production"]: Refreshing state... [id=arn:aws:datasync:eu-west-2:471112983409:location/loc-0716f1741f3255a33][0m
[0m[1maws_datasync_location_s3.laa_bucket_locations["laa-hub-production-appinfrastru-ftpoutboundbucket-xh5oo69o5te6"]: Refreshing state... [id=arn:aws:datasync:eu-west-2:471112983409:location/loc-0ba9de89bc2472398][0m
[0m[1maws_datasync_location_s3.laa_bucket_locations["aws-athena-query-results-842522700642-eu-west-2"]: Refreshing state... [id=arn:aws:datasync:eu-west-2:471112983409:location/loc-0ab5b1f3542a966f9][0m
[0m[1mmodule.sftp_users["property-concept"].module.role.data.aws_caller_identity.current[0]: Reading...[0m[0m
[0m[1mmodule.sftp_users["sscl-epm"].module.role.data.aws_partition.current[0]: Reading...[0m[0m
[0m[1mmodule.sftp_users["sscl-epm"].module.role.data.aws_partition.current[0]: Read complete after 0s [id=aws][0m
[0m[1mmodule.sftp_users["sscl-chris-j"].module.role.data.aws_caller_identity.current[0]: Reading...[0m[0m
[0m[1mmodule.sftp_users["cgi-cps"].module.role.data.aws_caller_identity.current[0]: Reading...[0m[0m
[0m[1mmodule.sftp_users["maat-xhibit"].module.role.data.aws_caller_identity.current[0]: Reading...[0m[0m
[0m[1mmodule.sftp_users["meganexususer"].module.role.data.aws_caller_identity.current[0]: Reading...[0m[0m
[0m[1mmodule.sftp_users["opg-restore-ocr"].module.role.data.aws_caller_identity.current[0]: Reading...[0m[0m
[0m[1mmodule.sftp_users["property-concept"].module.role.data.aws_caller_identity.current[0]: Read complete after 0s [id=471112983409][0m
[0m[1mmodule.sftp_users["sscl-epm"].module.role.data.aws_caller_identity.current[0]: Reading...[0m[0m
[0m[1mmodule.sftp_users["sscl-chris-j"].module.role.data.aws_caller_identity.current[0]: Read complete after 0s [id=471112983409][0m
[0m[1mmodule.sftp_users["cgi-cps"].module.role.data.aws_partition.current[0]: Reading...[0m[0m
[0m[1mmodule.sftp_users["cgi-cps"].module.role.data.aws_partition.current[0]: Read complete after 0s [id=aws][0m
[0m[1mmodule.sftp_users["maat-xhibit"].module.role.data.aws_partition.current[0]: Reading...[0m[0m
[0m[1mmodule.sftp_users["maat-xhibit"].module.role.data.aws_partition.current[0]: Read complete after 0s [id=aws][0m
[0m[1mmodule.sftp_users["sscl-chris-j"].module.role.data.aws_partition.current[0]: Reading...[0m[0m
[0m[1mmodule.sftp_users["sscl-chris-j"].module.role.data.aws_partition.current[0]: Read complete after 0s [id=aws][0m
[0m[1mmodule.sftp_users["meganexususer"].module.role.data.aws_partition.current[0]: Reading...[0m[0m
[0m[1mmodule.sftp_users["meganexususer"].module.role.data.aws_partition.current[0]: Read complete after 0s [id=aws][0m
[0m[1mmodule.sftp_users["cgi-cps"].module.role.data.aws_caller_identity.current[0]: Read complete after 0s [id=471112983409][0m
[0m[1mmodule.sftp_users["opg-restore-ocr"].module.role.data.aws_partition.current[0]: Reading...[0m[0m
[0m[1mmodule.sftp_users["opg-restore-ocr"].module.role.data.aws_partition.current[0]: Read complete after 0s [id=aws][0m
[0m[1mmodule.sftp_users["property-concept"].module.role.data.aws_partition.current[0]: Reading...[0m[0m
[0m[1mmodule.sftp_users_with_egress["essex-police"].module.role.data.aws_partition.current[0]: Reading...[0m[0m
[0m[1mmodule.sftp_users["property-concept"].module.role.data.aws_partition.current[0]: Read complete after 0s [id=aws][0m
[0m[1mmodule.sftp_users_with_egress["essex-police"].module.role.data.aws_partition.current[0]: Read complete after 0s [id=aws][0m
[0m[1mmodule.sftp_users_with_egress["cgi-ssct-sop"].module.role.data.aws_partition.current[0]: Reading...[0m[0m
[0m[1mmodule.sftp_users_with_egress["essex-police"].module.role.data.aws_caller_identity.current[0]: Reading...[0m[0m
[0m[1mmodule.sftp_users_with_egress["cgi-ssct-sop"].module.role.data.aws_partition.current[0]: Read complete after 0s [id=aws][0m
[0m[1mmodule.sftp_users_with_egress["cgi-ssct-sop"].module.role.data.aws_caller_identity.current[0]: Reading...[0m[0m
[0m[1mmodule.sftp_users["maat-xhibit"].module.role.data.aws_caller_identity.current[0]: Read complete after 0s [id=471112983409][0m
[0m[1mmodule.connected_vpc.aws_default_security_group.this[0]: Refreshing state... [id=sg-0b1d8d78f05283699][0m
[0m[1mmodule.sftp_users["opg-restore-ocr"].module.role.data.aws_caller_identity.current[0]: Read complete after 0s [id=471112983409][0m
[0m[1mmodule.sftp_users["meganexususer"].module.role.data.aws_caller_identity.current[0]: Read complete after 0s [id=471112983409][0m
[0m[1mmodule.connected_vpc.aws_default_route_table.default[0]: Refreshing state... [id=rtb-0eae1c42faae72afd][0m
[0m[1mmodule.connected_vpc.aws_default_network_acl.this[0]: Refreshing state... [id=acl-0448c921f2fb7000e][0m
[0m[1mmodule.ingestion_quarantine_bucket_notification.aws_s3_bucket_notification.this[0]: Refreshing state... [id=mojap-ingestion-production-quarantine][0m
[0m[1mmodule.transfer_lambda.data.aws_iam_policy_document.additional_inline[0]: Reading...[0m[0m
[0m[1mmodule.transfer_lambda.data.aws_iam_policy_document.additional_inline[0]: Read complete after 0s [id=1846452117][0m
[0m[1mmodule.isolated_vpc.aws_default_security_group.this[0]: Refreshing state... [id=sg-05a4d15e0e20d7116][0m
[0m[1mmodule.sftp_users["sscl-epm"].module.role.data.aws_caller_identity.current[0]: Read complete after 0s [id=471112983409][0m
[0m[1mmodule.isolated_vpc.aws_default_route_table.default[0]: Refreshing state... [id=rtb-036539c5e5628eec0][0m
[0m[1mmodule.isolated_vpc.aws_default_network_acl.this[0]: Refreshing state... [id=acl-055fc7e3a7e250971][0m
[0m[1mmodule.sftp_users_with_egress["essex-police"].module.role.data.aws_caller_identity.current[0]: Read complete after 0s [id=471112983409][0m
[0m[1mmodule.sftp_users_with_egress["cgi-ssct-sop"].module.role.data.aws_caller_identity.current[0]: Read complete after 0s [id=471112983409][0m
[0m[1mmodule.laa_data_analysis_iam_policy[0].aws_iam_policy.policy[0]: Refreshing state... [id=arn:aws:iam::471112983409:policy/laa-data-analysis20250628204011939800000001][0m
[0m[1mmodule.sftp_users["property-concept"].module.policy.aws_iam_policy.policy[0]: Refreshing state... [id=arn:aws:iam::471112983409:policy/transfer-user-property-concept20251028155826302100000005][0m
[0m[1mmodule.sftp_users["cgi-cps"].module.policy.aws_iam_policy.policy[0]: Refreshing state... [id=arn:aws:iam::471112983409:policy/transfer-user-cgi-cps20250324162838903100000005][0m
[0m[1mmodule.sftp_users["meganexususer"].module.policy.aws_iam_policy.policy[0]: Refreshing state... [id=arn:aws:iam::471112983409:policy/transfer-user-meganexususer20260122141922420600000005][0m
[0m[1mmodule.sftp_users["sscl-chris-j"].module.policy.aws_iam_policy.policy[0]: Refreshing state... [id=arn:aws:iam::471112983409:policy/transfer-user-sscl-chris-j20250204181850498800000005][0m
[0m[1mmodule.sftp_users["sscl-epm"].module.policy.aws_iam_policy.policy[0]: Refreshing state... [id=arn:aws:iam::471112983409:policy/transfer-user-sscl-epm20250909110714396900000005][0m
[0m[1mmodule.sftp_users["maat-xhibit"].module.policy.aws_iam_policy.policy[0]: Refreshing state... [id=arn:aws:iam::471112983409:policy/transfer-user-maat-xhibit20250808103112680100000005][0m
[0m[1mmodule.sftp_users["opg-restore-ocr"].module.policy.aws_iam_policy.policy[0]: Refreshing state... [id=arn:aws:iam::471112983409:policy/transfer-user-opg-restore-ocr20250226121936037900000005][0m
[0m[1maws_route53_resolver_query_log_config_association.core_logging_s3_connected_vpc: Refreshing state... [id=rqlca-6456273e86d341bd][0m
[0m[1mmodule.sftp_users_with_egress["essex-police"].module.policy.aws_iam_policy.policy[0]: Refreshing state... [id=arn:aws:iam::471112983409:policy/transfer-user-essex-police20240617103355446700000005][0m
[0m[1mmodule.sftp_users_with_egress["cgi-ssct-sop"].module.policy.aws_iam_policy.policy[0]: Refreshing state... [id=arn:aws:iam::471112983409:policy/transfer-user-cgi-ssct-sop20250821114817998300000005][0m
[0m[1maws_security_group.connected_vpc_endpoints: Refreshing state... [id=sg-0b3d76037ac29590a][0m
[0m[1mmodule.connected_vpc.aws_internet_gateway.this[0]: Refreshing state... [id=igw-0cc8d834890027b7b][0m
[0m[1maws_route53_resolver_query_log_config_association.connected_vpc: Refreshing state... [id=rqlca-6243975a12fe4e08][0m
[0m[1mmodule.connected_vpc.aws_route_table.private[0]: Refreshing state... [id=rtb-02ca52e9bf4c4f891][0m
[0m[1mmodule.connected_vpc.aws_subnet.private[0]: Refreshing state... [id=subnet-074e72b1d624cc103][0m
[0m[1mmodule.connected_vpc.aws_subnet.private[1]: Refreshing state... [id=subnet-0cde5df418f8a489f][0m
[0m[1mmodule.connected_vpc.aws_subnet.private[2]: Refreshing state... [id=subnet-09c0f5fc0a99b75aa][0m
[0m[1mmodule.connected_vpc.aws_subnet.public[2]: Refreshing state... [id=subnet-0d5a8864278bf9ca3][0m
[0m[1mmodule.connected_vpc.aws_subnet.public[0]: Refreshing state... [id=subnet-0e31dad68dc1e101f][0m
[0m[1mmodule.connected_vpc.aws_subnet.public[1]: Refreshing state... [id=subnet-01830c7fd301bae3f][0m
[0m[1mmodule.connected_vpc.aws_route_table.public[0]: Refreshing state... [id=rtb-05a4b46566a58b36b][0m
[0m[1mmodule.transfer_lambda.aws_iam_role_policy.additional_inline[0]: Refreshing state... [id=transfer:transfer-inline][0m
[0m[1maws_route53_resolver_query_log_config_association.core_logging_s3_isolated_vpc: Refreshing state... [id=rqlca-c076d5dc55434758][0m
[0m[1maws_security_group.isolated_vpc_endpoints: Refreshing state... [id=sg-0a25f9b46eecad416][0m
[0m[1mmodule.isolated_vpc.aws_subnet.private[0]: Refreshing state... [id=subnet-05f274745db8a269f][0m
[0m[1mmodule.isolated_vpc.aws_subnet.private[1]: Refreshing state... [id=subnet-00a08284b1a409237][0m
[0m[1mmodule.isolated_vpc.aws_subnet.private[2]: Refreshing state... [id=subnet-0a999de3e174bd091][0m
[0m[1mmodule.isolated_vpc.aws_internet_gateway.this[0]: Refreshing state... [id=igw-0ba0f06c4e98a23ea][0m
[0m[1mmodule.isolated_vpc.aws_route_table.private[0]: Refreshing state... [id=rtb-02cc714e2750b965d][0m
[0m[1mmodule.isolated_vpc.aws_route_table.private[1]: Refreshing state... [id=rtb-0f3bd7d49e2db9c7b][0m
[0m[1mmodule.isolated_vpc.aws_route_table.private[2]: Refreshing state... [id=rtb-03b6e5c27db5810c9][0m
[0m[1mmodule.isolated_vpc.aws_route_table.public[0]: Refreshing state... [id=rtb-04fc32dba4b3a090e][0m
[0m[1mmodule.isolated_vpc.aws_subnet.public[1]: Refreshing state... [id=subnet-0c74ecc529e4fd455][0m
[0m[1mmodule.isolated_vpc.aws_subnet.public[0]: Refreshing state... [id=subnet-0a1b2a8647688f313][0m
[0m[1mmodule.isolated_vpc.aws_subnet.public[2]: Refreshing state... [id=subnet-0969caa397ccc53cb][0m
[0m[1maws_datasync_task.laa_data_analysis_tasks["laa-maatdb-production-appinfrastructure-ftpbucket-cc9uzmt9glhs"]: Refreshing state... [id=arn:aws:datasync:eu-west-2:471112983409:task/task-0616433b41d4a27a3][0m
[0m[1maws_datasync_task.laa_data_analysis_tasks["aws-waf-logs-cwa"]: Refreshing state... [id=arn:aws:datasync:eu-west-2:471112983409:task/task-0f99160242bb8e860][0m
[0m[1maws_datasync_task.laa_data_analysis_tasks["forms-connector-lb-logs-poc"]: Refreshing state... [id=arn:aws:datasync:eu-west-2:471112983409:task/task-0fae875d6b99d698f][0m
[0m[1maws_datasync_task.laa_data_analysis_tasks["aws-waf-logs-portal-production"]: Refreshing state... [id=arn:aws:datasync:eu-west-2:471112983409:task/task-092a8d25c11bf8f85][0m
[0m[1maws_datasync_task.laa_data_analysis_tasks["cf-templates-o0533spdqnul-eu-west-1"]: Refreshing state... [id=arn:aws:datasync:eu-west-2:471112983409:task/task-04ab99c701f9cc79c][0m
[0m[1maws_datasync_task.laa_data_analysis_tasks["laa-ses-reputation-events"]: Refreshing state... [id=arn:aws:datasync:eu-west-2:471112983409:task/task-0dbc9b2d9f1e7bd90][0m
[0m[1maws_datasync_task.laa_data_analysis_tasks["karol-test-lambda"]: Refreshing state... [id=arn:aws:datasync:eu-west-2:471112983409:task/task-0d014733b196380dd][0m
[0m[1maws_datasync_task.laa_data_analysis_tasks["ccms-pui-production"]: Refreshing state... [id=arn:aws:datasync:eu-west-2:471112983409:task/task-01d02047dde6597ba][0m
[0m[1maws_datasync_task.laa_data_analysis_tasks["laa-ccms-outbound-production"]: Refreshing state... [id=arn:aws:datasync:eu-west-2:471112983409:task/task-0a3f16b785fbeb0f8][0m
[0m[1maws_datasync_task.laa_data_analysis_tasks["bacway-production-eu-west-2-842522700642"]: Refreshing state... [id=arn:aws:datasync:eu-west-2:471112983409:task/task-0fbee7e261292aeb6][0m
[0m[1maws_datasync_task.laa_data_analysis_tasks["laa-maatdb-outbound-xerox-test-production"]: Refreshing state... [id=arn:aws:datasync:eu-west-2:471112983409:task/task-0e5151498170f4b16][0m
[0m[1maws_datasync_task.laa_data_analysis_tasks["laa-nct-inbound-production"]: Refreshing state... [id=arn:aws:datasync:eu-west-2:471112983409:task/task-0521e2ef244ffdad0][0m
[0m[1maws_datasync_task.laa_data_analysis_tasks["laa-ccms-outbound-xerox-test-production"]: Refreshing state... [id=arn:aws:datasync:eu-west-2:471112983409:task/task-08482a3dfc1cdb826][0m
[0m[1maws_datasync_task.laa_data_analysis_tasks["laa-portal-production-archive"]: Refreshing state... [id=arn:aws:datasync:eu-west-2:471112983409:task/task-04a6fa0720d2fadd2][0m
[0m[1maws_datasync_task.laa_data_analysis_tasks["laa-ccms-inbound-production"]: Refreshing state... [id=arn:aws:datasync:eu-west-2:471112983409:task/task-01f8cfbf8dba0d155][0m
[0m[1maws_datasync_task.laa_data_analysis_tasks["laa-cloudfront-logging-production"]: Refreshing state... [id=arn:aws:datasync:eu-west-2:471112983409:task/task-0207d73e4d44b3120][0m
[0m[1maws_datasync_task.laa_data_analysis_tasks["laa-s3-inventory-scan-eu-west-2"]: Refreshing state... [id=arn:aws:datasync:eu-west-2:471112983409:task/task-056a140401d6c7deb][0m
[0m[1maws_datasync_task.laa_data_analysis_tasks["laa-s3-inventory-scan"]: Refreshing state... [id=arn:aws:datasync:eu-west-2:471112983409:task/task-08d52bce53381b119][0m
[0m[1maws_datasync_task.laa_data_analysis_tasks["bacway-dbrestore-production-eu-west-2-842522700642"]: Refreshing state... [id=arn:aws:datasync:eu-west-2:471112983409:task/task-02ca984f2c5408f72][0m
[0m[1maws_datasync_task.laa_data_analysis_tasks["laa-lambda-backup-production"]: Refreshing state... [id=arn:aws:datasync:eu-west-2:471112983409:task/task-04d2d98785b4a4221][0m
[0m[1maws_datasync_task.laa_data_analysis_tasks["aws-athena-query-results-842522700642-eu-west-2"]: Refreshing state... [id=arn:aws:datasync:eu-west-2:471112983409:task/task-05bab060538a00d38][0m
[0m[1maws_datasync_task.laa_data_analysis_tasks["laa-hub-production-appinfrastru-ftpoutboundbucket-xh5oo69o5te6"]: Refreshing state... [id=arn:aws:datasync:eu-west-2:471112983409:task/task-0ad433fea2481290b][0m
[0m[1maws_datasync_task.laa_data_analysis_tasks["laa-hub-production-appinfrastructuretem-ftpbucket-1qbjubqvbs0na"]: Refreshing state... [id=arn:aws:datasync:eu-west-2:471112983409:task/task-019dfe0b38fdca98d][0m
[0m[1maws_datasync_task.laa_data_analysis_tasks["cf-templates-o0533spdqnul-eu-west-2"]: Refreshing state... [id=arn:aws:datasync:eu-west-2:471112983409:task/task-0f2044558be98c4de][0m
[0m[1mmodule.datasync_activation_nlb_security_group.aws_security_group.this_name_prefix[0]: Refreshing state... [id=sg-052a9fa0270ff95f3][0m
[0m[1mmodule.datasync_vpc_endpoint_security_group.aws_security_group.this_name_prefix[0]: Refreshing state... [id=sg-0c0988b19f4e7c750][0m
[0m[1mmodule.datasync_activation_nlb.aws_lb_target_group.this["datasync"]: Refreshing state... [id=arn:aws:elasticloadbalancing:eu-west-2:471112983409:targetgroup/ds-20241017083906243300000004/b91ff216bf946a66][0m
[0m[1mmodule.datasync_task_eni_security_group.aws_security_group.this_name_prefix[0]: Refreshing state... [id=sg-09272b10826c85ad2][0m
[0m[1mmodule.datasync_instance_security_group.aws_security_group.this_name_prefix[0]: Refreshing state... [id=sg-0ac7c4bc0d90df3b5][0m
[0m[1mmodule.connected_vpc_outbound_route53_resolver_endpoint.aws_security_group.this[0]: Refreshing state... [id=sg-0207226296419d9e4][0m
[0m[1mmodule.connected_vpc.aws_cloudwatch_log_group.flow_log[0]: Refreshing state... [id=/aws/vpc-flow-log/vpc-0a7bea43a3346cebb][0m
[0m[1mmodule.connected_vpc.aws_eip.nat[0]: Refreshing state... [id=eipalloc-0975eaa7b066061d3][0m
[0m[1maws_security_group_rule.connected_vpc_endpoints_allow_all_vpc: Refreshing state... [id=sgrule-1448838034][0m
[0m[1mmodule.definition_upload_lambda_security_group.aws_security_group.this_name_prefix[0]: Refreshing state... [id=sg-059f8b5580b8be0b9][0m
[0m[1mmodule.scan_lambda_security_group.aws_security_group.this_name_prefix[0]: Refreshing state... [id=sg-07d1ef059ab90fc6a][0m
[0m[1mmodule.transfer_lambda_security_group.aws_security_group.this_name_prefix[0]: Refreshing state... [id=sg-07e268100414357b6][0m
[0m[1mmodule.transfer_server_security_group.aws_security_group.this_name_prefix[0]: Refreshing state... [id=sg-0917fc403ffa593e5][0m
[0m[1mmodule.sftp_users["property-concept"].module.role.data.aws_iam_policy_document.this[0]: Reading...[0m[0m
[0m[1mmodule.sftp_users["property-concept"].module.role.data.aws_iam_policy_document.this[0]: Read complete after 0s [id=44862412][0m
[0m[1mmodule.sftp_users["sscl-epm"].module.role.data.aws_iam_policy_document.this[0]: Reading...[0m[0m
[0m[1mmodule.sftp_users["cgi-cps"].module.role.data.aws_iam_policy_document.this[0]: Reading...[0m[0m
[0m[1mmodule.sftp_users["opg-restore-ocr"].module.role.data.aws_iam_policy_document.this[0]: Reading...[0m[0m
[0m[1mmodule.sftp_users["cgi-cps"].module.role.data.aws_iam_policy_document.this[0]: Read complete after 0s [id=44862412][0m
[0m[1mmodule.sftp_users["opg-restore-ocr"].module.role.data.aws_iam_policy_document.this[0]: Read complete after 0s [id=44862412][0m
[0m[1mmodule.sftp_users["sscl-epm"].module.role.data.aws_iam_policy_document.this[0]: Read complete after 0s [id=44862412][0m
[0m[1mmodule.sftp_users["meganexususer"].module.role.data.aws_iam_policy_document.this[0]: Reading...[0m[0m
[0m[1mmodule.sftp_users["sscl-chris-j"].module.role.data.aws_iam_policy_document.this[0]: Reading...[0m[0m
[0m[1mmodule.sftp_users["meganexususer"].module.role.data.aws_iam_policy_document.this[0]: Read complete after 0s [id=44862412][0m
[0m[1mmodule.sftp_users["sscl-chris-j"].module.role.data.aws_iam_policy_document.this[0]: Read complete after 0s [id=44862412][0m
[0m[1mmodule.sftp_users["maat-xhibit"].module.role.data.aws_iam_policy_document.this[0]: Reading...[0m[0m
[0m[1mmodule.isolated_vpc.aws_cloudwatch_log_group.flow_log[0]: Refreshing state... [id=/aws/vpc-flow-log/vpc-0f4dc457524b863f8][0m
[0m[1mmodule.sftp_users["maat-xhibit"].module.role.data.aws_iam_policy_document.this[0]: Read complete after 0s [id=44862412][0m
[0m[1mmodule.sftp_users_with_egress["essex-police"].module.role.data.aws_iam_policy_document.this[0]: Reading...[0m[0m
[0m[1mmodule.sftp_users_with_egress["essex-police"].module.role.data.aws_iam_policy_document.this[0]: Read complete after 0s [id=44862412][0m
[0m[1mmodule.sftp_users_with_egress["cgi-ssct-sop"].module.role.data.aws_iam_policy_document.this[0]: Reading...[0m[0m
[0m[1mmodule.sftp_users_with_egress["cgi-ssct-sop"].module.role.data.aws_iam_policy_document.this[0]: Read complete after 0s [id=44862412][0m
[0m[1mmodule.connected_vpc.aws_route_table_association.private[0]: Refreshing state... [id=rtbassoc-013b5f7d5336e10fb][0m
[0m[1mmodule.connected_vpc.aws_route_table_association.private[1]: Refreshing state... [id=rtbassoc-0421ebef4de827ed3][0m
[0m[1mmodule.connected_vpc.aws_route_table_association.private[2]: Refreshing state... [id=rtbassoc-0e52b161b3a42f427][0m
[0m[1mmodule.connected_vpc.aws_route.public_internet_gateway[0]: Refreshing state... [id=r-rtb-05a4b46566a58b36b1080289494][0m
[0m[1mmodule.connected_vpc.aws_route_table_association.public[2]: Refreshing state... [id=rtbassoc-05fdba308ad647301][0m
[0m[1mmodule.connected_vpc.aws_route_table_association.public[0]: Refreshing state... [id=rtbassoc-03fe7ffa3736e0bf5][0m
[0m[1mmodule.connected_vpc.aws_route_table_association.public[1]: Refreshing state... [id=rtbassoc-0c260a75ac98c44ac][0m
[0m[1maws_security_group_rule.isolated_vpc_endpoints_allow_all_vpc: Refreshing state... [id=sgrule-3608479796][0m
[0m[1mmodule.isolated_vpc.aws_eip.nat[0]: Refreshing state... [id=eipalloc-00f814ccabc3af152][0m
[0m[1mmodule.isolated_vpc.aws_eip.nat[1]: Refreshing state... [id=eipalloc-034ada8073d13f876][0m
[0m[1mmodule.isolated_vpc.aws_eip.nat[2]: Refreshing state... [id=eipalloc-0cb539db54a0e73f3][0m
[0m[1mmodule.isolated_vpc.aws_route_table_association.private[0]: Refreshing state... [id=rtbassoc-0530dd8607a67fd83][0m
[0m[1mmodule.isolated_vpc.aws_route_table_association.private[1]: Refreshing state... [id=rtbassoc-01eb1a68ded3eb765][0m
[0m[1mmodule.isolated_vpc.aws_route_table_association.private[2]: Refreshing state... [id=rtbassoc-00265a13de9aff6ef][0m
[0m[1mmodule.isolated_vpc.aws_route.public_internet_gateway[0]: Refreshing state... [id=r-rtb-04fc32dba4b3a090e1080289494][0m
[0m[1mmodule.isolated_vpc.aws_route_table_association.public[0]: Refreshing state... [id=rtbassoc-00333289423df768b][0m
[0m[1mmodule.isolated_vpc.aws_route_table_association.public[1]: Refreshing state... [id=rtbassoc-0916c92811d5ff98e][0m
[0m[1mmodule.isolated_vpc.aws_route_table_association.public[2]: Refreshing state... [id=rtbassoc-05c2ccf08baf8fa6b][0m
[0m[1maws_ec2_transit_gateway_vpc_attachment.moj_tgw: Refreshing state... [id=tgw-attach-06a113dc984890c68][0m
[0m[1mmodule.sftp_users["sscl-chris-j"].module.role.aws_iam_role.this[0]: Refreshing state... [id=transfer-user-sscl-chris-j][0m
[0m[1mmodule.sftp_users["cgi-cps"].module.role.aws_iam_role.this[0]: Refreshing state... [id=transfer-user-cgi-cps][0m
[0m[1mmodule.sftp_users["meganexususer"].module.role.aws_iam_role.this[0]: Refreshing state... [id=transfer-user-meganexususer][0m
[0m[1mmodule.sftp_users["opg-restore-ocr"].module.role.aws_iam_role.this[0]: Refreshing state... [id=transfer-user-opg-restore-ocr][0m
[0m[1mmodule.sftp_users["property-concept"].module.role.aws_iam_role.this[0]: Refreshing state... [id=transfer-user-property-concept][0m
[0m[1mmodule.sftp_users["maat-xhibit"].module.role.aws_iam_role.this[0]: Refreshing state... [id=transfer-user-maat-xhibit][0m
[0m[1mmodule.sftp_users["sscl-epm"].module.role.aws_iam_role.this[0]: Refreshing state... [id=transfer-user-sscl-epm][0m
[0m[1mmodule.sftp_users_with_egress["cgi-ssct-sop"].module.role.aws_iam_role.this[0]: Refreshing state... [id=transfer-user-cgi-ssct-sop][0m
[0m[1mmodule.sftp_users_with_egress["essex-police"].module.role.aws_iam_role.this[0]: Refreshing state... [id=transfer-user-essex-police][0m
[0m[1maws_eip.transfer_server[0]: Refreshing state... [id=eipalloc-0b03d12a5694ead8a][0m
[0m[1maws_eip.transfer_server[1]: Refreshing state... [id=eipalloc-049cc9414856c5a40][0m
[0m[1maws_eip.transfer_server[2]: Refreshing state... [id=eipalloc-0b860011397d57425][0m
[0m[1mmodule.datasync_activation_nlb.aws_lb_target_group_attachment.this["datasync"]: Refreshing state... [id=arn:aws:elasticloadbalancing:eu-west-2:471112983409:targetgroup/ds-20241017083906243300000004/b91ff216bf946a66-20241017083909272500000005][0m
[0m[1mmodule.connected_vpc.data.aws_iam_policy_document.vpc_flow_log_cloudwatch[0]: Reading...[0m[0m
[0m[1mmodule.connected_vpc.data.aws_iam_policy_document.vpc_flow_log_cloudwatch[0]: Read complete after 0s [id=2871187879][0m
[0m[1mmodule.connected_vpc.aws_flow_log.this[0]: Refreshing state... [id=fl-0192bc43fbd90c632][0m
[0m[1mmodule.datasync_activation_nlb_security_group.aws_security_group_rule.egress_rules[0]: Refreshing state... [id=sgrule-3843803661][0m
[0m[1mmodule.datasync_activation_nlb_security_group.aws_security_group_rule.ingress_rules[0]: Refreshing state... [id=sgrule-1440702515][0m
[0m[1mmodule.datasync_vpc_endpoint_security_group.aws_security_group_rule.ingress_with_cidr_blocks[0]: Refreshing state... [id=sgrule-1372268445][0m
[0m[1mmodule.datasync_task_eni_security_group.aws_security_group_rule.ingress_with_cidr_blocks[0]: Refreshing state... [id=sgrule-2509062558][0m
[0m[1mmodule.datasync_vpc_endpoint_security_group.aws_security_group_rule.egress_rules[0]: Refreshing state... [id=sgrule-1368045099][0m
[0m[1mmodule.connected_vpc_outbound_route53_resolver_endpoint.aws_route53_resolver_endpoint.this[0]: Refreshing state... [id=rslvr-out-d723d4fe61184cf6b][0m
[0m[1mmodule.datasync_instance_security_group.aws_security_group_rule.egress_with_cidr_blocks[0]: Refreshing state... [id=sgrule-1948591763][0m
[0m[1mmodule.isolated_vpc.data.aws_iam_policy_document.vpc_flow_log_cloudwatch[0]: Reading...[0m[0m
[0m[1mmodule.isolated_vpc.data.aws_iam_policy_document.vpc_flow_log_cloudwatch[0]: Read complete after 0s [id=2549638506][0m
[0m[1mmodule.isolated_vpc.aws_flow_log.this[0]: Refreshing state... [id=fl-0a5c581f068fc244c][0m
[0m[1mmodule.transfer_server_security_group.aws_security_group_rule.ingress_with_cidr_blocks[0]: Refreshing state... [id=sgrule-1783569978][0m
[0m[1mmodule.connected_vpc.aws_nat_gateway.this[0]: Refreshing state... [id=nat-049339250ff937b2c][0m
[0m[1mmodule.connected_vpc.aws_iam_policy.vpc_flow_log_cloudwatch[0]: Refreshing state... [id=arn:aws:iam::471112983409:policy/vpc-flow-log-to-cloudwatch-20240930155838295600000006][0m
[0m[1mmodule.datasync_instance_security_group.aws_security_group_rule.ingress_with_source_security_group_id[0]: Refreshing state... [id=sgrule-3967093867][0m
[0m[1mmodule.datasync_activation_nlb.aws_lb.this[0]: Refreshing state... [id=arn:aws:elasticloadbalancing:eu-west-2:471112983409:loadbalancer/net/datasync-activation/8fa5a72cbe40feb5][0m
[0m[1mmodule.datasync_instance_security_group.aws_security_group_rule.egress_with_source_security_group_id[0]: Refreshing state... [id=sgrule-3564107582][0m
[0m[1mmodule.datasync_instance_security_group.aws_security_group_rule.egress_with_source_security_group_id[1]: Refreshing state... [id=sgrule-2941616676][0m
[0m[1mmodule.isolated_vpc.aws_nat_gateway.this[1]: Refreshing state... [id=nat-0c3db3d7a7dd8e766][0m
[0m[1mmodule.isolated_vpc.aws_nat_gateway.this[2]: Refreshing state... [id=nat-0f917e53ab15a9c70][0m
[0m[1mmodule.isolated_vpc.aws_nat_gateway.this[0]: Refreshing state... [id=nat-0a071c234b81d40f2][0m
[0m[1mmodule.definition_upload_lambda.aws_lambda_function.this[0]: Refreshing state... [id=definition-upload][0m
[0m[1mmodule.notify_transferred_lambda.aws_lambda_function.this[0]: Refreshing state... [id=notify-transferred][0m
[0m[1mmodule.notify_quarantined_lambda.aws_lambda_function.this[0]: Refreshing state... [id=notify-quarantined][0m
[0m[1mmodule.transfer_lambda.aws_lambda_function.this[0]: Refreshing state... [id=transfer][0m
[0m[1mmodule.scan_lambda.aws_lambda_function.this[0]: Refreshing state... [id=scan][0m
[0m[1mmodule.isolated_vpc.aws_iam_policy.vpc_flow_log_cloudwatch[0]: Refreshing state... [id=arn:aws:iam::471112983409:policy/vpc-flow-log-to-cloudwatch-20240312150011812000000001][0m
[0m[1maws_transfer_server.this: Refreshing state... [id=s-fe8ed859c3f14f479][0m
[0m[1mmodule.connected_vpc_transit_gateway_routes["rtb-02ca52e9bf4c4f891"].aws_route.this["10.0.0.0/8"]: Refreshing state... [id=r-rtb-02ca52e9bf4c4f8913423270202][0m
[0m[1mmodule.connected_vpc_endpoints.data.aws_vpc_endpoint_service.this["datasync"]: Reading...[0m[0m
[0m[1mmodule.connected_vpc_endpoints.data.aws_vpc_endpoint_service.this["ssmmessages"]: Reading...[0m[0m
[0m[1mmodule.connected_vpc_endpoints.data.aws_vpc_endpoint_service.this["datasync"]: Read complete after 0s [id=3821666872][0m
[0m[1mmodule.connected_vpc_endpoints.data.aws_vpc_endpoint_service.this["ec2messages"]: Reading...[0m[0m
[0m[1mmodule.connected_vpc_endpoints.data.aws_vpc_endpoint_service.this["ssm"]: Reading...[0m[0m
[0m[1mmodule.connected_vpc_endpoints.data.aws_vpc_endpoint_service.this["ssmmessages"]: Read complete after 0s [id=1679177446][0m
[0m[1mmodule.datasync_instance.aws_instance.this[0]: Refreshing state... [id=i-0c7cf5912b7b169d0][0m
[0m[1mmodule.connected_vpc.aws_route.private_nat_gateway[0]: Refreshing state... [id=r-rtb-02ca52e9bf4c4f8911080289494][0m
[0m[1mmodule.connected_vpc_endpoints.data.aws_vpc_endpoint_service.this["ec2messages"]: Read complete after 0s [id=2819634977][0m
[0m[1mmodule.isolated_vpc.aws_route.private_nat_gateway[0]: Refreshing state... [id=r-rtb-02cc714e2750b965d1080289494][0m
[0m[1mmodule.connected_vpc_endpoints.data.aws_vpc_endpoint_service.this["ssm"]: Read complete after 0s [id=1446100312][0m
[0m[1mmodule.isolated_vpc.aws_route.private_nat_gateway[1]: Refreshing state... [id=r-rtb-0f3bd7d49e2db9c7b1080289494][0m
[0m[1mmodule.isolated_vpc.aws_route.private_nat_gateway[2]: Refreshing state... [id=r-rtb-03b6e5c27db5810c91080289494][0m
[0m[1mmodule.isolated_vpc_endpoints.data.aws_vpc_endpoint_service.this["secretsmanager"]: Reading...[0m[0m
[0m[1mmodule.isolated_vpc_endpoints.data.aws_vpc_endpoint_service.this["sts"]: Reading...[0m[0m
[0m[1mmodule.isolated_vpc_endpoints.data.aws_vpc_endpoint_service.this["logs"]: Reading...[0m[0m
[0m[1mmodule.isolated_vpc_endpoints.data.aws_vpc_endpoint_service.this["s3"]: Reading...[0m[0m
[0m[1mmodule.isolated_vpc_endpoints.data.aws_vpc_endpoint_service.this["secretsmanager"]: Read complete after 0s [id=4235908006][0m
[0m[1mmodule.datasync_activation_nlb.aws_lb_listener.this["datasync"]: Refreshing state... [id=arn:aws:elasticloadbalancing:eu-west-2:471112983409:listener/net/datasync-activation/8fa5a72cbe40feb5/ada0b631859e963f][0m
[0m[1mmodule.isolated_vpc_endpoints.data.aws_vpc_endpoint_service.this["sts"]: Read complete after 0s [id=3816756988][0m
[0m[1mmodule.connected_vpc.aws_iam_role_policy_attachment.vpc_flow_log_cloudwatch[0]: Refreshing state... [id=vpc-flow-log-role-20240930155825522400000001-20240930155838611800000007][0m
[0m[1maws_transfer_tag.this: Refreshing state... [id=arn:aws:transfer:eu-west-2:471112983409:server/s-fe8ed859c3f14f479,aws:transfer:customHostname][0m
[0m[1mmodule.isolated_vpc_endpoints.data.aws_vpc_endpoint_service.this["logs"]: Read complete after 0s [id=2571227687][0m
[0m[1maws_route53_resolver_rule.mojo_dns_resolver_dom1_infra_int: Refreshing state... [id=rslvr-rr-ff04a01621484204b][0m
[0m[1mmodule.connected_vpc_endpoints.aws_vpc_endpoint.this["ssmmessages"]: Refreshing state... [id=vpce-0da067c367c8e110b][0m
[0m[1mmodule.connected_vpc_endpoints.aws_vpc_endpoint.this["ec2messages"]: Refreshing state... [id=vpce-00bbd456498fd3d7b][0m
[0m[1mmodule.connected_vpc_endpoints.aws_vpc_endpoint.this["ssm"]: Refreshing state... [id=vpce-0e7331372a8570f8e][0m
[0m[1mmodule.connected_vpc_endpoints.aws_vpc_endpoint.this["datasync"]: Refreshing state... [id=vpce-04e4667a9a6eee603][0m
[0m[1mmodule.isolated_vpc.aws_iam_role_policy_attachment.vpc_flow_log_cloudwatch[0]: Refreshing state... [id=vpc-flow-log-role-20240312150011812400000002-20240312150012186400000003][0m
[0m[1mmodule.isolated_vpc_endpoints.data.aws_vpc_endpoint_service.this["s3"]: Read complete after 0s [id=4224666350][0m
[0m[1mdata.dns_a_record_set.datasync_activation_nlb: Reading...[0m[0m
[0m[1mdata.dns_a_record_set.datasync_activation_nlb: Read complete after 0s [id=datasync-activation-8fa5a72cbe40feb5.elb.eu-west-2.amazonaws.com][0m
[0m[1mmodule.scan_lambda.aws_lambda_permission.unqualified_alias_triggers["s3"]: Refreshing state... [id=s320240802150726915400000004][0m
[0m[1mmodule.sftp_users_with_egress["essex-police"].aws_transfer_user.this: Refreshing state... [id=s-fe8ed859c3f14f479/essex-police][0m
[0m[1mmodule.scan_lambda.aws_lambda_permission.current_version_triggers["s3"]: Refreshing state... [id=s320260203135421104300000004][0m
[0m[1mmodule.sftp_users_with_egress["cgi-ssct-sop"].aws_transfer_user.this: Refreshing state... [id=s-fe8ed859c3f14f479/cgi-ssct-sop][0m
[0m[1mmodule.sftp_users["sscl-epm"].aws_transfer_user.this: Refreshing state... [id=s-fe8ed859c3f14f479/sscl-epm][0m
[0m[1mmodule.sftp_users["cgi-cps"].aws_transfer_user.this: Refreshing state... [id=s-fe8ed859c3f14f479/cgi-cps][0m
[0m[1mmodule.sftp_users["property-concept"].aws_transfer_user.this: Refreshing state... [id=s-fe8ed859c3f14f479/property-concept][0m
[0m[1mmodule.sftp_users["maat-xhibit"].aws_transfer_user.this: Refreshing state... [id=s-fe8ed859c3f14f479/maat-xhibit][0m
[0m[1mmodule.sftp_users["meganexususer"].aws_transfer_user.this: Refreshing state... [id=s-fe8ed859c3f14f479/meganexususer][0m
[0m[1mmodule.sftp_users["opg-restore-ocr"].aws_transfer_user.this: Refreshing state... [id=s-fe8ed859c3f14f479/opg-restore-ocr][0m
[0m[1mmodule.sftp_users["sscl-chris-j"].aws_transfer_user.this: Refreshing state... [id=s-fe8ed859c3f14f479/sscl-chris-j][0m
[0m[1mmodule.notify_quarantined_lambda.aws_lambda_permission.current_version_triggers["sns"]: Refreshing state... [id=sns20260203135410051600000003][0m
[0m[1mmodule.notify_quarantined_lambda.aws_lambda_permission.unqualified_alias_triggers["sns"]: Refreshing state... [id=sns20240802150726913300000001][0m
[0m[1mmodule.definition_upload_lambda.aws_lambda_permission.unqualified_alias_triggers["eventbridge"]: Refreshing state... [id=eventbridge20240802150727001200000008][0m
[0m[1mmodule.definition_upload_lambda.aws_lambda_permission.current_version_triggers["eventbridge"]: Refreshing state... [id=eventbridge20260203135421105100000005][0m
[0m[1mmodule.notify_transferred_lambda.aws_lambda_permission.current_version_triggers["sns"]: Refreshing state... [id=sns20260203135408272300000001][0m
[0m[1mmodule.notify_transferred_lambda.aws_lambda_permission.unqualified_alias_triggers["sns"]: Refreshing state... [id=sns20240802150726916300000005][0m
[0m[1mmodule.transfer_lambda.aws_lambda_permission.unqualified_alias_triggers["s3"]: Refreshing state... [id=s320240802150727000900000007][0m
[0m[1mmodule.transfer_lambda.aws_lambda_permission.current_version_triggers["s3"]: Refreshing state... [id=s320260203135408371600000002][0m
[0m[1mmodule.isolated_vpc_endpoints.aws_vpc_endpoint.this["logs"]: Refreshing state... [id=vpce-0b569e86c011eeddc][0m
[0m[1mmodule.isolated_vpc_endpoints.aws_vpc_endpoint.this["s3"]: Refreshing state... [id=vpce-003b3d3841a5136fc][0m
[0m[1mmodule.isolated_vpc_endpoints.aws_vpc_endpoint.this["secretsmanager"]: Refreshing state... [id=vpce-0a87a19623ada37cb][0m
[0m[1mmodule.isolated_vpc_endpoints.aws_vpc_endpoint.this["sts"]: Refreshing state... [id=vpce-0326981df8963da31][0m
[0m[1mmodule.sftp_users_with_egress["essex-police"].aws_transfer_ssh_key.this: Refreshing state... [id=s-fe8ed859c3f14f479/essex-police/key-367943473d4d43309][0m
[0m[1mmodule.sftp_users_with_egress["cgi-ssct-sop"].aws_transfer_ssh_key.this: Refreshing state... [id=s-fe8ed859c3f14f479/cgi-ssct-sop/key-9a239b9ddd614ff5b][0m
[0m[1maws_cloudwatch_event_target.definition_update: Refreshing state... [id=definition-update-definition-update][0m
[0m[1mmodule.sftp_users["opg-restore-ocr"].aws_transfer_ssh_key.this: Refreshing state... [id=s-fe8ed859c3f14f479/opg-restore-ocr/key-5ec65334461a4e26b][0m
[0m[1mmodule.sftp_users["cgi-cps"].aws_transfer_ssh_key.this: Refreshing state... [id=s-fe8ed859c3f14f479/cgi-cps/key-a174514852ce48fa8][0m
[0m[1mmodule.sftp_users["maat-xhibit"].aws_transfer_ssh_key.this: Refreshing state... [id=s-fe8ed859c3f14f479/maat-xhibit/key-4c2ad27661194f94b][0m
[0m[1mmodule.sftp_users["meganexususer"].aws_transfer_ssh_key.this: Refreshing state... [id=s-fe8ed859c3f14f479/meganexususer/key-0644c434ebc841a88][0m
[0m[1mmodule.sftp_users["property-concept"].aws_transfer_ssh_key.this: Refreshing state... [id=s-fe8ed859c3f14f479/property-concept/key-28a0eb70bec443b18][0m
[0m[1mmodule.sftp_users["sscl-chris-j"].aws_transfer_ssh_key.this: Refreshing state... [id=s-fe8ed859c3f14f479/sscl-chris-j/key-9e07e5029bf84eda9][0m
[0m[1mmodule.sftp_users["sscl-epm"].aws_transfer_ssh_key.this: Refreshing state... [id=s-fe8ed859c3f14f479/sscl-epm/key-53c077fc96b74715a][0m
[0m[1mmodule.ingestion_landing_bucket_notification.aws_lambda_permission.allow["ingestion_scan"]: Refreshing state... [id=AllowLambdaS3BucketNotification-20250304111114500400000002][0m
[0m[1mmodule.connected_vpc_route53_resolver_associations.aws_route53_resolver_rule_association.this["mojo-dns-resolver-dom1-infra-int"]: Refreshing state... [id=rslvr-rrassoc-5e23c1751e64470ca][0m
[0m[1mmodule.quarantined_topic.aws_sns_topic_subscription.this["lambda"]: Refreshing state... [id=arn:aws:sns:eu-west-2:471112983409:quarantined:0c74e76f-7f92-461d-89f4-223a7dd2ea2f][0m
[0m[1mmodule.transferred_topic.aws_sns_topic_subscription.this["lambda"]: Refreshing state... [id=arn:aws:sns:eu-west-2:471112983409:transferred:3f4801ab-2f3b-4232-885d-ab6ae07d8cde][0m
[0m[1mmodule.ingestion_transfer_bucket_notification.aws_lambda_permission.allow["ingestion_notify"]: Refreshing state... [id=AllowLambdaS3BucketNotification-20250304111114503600000003][0m
[0m[1mdata.aws_network_interface.datasync_vpc_endpoint: Reading...[0m[0m
[0m[1mmodule.ingestion_landing_bucket_notification.aws_s3_bucket_notification.this[0]: Refreshing state... [id=mojap-ingestion-production-landing][0m
[0m[1mmodule.ingestion_transfer_bucket_notification.aws_s3_bucket_notification.this[0]: Refreshing state... [id=mojap-ingestion-production-processed][0m
[0m[1mdata.aws_network_interface.datasync_vpc_endpoint: Read complete after 0s [id=eni-0aaa69f07cbdc227f][0m
[0m[1mdata.aws_prefix_list.s3: Reading...[0m[0m
[0m[1mdata.aws_prefix_list.s3: Read complete after 0s [id=pl-7ca54015][0m
[0m[1mmodule.transfer_lambda_security_group.aws_security_group_rule.egress_rules[0]: Refreshing state... [id=sgrule-265159875][0m
[0m[1mmodule.definition_upload_lambda_security_group.aws_security_group_rule.egress_rules[0]: Refreshing state... [id=sgrule-3730342956][0m
[0m[1mmodule.scan_lambda_security_group.aws_security_group_rule.egress_rules[0]: Refreshing state... [id=sgrule-3377810680][0m
[0m[1maws_datasync_agent.main: Refreshing state... [id=arn:aws:datasync:eu-west-2:471112983409:agent/agent-03ba38e1b8901e929][0m
[0m[1maws_datasync_location_smb.opg: Refreshing state... [id=arn:aws:datasync:eu-west-2:471112983409:location/loc-0eca521ae89d0f35f][0m
[0m[1maws_datasync_task.opg[0]: Refreshing state... [id=arn:aws:datasync:eu-west-2:471112983409:task/task-0a0a92afe6409c292][0m

Terraform used the selected providers to generate the following execution
plan. Resource actions are indicated with the following symbols:
  [32m+[0m create[0m
  [33m~[0m update in-place[0m
  [31m-[0m destroy[0m
[31m-[0m/[32m+[0m destroy and then create replacement[0m
[32m+[0m/[31m-[0m create replacement and then destroy[0m

Terraform will perform the following actions:

[1m  # aws_datasync_location_s3.laa_bucket_locations["aws-athena-query-results-842522700642-eu-west-2"][0m must be [1m[31mreplaced[0m
[0m[31m-[0m/[32m+[0m[0m resource "aws_datasync_location_s3" "laa_bucket_locations" {
      [31m-[0m[0m agent_arns       = [] [90m-> null[0m[0m
      [33m~[0m[0m arn              = "arn:aws:datasync:eu-west-2:471112983409:location/loc-0ab5b1f3542a966f9" -> (known after apply)
      [33m~[0m[0m id               = "arn:aws:datasync:eu-west-2:471112983409:location/loc-0ab5b1f3542a966f9" -> (known after apply)
      [33m~[0m[0m s3_storage_class = "STANDARD" -> (known after apply)
      [33m~[0m[0m subdirectory     = "/aws-athena-query-results-842522700642-eu-west-2/" [33m->[0m[0m "/aws-athena-query-results-842522700642-eu-west-2"
      [31m-[0m[0m tags             = {} [90m-> null[0m[0m
      [33m~[0m[0m tags_all         = {} -> (known after apply)
      [33m~[0m[0m uri              = "s3://mojap-ingestion-production-laa-data-analysis/aws-athena-query-results-842522700642-eu-west-2/" -> (known after apply)
        [90m# (2 unchanged attributes hidden)[0m[0m

      [33m~[0m[0m s3_config {
          [33m~[0m[0m bucket_access_role_arn = "arn:aws:iam::471112983409:role/datasync-laa-data-analysis" -> (known after apply) [31m# forces replacement[0m[0m
        }
    }

[1m  # aws_datasync_location_s3.laa_bucket_locations["aws-waf-logs-cwa"][0m must be [1m[31mreplaced[0m
[0m[31m-[0m/[32m+[0m[0m resource "aws_datasync_location_s3" "laa_bucket_locations" {
      [31m-[0m[0m agent_arns       = [] [90m-> null[0m[0m
      [33m~[0m[0m arn              = "arn:aws:datasync:eu-west-2:471112983409:location/loc-019ddeb02534b30df" -> (known after apply)
      [33m~[0m[0m id               = "arn:aws:datasync:eu-west-2:471112983409:location/loc-019ddeb02534b30df" -> (known after apply)
      [33m~[0m[0m s3_storage_class = "STANDARD" -> (known after apply)
      [33m~[0m[0m subdirectory     = "/aws-waf-logs-cwa/" [33m->[0m[0m "/aws-waf-logs-cwa"
      [31m-[0m[0m tags             = {} [90m-> null[0m[0m
      [33m~[0m[0m tags_all         = {} -> (known after apply)
      [33m~[0m[0m uri              = "s3://mojap-ingestion-production-laa-data-analysis/aws-waf-logs-cwa/" -> (known after apply)
        [90m# (2 unchanged attributes hidden)[0m[0m

      [33m~[0m[0m s3_config {
          [33m~[0m[0m bucket_access_role_arn = "arn:aws:iam::471112983409:role/datasync-laa-data-analysis" -> (known after apply) [31m# forces replacement[0m[0m
        }
    }

[1m  # aws_datasync_location_s3.laa_bucket_locations["aws-waf-logs-portal-production"][0m must be [1m[31mreplaced[0m
[0m[31m-[0m/[32m+[0m[0m resource "aws_datasync_location_s3" "laa_bucket_locations" {
      [31m-[0m[0m agent_arns       = [] [90m-> null[0m[0m
      [33m~[0m[0m arn              = "arn:aws:datasync:eu-west-2:471112983409:location/loc-0849fd7ca4ebc221e" -> (known after apply)
      [33m~[0m[0m id               = "arn:aws:datasync:eu-west-2:471112983409:location/loc-0849fd7ca4ebc221e" -> (known after apply)
      [33m~[0m[0m s3_storage_class = "STANDARD" -> (known after apply)
      [33m~[0m[0m subdirectory     = "/aws-waf-logs-portal-production/" [33m->[0m[0m "/aws-waf-logs-portal-production"
      [31m-[0m[0m tags             = {} [90m-> null[0m[0m
      [33m~[0m[0m tags_all         = {} -> (known after apply)
      [33m~[0m[0m uri              = "s3://mojap-ingestion-production-laa-data-analysis/aws-waf-logs-portal-production/" -> (known after apply)
        [90m# (2 unchanged attributes hidden)[0m[0m

      [33m~[0m[0m s3_config {
          [33m~[0m[0m bucket_access_role_arn = "arn:aws:iam::471112983409:role/datasync-laa-data-analysis" -> (known after apply) [31m# forces replacement[0m[0m
        }
    }

[1m  # aws_datasync_location_s3.laa_bucket_locations["bacway-dbrestore-production-eu-west-2-842522700642"][0m must be [1m[31mreplaced[0m
[0m[31m-[0m/[32m+[0m[0m resource "aws_datasync_location_s3" "laa_bucket_locations" {
      [31m-[0m[0m agent_arns       = [] [90m-> null[0m[0m
      [33m~[0m[0m arn              = "arn:aws:datasync:eu-west-2:471112983409:location/loc-0beaf25ceed5e4fb5" -> (known after apply)
      [33m~[0m[0m id               = "arn:aws:datasync:eu-west-2:471112983409:location/loc-0beaf25ceed5e4fb5" -> (known after apply)
      [33m~[0m[0m s3_storage_class = "STANDARD" -> (known after apply)
      [33m~[0m[0m subdirectory     = "/bacway-dbrestore-production-eu-west-2-842522700642/" [33m->[0m[0m "/bacway-dbrestore-production-eu-west-2-842522700642"
      [31m-[0m[0m tags             = {} [90m-> null[0m[0m
      [33m~[0m[0m tags_all         = {} -> (known after apply)
      [33m~[0m[0m uri              = "s3://mojap-ingestion-production-laa-data-analysis/bacway-dbrestore-production-eu-west-2-842522700642/" -> (known after apply)
        [90m# (2 unchanged attributes hidden)[0m[0m

      [33m~[0m[0m s3_config {
          [33m~[0m[0m bucket_access_role_arn = "arn:aws:iam::471112983409:role/datasync-laa-data-analysis" -> (known after apply) [31m# forces replacement[0m[0m
        }
    }

[1m  # aws_datasync_location_s3.laa_bucket_locations["bacway-production-eu-west-2-842522700642"][0m must be [1m[31mreplaced[0m
[0m[31m-[0m/[32m+[0m[0m resource "aws_datasync_location_s3" "laa_bucket_locations" {
      [31m-[0m[0m agent_arns       = [] [90m-> null[0m[0m
      [33m~[0m[0m arn              = "arn:aws:datasync:eu-west-2:471112983409:location/loc-0a60c2801c721d0d1" -> (known after apply)
      [33m~[0m[0m id               = "arn:aws:datasync:eu-west-2:471112983409:location/loc-0a60c2801c721d0d1" -> (known after apply)
      [33m~[0m[0m s3_storage_class = "STANDARD" -> (known after apply)
      [33m~[0m[0m subdirectory     = "/bacway-production-eu-west-2-842522700642/" [33m->[0m[0m "/bacway-production-eu-west-2-842522700642"
      [31m-[0m[0m tags             = {} [90m-> null[0m[0m
      [33m~[0m[0m tags_all         = {} -> (known after apply)
      [33m~[0m[0m uri              = "s3://mojap-ingestion-production-laa-data-analysis/bacway-production-eu-west-2-842522700642/" -> (known after apply)
        [90m# (2 unchanged attributes hidden)[0m[0m

      [33m~[0m[0m s3_config {
          [33m~[0m[0m bucket_access_role_arn = "arn:aws:iam::471112983409:role/datasync-laa-data-analysis" -> (known after apply) [31m# forces replacement[0m[0m
        }
    }

[1m  # aws_datasync_location_s3.laa_bucket_locations["ccms-pui-production"][0m must be [1m[31mreplaced[0m
[0m[31m-[0m/[32m+[0m[0m resource "aws_datasync_location_s3" "laa_bucket_locations" {
      [31m-[0m[0m agent_arns       = [] [90m-> null[0m[0m
      [33m~[0m[0m arn              = "arn:aws:datasync:eu-west-2:471112983409:location/loc-0f1f8a40c2c78ace5" -> (known after apply)
      [33m~[0m[0m id               = "arn:aws:datasync:eu-west-2:471112983409:location/loc-0f1f8a40c2c78ace5" -> (known after apply)
      [33m~[0m[0m s3_storage_class = "STANDARD" -> (known after apply)
      [33m~[0m[0m subdirectory     = "/ccms-pui-production/" [33m->[0m[0m "/ccms-pui-production"
      [31m-[0m[0m tags             = {} [90m-> null[0m[0m
      [33m~[0m[0m tags_all         = {} -> (known after apply)
      [33m~[0m[0m uri              = "s3://mojap-ingestion-production-laa-data-analysis/ccms-pui-production/" -> (known after apply)
        [90m# (2 unchanged attributes hidden)[0m[0m

      [33m~[0m[0m s3_config {
          [33m~[0m[0m bucket_access_role_arn = "arn:aws:iam::471112983409:role/datasync-laa-data-analysis" -> (known after apply) [31m# forces replacement[0m[0m
        }
    }

[1m  # aws_datasync_location_s3.laa_bucket_locations["cf-templates-o0533spdqnul-eu-west-1"][0m must be [1m[31mreplaced[0m
[0m[31m-[0m/[32m+[0m[0m resource "aws_datasync_location_s3" "laa_bucket_locations" {
      [31m-[0m[0m agent_arns       = [] [90m-> null[0m[0m
      [33m~[0m[0m arn              = "arn:aws:datasync:eu-west-2:471112983409:location/loc-0d10b58f85a5b392e" -> (known after apply)
      [33m~[0m[0m id               = "arn:aws:datasync:eu-west-2:471112983409:location/loc-0d10b58f85a5b392e" -> (known after apply)
      [33m~[0m[0m s3_storage_class = "STANDARD" -> (known after apply)
      [33m~[0m[0m subdirectory     = "/cf-templates-o0533spdqnul-eu-west-1/" [33m->[0m[0m "/cf-templates-o0533spdqnul-eu-west-1"
      [31m-[0m[0m tags             = {} [90m-> null[0m[0m
      [33m~[0m[0m tags_all         = {} -> (known after apply)
      [33m~[0m[0m uri              = "s3://mojap-ingestion-production-laa-data-analysis/cf-templates-o0533spdqnul-eu-west-1/" -> (known after apply)
        [90m# (2 unchanged attributes hidden)[0m[0m

      [33m~[0m[0m s3_config {
          [33m~[0m[0m bucket_access_role_arn = "arn:aws:iam::471112983409:role/datasync-laa-data-analysis" -> (known after apply) [31m# forces replacement[0m[0m
        }
    }

[1m  # aws_datasync_location_s3.laa_bucket_locations["cf-templates-o0533spdqnul-eu-west-2"][0m must be [1m[31mreplaced[0m
[0m[31m-[0m/[32m+[0m[0m resource "aws_datasync_location_s3" "laa_bucket_locations" {
      [31m-[0m[0m agent_arns       = [] [90m-> null[0m[0m
      [33m~[0m[0m arn              = "arn:aws:datasync:eu-west-2:471112983409:location/loc-0952c777b28555122" -> (known after apply)
      [33m~[0m[0m id               = "arn:aws:datasync:eu-west-2:471112983409:location/loc-0952c777b28555122" -> (known after apply)
      [33m~[0m[0m s3_storage_class = "STANDARD" -> (known after apply)
      [33m~[0m[0m subdirectory     = "/cf-templates-o0533spdqnul-eu-west-2/" [33m->[0m[0m "/cf-templates-o0533spdqnul-eu-west-2"
      [31m-[0m[0m tags             = {} [90m-> null[0m[0m
      [33m~[0m[0m tags_all         = {} -> (known after apply)
      [33m~[0m[0m uri              = "s3://mojap-ingestion-production-laa-data-analysis/cf-templates-o0533spdqnul-eu-west-2/" -> (known after apply)
        [90m# (2 unchanged attributes hidden)[0m[0m

      [33m~[0m[0m s3_config {
          [33m~[0m[0m bucket_access_role_arn = "arn:aws:iam::471112983409:role/datasync-laa-data-analysis" -> (known after apply) [31m# forces replacement[0m[0m
        }
    }

[1m  # aws_datasync_location_s3.laa_bucket_locations["forms-connector-lb-logs-poc"][0m must be [1m[31mreplaced[0m
[0m[31m-[0m/[32m+[0m[0m resource "aws_datasync_location_s3" "laa_bucket_locations" {
      [31m-[0m[0m agent_arns       = [] [90m-> null[0m[0m
      [33m~[0m[0m arn              = "arn:aws:datasync:eu-west-2:471112983409:location/loc-0b854f907183a738c" -> (known after apply)
      [33m~[0m[0m id               = "arn:aws:datasync:eu-west-2:471112983409:location/loc-0b854f907183a738c" -> (known after apply)
      [33m~[0m[0m s3_storage_class = "STANDARD" -> (known after apply)
      [33m~[0m[0m subdirectory     = "/forms-connector-lb-logs-poc/" [33m->[0m[0m "/forms-connector-lb-logs-poc"
      [31m-[0m[0m tags             = {} [90m-> null[0m[0m
      [33m~[0m[0m tags_all         = {} -> (known after apply)
      [33m~[0m[0m uri              = "s3://mojap-ingestion-production-laa-data-analysis/forms-connector-lb-logs-poc/" -> (known after apply)
        [90m# (2 unchanged attributes hidden)[0m[0m

      [33m~[0m[0m s3_config {
          [33m~[0m[0m bucket_access_role_arn = "arn:aws:iam::471112983409:role/datasync-laa-data-analysis" -> (known after apply) [31m# forces replacement[0m[0m
        }
    }

[1m  # aws_datasync_location_s3.laa_bucket_locations["karol-test-lambda"][0m must be [1m[31mreplaced[0m
[0m[31m-[0m/[32m+[0m[0m resource "aws_datasync_location_s3" "laa_bucket_locations" {
      [31m-[0m[0m agent_arns       = [] [90m-> null[0m[0m
      [33m~[0m[0m arn              = "arn:aws:datasync:eu-west-2:471112983409:location/loc-00737c8eb2c70597b" -> (known after apply)
      [33m~[0m[0m id               = "arn:aws:datasync:eu-west-2:471112983409:location/loc-00737c8eb2c70597b" -> (known after apply)
      [33m~[0m[0m s3_storage_class = "STANDARD" -> (known after apply)
      [33m~[0m[0m subdirectory     = "/karol-test-lambda/" [33m->[0m[0m "/karol-test-lambda"
      [31m-[0m[0m tags             = {} [90m-> null[0m[0m
      [33m~[0m[0m tags_all         = {} -> (known after apply)
      [33m~[0m[0m uri              = "s3://mojap-ingestion-production-laa-data-analysis/karol-test-lambda/" -> (known after apply)
        [90m# (2 unchanged attributes hidden)[0m[0m

      [33m~[0m[0m s3_config {
          [33m~[0m[0m bucket_access_role_arn = "arn:aws:iam::471112983409:role/datasync-laa-data-analysis" -> (known after apply) [31m# forces replacement[0m[0m
        }
    }

[1m  # aws_datasync_location_s3.laa_bucket_locations["laa-ccms-inbound-production"][0m must be [1m[31mreplaced[0m
[0m[31m-[0m/[32m+[0m[0m resource "aws_datasync_location_s3" "laa_bucket_locations" {
      [31m-[0m[0m agent_arns       = [] [90m-> null[0m[0m
      [33m~[0m[0m arn              = "arn:aws:datasync:eu-west-2:471112983409:location/loc-08e2de76a6acd2b8e" -> (known after apply)
      [33m~[0m[0m id               = "arn:aws:datasync:eu-west-2:471112983409:location/loc-08e2de76a6acd2b8e" -> (known after apply)
      [33m~[0m[0m s3_storage_class = "STANDARD" -> (known after apply)
      [33m~[0m[0m subdirectory     = "/laa-ccms-inbound-production/" [33m->[0m[0m "/laa-ccms-inbound-production"
      [31m-[0m[0m tags             = {} [90m-> null[0m[0m
      [33m~[0m[0m tags_all         = {} -> (known after apply)
      [33m~[0m[0m uri              = "s3://mojap-ingestion-production-laa-data-analysis/laa-ccms-inbound-production/" -> (known after apply)
        [90m# (2 unchanged attributes hidden)[0m[0m

      [33m~[0m[0m s3_config {
          [33m~[0m[0m bucket_access_role_arn = "arn:aws:iam::471112983409:role/datasync-laa-data-analysis" -> (known after apply) [31m# forces replacement[0m[0m
        }
    }

[1m  # aws_datasync_location_s3.laa_bucket_locations["laa-ccms-outbound-production"][0m must be [1m[31mreplaced[0m
[0m[31m-[0m/[32m+[0m[0m resource "aws_datasync_location_s3" "laa_bucket_locations" {
      [31m-[0m[0m agent_arns       = [] [90m-> null[0m[0m
      [33m~[0m[0m arn              = "arn:aws:datasync:eu-west-2:471112983409:location/loc-01953973ef09f6c3c" -> (known after apply)
      [33m~[0m[0m id               = "arn:aws:datasync:eu-west-2:471112983409:location/loc-01953973ef09f6c3c" -> (known after apply)
      [33m~[0m[0m s3_storage_class = "STANDARD" -> (known after apply)
      [33m~[0m[0m subdirectory     = "/laa-ccms-outbound-production/" [33m->[0m[0m "/laa-ccms-outbound-production"
      [31m-[0m[0m tags             = {} [90m-> null[0m[0m
      [33m~[0m[0m tags_all         = {} -> (known after apply)
      [33m~[0m[0m uri              = "s3://mojap-ingestion-production-laa-data-analysis/laa-ccms-outbound-production/" -> (known after apply)
        [90m# (2 unchanged attributes hidden)[0m[0m

      [33m~[0m[0m s3_config {
          [33m~[0m[0m bucket_access_role_arn = "arn:aws:iam::471112983409:role/datasync-laa-data-analysis" -> (known after apply) [31m# forces replacement[0m[0m
        }
    }

[1m  # aws_datasync_location_s3.laa_bucket_locations["laa-ccms-outbound-xerox-test-production"][0m must be [1m[31mreplaced[0m
[0m[31m-[0m/[32m+[0m[0m resource "aws_datasync_location_s3" "laa_bucket_locations" {
      [31m-[0m[0m agent_arns       = [] [90m-> null[0m[0m
      [33m~[0m[0m arn              = "arn:aws:datasync:eu-west-2:471112983409:location/loc-07c5b54aec741ef97" -> (known after apply)
      [33m~[0m[0m id               = "arn:aws:datasync:eu-west-2:471112983409:location/loc-07c5b54aec741ef97" -> (known after apply)
      [33m~[0m[0m s3_storage_class = "STANDARD" -> (known after apply)
      [33m~[0m[0m subdirectory     = "/laa-ccms-outbound-xerox-test-production/" [33m->[0m[0m "/laa-ccms-outbound-xerox-test-production"
      [31m-[0m[0m tags             = {} [90m-> null[0m[0m
      [33m~[0m[0m tags_all         = {} -> (known after apply)
      [33m~[0m[0m uri              = "s3://mojap-ingestion-production-laa-data-analysis/laa-ccms-outbound-xerox-test-production/" -> (known after apply)
        [90m# (2 unchanged attributes hidden)[0m[0m

      [33m~[0m[0m s3_config {
          [33m~[0m[0m bucket_access_role_arn = "arn:aws:iam::471112983409:role/datasync-laa-data-analysis" -> (known after apply) [31m# forces replacement[0m[0m
        }
    }

[1m  # aws_datasync_location_s3.laa_bucket_locations["laa-cloudfront-logging-production"][0m must be [1m[31mreplaced[0m
[0m[31m-[0m/[32m+[0m[0m resource "aws_datasync_location_s3" "laa_bucket_locations" {
      [31m-[0m[0m agent_arns       = [] [90m-> null[0m[0m
      [33m~[0m[0m arn              = "arn:aws:datasync:eu-west-2:471112983409:location/loc-082aac66132eaba92" -> (known after apply)
      [33m~[0m[0m id               = "arn:aws:datasync:eu-west-2:471112983409:location/loc-082aac66132eaba92" -> (known after apply)
      [33m~[0m[0m s3_storage_class = "STANDARD" -> (known after apply)
      [33m~[0m[0m subdirectory     = "/laa-cloudfront-logging-production/" [33m->[0m[0m "/laa-cloudfront-logging-production"
      [31m-[0m[0m tags             = {} [90m-> null[0m[0m
      [33m~[0m[0m tags_all         = {} -> (known after apply)
      [33m~[0m[0m uri              = "s3://mojap-ingestion-production-laa-data-analysis/laa-cloudfront-logging-production/" -> (known after apply)
        [90m# (2 unchanged attributes hidden)[0m[0m

      [33m~[0m[0m s3_config {
          [33m~[0m[0m bucket_access_role_arn = "arn:aws:iam::471112983409:role/datasync-laa-data-analysis" -> (known after apply) [31m# forces replacement[0m[0m
        }
    }

[1m  # aws_datasync_location_s3.laa_bucket_locations["laa-hub-production-appinfrastru-ftpoutboundbucket-xh5oo69o5te6"][0m must be [1m[31mreplaced[0m
[0m[31m-[0m/[32m+[0m[0m resource "aws_datasync_location_s3" "laa_bucket_locations" {
      [31m-[0m[0m agent_arns       = [] [90m-> null[0m[0m
      [33m~[0m[0m arn              = "arn:aws:datasync:eu-west-2:471112983409:location/loc-0ba9de89bc2472398" -> (known after apply)
      [33m~[0m[0m id               = "arn:aws:datasync:eu-west-2:471112983409:location/loc-0ba9de89bc2472398" -> (known after apply)
      [33m~[0m[0m s3_storage_class = "STANDARD" -> (known after apply)
      [33m~[0m[0m subdirectory     = "/laa-hub-production-appinfrastru-ftpoutboundbucket-xh5oo69o5te6/" [33m->[0m[0m "/laa-hub-production-appinfrastru-ftpoutboundbucket-xh5oo69o5te6"
      [31m-[0m[0m tags             = {} [90m-> null[0m[0m
      [33m~[0m[0m tags_all         = {} -> (known after apply)
      [33m~[0m[0m uri              = "s3://mojap-ingestion-production-laa-data-analysis/laa-hub-production-appinfrastru-ftpoutboundbucket-xh5oo69o5te6/" -> (known after apply)
        [90m# (2 unchanged attributes hidden)[0m[0m

      [33m~[0m[0m s3_config {
          [33m~[0m[0m bucket_access_role_arn = "arn:aws:iam::471112983409:role/datasync-laa-data-analysis" -> (known after apply) [31m# forces replacement[0m[0m
        }
    }

[1m  # aws_datasync_location_s3.laa_bucket_locations["laa-hub-production-appinfrastructuretem-ftpbucket-1qbjubqvbs0na"][0m must be [1m[31mreplaced[0m
[0m[31m-[0m/[32m+[0m[0m resource "aws_datasync_location_s3" "laa_bucket_locations" {
      [31m-[0m[0m agent_arns       = [] [90m-> null[0m[0m
      [33m~[0m[0m arn              = "arn:aws:datasync:eu-west-2:471112983409:location/loc-0516fede40bf2467e" -> (known after apply)
      [33m~[0m[0m id               = "arn:aws:datasync:eu-west-2:471112983409:location/loc-0516fede40bf2467e" -> (known after apply)
      [33m~[0m[0m s3_storage_class = "STANDARD" -> (known after apply)
      [33m~[0m[0m subdirectory     = "/laa-hub-production-appinfrastructuretem-ftpbucket-1qbjubqvbs0na/" [33m->[0m[0m "/laa-hub-production-appinfrastructuretem-ftpbucket-1qbjubqvbs0na"
      [31m-[0m[0m tags             = {} [90m-> null[0m[0m
      [33m~[0m[0m tags_all         = {} -> (known after apply)
      [33m~[0m[0m uri              = "s3://mojap-ingestion-production-laa-data-analysis/laa-hub-production-appinfrastructuretem-ftpbucket-1qbjubqvbs0na/" -> (known after apply)
        [90m# (2 unchanged attributes hidden)[0m[0m

      [33m~[0m[0m s3_config {
          [33m~[0m[0m bucket_access_role_arn = "arn:aws:iam::471112983409:role/datasync-laa-data-analysis" -> (known after apply) [31m# forces replacement[0m[0m
        }
    }

[1m  # aws_datasync_location_s3.laa_bucket_locations["laa-lambda-backup-production"][0m must be [1m[31mreplaced[0m
[0m[31m-[0m/[32m+[0m[0m resource "aws_datasync_location_s3" "laa_bucket_locations" {
      [31m-[0m[0m agent_arns       = [] [90m-> null[0m[0m
      [33m~[0m[0m arn              = "arn:aws:datasync:eu-west-2:471112983409:location/loc-0e87c174d7a400620" -> (known after apply)
      [33m~[0m[0m id               = "arn:aws:datasync:eu-west-2:471112983409:location/loc-0e87c174d7a400620" -> (known after apply)
      [33m~[0m[0m s3_storage_class = "STANDARD" -> (known after apply)
      [33m~[0m[0m subdirectory     = "/laa-lambda-backup-production/" [33m->[0m[0m "/laa-lambda-backup-production"
      [31m-[0m[0m tags             = {} [90m-> null[0m[0m
      [33m~[0m[0m tags_all         = {} -> (known after apply)
      [33m~[0m[0m uri              = "s3://mojap-ingestion-production-laa-data-analysis/laa-lambda-backup-production/" -> (known after apply)
        [90m# (2 unchanged attributes hidden)[0m[0m

      [33m~[0m[0m s3_config {
          [33m~[0m[0m bucket_access_role_arn = "arn:aws:iam::471112983409:role/datasync-laa-data-analysis" -> (known after apply) [31m# forces replacement[0m[0m
        }
    }

[1m  # aws_datasync_location_s3.laa_bucket_locations["laa-maatdb-outbound-xerox-test-production"][0m must be [1m[31mreplaced[0m
[0m[31m-[0m/[32m+[0m[0m resource "aws_datasync_location_s3" "laa_bucket_locations" {
      [31m-[0m[0m agent_arns       = [] [90m-> null[0m[0m
      [33m~[0m[0m arn              = "arn:aws:datasync:eu-west-2:471112983409:location/loc-0cf1d39c0611705f0" -> (known after apply)
      [33m~[0m[0m id               = "arn:aws:datasync:eu-west-2:471112983409:location/loc-0cf1d39c0611705f0" -> (known after apply)
      [33m~[0m[0m s3_storage_class = "STANDARD" -> (known after apply)
      [33m~[0m[0m subdirectory     = "/laa-maatdb-outbound-xerox-test-production/" [33m->[0m[0m "/laa-maatdb-outbound-xerox-test-production"
      [31m-[0m[0m tags             = {} [90m-> null[0m[0m
      [33m~[0m[0m tags_all         = {} -> (known after apply)
      [33m~[0m[0m uri              = "s3://mojap-ingestion-production-laa-data-analysis/laa-maatdb-outbound-xerox-test-production/" -> (known after apply)
        [90m# (2 unchanged attributes hidden)[0m[0m

      [33m~[0m[0m s3_config {
          [33m~[0m[0m bucket_access_role_arn = "arn:aws:iam::471112983409:role/datasync-laa-data-analysis" -> (known after apply) [31m# forces replacement[0m[0m
        }
    }

[1m  # aws_datasync_location_s3.laa_bucket_locations["laa-maatdb-production-appinfrastructure-ftpbucket-cc9uzmt9glhs"][0m must be [1m[31mreplaced[0m
[0m[31m-[0m/[32m+[0m[0m resource "aws_datasync_location_s3" "laa_bucket_locations" {
      [31m-[0m[0m agent_arns       = [] [90m-> null[0m[0m
      [33m~[0m[0m arn              = "arn:aws:datasync:eu-west-2:471112983409:location/loc-0d594cf1d6a4d1c54" -> (known after apply)
      [33m~[0m[0m id               = "arn:aws:datasync:eu-west-2:471112983409:location/loc-0d594cf1d6a4d1c54" -> (known after apply)
      [33m~[0m[0m s3_storage_class = "STANDARD" -> (known after apply)
      [33m~[0m[0m subdirectory     = "/laa-maatdb-production-appinfrastructure-ftpbucket-cc9uzmt9glhs/" [33m->[0m[0m "/laa-maatdb-production-appinfrastructure-ftpbucket-cc9uzmt9glhs"
      [31m-[0m[0m tags             = {} [90m-> null[0m[0m
      [33m~[0m[0m tags_all         = {} -> (known after apply)
      [33m~[0m[0m uri              = "s3://mojap-ingestion-production-laa-data-analysis/laa-maatdb-production-appinfrastructure-ftpbucket-cc9uzmt9glhs/" -> (known after apply)
        [90m# (2 unchanged attributes hidden)[0m[0m

      [33m~[0m[0m s3_config {
          [33m~[0m[0m bucket_access_role_arn = "arn:aws:iam::471112983409:role/datasync-laa-data-analysis" -> (known after apply) [31m# forces replacement[0m[0m
        }
    }

[1m  # aws_datasync_location_s3.laa_bucket_locations["laa-nct-inbound-production"][0m must be [1m[31mreplaced[0m
[0m[31m-[0m/[32m+[0m[0m resource "aws_datasync_location_s3" "laa_bucket_locations" {
      [31m-[0m[0m agent_arns       = [] [90m-> null[0m[0m
      [33m~[0m[0m arn              = "arn:aws:datasync:eu-west-2:471112983409:location/loc-0716f1741f3255a33" -> (known after apply)
      [33m~[0m[0m id               = "arn:aws:datasync:eu-west-2:471112983409:location/loc-0716f1741f3255a33" -> (known after apply)
      [33m~[0m[0m s3_storage_class = "STANDARD" -> (known after apply)
      [33m~[0m[0m subdirectory     = "/laa-nct-inbound-production/" [33m->[0m[0m "/laa-nct-inbound-production"
      [31m-[0m[0m tags             = {} [90m-> null[0m[0m
      [33m~[0m[0m tags_all         = {} -> (known after apply)
      [33m~[0m[0m uri              = "s3://mojap-ingestion-production-laa-data-analysis/laa-nct-inbound-production/" -> (known after apply)
        [90m# (2 unchanged attributes hidden)[0m[0m

      [33m~[0m[0m s3_config {
          [33m~[0m[0m bucket_access_role_arn = "arn:aws:iam::471112983409:role/datasync-laa-data-analysis" -> (known after apply) [31m# forces replacement[0m[0m
        }
    }

[1m  # aws_datasync_location_s3.laa_bucket_locations["laa-portal-production-archive"][0m must be [1m[31mreplaced[0m
[0m[31m-[0m/[32m+[0m[0m resource "aws_datasync_location_s3" "laa_bucket_locations" {
      [31m-[0m[0m agent_arns       = [] [90m-> null[0m[0m
      [33m~[0m[0m arn              = "arn:aws:datasync:eu-west-2:471112983409:location/loc-0614f7900d30f1980" -> (known after apply)
      [33m~[0m[0m id               = "arn:aws:datasync:eu-west-2:471112983409:location/loc-0614f7900d30f1980" -> (known after apply)
      [33m~[0m[0m s3_storage_class = "STANDARD" -> (known after apply)
      [33m~[0m[0m subdirectory     = "/laa-portal-production-archive/" [33m->[0m[0m "/laa-portal-production-archive"
      [31m-[0m[0m tags             = {} [90m-> null[0m[0m
      [33m~[0m[0m tags_all         = {} -> (known after apply)
      [33m~[0m[0m uri              = "s3://mojap-ingestion-production-laa-data-analysis/laa-portal-production-archive/" -> (known after apply)
        [90m# (2 unchanged attributes hidden)[0m[0m

      [33m~[0m[0m s3_config {
          [33m~[0m[0m bucket_access_role_arn = "arn:aws:iam::471112983409:role/datasync-laa-data-analysis" -> (known after apply) [31m# forces replacement[0m[0m
        }
    }

[1m  # aws_datasync_location_s3.laa_bucket_locations["laa-s3-inventory-scan"][0m must be [1m[31mreplaced[0m
[0m[31m-[0m/[32m+[0m[0m resource "aws_datasync_location_s3" "laa_bucket_locations" {
      [31m-[0m[0m agent_arns       = [] [90m-> null[0m[0m
      [33m~[0m[0m arn              = "arn:aws:datasync:eu-west-2:471112983409:location/loc-094731fe708e3a063" -> (known after apply)
      [33m~[0m[0m id               = "arn:aws:datasync:eu-west-2:471112983409:location/loc-094731fe708e3a063" -> (known after apply)
      [33m~[0m[0m s3_storage_class = "STANDARD" -> (known after apply)
      [33m~[0m[0m subdirectory     = "/laa-s3-inventory-scan/" [33m->[0m[0m "/laa-s3-inventory-scan"
      [31m-[0m[0m tags             = {} [90m-> null[0m[0m
      [33m~[0m[0m tags_all         = {} -> (known after apply)
      [33m~[0m[0m uri              = "s3://mojap-ingestion-production-laa-data-analysis/laa-s3-inventory-scan/" -> (known after apply)
        [90m# (2 unchanged attributes hidden)[0m[0m

      [33m~[0m[0m s3_config {
          [33m~[0m[0m bucket_access_role_arn = "arn:aws:iam::471112983409:role/datasync-laa-data-analysis" -> (known after apply) [31m# forces replacement[0m[0m
        }
    }

[1m  # aws_datasync_location_s3.laa_bucket_locations["laa-s3-inventory-scan-eu-west-2"][0m must be [1m[31mreplaced[0m
[0m[31m-[0m/[32m+[0m[0m resource "aws_datasync_location_s3" "laa_bucket_locations" {
      [31m-[0m[0m agent_arns       = [] [90m-> null[0m[0m
      [33m~[0m[0m arn              = "arn:aws:datasync:eu-west-2:471112983409:location/loc-029560b1a4beb42a7" -> (known after apply)
      [33m~[0m[0m id               = "arn:aws:datasync:eu-west-2:471112983409:location/loc-029560b1a4beb42a7" -> (known after apply)
      [33m~[0m[0m s3_storage_class = "STANDARD" -> (known after apply)
      [33m~[0m[0m subdirectory     = "/laa-s3-inventory-scan-eu-west-2/" [33m->[0m[0m "/laa-s3-inventory-scan-eu-west-2"
      [31m-[0m[0m tags             = {} [90m-> null[0m[0m
      [33m~[0m[0m tags_all         = {} -> (known after apply)
      [33m~[0m[0m uri              = "s3://mojap-ingestion-production-laa-data-analysis/laa-s3-inventory-scan-eu-west-2/" -> (known after apply)
        [90m# (2 unchanged attributes hidden)[0m[0m

      [33m~[0m[0m s3_config {
          [33m~[0m[0m bucket_access_role_arn = "arn:aws:iam::471112983409:role/datasync-laa-data-analysis" -> (known after apply) [31m# forces replacement[0m[0m
        }
    }

[1m  # aws_datasync_location_s3.laa_bucket_locations["laa-ses-reputation-events"][0m must be [1m[31mreplaced[0m
[0m[31m-[0m/[32m+[0m[0m resource "aws_datasync_location_s3" "laa_bucket_locations" {
      [31m-[0m[0m agent_arns       = [] [90m-> null[0m[0m
      [33m~[0m[0m arn              = "arn:aws:datasync:eu-west-2:471112983409:location/loc-0699b451434e4b58e" -> (known after apply)
      [33m~[0m[0m id               = "arn:aws:datasync:eu-west-2:471112983409:location/loc-0699b451434e4b58e" -> (known after apply)
      [33m~[0m[0m s3_storage_class = "STANDARD" -> (known after apply)
      [33m~[0m[0m subdirectory     = "/laa-ses-reputation-events/" [33m->[0m[0m "/laa-ses-reputation-events"
      [31m-[0m[0m tags             = {} [90m-> null[0m[0m
      [33m~[0m[0m tags_all         = {} -> (known after apply)
      [33m~[0m[0m uri              = "s3://mojap-ingestion-production-laa-data-analysis/laa-ses-reputation-events/" -> (known after apply)
        [90m# (2 unchanged attributes hidden)[0m[0m

      [33m~[0m[0m s3_config {
          [33m~[0m[0m bucket_access_role_arn = "arn:aws:iam::471112983409:role/datasync-laa-data-analysis" -> (known after apply) [31m# forces replacement[0m[0m
        }
    }

[1m  # aws_datasync_location_s3.opg[0m must be [1m[31mreplaced[0m
[0m[31m-[0m/[32m+[0m[0m resource "aws_datasync_location_s3" "opg" {
      [31m-[0m[0m agent_arns       = [] [90m-> null[0m[0m
      [33m~[0m[0m arn              = "arn:aws:datasync:eu-west-2:471112983409:location/loc-0fe2c71caa69d8dfe" -> (known after apply)
      [33m~[0m[0m id               = "arn:aws:datasync:eu-west-2:471112983409:location/loc-0fe2c71caa69d8dfe" -> (known after apply)
      [33m~[0m[0m s3_storage_class = "STANDARD" -> (known after apply)
        tags             = {
            "application"            = "analytical-platform-ingestion"
            "business-unit"          = "Platforms"
            "environment-name"       = "analytical-platform-ingestion-production"
            "infrastructure-support" = "analytical-platform@digital.justice.gov.uk"
            "is-production"          = "true"
            "owner"                  = "Analytical Platform"
            "source-code"            = "https://github.com/ministryofjustice/modernisation-platform-environments"
        }
      [33m~[0m[0m uri              = "s3://mojap-ingestion-production-datasync-opg/" -> (known after apply)
        [90m# (4 unchanged attributes hidden)[0m[0m

      [33m~[0m[0m s3_config {
          [33m~[0m[0m bucket_access_role_arn = "arn:aws:iam::471112983409:role/datasync20241113150028145000000001" -> (known after apply) [31m# forces replacement[0m[0m
        }
    }

[1m  # aws_datasync_location_s3.source_bucket_locations["aws-athena-query-results-842522700642-eu-west-2"][0m must be [1m[31mreplaced[0m
[0m[31m-[0m/[32m+[0m[0m resource "aws_datasync_location_s3" "source_bucket_locations" {
      [31m-[0m[0m agent_arns       = [] [90m-> null[0m[0m
      [33m~[0m[0m arn              = "arn:aws:datasync:eu-west-2:471112983409:location/loc-0935681310a0f8087" -> (known after apply)
      [33m~[0m[0m id               = "arn:aws:datasync:eu-west-2:471112983409:location/loc-0935681310a0f8087" -> (known after apply)
      [33m~[0m[0m s3_storage_class = "STANDARD" -> (known after apply)
      [31m-[0m[0m tags             = {} [90m-> null[0m[0m
      [33m~[0m[0m tags_all         = {} -> (known after apply)
      [33m~[0m[0m uri              = "s3://aws-athena-query-results-842522700642-eu-west-2/" -> (known after apply)
        [90m# (3 unchanged attributes hidden)[0m[0m

      [33m~[0m[0m s3_config {
          [33m~[0m[0m bucket_access_role_arn = "arn:aws:iam::471112983409:role/datasync-laa-data-analysis" -> (known after apply) [31m# forces replacement[0m[0m
        }
    }

[1m  # aws_datasync_location_s3.source_bucket_locations["aws-waf-logs-cwa"][0m must be [1m[31mreplaced[0m
[0m[31m-[0m/[32m+[0m[0m resource "aws_datasync_location_s3" "source_bucket_locations" {
      [31m-[0m[0m agent_arns       = [] [90m-> null[0m[0m
      [33m~[0m[0m arn              = "arn:aws:datasync:eu-west-2:471112983409:location/loc-0b9798f648b4cb46f" -> (known after apply)
      [33m~[0m[0m id               = "arn:aws:datasync:eu-west-2:471112983409:location/loc-0b9798f648b4cb46f" -> (known after apply)
      [33m~[0m[0m s3_storage_class = "STANDARD" -> (known after apply)
      [31m-[0m[0m tags             = {} [90m-> null[0m[0m
      [33m~[0m[0m tags_all         = {} -> (known after apply)
      [33m~[0m[0m uri              = "s3://aws-waf-logs-cwa/" -> (known after apply)
        [90m# (3 unchanged attributes hidden)[0m[0m

      [33m~[0m[0m s3_config {
          [33m~[0m[0m bucket_access_role_arn = "arn:aws:iam::471112983409:role/datasync-laa-data-analysis" -> (known after apply) [31m# forces replacement[0m[0m
        }
    }

[1m  # aws_datasync_location_s3.source_bucket_locations["aws-waf-logs-portal-production"][0m must be [1m[31mreplaced[0m
[0m[31m-[0m/[32m+[0m[0m resource "aws_datasync_location_s3" "source_bucket_locations" {
      [31m-[0m[0m agent_arns       = [] [90m-> null[0m[0m
      [33m~[0m[0m arn              = "arn:aws:datasync:eu-west-2:471112983409:location/loc-0de5a2b653cde0a40" -> (known after apply)
      [33m~[0m[0m id               = "arn:aws:datasync:eu-west-2:471112983409:location/loc-0de5a2b653cde0a40" -> (known after apply)
      [33m~[0m[0m s3_storage_class = "STANDARD" -> (known after apply)
      [31m-[0m[0m tags             = {} [90m-> null[0m[0m
      [33m~[0m[0m tags_all         = {} -> (known after apply)
      [33m~[0m[0m uri              = "s3://aws-waf-logs-portal-production/" -> (known after apply)
        [90m# (3 unchanged attributes hidden)[0m[0m

      [33m~[0m[0m s3_config {
          [33m~[0m[0m bucket_access_role_arn = "arn:aws:iam::471112983409:role/datasync-laa-data-analysis" -> (known after apply) [31m# forces replacement[0m[0m
        }
    }

[1m  # aws_datasync_location_s3.source_bucket_locations["bacway-dbrestore-production-eu-west-2-842522700642"][0m must be [1m[31mreplaced[0m
[0m[31m-[0m/[32m+[0m[0m resource "aws_datasync_location_s3" "source_bucket_locations" {
      [31m-[0m[0m agent_arns       = [] [90m-> null[0m[0m
      [33m~[0m[0m arn              = "arn:aws:datasync:eu-west-2:471112983409:location/loc-0270c79017f6db372" -> (known after apply)
      [33m~[0m[0m id               = "arn:aws:datasync:eu-west-2:471112983409:location/loc-0270c79017f6db372" -> (known after apply)
      [33m~[0m[0m s3_storage_class = "STANDARD" -> (known after apply)
      [31m-[0m[0m tags             = {} [90m-> null[0m[0m
      [33m~[0m[0m tags_all         = {} -> (known after apply)
      [33m~[0m[0m uri              = "s3://bacway-dbrestore-production-eu-west-2-842522700642/" -> (known after apply)
        [90m# (3 unchanged attributes hidden)[0m[0m

      [33m~[0m[0m s3_config {
          [33m~[0m[0m bucket_access_role_arn = "arn:aws:iam::471112983409:role/datasync-laa-data-analysis" -> (known after apply) [31m# forces replacement[0m[0m
        }
    }

[1m  # aws_datasync_location_s3.source_bucket_locations["bacway-production-eu-west-2-842522700642"][0m must be [1m[31mreplaced[0m
[0m[31m-[0m/[32m+[0m[0m resource "aws_datasync_location_s3" "source_bucket_locations" {
      [31m-[0m[0m agent_arns       = [] [90m-> null[0m[0m
      [33m~[0m[0m arn              = "arn:aws:datasync:eu-west-2:471112983409:location/loc-0ed8ebad0147ae950" -> (known after apply)
      [33m~[0m[0m id               = "arn:aws:datasync:eu-west-2:471112983409:location/loc-0ed8ebad0147ae950" -> (known after apply)
      [33m~[0m[0m s3_storage_class = "STANDARD" -> (known after apply)
      [31m-[0m[0m tags             = {} [90m-> null[0m[0m
      [33m~[0m[0m tags_all         = {} -> (known after apply)
      [33m~[0m[0m uri              = "s3://bacway-production-eu-west-2-842522700642/" -> (known after apply)
        [90m# (3 unchanged attributes hidden)[0m[0m

      [33m~[0m[0m s3_config {
          [33m~[0m[0m bucket_access_role_arn = "arn:aws:iam::471112983409:role/datasync-laa-data-analysis" -> (known after apply) [31m# forces replacement[0m[0m
        }
    }

[1m  # aws_datasync_location_s3.source_bucket_locations["ccms-pui-production"][0m must be [1m[31mreplaced[0m
[0m[31m-[0m/[32m+[0m[0m resource "aws_datasync_location_s3" "source_bucket_locations" {
      [31m-[0m[0m agent_arns       = [] [90m-> null[0m[0m
      [33m~[0m[0m arn              = "arn:aws:datasync:eu-west-2:471112983409:location/loc-0f923641c7c41e71c" -> (known after apply)
      [33m~[0m[0m id               = "arn:aws:datasync:eu-west-2:471112983409:location/loc-0f923641c7c41e71c" -> (known after apply)
      [33m~[0m[0m s3_storage_class = "STANDARD" -> (known after apply)
      [31m-[0m[0m tags             = {} [90m-> null[0m[0m
      [33m~[0m[0m tags_all         = {} -> (known after apply)
      [33m~[0m[0m uri              = "s3://ccms-pui-production/" -> (known after apply)
        [90m# (3 unchanged attributes hidden)[0m[0m

      [33m~[0m[0m s3_config {
          [33m~[0m[0m bucket_access_role_arn = "arn:aws:iam::471112983409:role/datasync-laa-data-analysis" -> (known after apply) [31m# forces replacement[0m[0m
        }
    }

[1m  # aws_datasync_location_s3.source_bucket_locations["cf-templates-o0533spdqnul-eu-west-2"][0m must be [1m[31mreplaced[0m
[0m[31m-[0m/[32m+[0m[0m resource "aws_datasync_location_s3" "source_bucket_locations" {
      [31m-[0m[0m agent_arns       = [] [90m-> null[0m[0m
      [33m~[0m[0m arn              = "arn:aws:datasync:eu-west-2:471112983409:location/loc-0269f8628812b6ba2" -> (known after apply)
      [33m~[0m[0m id               = "arn:aws:datasync:eu-west-2:471112983409:location/loc-0269f8628812b6ba2" -> (known after apply)
      [33m~[0m[0m s3_storage_class = "STANDARD" -> (known after apply)
      [31m-[0m[0m tags             = {} [90m-> null[0m[0m
      [33m~[0m[0m tags_all         = {} -> (known after apply)
      [33m~[0m[0m uri              = "s3://cf-templates-o0533spdqnul-eu-west-2/" -> (known after apply)
        [90m# (3 unchanged attributes hidden)[0m[0m

      [33m~[0m[0m s3_config {
          [33m~[0m[0m bucket_access_role_arn = "arn:aws:iam::471112983409:role/datasync-laa-data-analysis" -> (known after apply) [31m# forces replacement[0m[0m
        }
    }

[1m  # aws_datasync_location_s3.source_bucket_locations["forms-connector-lb-logs-poc"][0m must be [1m[31mreplaced[0m
[0m[31m-[0m/[32m+[0m[0m resource "aws_datasync_location_s3" "source_bucket_locations" {
      [31m-[0m[0m agent_arns       = [] [90m-> null[0m[0m
      [33m~[0m[0m arn              = "arn:aws:datasync:eu-west-2:471112983409:location/loc-03b65d87f89b1a15d" -> (known after apply)
      [33m~[0m[0m id               = "arn:aws:datasync:eu-west-2:471112983409:location/loc-03b65d87f89b1a15d" -> (known after apply)
      [33m~[0m[0m s3_storage_class = "STANDARD" -> (known after apply)
      [31m-[0m[0m tags             = {} [90m-> null[0m[0m
      [33m~[0m[0m tags_all         = {} -> (known after apply)
      [33m~[0m[0m uri              = "s3://forms-connector-lb-logs-poc/" -> (known after apply)
        [90m# (3 unchanged attributes hidden)[0m[0m

      [33m~[0m[0m s3_config {
          [33m~[0m[0m bucket_access_role_arn = "arn:aws:iam::471112983409:role/datasync-laa-data-analysis" -> (known after apply) [31m# forces replacement[0m[0m
        }
    }

[1m  # aws_datasync_location_s3.source_bucket_locations["karol-test-lambda"][0m must be [1m[31mreplaced[0m
[0m[31m-[0m/[32m+[0m[0m resource "aws_datasync_location_s3" "source_bucket_locations" {
      [31m-[0m[0m agent_arns       = [] [90m-> null[0m[0m
      [33m~[0m[0m arn              = "arn:aws:datasync:eu-west-2:471112983409:location/loc-07f568b29b21ddcda" -> (known after apply)
      [33m~[0m[0m id               = "arn:aws:datasync:eu-west-2:471112983409:location/loc-07f568b29b21ddcda" -> (known after apply)
      [33m~[0m[0m s3_storage_class = "STANDARD" -> (known after apply)
      [31m-[0m[0m tags             = {} [90m-> null[0m[0m
      [33m~[0m[0m tags_all         = {} -> (known after apply)
      [33m~[0m[0m uri              = "s3://karol-test-lambda/" -> (known after apply)
        [90m# (3 unchanged attributes hidden)[0m[0m

      [33m~[0m[0m s3_config {
          [33m~[0m[0m bucket_access_role_arn = "arn:aws:iam::471112983409:role/datasync-laa-data-analysis" -> (known after apply) [31m# forces replacement[0m[0m
        }
    }

[1m  # aws_datasync_location_s3.source_bucket_locations["laa-ccms-inbound-production"][0m must be [1m[31mreplaced[0m
[0m[31m-[0m/[32m+[0m[0m resource "aws_datasync_location_s3" "source_bucket_locations" {
      [31m-[0m[0m agent_arns       = [] [90m-> null[0m[0m
      [33m~[0m[0m arn              = "arn:aws:datasync:eu-west-2:471112983409:location/loc-0585f41de1832d4b5" -> (known after apply)
      [33m~[0m[0m id               = "arn:aws:datasync:eu-west-2:471112983409:location/loc-0585f41de1832d4b5" -> (known after apply)
      [33m~[0m[0m s3_storage_class = "STANDARD" -> (known after apply)
      [31m-[0m[0m tags             = {} [90m-> null[0m[0m
      [33m~[0m[0m tags_all         = {} -> (known after apply)
      [33m~[0m[0m uri              = "s3://laa-ccms-inbound-production/" -> (known after apply)
        [90m# (3 unchanged attributes hidden)[0m[0m

      [33m~[0m[0m s3_config {
          [33m~[0m[0m bucket_access_role_arn = "arn:aws:iam::471112983409:role/datasync-laa-data-analysis" -> (known after apply) [31m# forces replacement[0m[0m
        }
    }

[1m  # aws_datasync_location_s3.source_bucket_locations["laa-ccms-outbound-production"][0m must be [1m[31mreplaced[0m
[0m[31m-[0m/[32m+[0m[0m resource "aws_datasync_location_s3" "source_bucket_locations" {
      [31m-[0m[0m agent_arns       = [] [90m-> null[0m[0m
      [33m~[0m[0m arn              = "arn:aws:datasync:eu-west-2:471112983409:location/loc-0132d1fbfeb03472a" -> (known after apply)
      [33m~[0m[0m id               = "arn:aws:datasync:eu-west-2:471112983409:location/loc-0132d1fbfeb03472a" -> (known after apply)
      [33m~[0m[0m s3_storage_class = "STANDARD" -> (known after apply)
      [31m-[0m[0m tags             = {} [90m-> null[0m[0m
      [33m~[0m[0m tags_all         = {} -> (known after apply)
      [33m~[0m[0m uri              = "s3://laa-ccms-outbound-production/" -> (known after apply)
        [90m# (3 unchanged attributes hidden)[0m[0m

      [33m~[0m[0m s3_config {
          [33m~[0m[0m bucket_access_role_arn = "arn:aws:iam::471112983409:role/datasync-laa-data-analysis" -> (known after apply) [31m# forces replacement[0m[0m
        }
    }

[1m  # aws_datasync_location_s3.source_bucket_locations["laa-ccms-outbound-xerox-test-production"][0m must be [1m[31mreplaced[0m
[0m[31m-[0m/[32m+[0m[0m resource "aws_datasync_location_s3" "source_bucket_locations" {
      [31m-[0m[0m agent_arns       = [] [90m-> null[0m[0m
      [33m~[0m[0m arn              = "arn:aws:datasync:eu-west-2:471112983409:location/loc-00c87dfacc32885f2" -> (known after apply)
      [33m~[0m[0m id               = "arn:aws:datasync:eu-west-2:471112983409:location/loc-00c87dfacc32885f2" -> (known after apply)
      [33m~[0m[0m s3_storage_class = "STANDARD" -> (known after apply)
      [31m-[0m[0m tags             = {} [90m-> null[0m[0m
      [33m~[0m[0m tags_all         = {} -> (known after apply)
      [33m~[0m[0m uri              = "s3://laa-ccms-outbound-xerox-test-production/" -> (known after apply)
        [90m# (3 unchanged attributes hidden)[0m[0m

      [33m~[0m[0m s3_config {
          [33m~[0m[0m bucket_access_role_arn = "arn:aws:iam::471112983409:role/datasync-laa-data-analysis" -> (known after apply) [31m# forces replacement[0m[0m
        }
    }

[1m  # aws_datasync_location_s3.source_bucket_locations["laa-cloudfront-logging-production"][0m must be [1m[31mreplaced[0m
[0m[31m-[0m/[32m+[0m[0m resource "aws_datasync_location_s3" "source_bucket_locations" {
      [31m-[0m[0m agent_arns       = [] [90m-> null[0m[0m
      [33m~[0m[0m arn              = "arn:aws:datasync:eu-west-2:471112983409:location/loc-0aa221f6aa70bb0f4" -> (known after apply)
      [33m~[0m[0m id               = "arn:aws:datasync:eu-west-2:471112983409:location/loc-0aa221f6aa70bb0f4" -> (known after apply)
      [33m~[0m[0m s3_storage_class = "STANDARD" -> (known after apply)
      [31m-[0m[0m tags             = {} [90m-> null[0m[0m
      [33m~[0m[0m tags_all         = {} -> (known after apply)
      [33m~[0m[0m uri              = "s3://laa-cloudfront-logging-production/" -> (known after apply)
        [90m# (3 unchanged attributes hidden)[0m[0m

      [33m~[0m[0m s3_config {
          [33m~[0m[0m bucket_access_role_arn = "arn:aws:iam::471112983409:role/datasync-laa-data-analysis" -> (known after apply) [31m# forces replacement[0m[0m
        }
    }

[1m  # aws_datasync_location_s3.source_bucket_locations["laa-hub-production-appinfrastru-ftpoutboundbucket-xh5oo69o5te6"][0m must be [1m[31mreplaced[0m
[0m[31m-[0m/[32m+[0m[0m resource "aws_datasync_location_s3" "source_bucket_locations" {
      [31m-[0m[0m agent_arns       = [] [90m-> null[0m[0m
      [33m~[0m[0m arn              = "arn:aws:datasync:eu-west-2:471112983409:location/loc-0276c3ae0b42a339f" -> (known after apply)
      [33m~[0m[0m id               = "arn:aws:datasync:eu-west-2:471112983409:location/loc-0276c3ae0b42a339f" -> (known after apply)
      [33m~[0m[0m s3_storage_class = "STANDARD" -> (known after apply)
      [31m-[0m[0m tags             = {} [90m-> null[0m[0m
      [33m~[0m[0m tags_all         = {} -> (known after apply)
      [33m~[0m[0m uri              = "s3://laa-hub-production-appinfrastru-ftpoutboundbucket-xh5oo69o5te6/" -> (known after apply)
        [90m# (3 unchanged attributes hidden)[0m[0m

      [33m~[0m[0m s3_config {
          [33m~[0m[0m bucket_access_role_arn = "arn:aws:iam::471112983409:role/datasync-laa-data-analysis" -> (known after apply) [31m# forces replacement[0m[0m
        }
    }

[1m  # aws_datasync_location_s3.source_bucket_locations["laa-hub-production-appinfrastructuretem-ftpbucket-1qbjubqvbs0na"][0m must be [1m[31mreplaced[0m
[0m[31m-[0m/[32m+[0m[0m resource "aws_datasync_location_s3" "source_bucket_locations" {
      [31m-[0m[0m agent_arns       = [] [90m-> null[0m[0m
      [33m~[0m[0m arn              = "arn:aws:datasync:eu-west-2:471112983409:location/loc-06585bd5634c0b47f" -> (known after apply)
      [33m~[0m[0m id               = "arn:aws:datasync:eu-west-2:471112983409:location/loc-06585bd5634c0b47f" -> (known after apply)
      [33m~[0m[0m s3_storage_class = "STANDARD" -> (known after apply)
      [31m-[0m[0m tags             = {} [90m-> null[0m[0m
      [33m~[0m[0m tags_all         = {} -> (known after apply)
      [33m~[0m[0m uri              = "s3://laa-hub-production-appinfrastructuretem-ftpbucket-1qbjubqvbs0na/" -> (known after apply)
        [90m# (3 unchanged attributes hidden)[0m[0m

      [33m~[0m[0m s3_config {
          [33m~[0m[0m bucket_access_role_arn = "arn:aws:iam::471112983409:role/datasync-laa-data-analysis" -> (known after apply) [31m# forces replacement[0m[0m
        }
    }

[1m  # aws_datasync_location_s3.source_bucket_locations["laa-lambda-backup-production"][0m must be [1m[31mreplaced[0m
[0m[31m-[0m/[32m+[0m[0m resource "aws_datasync_location_s3" "source_bucket_locations" {
      [31m-[0m[0m agent_arns       = [] [90m-> null[0m[0m
      [33m~[0m[0m arn              = "arn:aws:datasync:eu-west-2:471112983409:location/loc-07e129b3a547a77e6" -> (known after apply)
      [33m~[0m[0m id               = "arn:aws:datasync:eu-west-2:471112983409:location/loc-07e129b3a547a77e6" -> (known after apply)
      [33m~[0m[0m s3_storage_class = "STANDARD" -> (known after apply)
      [31m-[0m[0m tags             = {} [90m-> null[0m[0m
      [33m~[0m[0m tags_all         = {} -> (known after apply)
      [33m~[0m[0m uri              = "s3://laa-lambda-backup-production/" -> (known after apply)
        [90m# (3 unchanged attributes hidden)[0m[0m

      [33m~[0m[0m s3_config {
          [33m~[0m[0m bucket_access_role_arn = "arn:aws:iam::471112983409:role/datasync-laa-data-analysis" -> (known after apply) [31m# forces replacement[0m[0m
        }
    }

[1m  # aws_datasync_location_s3.source_bucket_locations["laa-maatdb-outbound-xerox-test-production"][0m must be [1m[31mreplaced[0m
[0m[31m-[0m/[32m+[0m[0m resource "aws_datasync_location_s3" "source_bucket_locations" {
      [31m-[0m[0m agent_arns       = [] [90m-> null[0m[0m
      [33m~[0m[0m arn              = "arn:aws:datasync:eu-west-2:471112983409:location/loc-006b66144865e49e9" -> (known after apply)
      [33m~[0m[0m id               = "arn:aws:datasync:eu-west-2:471112983409:location/loc-006b66144865e49e9" -> (known after apply)
      [33m~[0m[0m s3_storage_class = "STANDARD" -> (known after apply)
      [31m-[0m[0m tags             = {} [90m-> null[0m[0m
      [33m~[0m[0m tags_all         = {} -> (known after apply)
      [33m~[0m[0m uri              = "s3://laa-maatdb-outbound-xerox-test-production/" -> (known after apply)
        [90m# (3 unchanged attributes hidden)[0m[0m

      [33m~[0m[0m s3_config {
          [33m~[0m[0m bucket_access_role_arn = "arn:aws:iam::471112983409:role/datasync-laa-data-analysis" -> (known after apply) [31m# forces replacement[0m[0m
        }
    }

[1m  # aws_datasync_location_s3.source_bucket_locations["laa-maatdb-production-appinfrastructure-ftpbucket-cc9uzmt9glhs"][0m must be [1m[31mreplaced[0m
[0m[31m-[0m/[32m+[0m[0m resource "aws_datasync_location_s3" "source_bucket_locations" {
      [31m-[0m[0m agent_arns       = [] [90m-> null[0m[0m
      [33m~[0m[0m arn              = "arn:aws:datasync:eu-west-2:471112983409:location/loc-0a843bc1a68f6b9d4" -> (known after apply)
      [33m~[0m[0m id               = "arn:aws:datasync:eu-west-2:471112983409:location/loc-0a843bc1a68f6b9d4" -> (known after apply)
      [33m~[0m[0m s3_storage_class = "STANDARD" -> (known after apply)
      [31m-[0m[0m tags             = {} [90m-> null[0m[0m
      [33m~[0m[0m tags_all         = {} -> (known after apply)
      [33m~[0m[0m uri              = "s3://laa-maatdb-production-appinfrastructure-ftpbucket-cc9uzmt9glhs/" -> (known after apply)
        [90m# (3 unchanged attributes hidden)[0m[0m

      [33m~[0m[0m s3_config {
          [33m~[0m[0m bucket_access_role_arn = "arn:aws:iam::471112983409:role/datasync-laa-data-analysis" -> (known after apply) [31m# forces replacement[0m[0m
        }
    }

[1m  # aws_datasync_location_s3.source_bucket_locations["laa-nct-inbound-production"][0m must be [1m[31mreplaced[0m
[0m[31m-[0m/[32m+[0m[0m resource "aws_datasync_location_s3" "source_bucket_locations" {
      [31m-[0m[0m agent_arns       = [] [90m-> null[0m[0m
      [33m~[0m[0m arn              = "arn:aws:datasync:eu-west-2:471112983409:location/loc-00b5b253b58d00382" -> (known after apply)
      [33m~[0m[0m id               = "arn:aws:datasync:eu-west-2:471112983409:location/loc-00b5b253b58d00382" -> (known after apply)
      [33m~[0m[0m s3_storage_class = "STANDARD" -> (known after apply)
      [31m-[0m[0m tags             = {} [90m-> null[0m[0m
      [33m~[0m[0m tags_all         = {} -> (known after apply)
      [33m~[0m[0m uri              = "s3://laa-nct-inbound-production/" -> (known after apply)
        [90m# (3 unchanged attributes hidden)[0m[0m

      [33m~[0m[0m s3_config {
          [33m~[0m[0m bucket_access_role_arn = "arn:aws:iam::471112983409:role/datasync-laa-data-analysis" -> (known after apply) [31m# forces replacement[0m[0m
        }
    }

[1m  # aws_datasync_location_s3.source_bucket_locations["laa-portal-production-archive"][0m must be [1m[31mreplaced[0m
[0m[31m-[0m/[32m+[0m[0m resource "aws_datasync_location_s3" "source_bucket_locations" {
      [31m-[0m[0m agent_arns       = [] [90m-> null[0m[0m
      [33m~[0m[0m arn              = "arn:aws:datasync:eu-west-2:471112983409:location/loc-0e9018b8e4bf262c9" -> (known after apply)
      [33m~[0m[0m id               = "arn:aws:datasync:eu-west-2:471112983409:location/loc-0e9018b8e4bf262c9" -> (known after apply)
      [33m~[0m[0m s3_storage_class = "STANDARD" -> (known after apply)
      [31m-[0m[0m tags             = {} [90m-> null[0m[0m
      [33m~[0m[0m tags_all         = {} -> (known after apply)
      [33m~[0m[0m uri              = "s3://laa-portal-production-archive/" -> (known after apply)
        [90m# (3 unchanged attributes hidden)[0m[0m

      [33m~[0m[0m s3_config {
          [33m~[0m[0m bucket_access_role_arn = "arn:aws:iam::471112983409:role/datasync-laa-data-analysis" -> (known after apply) [31m# forces replacement[0m[0m
        }
    }

[1m  # aws_datasync_location_s3.source_bucket_locations["laa-s3-inventory-scan-eu-west-2"][0m must be [1m[31mreplaced[0m
[0m[31m-[0m/[32m+[0m[0m resource "aws_datasync_location_s3" "source_bucket_locations" {
      [31m-[0m[0m agent_arns       = [] [90m-> null[0m[0m
      [33m~[0m[0m arn              = "arn:aws:datasync:eu-west-2:471112983409:location/loc-05123c2b63ce97fac" -> (known after apply)
      [33m~[0m[0m id               = "arn:aws:datasync:eu-west-2:471112983409:location/loc-05123c2b63ce97fac" -> (known after apply)
      [33m~[0m[0m s3_storage_class = "STANDARD" -> (known after apply)
      [31m-[0m[0m tags             = {} [90m-> null[0m[0m
      [33m~[0m[0m tags_all         = {} -> (known after apply)
      [33m~[0m[0m uri              = "s3://laa-s3-inventory-scan-eu-west-2/" -> (known after apply)
        [90m# (3 unchanged attributes hidden)[0m[0m

      [33m~[0m[0m s3_config {
          [33m~[0m[0m bucket_access_role_arn = "arn:aws:iam::471112983409:role/datasync-laa-data-analysis" -> (known after apply) [31m# forces replacement[0m[0m
        }
    }

[1m  # aws_datasync_location_s3.source_bucket_locations_eu_west_1["cf-templates-o0533spdqnul-eu-west-1"][0m must be [1m[31mreplaced[0m
[0m[31m-[0m/[32m+[0m[0m resource "aws_datasync_location_s3" "source_bucket_locations_eu_west_1" {
      [31m-[0m[0m agent_arns       = [] [90m-> null[0m[0m
      [33m~[0m[0m arn              = "arn:aws:datasync:eu-west-1:471112983409:location/loc-019b0db356b3e8838" -> (known after apply)
      [33m~[0m[0m id               = "arn:aws:datasync:eu-west-1:471112983409:location/loc-019b0db356b3e8838" -> (known after apply)
      [33m~[0m[0m s3_storage_class = "STANDARD" -> (known after apply)
      [31m-[0m[0m tags             = {} [90m-> null[0m[0m
      [33m~[0m[0m tags_all         = {} -> (known after apply)
      [33m~[0m[0m uri              = "s3://cf-templates-o0533spdqnul-eu-west-1/" -> (known after apply)
        [90m# (3 unchanged attributes hidden)[0m[0m

      [33m~[0m[0m s3_config {
          [33m~[0m[0m bucket_access_role_arn = "arn:aws:iam::471112983409:role/datasync-laa-data-analysis" -> (known after apply) [31m# forces replacement[0m[0m
        }
    }

[1m  # aws_datasync_location_s3.source_bucket_locations_eu_west_1["laa-s3-inventory-scan"][0m must be [1m[31mreplaced[0m
[0m[31m-[0m/[32m+[0m[0m resource "aws_datasync_location_s3" "source_bucket_locations_eu_west_1" {
      [31m-[0m[0m agent_arns       = [] [90m-> null[0m[0m
      [33m~[0m[0m arn              = "arn:aws:datasync:eu-west-1:471112983409:location/loc-004ad7cc2b5d4b120" -> (known after apply)
      [33m~[0m[0m id               = "arn:aws:datasync:eu-west-1:471112983409:location/loc-004ad7cc2b5d4b120" -> (known after apply)
      [33m~[0m[0m s3_storage_class = "STANDARD" -> (known after apply)
      [31m-[0m[0m tags             = {} [90m-> null[0m[0m
      [33m~[0m[0m tags_all         = {} -> (known after apply)
      [33m~[0m[0m uri              = "s3://laa-s3-inventory-scan/" -> (known after apply)
        [90m# (3 unchanged attributes hidden)[0m[0m

      [33m~[0m[0m s3_config {
          [33m~[0m[0m bucket_access_role_arn = "arn:aws:iam::471112983409:role/datasync-laa-data-analysis" -> (known after apply) [31m# forces replacement[0m[0m
        }
    }

[1m  # aws_datasync_location_s3.source_bucket_locations_eu_west_1["laa-ses-reputation-events"][0m must be [1m[31mreplaced[0m
[0m[31m-[0m/[32m+[0m[0m resource "aws_datasync_location_s3" "source_bucket_locations_eu_west_1" {
      [31m-[0m[0m agent_arns       = [] [90m-> null[0m[0m
      [33m~[0m[0m arn              = "arn:aws:datasync:eu-west-1:471112983409:location/loc-04a06613ed12de635" -> (known after apply)
      [33m~[0m[0m id               = "arn:aws:datasync:eu-west-1:471112983409:location/loc-04a06613ed12de635" -> (known after apply)
      [33m~[0m[0m s3_storage_class = "STANDARD" -> (known after apply)
      [31m-[0m[0m tags             = {} [90m-> null[0m[0m
      [33m~[0m[0m tags_all         = {} -> (known after apply)
      [33m~[0m[0m uri              = "s3://laa-ses-reputation-events/" -> (known after apply)
        [90m# (3 unchanged attributes hidden)[0m[0m

      [33m~[0m[0m s3_config {
          [33m~[0m[0m bucket_access_role_arn = "arn:aws:iam::471112983409:role/datasync-laa-data-analysis" -> (known after apply) [31m# forces replacement[0m[0m
        }
    }

[1m  # aws_datasync_task.laa_data_analysis_tasks["aws-athena-query-results-842522700642-eu-west-2"][0m must be [1m[31mreplaced[0m
[0m[31m-[0m/[32m+[0m[0m resource "aws_datasync_task" "laa_data_analysis_tasks" {
      [33m~[0m[0m arn                      = "arn:aws:datasync:eu-west-2:471112983409:task/task-05bab060538a00d38" -> (known after apply)
      [33m~[0m[0m destination_location_arn = "arn:aws:datasync:eu-west-2:471112983409:location/loc-0ab5b1f3542a966f9" -> (known after apply) [31m# forces replacement[0m[0m
      [33m~[0m[0m id                       = "arn:aws:datasync:eu-west-2:471112983409:task/task-05bab060538a00d38" -> (known after apply)
        name                     = "laa-data-analysis-aws-athena-query-results-842522700642-eu-west-2-to-dedicated"
      [33m~[0m[0m source_location_arn      = "arn:aws:datasync:eu-west-2:471112983409:location/loc-0935681310a0f8087" -> (known after apply) [31m# forces replacement[0m[0m
      [31m-[0m[0m tags                     = {} [90m-> null[0m[0m
      [33m~[0m[0m tags_all                 = {} -> (known after apply)
        [90m# (3 unchanged attributes hidden)[0m[0m

        [90m# (1 unchanged block hidden)[0m[0m
    }

[1m  # aws_datasync_task.laa_data_analysis_tasks["aws-waf-logs-cwa"][0m must be [1m[31mreplaced[0m
[0m[31m-[0m/[32m+[0m[0m resource "aws_datasync_task" "laa_data_analysis_tasks" {
      [33m~[0m[0m arn                      = "arn:aws:datasync:eu-west-2:471112983409:task/task-0f99160242bb8e860" -> (known after apply)
      [33m~[0m[0m destination_location_arn = "arn:aws:datasync:eu-west-2:471112983409:location/loc-019ddeb02534b30df" -> (known after apply) [31m# forces replacement[0m[0m
      [33m~[0m[0m id                       = "arn:aws:datasync:eu-west-2:471112983409:task/task-0f99160242bb8e860" -> (known after apply)
        name                     = "laa-data-analysis-aws-waf-logs-cwa-to-dedicated"
      [33m~[0m[0m source_location_arn      = "arn:aws:datasync:eu-west-2:471112983409:location/loc-0b9798f648b4cb46f" -> (known after apply) [31m# forces replacement[0m[0m
      [31m-[0m[0m tags                     = {} [90m-> null[0m[0m
      [33m~[0m[0m tags_all                 = {} -> (known after apply)
        [90m# (3 unchanged attributes hidden)[0m[0m

        [90m# (1 unchanged block hidden)[0m[0m
    }

[1m  # aws_datasync_task.laa_data_analysis_tasks["aws-waf-logs-portal-production"][0m must be [1m[31mreplaced[0m
[0m[31m-[0m/[32m+[0m[0m resource "aws_datasync_task" "laa_data_analysis_tasks" {
      [33m~[0m[0m arn                      = "arn:aws:datasync:eu-west-2:471112983409:task/task-092a8d25c11bf8f85" -> (known after apply)
      [33m~[0m[0m destination_location_arn = "arn:aws:datasync:eu-west-2:471112983409:location/loc-0849fd7ca4ebc221e" -> (known after apply) [31m# forces replacement[0m[0m
      [33m~[0m[0m id                       = "arn:aws:datasync:eu-west-2:471112983409:task/task-092a8d25c11bf8f85" -> (known after apply)
        name                     = "laa-data-analysis-aws-waf-logs-portal-production-to-dedicated"
      [33m~[0m[0m source_location_arn      = "arn:aws:datasync:eu-west-2:471112983409:location/loc-0de5a2b653cde0a40" -> (known after apply) [31m# forces replacement[0m[0m
      [31m-[0m[0m tags                     = {} [90m-> null[0m[0m
      [33m~[0m[0m tags_all                 = {} -> (known after apply)
        [90m# (3 unchanged attributes hidden)[0m[0m

        [90m# (1 unchanged block hidden)[0m[0m
    }

[1m  # aws_datasync_task.laa_data_analysis_tasks["bacway-dbrestore-production-eu-west-2-842522700642"][0m must be [1m[31mreplaced[0m
[0m[31m-[0m/[32m+[0m[0m resource "aws_datasync_task" "laa_data_analysis_tasks" {
      [33m~[0m[0m arn                      = "arn:aws:datasync:eu-west-2:471112983409:task/task-02ca984f2c5408f72" -> (known after apply)
      [33m~[0m[0m destination_location_arn = "arn:aws:datasync:eu-west-2:471112983409:location/loc-0beaf25ceed5e4fb5" -> (known after apply) [31m# forces replacement[0m[0m
      [33m~[0m[0m id                       = "arn:aws:datasync:eu-west-2:471112983409:task/task-02ca984f2c5408f72" -> (known after apply)
        name                     = "laa-data-analysis-bacway-dbrestore-production-eu-west-2-842522700642-to-dedicated"
      [33m~[0m[0m source_location_arn      = "arn:aws:datasync:eu-west-2:471112983409:location/loc-0270c79017f6db372" -> (known after apply) [31m# forces replacement[0m[0m
      [31m-[0m[0m tags                     = {} [90m-> null[0m[0m
      [33m~[0m[0m tags_all                 = {} -> (known after apply)
        [90m# (3 unchanged attributes hidden)[0m[0m

        [90m# (1 unchanged block hidden)[0m[0m
    }

[1m  # aws_datasync_task.laa_data_analysis_tasks["bacway-production-eu-west-2-842522700642"][0m must be [1m[31mreplaced[0m
[0m[31m-[0m/[32m+[0m[0m resource "aws_datasync_task" "laa_data_analysis_tasks" {
      [33m~[0m[0m arn                      = "arn:aws:datasync:eu-west-2:471112983409:task/task-0fbee7e261292aeb6" -> (known after apply)
      [33m~[0m[0m destination_location_arn = "arn:aws:datasync:eu-west-2:471112983409:location/loc-0a60c2801c721d0d1" -> (known after apply) [31m# forces replacement[0m[0m
      [33m~[0m[0m id                       = "arn:aws:datasync:eu-west-2:471112983409:task/task-0fbee7e261292aeb6" -> (known after apply)
        name                     = "laa-data-analysis-bacway-production-eu-west-2-842522700642-to-dedicated"
      [33m~[0m[0m source_location_arn      = "arn:aws:datasync:eu-west-2:471112983409:location/loc-0ed8ebad0147ae950" -> (known after apply) [31m# forces replacement[0m[0m
      [31m-[0m[0m tags                     = {} [90m-> null[0m[0m
      [33m~[0m[0m tags_all                 = {} -> (known after apply)
        [90m# (3 unchanged attributes hidden)[0m[0m

        [90m# (1 unchanged block hidden)[0m[0m
    }

[1m  # aws_datasync_task.laa_data_analysis_tasks["ccms-pui-production"][0m must be [1m[31mreplaced[0m
[0m[31m-[0m/[32m+[0m[0m resource "aws_datasync_task" "laa_data_analysis_tasks" {
      [33m~[0m[0m arn                      = "arn:aws:datasync:eu-west-2:471112983409:task/task-01d02047dde6597ba" -> (known after apply)
      [33m~[0m[0m destination_location_arn = "arn:aws:datasync:eu-west-2:471112983409:location/loc-0f1f8a40c2c78ace5" -> (known after apply) [31m# forces replacement[0m[0m
      [33m~[0m[0m id                       = "arn:aws:datasync:eu-west-2:471112983409:task/task-01d02047dde6597ba" -> (known after apply)
        name                     = "laa-data-analysis-ccms-pui-production-to-dedicated"
      [33m~[0m[0m source_location_arn      = "arn:aws:datasync:eu-west-2:471112983409:location/loc-0f923641c7c41e71c" -> (known after apply) [31m# forces replacement[0m[0m
      [31m-[0m[0m tags                     = {} [90m-> null[0m[0m
      [33m~[0m[0m tags_all                 = {} -> (known after apply)
        [90m# (3 unchanged attributes hidden)[0m[0m

        [90m# (1 unchanged block hidden)[0m[0m
    }

[1m  # aws_datasync_task.laa_data_analysis_tasks["cf-templates-o0533spdqnul-eu-west-1"][0m must be [1m[31mreplaced[0m
[0m[31m-[0m/[32m+[0m[0m resource "aws_datasync_task" "laa_data_analysis_tasks" {
      [33m~[0m[0m arn                      = "arn:aws:datasync:eu-west-2:471112983409:task/task-04ab99c701f9cc79c" -> (known after apply)
      [33m~[0m[0m destination_location_arn = "arn:aws:datasync:eu-west-2:471112983409:location/loc-0d10b58f85a5b392e" -> (known after apply) [31m# forces replacement[0m[0m
      [33m~[0m[0m id                       = "arn:aws:datasync:eu-west-2:471112983409:task/task-04ab99c701f9cc79c" -> (known after apply)
        name                     = "laa-data-analysis-cf-templates-o0533spdqnul-eu-west-1-to-dedicated"
      [33m~[0m[0m source_location_arn      = "arn:aws:datasync:eu-west-1:471112983409:location/loc-019b0db356b3e8838" -> (known after apply) [31m# forces replacement[0m[0m
      [31m-[0m[0m tags                     = {} [90m-> null[0m[0m
      [33m~[0m[0m tags_all                 = {} -> (known after apply)
        [90m# (3 unchanged attributes hidden)[0m[0m

        [90m# (1 unchanged block hidden)[0m[0m
    }

[1m  # aws_datasync_task.laa_data_analysis_tasks["cf-templates-o0533spdqnul-eu-west-2"][0m must be [1m[31mreplaced[0m
[0m[31m-[0m/[32m+[0m[0m resource "aws_datasync_task" "laa_data_analysis_tasks" {
      [33m~[0m[0m arn                      = "arn:aws:datasync:eu-west-2:471112983409:task/task-0f2044558be98c4de" -> (known after apply)
      [33m~[0m[0m destination_location_arn = "arn:aws:datasync:eu-west-2:471112983409:location/loc-0952c777b28555122" -> (known after apply) [31m# forces replacement[0m[0m
      [33m~[0m[0m id                       = "arn:aws:datasync:eu-west-2:471112983409:task/task-0f2044558be98c4de" -> (known after apply)
        name                     = "laa-data-analysis-cf-templates-o0533spdqnul-eu-west-2-to-dedicated"
      [33m~[0m[0m source_location_arn      = "arn:aws:datasync:eu-west-2:471112983409:location/loc-0269f8628812b6ba2" -> (known after apply) [31m# forces replacement[0m[0m
      [31m-[0m[0m tags                     = {} [90m-> null[0m[0m
      [33m~[0m[0m tags_all                 = {} -> (known after apply)
        [90m# (3 unchanged attributes hidden)[0m[0m

        [90m# (1 unchanged block hidden)[0m[0m
    }

[1m  # aws_datasync_task.laa_data_analysis_tasks["forms-connector-lb-logs-poc"][0m must be [1m[31mreplaced[0m
[0m[31m-[0m/[32m+[0m[0m resource "aws_datasync_task" "laa_data_analysis_tasks" {
      [33m~[0m[0m arn                      = "arn:aws:datasync:eu-west-2:471112983409:task/task-0fae875d6b99d698f" -> (known after apply)
      [33m~[0m[0m destination_location_arn = "arn:aws:datasync:eu-west-2:471112983409:location/loc-0b854f907183a738c" -> (known after apply) [31m# forces replacement[0m[0m
      [33m~[0m[0m id                       = "arn:aws:datasync:eu-west-2:471112983409:task/task-0fae875d6b99d698f" -> (known after apply)
        name                     = "laa-data-analysis-forms-connector-lb-logs-poc-to-dedicated"
      [33m~[0m[0m source_location_arn      = "arn:aws:datasync:eu-west-2:471112983409:location/loc-03b65d87f89b1a15d" -> (known after apply) [31m# forces replacement[0m[0m
      [31m-[0m[0m tags                     = {} [90m-> null[0m[0m
      [33m~[0m[0m tags_all                 = {} -> (known after apply)
        [90m# (3 unchanged attributes hidden)[0m[0m

        [90m# (1 unchanged block hidden)[0m[0m
    }

[1m  # aws_datasync_task.laa_data_analysis_tasks["karol-test-lambda"][0m must be [1m[31mreplaced[0m
[0m[31m-[0m/[32m+[0m[0m resource "aws_datasync_task" "laa_data_analysis_tasks" {
      [33m~[0m[0m arn                      = "arn:aws:datasync:eu-west-2:471112983409:task/task-0d014733b196380dd" -> (known after apply)
      [33m~[0m[0m destination_location_arn = "arn:aws:datasync:eu-west-2:471112983409:location/loc-00737c8eb2c70597b" -> (known after apply) [31m# forces replacement[0m[0m
      [33m~[0m[0m id                       = "arn:aws:datasync:eu-west-2:471112983409:task/task-0d014733b196380dd" -> (known after apply)
        name                     = "laa-data-analysis-karol-test-lambda-to-dedicated"
      [33m~[0m[0m source_location_arn      = "arn:aws:datasync:eu-west-2:471112983409:location/loc-07f568b29b21ddcda" -> (known after apply) [31m# forces replacement[0m[0m
      [31m-[0m[0m tags                     = {} [90m-> null[0m[0m
      [33m~[0m[0m tags_all                 = {} -> (known after apply)
        [90m# (3 unchanged attributes hidden)[0m[0m

        [90m# (1 unchanged block hidden)[0m[0m
    }

[1m  # aws_datasync_task.laa_data_analysis_tasks["laa-ccms-inbound-production"][0m must be [1m[31mreplaced[0m
[0m[31m-[0m/[32m+[0m[0m resource "aws_datasync_task" "laa_data_analysis_tasks" {
      [33m~[0m[0m arn                      = "arn:aws:datasync:eu-west-2:471112983409:task/task-01f8cfbf8dba0d155" -> (known after apply)
      [33m~[0m[0m destination_location_arn = "arn:aws:datasync:eu-west-2:471112983409:location/loc-08e2de76a6acd2b8e" -> (known after apply) [31m# forces replacement[0m[0m
      [33m~[0m[0m id                       = "arn:aws:datasync:eu-west-2:471112983409:task/task-01f8cfbf8dba0d155" -> (known after apply)
        name                     = "laa-data-analysis-laa-ccms-inbound-production-to-dedicated"
      [33m~[0m[0m source_location_arn      = "arn:aws:datasync:eu-west-2:471112983409:location/loc-0585f41de1832d4b5" -> (known after apply) [31m# forces replacement[0m[0m
      [31m-[0m[0m tags                     = {} [90m-> null[0m[0m
      [33m~[0m[0m tags_all                 = {} -> (known after apply)
        [90m# (3 unchanged attributes hidden)[0m[0m

        [90m# (1 unchanged block hidden)[0m[0m
    }

[1m  # aws_datasync_task.laa_data_analysis_tasks["laa-ccms-outbound-production"][0m must be [1m[31mreplaced[0m
[0m[31m-[0m/[32m+[0m[0m resource "aws_datasync_task" "laa_data_analysis_tasks" {
      [33m~[0m[0m arn                      = "arn:aws:datasync:eu-west-2:471112983409:task/task-0a3f16b785fbeb0f8" -> (known after apply)
      [33m~[0m[0m destination_location_arn = "arn:aws:datasync:eu-west-2:471112983409:location/loc-01953973ef09f6c3c" -> (known after apply) [31m# forces replacement[0m[0m
      [33m~[0m[0m id                       = "arn:aws:datasync:eu-west-2:471112983409:task/task-0a3f16b785fbeb0f8" -> (known after apply)
        name                     = "laa-data-analysis-laa-ccms-outbound-production-to-dedicated"
      [33m~[0m[0m source_location_arn      = "arn:aws:datasync:eu-west-2:471112983409:location/loc-0132d1fbfeb03472a" -> (known after apply) [31m# forces replacement[0m[0m
      [31m-[0m[0m tags                     = {} [90m-> null[0m[0m
      [33m~[0m[0m tags_all                 = {} -> (known after apply)
        [90m# (3 unchanged attributes hidden)[0m[0m

        [90m# (1 unchanged block hidden)[0m[0m
    }

[1m  # aws_datasync_task.laa_data_analysis_tasks["laa-ccms-outbound-xerox-test-production"][0m must be [1m[31mreplaced[0m
[0m[31m-[0m/[32m+[0m[0m resource "aws_datasync_task" "laa_data_analysis_tasks" {
      [33m~[0m[0m arn                      = "arn:aws:datasync:eu-west-2:471112983409:task/task-08482a3dfc1cdb826" -> (known after apply)
      [33m~[0m[0m destination_location_arn = "arn:aws:datasync:eu-west-2:471112983409:location/loc-07c5b54aec741ef97" -> (known after apply) [31m# forces replacement[0m[0m
      [33m~[0m[0m id                       = "arn:aws:datasync:eu-west-2:471112983409:task/task-08482a3dfc1cdb826" -> (known after apply)
        name                     = "laa-data-analysis-laa-ccms-outbound-xerox-test-production-to-dedicated"
      [33m~[0m[0m source_location_arn      = "arn:aws:datasync:eu-west-2:471112983409:location/loc-00c87dfacc32885f2" -> (known after apply) [31m# forces replacement[0m[0m
      [31m-[0m[0m tags                     = {} [90m-> null[0m[0m
      [33m~[0m[0m tags_all                 = {} -> (known after apply)
        [90m# (3 unchanged attributes hidden)[0m[0m

        [90m# (1 unchanged block hidden)[0m[0m
    }

[1m  # aws_datasync_task.laa_data_analysis_tasks["laa-cloudfront-logging-production"][0m must be [1m[31mreplaced[0m
[0m[31m-[0m/[32m+[0m[0m resource "aws_datasync_task" "laa_data_analysis_tasks" {
      [33m~[0m[0m arn                      = "arn:aws:datasync:eu-west-2:471112983409:task/task-0207d73e4d44b3120" -> (known after apply)
      [33m~[0m[0m destination_location_arn = "arn:aws:datasync:eu-west-2:471112983409:location/loc-082aac66132eaba92" -> (known after apply) [31m# forces replacement[0m[0m
      [33m~[0m[0m id                       = "arn:aws:datasync:eu-west-2:471112983409:task/task-0207d73e4d44b3120" -> (known after apply)
        name                     = "laa-data-analysis-laa-cloudfront-logging-production-to-dedicated"
      [33m~[0m[0m source_location_arn      = "arn:aws:datasync:eu-west-2:471112983409:location/loc-0aa221f6aa70bb0f4" -> (known after apply) [31m# forces replacement[0m[0m
      [31m-[0m[0m tags                     = {} [90m-> null[0m[0m
      [33m~[0m[0m tags_all                 = {} -> (known after apply)
        [90m# (3 unchanged attributes hidden)[0m[0m

        [90m# (1 unchanged block hidden)[0m[0m
    }

[1m  # aws_datasync_task.laa_data_analysis_tasks["laa-hub-production-appinfrastru-ftpoutboundbucket-xh5oo69o5te6"][0m must be [1m[31mreplaced[0m
[0m[31m-[0m/[32m+[0m[0m resource "aws_datasync_task" "laa_data_analysis_tasks" {
      [33m~[0m[0m arn                      = "arn:aws:datasync:eu-west-2:471112983409:task/task-0ad433fea2481290b" -> (known after apply)
      [33m~[0m[0m destination_location_arn = "arn:aws:datasync:eu-west-2:471112983409:location/loc-0ba9de89bc2472398" -> (known after apply) [31m# forces replacement[0m[0m
      [33m~[0m[0m id                       = "arn:aws:datasync:eu-west-2:471112983409:task/task-0ad433fea2481290b" -> (known after apply)
        name                     = "laa-data-analysis-laa-hub-production-appinfrastru-ftpoutboundbucket-xh5oo69o5te6-to-dedicated"
      [33m~[0m[0m source_location_arn      = "arn:aws:datasync:eu-west-2:471112983409:location/loc-0276c3ae0b42a339f" -> (known after apply) [31m# forces replacement[0m[0m
      [31m-[0m[0m tags                     = {} [90m-> null[0m[0m
      [33m~[0m[0m tags_all                 = {} -> (known after apply)
        [90m# (3 unchanged attributes hidden)[0m[0m

        [90m# (1 unchanged block hidden)[0m[0m
    }

[1m  # aws_datasync_task.laa_data_analysis_tasks["laa-hub-production-appinfrastructuretem-ftpbucket-1qbjubqvbs0na"][0m must be [1m[31mreplaced[0m
[0m[31m-[0m/[32m+[0m[0m resource "aws_datasync_task" "laa_data_analysis_tasks" {
      [33m~[0m[0m arn                      = "arn:aws:datasync:eu-west-2:471112983409:task/task-019dfe0b38fdca98d" -> (known after apply)
      [33m~[0m[0m destination_location_arn = "arn:aws:datasync:eu-west-2:471112983409:location/loc-0516fede40bf2467e" -> (known after apply) [31m# forces replacement[0m[0m
      [33m~[0m[0m id                       = "arn:aws:datasync:eu-west-2:471112983409:task/task-019dfe0b38fdca98d" -> (known after apply)
        name                     = "laa-data-analysis-laa-hub-production-appinfrastructuretem-ftpbucket-1qbjubqvbs0na-to-dedicated"
      [33m~[0m[0m source_location_arn      = "arn:aws:datasync:eu-west-2:471112983409:location/loc-06585bd5634c0b47f" -> (known after apply) [31m# forces replacement[0m[0m
      [31m-[0m[0m tags                     = {} [90m-> null[0m[0m
      [33m~[0m[0m tags_all                 = {} -> (known after apply)
        [90m# (3 unchanged attributes hidden)[0m[0m

        [90m# (1 unchanged block hidden)[0m[0m
    }

[1m  # aws_datasync_task.laa_data_analysis_tasks["laa-lambda-backup-production"][0m must be [1m[31mreplaced[0m
[0m[31m-[0m/[32m+[0m[0m resource "aws_datasync_task" "laa_data_analysis_tasks" {
      [33m~[0m[0m arn                      = "arn:aws:datasync:eu-west-2:471112983409:task/task-04d2d98785b4a4221" -> (known after apply)
      [33m~[0m[0m destination_location_arn = "arn:aws:datasync:eu-west-2:471112983409:location/loc-0e87c174d7a400620" -> (known after apply) [31m# forces replacement[0m[0m
      [33m~[0m[0m id                       = "arn:aws:datasync:eu-west-2:471112983409:task/task-04d2d98785b4a4221" -> (known after apply)
        name                     = "laa-data-analysis-laa-lambda-backup-production-to-dedicated"
      [33m~[0m[0m source_location_arn      = "arn:aws:datasync:eu-west-2:471112983409:location/loc-07e129b3a547a77e6" -> (known after apply) [31m# forces replacement[0m[0m
      [31m-[0m[0m tags                     = {} [90m-> null[0m[0m
      [33m~[0m[0m tags_all                 = {} -> (known after apply)
        [90m# (3 unchanged attributes hidden)[0m[0m

        [90m# (1 unchanged block hidden)[0m[0m
    }

[1m  # aws_datasync_task.laa_data_analysis_tasks["laa-maatdb-outbound-xerox-test-production"][0m must be [1m[31mreplaced[0m
[0m[31m-[0m/[32m+[0m[0m resource "aws_datasync_task" "laa_data_analysis_tasks" {
      [33m~[0m[0m arn                      = "arn:aws:datasync:eu-west-2:471112983409:task/task-0e5151498170f4b16" -> (known after apply)
      [33m~[0m[0m destination_location_arn = "arn:aws:datasync:eu-west-2:471112983409:location/loc-0cf1d39c0611705f0" -> (known after apply) [31m# forces replacement[0m[0m
      [33m~[0m[0m id                       = "arn:aws:datasync:eu-west-2:471112983409:task/task-0e5151498170f4b16" -> (known after apply)
        name                     = "laa-data-analysis-laa-maatdb-outbound-xerox-test-production-to-dedicated"
      [33m~[0m[0m source_location_arn      = "arn:aws:datasync:eu-west-2:471112983409:location/loc-006b66144865e49e9" -> (known after apply) [31m# forces replacement[0m[0m
      [31m-[0m[0m tags                     = {} [90m-> null[0m[0m
      [33m~[0m[0m tags_all                 = {} -> (known after apply)
        [90m# (3 unchanged attributes hidden)[0m[0m

        [90m# (1 unchanged block hidden)[0m[0m
    }

[1m  # aws_datasync_task.laa_data_analysis_tasks["laa-maatdb-production-appinfrastructure-ftpbucket-cc9uzmt9glhs"][0m must be [1m[31mreplaced[0m
[0m[31m-[0m/[32m+[0m[0m resource "aws_datasync_task" "laa_data_analysis_tasks" {
      [33m~[0m[0m arn                      = "arn:aws:datasync:eu-west-2:471112983409:task/task-0616433b41d4a27a3" -> (known after apply)
      [33m~[0m[0m destination_location_arn = "arn:aws:datasync:eu-west-2:471112983409:location/loc-0d594cf1d6a4d1c54" -> (known after apply) [31m# forces replacement[0m[0m
      [33m~[0m[0m id                       = "arn:aws:datasync:eu-west-2:471112983409:task/task-0616433b41d4a27a3" -> (known after apply)
        name                     = "laa-data-analysis-laa-maatdb-production-appinfrastructure-ftpbucket-cc9uzmt9glhs-to-dedicated"
      [33m~[0m[0m source_location_arn      = "arn:aws:datasync:eu-west-2:471112983409:location/loc-0a843bc1a68f6b9d4" -> (known after apply) [31m# forces replacement[0m[0m
      [31m-[0m[0m tags                     = {} [90m-> null[0m[0m
      [33m~[0m[0m tags_all                 = {} -> (known after apply)
        [90m# (3 unchanged attributes hidden)[0m[0m

        [90m# (1 unchanged block hidden)[0m[0m
    }

[1m  # aws_datasync_task.laa_data_analysis_tasks["laa-nct-inbound-production"][0m must be [1m[31mreplaced[0m
[0m[31m-[0m/[32m+[0m[0m resource "aws_datasync_task" "laa_data_analysis_tasks" {
      [33m~[0m[0m arn                      = "arn:aws:datasync:eu-west-2:471112983409:task/task-0521e2ef244ffdad0" -> (known after apply)
      [33m~[0m[0m destination_location_arn = "arn:aws:datasync:eu-west-2:471112983409:location/loc-0716f1741f3255a33" -> (known after apply) [31m# forces replacement[0m[0m
      [33m~[0m[0m id                       = "arn:aws:datasync:eu-west-2:471112983409:task/task-0521e2ef244ffdad0" -> (known after apply)
        name                     = "laa-data-analysis-laa-nct-inbound-production-to-dedicated"
      [33m~[0m[0m source_location_arn      = "arn:aws:datasync:eu-west-2:471112983409:location/loc-00b5b253b58d00382" -> (known after apply) [31m# forces replacement[0m[0m
      [31m-[0m[0m tags                     = {} [90m-> null[0m[0m
      [33m~[0m[0m tags_all                 = {} -> (known after apply)
        [90m# (3 unchanged attributes hidden)[0m[0m

        [90m# (1 unchanged block hidden)[0m[0m
    }

[1m  # aws_datasync_task.laa_data_analysis_tasks["laa-portal-production-archive"][0m must be [1m[31mreplaced[0m
[0m[31m-[0m/[32m+[0m[0m resource "aws_datasync_task" "laa_data_analysis_tasks" {
      [33m~[0m[0m arn                      = "arn:aws:datasync:eu-west-2:471112983409:task/task-04a6fa0720d2fadd2" -> (known after apply)
      [33m~[0m[0m destination_location_arn = "arn:aws:datasync:eu-west-2:471112983409:location/loc-0614f7900d30f1980" -> (known after apply) [31m# forces replacement[0m[0m
      [33m~[0m[0m id                       = "arn:aws:datasync:eu-west-2:471112983409:task/task-04a6fa0720d2fadd2" -> (known after apply)
        name                     = "laa-data-analysis-laa-portal-production-archive-to-dedicated"
      [33m~[0m[0m source_location_arn      = "arn:aws:datasync:eu-west-2:471112983409:location/loc-0e9018b8e4bf262c9" -> (known after apply) [31m# forces replacement[0m[0m
      [31m-[0m[0m tags                     = {} [90m-> null[0m[0m
      [33m~[0m[0m tags_all                 = {} -> (known after apply)
        [90m# (3 unchanged attributes hidden)[0m[0m

        [90m# (1 unchanged block hidden)[0m[0m
    }

[1m  # aws_datasync_task.laa_data_analysis_tasks["laa-s3-inventory-scan"][0m must be [1m[31mreplaced[0m
[0m[31m-[0m/[32m+[0m[0m resource "aws_datasync_task" "laa_data_analysis_tasks" {
      [33m~[0m[0m arn                      = "arn:aws:datasync:eu-west-2:471112983409:task/task-08d52bce53381b119" -> (known after apply)
      [33m~[0m[0m destination_location_arn = "arn:aws:datasync:eu-west-2:471112983409:location/loc-094731fe708e3a063" -> (known after apply) [31m# forces replacement[0m[0m
      [33m~[0m[0m id                       = "arn:aws:datasync:eu-west-2:471112983409:task/task-08d52bce53381b119" -> (known after apply)
        name                     = "laa-data-analysis-laa-s3-inventory-scan-to-dedicated"
      [33m~[0m[0m source_location_arn      = "arn:aws:datasync:eu-west-1:471112983409:location/loc-004ad7cc2b5d4b120" -> (known after apply) [31m# forces replacement[0m[0m
      [31m-[0m[0m tags                     = {} [90m-> null[0m[0m
      [33m~[0m[0m tags_all                 = {} -> (known after apply)
        [90m# (3 unchanged attributes hidden)[0m[0m

        [90m# (1 unchanged block hidden)[0m[0m
    }

[1m  # aws_datasync_task.laa_data_analysis_tasks["laa-s3-inventory-scan-eu-west-2"][0m must be [1m[31mreplaced[0m
[0m[31m-[0m/[32m+[0m[0m resource "aws_datasync_task" "laa_data_analysis_tasks" {
      [33m~[0m[0m arn                      = "arn:aws:datasync:eu-west-2:471112983409:task/task-056a140401d6c7deb" -> (known after apply)
      [33m~[0m[0m destination_location_arn = "arn:aws:datasync:eu-west-2:471112983409:location/loc-029560b1a4beb42a7" -> (known after apply) [31m# forces replacement[0m[0m
      [33m~[0m[0m id                       = "arn:aws:datasync:eu-west-2:471112983409:task/task-056a140401d6c7deb" -> (known after apply)
        name                     = "laa-data-analysis-laa-s3-inventory-scan-eu-west-2-to-dedicated"
      [33m~[0m[0m source_location_arn      = "arn:aws:datasync:eu-west-2:471112983409:location/loc-05123c2b63ce97fac" -> (known after apply) [31m# forces replacement[0m[0m
      [31m-[0m[0m tags                     = {} [90m-> null[0m[0m
      [33m~[0m[0m tags_all                 = {} -> (known after apply)
        [90m# (3 unchanged attributes hidden)[0m[0m

        [90m# (1 unchanged block hidden)[0m[0m
    }

[1m  # aws_datasync_task.laa_data_analysis_tasks["laa-ses-reputation-events"][0m must be [1m[31mreplaced[0m
[0m[31m-[0m/[32m+[0m[0m resource "aws_datasync_task" "laa_data_analysis_tasks" {
      [33m~[0m[0m arn                      = "arn:aws:datasync:eu-west-2:471112983409:task/task-0dbc9b2d9f1e7bd90" -> (known after apply)
      [33m~[0m[0m destination_location_arn = "arn:aws:datasync:eu-west-2:471112983409:location/loc-0699b451434e4b58e" -> (known after apply) [31m# forces replacement[0m[0m
      [33m~[0m[0m id                       = "arn:aws:datasync:eu-west-2:471112983409:task/task-0dbc9b2d9f1e7bd90" -> (known after apply)
        name                     = "laa-data-analysis-laa-ses-reputation-events-to-dedicated"
      [33m~[0m[0m source_location_arn      = "arn:aws:datasync:eu-west-1:471112983409:location/loc-04a06613ed12de635" -> (known after apply) [31m# forces replacement[0m[0m
      [31m-[0m[0m tags                     = {} [90m-> null[0m[0m
      [33m~[0m[0m tags_all                 = {} -> (known after apply)
        [90m# (3 unchanged attributes hidden)[0m[0m

        [90m# (1 unchanged block hidden)[0m[0m
    }

[1m  # aws_datasync_task.opg[0][0m must be [1m[31mreplaced[0m
[0m[31m-[0m/[32m+[0m[0m resource "aws_datasync_task" "opg" {
      [33m~[0m[0m arn                      = "arn:aws:datasync:eu-west-2:471112983409:task/task-0a0a92afe6409c292" -> (known after apply)
      [33m~[0m[0m destination_location_arn = "arn:aws:datasync:eu-west-2:471112983409:location/loc-0fe2c71caa69d8dfe" -> (known after apply) [31m# forces replacement[0m[0m
      [33m~[0m[0m id                       = "arn:aws:datasync:eu-west-2:471112983409:task/task-0a0a92afe6409c292" -> (known after apply)
        name                     = "opg"
        tags                     = {
            "application"            = "analytical-platform-ingestion"
            "business-unit"          = "Platforms"
            "environment-name"       = "analytical-platform-ingestion-production"
            "infrastructure-support" = "analytical-platform@digital.justice.gov.uk"
            "is-production"          = "true"
            "owner"                  = "Analytical Platform"
            "source-code"            = "https://github.com/ministryofjustice/modernisation-platform-environments"
        }
      [33m~[0m[0m task_mode                = "BASIC" -> (known after apply)
        [90m# (4 unchanged attributes hidden)[0m[0m

      [33m~[0m[0m options {
          [33m~[0m[0m security_descriptor_copy_flags = "NONE" -> (known after apply)
            [90m# (14 unchanged attributes hidden)[0m[0m
        }

      [33m~[0m[0m task_report_config {
            [90m# (3 unchanged attributes hidden)[0m[0m

          [33m~[0m[0m s3_destination {
              [33m~[0m[0m bucket_access_role_arn = "arn:aws:iam::471112983409:role/datasync20241113150028145000000001" -> (known after apply)
                [90m# (2 unchanged attributes hidden)[0m[0m
            }

            [90m# (1 unchanged block hidden)[0m[0m
        }

        [90m# (3 unchanged blocks hidden)[0m[0m
    }

[1m  # aws_guardduty_malware_protection_plan.laa_data_analysis_bucket[0][0m will be updated in-place
[0m  [33m~[0m[0m resource "aws_guardduty_malware_protection_plan" "laa_data_analysis_bucket" {
        id         = "aacbdc5b232dd5b07640"
      [33m~[0m[0m role       = "arn:aws:iam::471112983409:role/guard-duty-malware-production-scan" -> (known after apply)
      [33m~[0m[0m status     = "ACTIVE" -> (known after apply)
        tags       = {
            "application"            = "analytical-platform-ingestion"
            "business-unit"          = "Platforms"
            "environment-name"       = "analytical-platform-ingestion-production"
            "infrastructure-support" = "analytical-platform@digital.justice.gov.uk"
            "is-production"          = "true"
            "owner"                  = "Analytical Platform"
            "source-code"            = "https://github.com/ministryofjustice/modernisation-platform-environments"
        }
        [90m# (5 unchanged attributes hidden)[0m[0m

        [90m# (1 unchanged block hidden)[0m[0m
    }

[1m  # aws_guardduty_malware_protection_plan.landing_bucket[0m will be updated in-place
[0m  [33m~[0m[0m resource "aws_guardduty_malware_protection_plan" "landing_bucket" {
        id         = "84cab06d27095ed1e00e"
      [33m~[0m[0m role       = "arn:aws:iam::471112983409:role/guard-duty-malware-production-scan" -> (known after apply)
      [33m~[0m[0m status     = "ACTIVE" -> (known after apply)
        tags       = {
            "application"            = "analytical-platform-ingestion"
            "business-unit"          = "Platforms"
            "environment-name"       = "analytical-platform-ingestion-production"
            "infrastructure-support" = "analytical-platform@digital.justice.gov.uk"
            "is-production"          = "true"
            "owner"                  = "Analytical Platform"
            "source-code"            = "https://github.com/ministryofjustice/modernisation-platform-environments"
        }
        [90m# (5 unchanged attributes hidden)[0m[0m

        [90m# (1 unchanged block hidden)[0m[0m
    }

[1m  # aws_transfer_server.this[0m will be updated in-place
[0m  [33m~[0m[0m resource "aws_transfer_server" "this" {
        id                               = "s-fe8ed859c3f14f479"
      [33m~[0m[0m logging_role                     = "arn:aws:iam::471112983409:role/transfer-server20240327121853746100000001" -> (known after apply)
        tags                             = {}
        [90m# (20 unchanged attributes hidden)[0m[0m

        [90m# (3 unchanged blocks hidden)[0m[0m
    }

[1m  # module.datasync_activation_nlb.aws_lb.this[0][0m will be updated in-place
[0m  [33m~[0m[0m resource "aws_lb" "this" {
        id                                                           = "arn:aws:elasticloadbalancing:eu-west-2:471112983409:loadbalancer/net/datasync-activation/8fa5a72cbe40feb5"
        name                                                         = "datasync-activation"
      [33m~[0m[0m tags                                                         = {
            "application"            = "analytical-platform-ingestion"
            "business-unit"          = "Platforms"
            "environment-name"       = "analytical-platform-ingestion-production"
            "infrastructure-support" = "analytical-platform@digital.justice.gov.uk"
            "is-production"          = "true"
            "owner"                  = "Analytical Platform"
            "source-code"            = "https://github.com/ministryofjustice/modernisation-platform-environments"
          [31m-[0m[0m "terraform-aws-modules"  = "alb" [90m-> null[0m[0m
        }
      [33m~[0m[0m tags_all                                                     = {
          [31m-[0m[0m "terraform-aws-modules"  = "alb" [90m-> null[0m[0m
            [90m# (7 unchanged elements hidden)[0m[0m
        }
        [90m# (19 unchanged attributes hidden)[0m[0m

      [31m-[0m[0m timeouts {}

        [90m# (2 unchanged blocks hidden)[0m[0m
    }

[1m  # module.datasync_activation_nlb.aws_lb_listener.this["datasync"][0m will be updated in-place
[0m  [33m~[0m[0m resource "aws_lb_listener" "this" {
        id                       = "arn:aws:elasticloadbalancing:eu-west-2:471112983409:listener/net/datasync-activation/8fa5a72cbe40feb5/ada0b631859e963f"
      [33m~[0m[0m tags                     = {
            "application"            = "analytical-platform-ingestion"
            "business-unit"          = "Platforms"
            "environment-name"       = "analytical-platform-ingestion-production"
            "infrastructure-support" = "analytical-platform@digital.justice.gov.uk"
            "is-production"          = "true"
            "owner"                  = "Analytical Platform"
            "source-code"            = "https://github.com/ministryofjustice/modernisation-platform-environments"
          [31m-[0m[0m "terraform-aws-modules"  = "alb" [90m-> null[0m[0m
        }
      [33m~[0m[0m tags_all                 = {
          [31m-[0m[0m "terraform-aws-modules"  = "alb" [90m-> null[0m[0m
            [90m# (7 unchanged elements hidden)[0m[0m
        }
        [90m# (7 unchanged attributes hidden)[0m[0m

        [90m# (1 unchanged block hidden)[0m[0m
    }

[1m  # module.datasync_activation_nlb.aws_lb_target_group.this["datasync"][0m will be updated in-place
[0m  [33m~[0m[0m resource "aws_lb_target_group" "this" {
        id                                 = "arn:aws:elasticloadbalancing:eu-west-2:471112983409:targetgroup/ds-20241017083906243300000004/b91ff216bf946a66"
        name                               = "ds-20241017083906243300000004"
      [33m~[0m[0m tags                               = {
            "application"            = "analytical-platform-ingestion"
            "business-unit"          = "Platforms"
            "environment-name"       = "analytical-platform-ingestion-production"
            "infrastructure-support" = "analytical-platform@digital.justice.gov.uk"
            "is-production"          = "true"
            "owner"                  = "Analytical Platform"
            "source-code"            = "https://github.com/ministryofjustice/modernisation-platform-environments"
          [31m-[0m[0m "terraform-aws-modules"  = "alb" [90m-> null[0m[0m
        }
      [33m~[0m[0m tags_all                           = {
          [31m-[0m[0m "terraform-aws-modules"  = "alb" [90m-> null[0m[0m
            [90m# (7 unchanged elements hidden)[0m[0m
        }
        [90m# (18 unchanged attributes hidden)[0m[0m

        [90m# (5 unchanged blocks hidden)[0m[0m
    }

[1m  # module.datasync_activation_nlb_security_group.aws_security_group_rule.ingress_rules[0][0m must be [1m[31mreplaced[0m
[0m[31m-[0m/[32m+[0m[0m resource "aws_security_group_rule" "ingress_rules" {
      [33m~[0m[0m cidr_blocks              = [ [31m# forces replacement[0m[0m
          [33m~[0m[0m "64.236.200.229/32" [33m->[0m[0m "109.154.249.138/32",
        ]
      [33m~[0m[0m id                       = "sgrule-1440702515" -> (known after apply)
      [33m~[0m[0m security_group_rule_id   = "sgr-01364336c0051e271" -> (known after apply)
      [32m+[0m[0m source_security_group_id = (known after apply)
        [90m# (10 unchanged attributes hidden)[0m[0m
    }

[1m  # module.datasync_iam_policy.aws_iam_policy.policy[0][0m must be [1m[31mreplaced[0m
[0m[31m-[0m/[32m+[0m[0m resource "aws_iam_policy" "policy" {
      [33m~[0m[0m arn              = "arn:aws:iam::471112983409:policy/datasync20241113150032026200000002" -> (known after apply)
      [33m~[0m[0m attachment_count = 1 -> (known after apply)
      [31m-[0m[0m description      = "IAM Policy" [90m-> null[0m[0m [31m# forces replacement[0m[0m
      [33m~[0m[0m id               = "arn:aws:iam::471112983409:policy/datasync20241113150032026200000002" -> (known after apply)
      [33m~[0m[0m name             = "datasync20241113150032026200000002" -> (known after apply)
      [33m~[0m[0m policy_id        = "ANPAW3MEFUNYY2JAM4ISE" -> (known after apply)
      [31m-[0m[0m tags             = {} [90m-> null[0m[0m
      [33m~[0m[0m tags_all         = {} -> (known after apply)
        [90m# (3 unchanged attributes hidden)[0m[0m
    }

[1m  # module.datasync_iam_role.aws_iam_role.this[0][0m must be [1m[31mreplaced[0m
[0m[32m+[0m/[31m-[0m[0m resource "aws_iam_role" "this" {
      [33m~[0m[0m arn                   = "arn:aws:iam::471112983409:role/datasync20241113150028145000000001" -> (known after apply)
      [33m~[0m[0m assume_role_policy    = jsonencode(
          [33m~[0m[0m {
              [33m~[0m[0m Statement = [
                  [33m~[0m[0m {
                      [33m~[0m[0m Action    = [
                          [31m-[0m[0m "sts:TagSession",
                          [31m-[0m[0m "sts:AssumeRole",
                        ] [33m->[0m[0m "sts:AssumeRole"
                      [33m~[0m[0m Principal = {
                          [31m-[0m[0m AWS     = []
                            [90m# (1 unchanged attribute hidden)[0m[0m
                        }
                      [32m+[0m[0m Sid       = "AllowDataSyncService"
                        [90m# (1 unchanged attribute hidden)[0m[0m
                    },
                ]
                [90m# (1 unchanged attribute hidden)[0m[0m
            }
        )
      [33m~[0m[0m create_date           = "2024-11-13T15:00:28Z" -> (known after apply)
      [33m~[0m[0m force_detach_policies = false [33m->[0m[0m true
      [33m~[0m[0m id                    = "datasync20241113150028145000000001" -> (known after apply)
      [33m~[0m[0m managed_policy_arns   = [
          [31m-[0m[0m "arn:aws:iam::471112983409:policy/datasync20241113150032026200000002",
        ] -> (known after apply)
      [33m~[0m[0m name                  = "datasync20241113150028145000000001" -> (known after apply)
      [33m~[0m[0m name_prefix           = "datasync" [33m->[0m[0m "datasync-" [31m# forces replacement[0m[0m
      [31m-[0m[0m tags                  = {} [90m-> null[0m[0m
      [33m~[0m[0m tags_all              = {} -> (known after apply)
      [33m~[0m[0m unique_id             = "AROAW3MEFUNYYVEB4UX7P" -> (known after apply)
        [90m# (4 unchanged attributes hidden)[0m[0m

      [33m~[0m[0m inline_policy (known after apply)
    }

[1m  # module.datasync_iam_role.aws_iam_role_policy_attachment.custom[0][0m will be [1m[31mdestroyed[0m
  # (because aws_iam_role_policy_attachment.custom is not in configuration)
[0m  [31m-[0m[0m resource "aws_iam_role_policy_attachment" "custom" {
      [31m-[0m[0m id         = "datasync20241113150028145000000001-20241113150032638100000003" [90m-> null[0m[0m
      [31m-[0m[0m policy_arn = "arn:aws:iam::471112983409:policy/datasync20241113150032026200000002" [90m-> null[0m[0m
      [31m-[0m[0m role       = "datasync20241113150028145000000001" [90m-> null[0m[0m
    }

[1m  # module.datasync_iam_role.aws_iam_role_policy_attachment.this["datasync_policy"][0m will be created
[0m  [32m+[0m[0m resource "aws_iam_role_policy_attachment" "this" {
      [32m+[0m[0m id         = (known after apply)
      [32m+[0m[0m policy_arn = (known after apply)
      [32m+[0m[0m role       = (known after apply)
    }

[1m  # module.datasync_laa_data_analysis_iam_role[0].aws_iam_role.this[0][0m must be [1m[31mreplaced[0m
[0m[32m+[0m/[31m-[0m[0m resource "aws_iam_role" "this" {
      [33m~[0m[0m arn                   = "arn:aws:iam::471112983409:role/datasync-laa-data-analysis" -> (known after apply)
      [33m~[0m[0m assume_role_policy    = jsonencode(
          [33m~[0m[0m {
              [33m~[0m[0m Statement = [
                  [33m~[0m[0m {
                      [33m~[0m[0m Action    = [
                          [31m-[0m[0m "sts:TagSession",
                          [31m-[0m[0m "sts:AssumeRole",
                        ] [33m->[0m[0m "sts:AssumeRole"
                      [33m~[0m[0m Principal = {
                          [31m-[0m[0m AWS     = []
                            [90m# (1 unchanged attribute hidden)[0m[0m
                        }
                      [32m+[0m[0m Sid       = "AllowDataSyncService"
                        [90m# (1 unchanged attribute hidden)[0m[0m
                    },
                ]
                [90m# (1 unchanged attribute hidden)[0m[0m
            }
        )
      [33m~[0m[0m create_date           = "2025-06-28T20:40:12Z" -> (known after apply)
      [33m~[0m[0m force_detach_policies = false [33m->[0m[0m true
      [33m~[0m[0m id                    = "datasync-laa-data-analysis" -> (known after apply)
      [33m~[0m[0m managed_policy_arns   = [
          [31m-[0m[0m "arn:aws:iam::471112983409:policy/laa-data-analysis20250628204011939800000001",
        ] -> (known after apply)
      [33m~[0m[0m name                  = "datasync-laa-data-analysis" -> (known after apply)
      [32m+[0m[0m name_prefix           = "datasync-laa-data-analysis-" [31m# forces replacement[0m[0m
      [31m-[0m[0m tags                  = {} [90m-> null[0m[0m
      [33m~[0m[0m tags_all              = {} -> (known after apply)
      [33m~[0m[0m unique_id             = "AROAW3MEFUNYVPV67B4OY" -> (known after apply)
        [90m# (4 unchanged attributes hidden)[0m[0m

      [33m~[0m[0m inline_policy (known after apply)
    }

[1m  # module.datasync_laa_data_analysis_iam_role[0].aws_iam_role_policy_attachment.custom[0][0m will be [1m[31mdestroyed[0m
  # (because aws_iam_role_policy_attachment.custom is not in configuration)
[0m  [31m-[0m[0m resource "aws_iam_role_policy_attachment" "custom" {
      [31m-[0m[0m id         = "datasync-laa-data-analysis-20250628204013194800000002" [90m-> null[0m[0m
      [31m-[0m[0m policy_arn = "arn:aws:iam::471112983409:policy/laa-data-analysis20250628204011939800000001" [90m-> null[0m[0m
      [31m-[0m[0m role       = "datasync-laa-data-analysis" [90m-> null[0m[0m
    }

[1m  # module.datasync_laa_data_analysis_iam_role[0].aws_iam_role_policy_attachment.this["laa_data_analysis_policy"][0m will be created
[0m  [32m+[0m[0m resource "aws_iam_role_policy_attachment" "this" {
      [32m+[0m[0m id         = (known after apply)
      [32m+[0m[0m policy_arn = (known after apply)
      [32m+[0m[0m role       = (known after apply)
    }

[1m  # module.datasync_opg_bucket.aws_s3_bucket_replication_configuration.this[0][0m will be updated in-place
[0m  [33m~[0m[0m resource "aws_s3_bucket_replication_configuration" "this" {
        id     = "mojap-ingestion-production-datasync-opg"
      [33m~[0m[0m role   = "arn:aws:iam::471112983409:role/datasync-opg-ingress-production-replication" -> (known after apply)
        [90m# (2 unchanged attributes hidden)[0m[0m

        [90m# (1 unchanged block hidden)[0m[0m
    }

[1m  # module.datasync_opg_replication_iam_policy.aws_iam_policy.policy[0][0m must be [1m[31mreplaced[0m
[0m[31m-[0m/[32m+[0m[0m resource "aws_iam_policy" "policy" {
      [33m~[0m[0m arn              = "arn:aws:iam::471112983409:policy/datasync-opg-ingress-production-replication20250217154849956100000001" -> (known after apply)
      [33m~[0m[0m attachment_count = 1 -> (known after apply)
      [31m-[0m[0m description      = "IAM Policy" [90m-> null[0m[0m [31m# forces replacement[0m[0m
      [33m~[0m[0m id               = "arn:aws:iam::471112983409:policy/datasync-opg-ingress-production-replication20250217154849956100000001" -> (known after apply)
      [33m~[0m[0m name             = "datasync-opg-ingress-production-replication20250217154849956100000001" -> (known after apply)
      [33m~[0m[0m policy_id        = "ANPAW3MEFUNYYNFZFQQAN" -> (known after apply)
      [31m-[0m[0m tags             = {} [90m-> null[0m[0m
      [33m~[0m[0m tags_all         = {} -> (known after apply)
        [90m# (3 unchanged attributes hidden)[0m[0m
    }

[1m  # module.datasync_opg_replication_iam_role.aws_iam_role.this[0][0m must be [1m[31mreplaced[0m
[0m[32m+[0m/[31m-[0m[0m resource "aws_iam_role" "this" {
      [33m~[0m[0m arn                   = "arn:aws:iam::471112983409:role/datasync-opg-ingress-production-replication" -> (known after apply)
      [33m~[0m[0m assume_role_policy    = jsonencode(
          [33m~[0m[0m {
              [33m~[0m[0m Statement = [
                  [33m~[0m[0m {
                      [33m~[0m[0m Action    = [
                          [31m-[0m[0m "sts:TagSession",
                          [31m-[0m[0m "sts:AssumeRole",
                        ] [33m->[0m[0m "sts:AssumeRole"
                      [33m~[0m[0m Principal = {
                          [31m-[0m[0m AWS     = []
                            [90m# (1 unchanged attribute hidden)[0m[0m
                        }
                      [32m+[0m[0m Sid       = "AllowS3Service"
                        [90m# (1 unchanged attribute hidden)[0m[0m
                    },
                ]
                [90m# (1 unchanged attribute hidden)[0m[0m
            }
        )
      [33m~[0m[0m create_date           = "2025-02-17T15:48:40Z" -> (known after apply)
      [33m~[0m[0m force_detach_policies = false [33m->[0m[0m true
      [33m~[0m[0m id                    = "datasync-opg-ingress-production-replication" -> (known after apply)
      [33m~[0m[0m managed_policy_arns   = [
          [31m-[0m[0m "arn:aws:iam::471112983409:policy/datasync-opg-ingress-production-replication20250217154849956100000001",
        ] -> (known after apply)
      [33m~[0m[0m name                  = "datasync-opg-ingress-production-replication" -> (known after apply)
      [32m+[0m[0m name_prefix           = "datasync-opg-production-replication-" [31m# forces replacement[0m[0m
      [31m-[0m[0m tags                  = {} [90m-> null[0m[0m
      [33m~[0m[0m tags_all              = {} -> (known after apply)
      [33m~[0m[0m unique_id             = "AROAW3MEFUNY6QURBA3IF" -> (known after apply)
        [90m# (4 unchanged attributes hidden)[0m[0m

      [33m~[0m[0m inline_policy (known after apply)
    }

[1m  # module.datasync_opg_replication_iam_role.aws_iam_role_policy_attachment.custom[0][0m will be [1m[31mdestroyed[0m
  # (because aws_iam_role_policy_attachment.custom is not in configuration)
[0m  [31m-[0m[0m resource "aws_iam_role_policy_attachment" "custom" {
      [31m-[0m[0m id         = "datasync-opg-ingress-production-replication-20250217154850177400000002" [90m-> null[0m[0m
      [31m-[0m[0m policy_arn = "arn:aws:iam::471112983409:policy/datasync-opg-ingress-production-replication20250217154849956100000001" [90m-> null[0m[0m
      [31m-[0m[0m role       = "datasync-opg-ingress-production-replication" [90m-> null[0m[0m
    }

[1m  # module.datasync_opg_replication_iam_role.aws_iam_role_policy_attachment.this["datasync_opg_replication_policy"][0m will be created
[0m  [32m+[0m[0m resource "aws_iam_role_policy_attachment" "this" {
      [32m+[0m[0m id         = (known after apply)
      [32m+[0m[0m policy_arn = (known after apply)
      [32m+[0m[0m role       = (known after apply)
    }

[1m  # module.datasync_replication_iam_policy.aws_iam_policy.policy[0][0m must be [1m[31mreplaced[0m
[0m[31m-[0m/[32m+[0m[0m resource "aws_iam_policy" "policy" {
      [33m~[0m[0m arn              = "arn:aws:iam::471112983409:policy/datasync-replication20241113173359638200000001" -> (known after apply)
      [33m~[0m[0m attachment_count = 1 -> (known after apply)
      [31m-[0m[0m description      = "IAM Policy" [90m-> null[0m[0m [31m# forces replacement[0m[0m
      [33m~[0m[0m id               = "arn:aws:iam::471112983409:policy/datasync-replication20241113173359638200000001" -> (known after apply)
      [33m~[0m[0m name             = "datasync-replication20241113173359638200000001" -> (known after apply)
      [33m~[0m[0m policy_id        = "ANPAW3MEFUNYV4ME724GT" -> (known after apply)
      [31m-[0m[0m tags             = {} [90m-> null[0m[0m
      [33m~[0m[0m tags_all         = {} -> (known after apply)
        [90m# (3 unchanged attributes hidden)[0m[0m
    }

[1m  # module.datasync_replication_iam_role.aws_iam_role.this[0][0m must be [1m[31mreplaced[0m
[0m[32m+[0m/[31m-[0m[0m resource "aws_iam_role" "this" {
      [33m~[0m[0m arn                   = "arn:aws:iam::471112983409:role/datasync-replication" -> (known after apply)
      [33m~[0m[0m assume_role_policy    = jsonencode(
          [33m~[0m[0m {
              [33m~[0m[0m Statement = [
                  [33m~[0m[0m {
                      [33m~[0m[0m Action    = [
                          [31m-[0m[0m "sts:TagSession",
                          [31m-[0m[0m "sts:AssumeRole",
                        ] [33m->[0m[0m "sts:AssumeRole"
                      [33m~[0m[0m Principal = {
                          [31m-[0m[0m AWS     = []
                            [90m# (1 unchanged attribute hidden)[0m[0m
                        }
                      [32m+[0m[0m Sid       = "AllowS3Service"
                        [90m# (1 unchanged attribute hidden)[0m[0m
                    },
                ]
                [90m# (1 unchanged attribute hidden)[0m[0m
            }
        )
      [33m~[0m[0m create_date           = "2024-11-13T17:33:59Z" -> (known after apply)
      [33m~[0m[0m force_detach_policies = false [33m->[0m[0m true
      [33m~[0m[0m id                    = "datasync-replication" -> (known after apply)
      [33m~[0m[0m managed_policy_arns   = [
          [31m-[0m[0m "arn:aws:iam::471112983409:policy/datasync-replication20241113173359638200000001",
        ] -> (known after apply)
      [33m~[0m[0m name                  = "datasync-replication" -> (known after apply)
      [32m+[0m[0m name_prefix           = "datasync-replication-" [31m# forces replacement[0m[0m
      [31m-[0m[0m tags                  = {} [90m-> null[0m[0m
      [33m~[0m[0m tags_all              = {} -> (known after apply)
      [33m~[0m[0m unique_id             = "AROAW3MEFUNYWHY5T2AYO" -> (known after apply)
        [90m# (4 unchanged attributes hidden)[0m[0m

      [33m~[0m[0m inline_policy (known after apply)
    }

[1m  # module.datasync_replication_iam_role.aws_iam_role_policy_attachment.custom[0][0m will be [1m[31mdestroyed[0m
  # (because aws_iam_role_policy_attachment.custom is not in configuration)
[0m  [31m-[0m[0m resource "aws_iam_role_policy_attachment" "custom" {
      [31m-[0m[0m id         = "datasync-replication-20241113173400094400000002" [90m-> null[0m[0m
      [31m-[0m[0m policy_arn = "arn:aws:iam::471112983409:policy/datasync-replication20241113173359638200000001" [90m-> null[0m[0m
      [31m-[0m[0m role       = "datasync-replication" [90m-> null[0m[0m
    }

[1m  # module.datasync_replication_iam_role.aws_iam_role_policy_attachment.this["datasync_replication_policy"][0m will be created
[0m  [32m+[0m[0m resource "aws_iam_role_policy_attachment" "this" {
      [32m+[0m[0m id         = (known after apply)
      [32m+[0m[0m policy_arn = (known after apply)
      [32m+[0m[0m role       = (known after apply)
    }

[1m  # module.guard_duty_malware_s3_scan_iam_role.aws_iam_role.this[0][0m must be [1m[31mreplaced[0m
[0m[32m+[0m/[31m-[0m[0m resource "aws_iam_role" "this" {
      [33m~[0m[0m arn                   = "arn:aws:iam::471112983409:role/guard-duty-malware-production-scan" -> (known after apply)
      [33m~[0m[0m assume_role_policy    = jsonencode(
          [33m~[0m[0m {
              [33m~[0m[0m Statement = [
                  [33m~[0m[0m {
                      [33m~[0m[0m Action    = [
                          [31m-[0m[0m "sts:TagSession",
                          [31m-[0m[0m "sts:AssumeRole",
                        ] [33m->[0m[0m "sts:AssumeRole"
                      [33m~[0m[0m Principal = {
                          [31m-[0m[0m AWS     = []
                            [90m# (1 unchanged attribute hidden)[0m[0m
                        }
                      [32m+[0m[0m Sid       = "AllowGuardDutyService"
                        [90m# (1 unchanged attribute hidden)[0m[0m
                    },
                ]
                [90m# (1 unchanged attribute hidden)[0m[0m
            }
        )
      [33m~[0m[0m create_date           = "2025-02-19T10:58:18Z" -> (known after apply)
      [33m~[0m[0m force_detach_policies = false [33m->[0m[0m true
      [33m~[0m[0m id                    = "guard-duty-malware-production-scan" -> (known after apply)
      [33m~[0m[0m managed_policy_arns   = [
          [31m-[0m[0m "arn:aws:iam::471112983409:policy/guard-duty-s3-malware-protection-production-scan20250219105818952800000001",
        ] -> (known after apply)
      [33m~[0m[0m name                  = "guard-duty-malware-production-scan" -> (known after apply)
      [32m+[0m[0m name_prefix           = "guard-duty-malware-production-scan-" [31m# forces replacement[0m[0m
      [31m-[0m[0m tags                  = {} [90m-> null[0m[0m
      [33m~[0m[0m tags_all              = {} -> (known after apply)
      [33m~[0m[0m unique_id             = "AROAW3MEFUNYXSLYESF7J" -> (known after apply)
        [90m# (4 unchanged attributes hidden)[0m[0m

      [33m~[0m[0m inline_policy (known after apply)
    }

[1m  # module.guard_duty_malware_s3_scan_iam_role.aws_iam_role_policy_attachment.custom[0][0m will be [1m[31mdestroyed[0m
  # (because aws_iam_role_policy_attachment.custom is not in configuration)
[0m  [31m-[0m[0m resource "aws_iam_role_policy_attachment" "custom" {
      [31m-[0m[0m id         = "guard-duty-malware-production-scan-20250219105819209700000002" [90m-> null[0m[0m
      [31m-[0m[0m policy_arn = "arn:aws:iam::471112983409:policy/guard-duty-s3-malware-protection-production-scan20250219105818952800000001" [90m-> null[0m[0m
      [31m-[0m[0m role       = "guard-duty-malware-production-scan" [90m-> null[0m[0m
    }

[1m  # module.guard_duty_malware_s3_scan_iam_role.aws_iam_role_policy_attachment.this["guard_duty_malware_protection_policy"][0m will be created
[0m  [32m+[0m[0m resource "aws_iam_role_policy_attachment" "this" {
      [32m+[0m[0m id         = (known after apply)
      [32m+[0m[0m policy_arn = (known after apply)
      [32m+[0m[0m role       = (known after apply)
    }

[1m  # module.guard_duty_s3_malware_protection_iam_policy.aws_iam_policy.policy[0][0m must be [1m[31mreplaced[0m
[0m[31m-[0m/[32m+[0m[0m resource "aws_iam_policy" "policy" {
      [33m~[0m[0m arn              = "arn:aws:iam::471112983409:policy/guard-duty-s3-malware-protection-production-scan20250219105818952800000001" -> (known after apply)
      [33m~[0m[0m attachment_count = 1 -> (known after apply)
      [31m-[0m[0m description      = "IAM Policy" [90m-> null[0m[0m [31m# forces replacement[0m[0m
      [33m~[0m[0m id               = "arn:aws:iam::471112983409:policy/guard-duty-s3-malware-protection-production-scan20250219105818952800000001" -> (known after apply)
      [33m~[0m[0m name             = "guard-duty-s3-malware-protection-production-scan20250219105818952800000001" -> (known after apply)
      [33m~[0m[0m policy_id        = "ANPAW3MEFUNYQKINNAMZC" -> (known after apply)
      [31m-[0m[0m tags             = {} [90m-> null[0m[0m
      [33m~[0m[0m tags_all         = {} -> (known after apply)
        [90m# (3 unchanged attributes hidden)[0m[0m
    }

[1m  # module.laa_data_analysis_bucket[0].aws_s3_bucket_replication_configuration.this[0][0m will be updated in-place
[0m  [33m~[0m[0m resource "aws_s3_bucket_replication_configuration" "this" {
        id     = "mojap-ingestion-production-laa-data-analysis"
      [33m~[0m[0m role   = "arn:aws:iam::471112983409:role/laa-data-analysis-production-replication" -> (known after apply)
        [90m# (2 unchanged attributes hidden)[0m[0m

        [90m# (1 unchanged block hidden)[0m[0m
    }

[1m  # module.laa_data_analysis_iam_policy[0].aws_iam_policy.policy[0][0m must be [1m[31mreplaced[0m
[0m[31m-[0m/[32m+[0m[0m resource "aws_iam_policy" "policy" {
      [33m~[0m[0m arn              = "arn:aws:iam::471112983409:policy/laa-data-analysis20250628204011939800000001" -> (known after apply)
      [33m~[0m[0m attachment_count = 1 -> (known after apply)
      [31m-[0m[0m description      = "IAM Policy" [90m-> null[0m[0m [31m# forces replacement[0m[0m
      [33m~[0m[0m id               = "arn:aws:iam::471112983409:policy/laa-data-analysis20250628204011939800000001" -> (known after apply)
      [33m~[0m[0m name             = "laa-data-analysis20250628204011939800000001" -> (known after apply)
      [33m~[0m[0m policy_id        = "ANPAW3MEFUNY7XVC7JQMJ" -> (known after apply)
      [31m-[0m[0m tags             = {} [90m-> null[0m[0m
      [33m~[0m[0m tags_all         = {} -> (known after apply)
        [90m# (3 unchanged attributes hidden)[0m[0m
    }

[1m  # module.laa_data_analysis_replication_iam_policy[0].aws_iam_policy.policy[0][0m must be [1m[31mreplaced[0m
[0m[31m-[0m/[32m+[0m[0m resource "aws_iam_policy" "policy" {
      [33m~[0m[0m arn              = "arn:aws:iam::471112983409:policy/laa-data-analysis-production-replication20250628224352688200000001" -> (known after apply)
      [33m~[0m[0m attachment_count = 1 -> (known after apply)
      [31m-[0m[0m description      = "IAM Policy" [90m-> null[0m[0m [31m# forces replacement[0m[0m
      [33m~[0m[0m id               = "arn:aws:iam::471112983409:policy/laa-data-analysis-production-replication20250628224352688200000001" -> (known after apply)
      [33m~[0m[0m name             = "laa-data-analysis-production-replication20250628224352688200000001" -> (known after apply)
      [33m~[0m[0m policy_id        = "ANPAW3MEFUNYWZYPIYCP6" -> (known after apply)
      [31m-[0m[0m tags             = {} [90m-> null[0m[0m
      [33m~[0m[0m tags_all         = {} -> (known after apply)
        [90m# (3 unchanged attributes hidden)[0m[0m
    }

[1m  # module.laa_data_analysis_replication_iam_role[0].aws_iam_role.this[0][0m must be [1m[31mreplaced[0m
[0m[32m+[0m/[31m-[0m[0m resource "aws_iam_role" "this" {
      [33m~[0m[0m arn                   = "arn:aws:iam::471112983409:role/laa-data-analysis-production-replication" -> (known after apply)
      [33m~[0m[0m assume_role_policy    = jsonencode(
          [33m~[0m[0m {
              [33m~[0m[0m Statement = [
                  [33m~[0m[0m {
                      [33m~[0m[0m Action    = [
                          [31m-[0m[0m "sts:TagSession",
                          [31m-[0m[0m "sts:AssumeRole",
                        ] [33m->[0m[0m "sts:AssumeRole"
                      [33m~[0m[0m Principal = {
                          [31m-[0m[0m AWS     = []
                            [90m# (1 unchanged attribute hidden)[0m[0m
                        }
                      [32m+[0m[0m Sid       = "AllowS3Services"
                        [90m# (1 unchanged attribute hidden)[0m[0m
                    },
                ]
                [90m# (1 unchanged attribute hidden)[0m[0m
            }
        )
      [33m~[0m[0m create_date           = "2025-06-28T22:43:44Z" -> (known after apply)
      [33m~[0m[0m force_detach_policies = false [33m->[0m[0m true
      [33m~[0m[0m id                    = "laa-data-analysis-production-replication" -> (known after apply)
      [33m~[0m[0m managed_policy_arns   = [
          [31m-[0m[0m "arn:aws:iam::471112983409:policy/laa-data-analysis-production-replication20250628224352688200000001",
        ] -> (known after apply)
      [33m~[0m[0m name                  = "laa-data-analysis-production-replication" -> (known after apply)
      [32m+[0m[0m name_prefix           = "laa-analysis-production-repl-" [31m# forces replacement[0m[0m
      [31m-[0m[0m tags                  = {} [90m-> null[0m[0m
      [33m~[0m[0m tags_all              = {} -> (known after apply)
      [33m~[0m[0m unique_id             = "AROAW3MEFUNYQK5UWQEGD" -> (known after apply)
        [90m# (4 unchanged attributes hidden)[0m[0m

      [33m~[0m[0m inline_policy (known after apply)
    }

[1m  # module.laa_data_analysis_replication_iam_role[0].aws_iam_role_policy_attachment.custom[0][0m will be [1m[31mdestroyed[0m
  # (because aws_iam_role_policy_attachment.custom is not in configuration)
[0m  [31m-[0m[0m resource "aws_iam_role_policy_attachment" "custom" {
      [31m-[0m[0m id         = "laa-data-analysis-production-replication-20250628224353578200000002" [90m-> null[0m[0m
      [31m-[0m[0m policy_arn = "arn:aws:iam::471112983409:policy/laa-data-analysis-production-replication20250628224352688200000001" [90m-> null[0m[0m
      [31m-[0m[0m role       = "laa-data-analysis-production-replication" [90m-> null[0m[0m
    }

[1m  # module.laa_data_analysis_replication_iam_role[0].aws_iam_role_policy_attachment.this["laa_data_analysis_replication_policy"][0m will be created
[0m  [32m+[0m[0m resource "aws_iam_role_policy_attachment" "this" {
      [32m+[0m[0m id         = (known after apply)
      [32m+[0m[0m policy_arn = (known after apply)
      [32m+[0m[0m role       = (known after apply)
    }

[1m  # module.sftp_users["cgi-cps"].aws_transfer_user.this[0m will be updated in-place
[0m  [33m~[0m[0m resource "aws_transfer_user" "this" {
        id                  = "s-fe8ed859c3f14f479/cgi-cps"
      [33m~[0m[0m role                = "arn:aws:iam::471112983409:role/transfer-user-cgi-cps" -> (known after apply)
        tags                = {}
        [90m# (8 unchanged attributes hidden)[0m[0m
    }

[1m  # module.sftp_users["maat-xhibit"].aws_transfer_user.this[0m will be updated in-place
[0m  [33m~[0m[0m resource "aws_transfer_user" "this" {
        id                  = "s-fe8ed859c3f14f479/maat-xhibit"
      [33m~[0m[0m role                = "arn:aws:iam::471112983409:role/transfer-user-maat-xhibit" -> (known after apply)
        tags                = {}
        [90m# (8 unchanged attributes hidden)[0m[0m
    }

[1m  # module.sftp_users["meganexususer"].aws_transfer_user.this[0m will be updated in-place
[0m  [33m~[0m[0m resource "aws_transfer_user" "this" {
        id                  = "s-fe8ed859c3f14f479/meganexususer"
      [33m~[0m[0m role                = "arn:aws:iam::471112983409:role/transfer-user-meganexususer" -> (known after apply)
        tags                = {}
        [90m# (8 unchanged attributes hidden)[0m[0m
    }

[1m  # module.sftp_users["opg-restore-ocr"].aws_transfer_user.this[0m will be updated in-place
[0m  [33m~[0m[0m resource "aws_transfer_user" "this" {
        id                  = "s-fe8ed859c3f14f479/opg-restore-ocr"
      [33m~[0m[0m role                = "arn:aws:iam::471112983409:role/transfer-user-opg-restore-ocr" -> (known after apply)
        tags                = {}
        [90m# (8 unchanged attributes hidden)[0m[0m
    }

[1m  # module.sftp_users["property-concept"].aws_transfer_user.this[0m will be updated in-place
[0m  [33m~[0m[0m resource "aws_transfer_user" "this" {
        id                  = "s-fe8ed859c3f14f479/property-concept"
      [33m~[0m[0m role                = "arn:aws:iam::471112983409:role/transfer-user-property-concept" -> (known after apply)
        tags                = {}
        [90m# (8 unchanged attributes hidden)[0m[0m
    }

[1m  # module.sftp_users["sscl-chris-j"].aws_transfer_user.this[0m will be updated in-place
[0m  [33m~[0m[0m resource "aws_transfer_user" "this" {
        id                  = "s-fe8ed859c3f14f479/sscl-chris-j"
      [33m~[0m[0m role                = "arn:aws:iam::471112983409:role/transfer-user-sscl-chris-j" -> (known after apply)
        tags                = {}
        [90m# (8 unchanged attributes hidden)[0m[0m
    }

[1m  # module.sftp_users["sscl-epm"].aws_transfer_user.this[0m will be updated in-place
[0m  [33m~[0m[0m resource "aws_transfer_user" "this" {
        id                  = "s-fe8ed859c3f14f479/sscl-epm"
      [33m~[0m[0m role                = "arn:aws:iam::471112983409:role/transfer-user-sscl-epm" -> (known after apply)
        tags                = {}
        [90m# (8 unchanged attributes hidden)[0m[0m
    }

[1m  # module.sftp_users_with_egress["cgi-ssct-sop"].aws_transfer_user.this[0m will be updated in-place
[0m  [33m~[0m[0m resource "aws_transfer_user" "this" {
        id                  = "s-fe8ed859c3f14f479/cgi-ssct-sop"
      [33m~[0m[0m role                = "arn:aws:iam::471112983409:role/transfer-user-cgi-ssct-sop" -> (known after apply)
        tags                = {}
        [90m# (8 unchanged attributes hidden)[0m[0m

        [90m# (2 unchanged blocks hidden)[0m[0m
    }

[1m  # module.sftp_users_with_egress["essex-police"].aws_transfer_user.this[0m will be updated in-place
[0m  [33m~[0m[0m resource "aws_transfer_user" "this" {
        id                  = "s-fe8ed859c3f14f479/essex-police"
      [33m~[0m[0m role                = "arn:aws:iam::471112983409:role/transfer-user-essex-police" -> (known after apply)
        tags                = {}
        [90m# (8 unchanged attributes hidden)[0m[0m

        [90m# (2 unchanged blocks hidden)[0m[0m
    }

[1m  # module.transfer_family_service_role.aws_iam_role.this[0][0m must be [1m[31mreplaced[0m
[0m[32m+[0m/[31m-[0m[0m resource "aws_iam_role" "this" {
      [33m~[0m[0m arn                   = "arn:aws:iam::471112983409:role/transfer-family-service-role" -> (known after apply)
      [33m~[0m[0m assume_role_policy    = jsonencode(
          [33m~[0m[0m {
              [33m~[0m[0m Statement = [
                  [33m~[0m[0m {
                      [33m~[0m[0m Action    = [
                          [31m-[0m[0m "sts:TagSession",
                          [31m-[0m[0m "sts:AssumeRole",
                        ] [33m->[0m[0m "sts:AssumeRole"
                      [33m~[0m[0m Principal = {
                          [31m-[0m[0m AWS     = []
                            [90m# (1 unchanged attribute hidden)[0m[0m
                        }
                      [32m+[0m[0m Sid       = "AllowTransferService"
                        [90m# (1 unchanged attribute hidden)[0m[0m
                    },
                ]
                [90m# (1 unchanged attribute hidden)[0m[0m
            }
        )
      [33m~[0m[0m create_date           = "2024-03-20T17:15:53Z" -> (known after apply)
      [33m~[0m[0m force_detach_policies = false [33m->[0m[0m true
      [33m~[0m[0m id                    = "transfer-family-service-role" -> (known after apply)
      [33m~[0m[0m managed_policy_arns   = [
          [31m-[0m[0m "arn:aws:iam::aws:policy/service-role/AWSTransferLoggingAccess",
        ] -> (known after apply)
      [33m~[0m[0m name                  = "transfer-family-service-role" -> (known after apply)
      [32m+[0m[0m name_prefix           = "transfer-family-service-role-" [31m# forces replacement[0m[0m
      [31m-[0m[0m tags                  = {} [90m-> null[0m[0m
      [33m~[0m[0m tags_all              = {} -> (known after apply)
      [33m~[0m[0m unique_id             = "AROAW3MEFUNYUYD4LKWY2" -> (known after apply)
        [90m# (4 unchanged attributes hidden)[0m[0m

      [33m~[0m[0m inline_policy (known after apply)
    }

[1m  # module.transfer_family_service_role.aws_iam_role_policy_attachment.custom[0][0m will be [1m[31mdestroyed[0m
  # (because aws_iam_role_policy_attachment.custom is not in configuration)
[0m  [31m-[0m[0m resource "aws_iam_role_policy_attachment" "custom" {
      [31m-[0m[0m id         = "transfer-family-service-role-20240320171555331200000001" [90m-> null[0m[0m
      [31m-[0m[0m policy_arn = "arn:aws:iam::aws:policy/service-role/AWSTransferLoggingAccess" [90m-> null[0m[0m
      [31m-[0m[0m role       = "transfer-family-service-role" [90m-> null[0m[0m
    }

[1m  # module.transfer_family_service_role.aws_iam_role_policy_attachment.this["aws_transfer_logging"][0m will be created
[0m  [32m+[0m[0m resource "aws_iam_role_policy_attachment" "this" {
      [32m+[0m[0m id         = (known after apply)
      [32m+[0m[0m policy_arn = "arn:aws:iam::aws:policy/service-role/AWSTransferLoggingAccess"
      [32m+[0m[0m role       = (known after apply)
    }

[1m  # module.transfer_logs_kms.aws_kms_key.this[0][0m will be updated in-place
[0m  [33m~[0m[0m resource "aws_kms_key" "this" {
        id                                 = "aaeffafc-de32-4d15-8064-37ef4fe5f0ba"
      [33m~[0m[0m policy                             = jsonencode(
          [33m~[0m[0m {
              [33m~[0m[0m Statement = [
                    {
                        Action    = "kms:*"
                        Effect    = "Allow"
                        Principal = {
                            AWS = "arn:aws:iam::471112983409:root"
                        }
                        Resource  = "*"
                        Sid       = "Default"
                    },
                  [33m~[0m[0m {
                      [31m-[0m[0m Condition = {
                          [31m-[0m[0m ArnEquals = {
                              [31m-[0m[0m "kms:EncryptionContext:aws:logs:arn" = "arn:aws:logs:eu-west-2:471112983409:log-group:/aws/transfer-structured-logs"
                            }
                        }
                        [90m# (5 unchanged attributes hidden)[0m[0m
                    },
                ]
                [90m# (1 unchanged attribute hidden)[0m[0m
            }
        )
        tags                               = {}
        [90m# (15 unchanged attributes hidden)[0m[0m
    }

[1m  # module.transfer_server_iam_policy.aws_iam_policy.policy[0][0m must be [1m[31mreplaced[0m
[0m[31m-[0m/[32m+[0m[0m resource "aws_iam_policy" "policy" {
      [33m~[0m[0m arn              = "arn:aws:iam::471112983409:policy/transfer-server20240327121903358400000002" -> (known after apply)
      [33m~[0m[0m attachment_count = 1 -> (known after apply)
      [31m-[0m[0m description      = "IAM Policy" [90m-> null[0m[0m [31m# forces replacement[0m[0m
      [33m~[0m[0m id               = "arn:aws:iam::471112983409:policy/transfer-server20240327121903358400000002" -> (known after apply)
      [33m~[0m[0m name             = "transfer-server20240327121903358400000002" -> (known after apply)
      [33m~[0m[0m policy_id        = "ANPAW3MEFUNYWGA3JPKLB" -> (known after apply)
      [31m-[0m[0m tags             = {} [90m-> null[0m[0m
      [33m~[0m[0m tags_all         = {} -> (known after apply)
        [90m# (3 unchanged attributes hidden)[0m[0m
    }

[1m  # module.transfer_server_iam_role.aws_iam_role.this[0][0m must be [1m[31mreplaced[0m
[0m[32m+[0m/[31m-[0m[0m resource "aws_iam_role" "this" {
      [33m~[0m[0m arn                   = "arn:aws:iam::471112983409:role/transfer-server20240327121853746100000001" -> (known after apply)
      [33m~[0m[0m assume_role_policy    = jsonencode(
          [33m~[0m[0m {
              [33m~[0m[0m Statement = [
                  [33m~[0m[0m {
                      [33m~[0m[0m Action    = [
                          [31m-[0m[0m "sts:TagSession",
                          [31m-[0m[0m "sts:AssumeRole",
                        ] [33m->[0m[0m "sts:AssumeRole"
                      [33m~[0m[0m Principal = {
                          [31m-[0m[0m AWS     = []
                            [90m# (1 unchanged attribute hidden)[0m[0m
                        }
                      [32m+[0m[0m Sid       = "AllowTransferService"
                        [90m# (1 unchanged attribute hidden)[0m[0m
                    },
                ]
                [90m# (1 unchanged attribute hidden)[0m[0m
            }
        )
      [33m~[0m[0m create_date           = "2024-03-27T12:18:53Z" -> (known after apply)
      [33m~[0m[0m force_detach_policies = false [33m->[0m[0m true
      [33m~[0m[0m id                    = "transfer-server20240327121853746100000001" -> (known after apply)
      [33m~[0m[0m managed_policy_arns   = [
          [31m-[0m[0m "arn:aws:iam::471112983409:policy/transfer-server20240327121903358400000002",
          [31m-[0m[0m "arn:aws:iam::aws:policy/service-role/AWSTransferLoggingAccess",
        ] -> (known after apply)
      [33m~[0m[0m name                  = "transfer-server20240327121853746100000001" -> (known after apply)
      [33m~[0m[0m name_prefix           = "transfer-server" [33m->[0m[0m "transfer-server-" [31m# forces replacement[0m[0m
      [31m-[0m[0m tags                  = {} [90m-> null[0m[0m
      [33m~[0m[0m tags_all              = {} -> (known after apply)
      [33m~[0m[0m unique_id             = "AROAW3MEFUNYX7T2BDVRA" -> (known after apply)
        [90m# (4 unchanged attributes hidden)[0m[0m

      [33m~[0m[0m inline_policy (known after apply)
    }

[1m  # module.transfer_server_iam_role.aws_iam_role_policy_attachment.custom[0][0m will be [1m[31mdestroyed[0m
  # (because aws_iam_role_policy_attachment.custom is not in configuration)
[0m  [31m-[0m[0m resource "aws_iam_role_policy_attachment" "custom" {
      [31m-[0m[0m id         = "transfer-server20240327121853746100000001-20240327121903654900000004" [90m-> null[0m[0m
      [31m-[0m[0m policy_arn = "arn:aws:iam::471112983409:policy/transfer-server20240327121903358400000002" [90m-> null[0m[0m
      [31m-[0m[0m role       = "transfer-server20240327121853746100000001" [90m-> null[0m[0m
    }

[1m  # module.transfer_server_iam_role.aws_iam_role_policy_attachment.custom[1][0m will be [1m[31mdestroyed[0m
  # (because aws_iam_role_policy_attachment.custom is not in configuration)
[0m  [31m-[0m[0m resource "aws_iam_role_policy_attachment" "custom" {
      [31m-[0m[0m id         = "transfer-server20240327121853746100000001-20240327121903623800000003" [90m-> null[0m[0m
      [31m-[0m[0m policy_arn = "arn:aws:iam::aws:policy/service-role/AWSTransferLoggingAccess" [90m-> null[0m[0m
      [31m-[0m[0m role       = "transfer-server20240327121853746100000001" [90m-> null[0m[0m
    }

[1m  # module.transfer_server_iam_role.aws_iam_role_policy_attachment.this["aws_transfer_logging"][0m will be created
[0m  [32m+[0m[0m resource "aws_iam_role_policy_attachment" "this" {
      [32m+[0m[0m id         = (known after apply)
      [32m+[0m[0m policy_arn = "arn:aws:iam::aws:policy/service-role/AWSTransferLoggingAccess"
      [32m+[0m[0m role       = (known after apply)
    }

[1m  # module.transfer_server_iam_role.aws_iam_role_policy_attachment.this["transfer_server_policy"][0m will be created
[0m  [32m+[0m[0m resource "aws_iam_role_policy_attachment" "this" {
      [32m+[0m[0m id         = (known after apply)
      [32m+[0m[0m policy_arn = (known after apply)
      [32m+[0m[0m role       = (known after apply)
    }

[1m  # module.sftp_users["cgi-cps"].module.policy.aws_iam_policy.policy[0][0m must be [1m[31mreplaced[0m
[0m[31m-[0m/[32m+[0m[0m resource "aws_iam_policy" "policy" {
      [33m~[0m[0m arn              = "arn:aws:iam::471112983409:policy/transfer-user-cgi-cps20250324162838903100000005" -> (known after apply)
      [33m~[0m[0m attachment_count = 1 -> (known after apply)
      [31m-[0m[0m description      = "IAM Policy" [90m-> null[0m[0m [31m# forces replacement[0m[0m
      [33m~[0m[0m id               = "arn:aws:iam::471112983409:policy/transfer-user-cgi-cps20250324162838903100000005" -> (known after apply)
      [33m~[0m[0m name             = "transfer-user-cgi-cps20250324162838903100000005" -> (known after apply)
      [33m~[0m[0m policy_id        = "ANPAW3MEFUNYZB2URLWPL" -> (known after apply)
      [31m-[0m[0m tags             = {} [90m-> null[0m[0m
      [33m~[0m[0m tags_all         = {} -> (known after apply)
        [90m# (3 unchanged attributes hidden)[0m[0m
    }

[1m  # module.sftp_users["cgi-cps"].module.role.aws_iam_role.this[0][0m must be [1m[31mreplaced[0m
[0m[32m+[0m/[31m-[0m[0m resource "aws_iam_role" "this" {
      [33m~[0m[0m arn                   = "arn:aws:iam::471112983409:role/transfer-user-cgi-cps" -> (known after apply)
      [33m~[0m[0m assume_role_policy    = jsonencode(
          [33m~[0m[0m {
              [33m~[0m[0m Statement = [
                  [33m~[0m[0m {
                      [33m~[0m[0m Action    = [
                          [31m-[0m[0m "sts:TagSession",
                          [31m-[0m[0m "sts:AssumeRole",
                        ] [33m->[0m[0m "sts:AssumeRole"
                      [33m~[0m[0m Principal = {
                          [31m-[0m[0m AWS     = []
                            [90m# (1 unchanged attribute hidden)[0m[0m
                        }
                      [32m+[0m[0m Sid       = "AllowTransferService"
                        [90m# (1 unchanged attribute hidden)[0m[0m
                    },
                ]
                [90m# (1 unchanged attribute hidden)[0m[0m
            }
        )
      [33m~[0m[0m create_date           = "2025-03-24T16:28:39Z" -> (known after apply)
      [33m~[0m[0m force_detach_policies = false [33m->[0m[0m true
      [33m~[0m[0m id                    = "transfer-user-cgi-cps" -> (known after apply)
      [33m~[0m[0m managed_policy_arns   = [
          [31m-[0m[0m "arn:aws:iam::471112983409:policy/transfer-user-cgi-cps20250324162838903100000005",
        ] -> (known after apply)
      [33m~[0m[0m name                  = "transfer-user-cgi-cps" -> (known after apply)
      [32m+[0m[0m name_prefix           = "transfer-user-cgi-cps-" [31m# forces replacement[0m[0m
      [31m-[0m[0m tags                  = {} [90m-> null[0m[0m
      [33m~[0m[0m tags_all              = {} -> (known after apply)
      [33m~[0m[0m unique_id             = "AROAW3MEFUNY4PQ4BUKFF" -> (known after apply)
        [90m# (4 unchanged attributes hidden)[0m[0m

      [33m~[0m[0m inline_policy (known after apply)
    }

[1m  # module.sftp_users["cgi-cps"].module.role.aws_iam_role_policy_attachment.custom[0][0m will be [1m[31mdestroyed[0m
  # (because aws_iam_role_policy_attachment.custom is not in configuration)
[0m  [31m-[0m[0m resource "aws_iam_role_policy_attachment" "custom" {
      [31m-[0m[0m id         = "transfer-user-cgi-cps-20250324162839330400000006" [90m-> null[0m[0m
      [31m-[0m[0m policy_arn = "arn:aws:iam::471112983409:policy/transfer-user-cgi-cps20250324162838903100000005" [90m-> null[0m[0m
      [31m-[0m[0m role       = "transfer-user-cgi-cps" [90m-> null[0m[0m
    }

[1m  # module.sftp_users["cgi-cps"].module.role.aws_iam_role_policy_attachment.this["transfer_user_policy"][0m will be created
[0m  [32m+[0m[0m resource "aws_iam_role_policy_attachment" "this" {
      [32m+[0m[0m id         = (known after apply)
      [32m+[0m[0m policy_arn = (known after apply)
      [32m+[0m[0m role       = (known after apply)
    }

[1m  # module.sftp_users["maat-xhibit"].module.policy.aws_iam_policy.policy[0][0m must be [1m[31mreplaced[0m
[0m[31m-[0m/[32m+[0m[0m resource "aws_iam_policy" "policy" {
      [33m~[0m[0m arn              = "arn:aws:iam::471112983409:policy/transfer-user-maat-xhibit20250808103112680100000005" -> (known after apply)
      [33m~[0m[0m attachment_count = 1 -> (known after apply)
      [31m-[0m[0m description      = "IAM Policy" [90m-> null[0m[0m [31m# forces replacement[0m[0m
      [33m~[0m[0m id               = "arn:aws:iam::471112983409:policy/transfer-user-maat-xhibit20250808103112680100000005" -> (known after apply)
      [33m~[0m[0m name             = "transfer-user-maat-xhibit20250808103112680100000005" -> (known after apply)
      [33m~[0m[0m policy_id        = "ANPAW3MEFUNY5C3D4B5U4" -> (known after apply)
      [31m-[0m[0m tags             = {} [90m-> null[0m[0m
      [33m~[0m[0m tags_all         = {} -> (known after apply)
        [90m# (3 unchanged attributes hidden)[0m[0m
    }

[1m  # module.sftp_users["maat-xhibit"].module.role.aws_iam_role.this[0][0m must be [1m[31mreplaced[0m
[0m[32m+[0m/[31m-[0m[0m resource "aws_iam_role" "this" {
      [33m~[0m[0m arn                   = "arn:aws:iam::471112983409:role/transfer-user-maat-xhibit" -> (known after apply)
      [33m~[0m[0m assume_role_policy    = jsonencode(
          [33m~[0m[0m {
              [33m~[0m[0m Statement = [
                  [33m~[0m[0m {
                      [33m~[0m[0m Action    = [
                          [31m-[0m[0m "sts:TagSession",
                          [31m-[0m[0m "sts:AssumeRole",
                        ] [33m->[0m[0m "sts:AssumeRole"
                      [33m~[0m[0m Principal = {
                          [31m-[0m[0m AWS     = []
                            [90m# (1 unchanged attribute hidden)[0m[0m
                        }
                      [32m+[0m[0m Sid       = "AllowTransferService"
                        [90m# (1 unchanged attribute hidden)[0m[0m
                    },
                ]
                [90m# (1 unchanged attribute hidden)[0m[0m
            }
        )
      [33m~[0m[0m create_date           = "2025-08-08T10:31:12Z" -> (known after apply)
      [33m~[0m[0m force_detach_policies = false [33m->[0m[0m true
      [33m~[0m[0m id                    = "transfer-user-maat-xhibit" -> (known after apply)
      [33m~[0m[0m managed_policy_arns   = [
          [31m-[0m[0m "arn:aws:iam::471112983409:policy/transfer-user-maat-xhibit20250808103112680100000005",
        ] -> (known after apply)
      [33m~[0m[0m name                  = "transfer-user-maat-xhibit" -> (known after apply)
      [32m+[0m[0m name_prefix           = "transfer-user-maat-xhibit-" [31m# forces replacement[0m[0m
      [31m-[0m[0m tags                  = {} [90m-> null[0m[0m
      [33m~[0m[0m tags_all              = {} -> (known after apply)
      [33m~[0m[0m unique_id             = "AROAW3MEFUNY5VNJXIKBK" -> (known after apply)
        [90m# (4 unchanged attributes hidden)[0m[0m

      [33m~[0m[0m inline_policy (known after apply)
    }

[1m  # module.sftp_users["maat-xhibit"].module.role.aws_iam_role_policy_attachment.custom[0][0m will be [1m[31mdestroyed[0m
  # (because aws_iam_role_policy_attachment.custom is not in configuration)
[0m  [31m-[0m[0m resource "aws_iam_role_policy_attachment" "custom" {
      [31m-[0m[0m id         = "transfer-user-maat-xhibit/arn:aws:iam::471112983409:policy/transfer-user-maat-xhibit20250808103112680100000005" [90m-> null[0m[0m
      [31m-[0m[0m policy_arn = "arn:aws:iam::471112983409:policy/transfer-user-maat-xhibit20250808103112680100000005" [90m-> null[0m[0m
      [31m-[0m[0m role       = "transfer-user-maat-xhibit" [90m-> null[0m[0m
    }

[1m  # module.sftp_users["maat-xhibit"].module.role.aws_iam_role_policy_attachment.this["transfer_user_policy"][0m will be created
[0m  [32m+[0m[0m resource "aws_iam_role_policy_attachment" "this" {
      [32m+[0m[0m id         = (known after apply)
      [32m+[0m[0m policy_arn = (known after apply)
      [32m+[0m[0m role       = (known after apply)
    }

[1m  # module.sftp_users["meganexususer"].module.policy.aws_iam_policy.policy[0][0m must be [1m[31mreplaced[0m
[0m[31m-[0m/[32m+[0m[0m resource "aws_iam_policy" "policy" {
      [33m~[0m[0m arn              = "arn:aws:iam::471112983409:policy/transfer-user-meganexususer20260122141922420600000005" -> (known after apply)
      [33m~[0m[0m attachment_count = 1 -> (known after apply)
      [31m-[0m[0m description      = "IAM Policy" [90m-> null[0m[0m [31m# forces replacement[0m[0m
      [33m~[0m[0m id               = "arn:aws:iam::471112983409:policy/transfer-user-meganexususer20260122141922420600000005" -> (known after apply)
      [33m~[0m[0m name             = "transfer-user-meganexususer20260122141922420600000005" -> (known after apply)
      [33m~[0m[0m policy_id        = "ANPAW3MEFUNY26IL7ZS7A" -> (known after apply)
      [31m-[0m[0m tags             = {} [90m-> null[0m[0m
      [33m~[0m[0m tags_all         = {} -> (known after apply)
        [90m# (3 unchanged attributes hidden)[0m[0m
    }

[1m  # module.sftp_users["meganexususer"].module.role.aws_iam_role.this[0][0m must be [1m[31mreplaced[0m
[0m[32m+[0m/[31m-[0m[0m resource "aws_iam_role" "this" {
      [33m~[0m[0m arn                   = "arn:aws:iam::471112983409:role/transfer-user-meganexususer" -> (known after apply)
      [33m~[0m[0m assume_role_policy    = jsonencode(
          [33m~[0m[0m {
              [33m~[0m[0m Statement = [
                  [33m~[0m[0m {
                      [33m~[0m[0m Action    = [
                          [31m-[0m[0m "sts:TagSession",
                          [31m-[0m[0m "sts:AssumeRole",
                        ] [33m->[0m[0m "sts:AssumeRole"
                      [33m~[0m[0m Principal = {
                          [31m-[0m[0m AWS     = []
                            [90m# (1 unchanged attribute hidden)[0m[0m
                        }
                      [32m+[0m[0m Sid       = "AllowTransferService"
                        [90m# (1 unchanged attribute hidden)[0m[0m
                    },
                ]
                [90m# (1 unchanged attribute hidden)[0m[0m
            }
        )
      [33m~[0m[0m create_date           = "2026-01-22T14:19:22Z" -> (known after apply)
      [33m~[0m[0m force_detach_policies = false [33m->[0m[0m true
      [33m~[0m[0m id                    = "transfer-user-meganexususer" -> (known after apply)
      [33m~[0m[0m managed_policy_arns   = [
          [31m-[0m[0m "arn:aws:iam::471112983409:policy/transfer-user-meganexususer20260122141922420600000005",
        ] -> (known after apply)
      [33m~[0m[0m name                  = "transfer-user-meganexususer" -> (known after apply)
      [32m+[0m[0m name_prefix           = "transfer-user-meganexususer-" [31m# forces replacement[0m[0m
      [31m-[0m[0m tags                  = {} [90m-> null[0m[0m
      [33m~[0m[0m tags_all              = {} -> (known after apply)
      [33m~[0m[0m unique_id             = "AROAW3MEFUNYUWIUOUSCU" -> (known after apply)
        [90m# (4 unchanged attributes hidden)[0m[0m

      [33m~[0m[0m inline_policy (known after apply)
    }

[1m  # module.sftp_users["meganexususer"].module.role.aws_iam_role_policy_attachment.custom[0][0m will be [1m[31mdestroyed[0m
  # (because aws_iam_role_policy_attachment.custom is not in configuration)
[0m  [31m-[0m[0m resource "aws_iam_role_policy_attachment" "custom" {
      [31m-[0m[0m id         = "transfer-user-meganexususer/arn:aws:iam::471112983409:policy/transfer-user-meganexususer20260122141922420600000005" [90m-> null[0m[0m
      [31m-[0m[0m policy_arn = "arn:aws:iam::471112983409:policy/transfer-user-meganexususer20260122141922420600000005" [90m-> null[0m[0m
      [31m-[0m[0m role       = "transfer-user-meganexususer" [90m-> null[0m[0m
    }

[1m  # module.sftp_users["meganexususer"].module.role.aws_iam_role_policy_attachment.this["transfer_user_policy"][0m will be created
[0m  [32m+[0m[0m resource "aws_iam_role_policy_attachment" "this" {
      [32m+[0m[0m id         = (known after apply)
      [32m+[0m[0m policy_arn = (known after apply)
      [32m+[0m[0m role       = (known after apply)
    }

[1m  # module.sftp_users["opg-restore-ocr"].module.policy.aws_iam_policy.policy[0][0m must be [1m[31mreplaced[0m
[0m[31m-[0m/[32m+[0m[0m resource "aws_iam_policy" "policy" {
      [33m~[0m[0m arn              = "arn:aws:iam::471112983409:policy/transfer-user-opg-restore-ocr20250226121936037900000005" -> (known after apply)
      [33m~[0m[0m attachment_count = 1 -> (known after apply)
      [31m-[0m[0m description      = "IAM Policy" [90m-> null[0m[0m [31m# forces replacement[0m[0m
      [33m~[0m[0m id               = "arn:aws:iam::471112983409:policy/transfer-user-opg-restore-ocr20250226121936037900000005" -> (known after apply)
      [33m~[0m[0m name             = "transfer-user-opg-restore-ocr20250226121936037900000005" -> (known after apply)
      [33m~[0m[0m policy_id        = "ANPAW3MEFUNYRXHQNJY2M" -> (known after apply)
      [31m-[0m[0m tags             = {} [90m-> null[0m[0m
      [33m~[0m[0m tags_all         = {} -> (known after apply)
        [90m# (3 unchanged attributes hidden)[0m[0m
    }

[1m  # module.sftp_users["opg-restore-ocr"].module.role.aws_iam_role.this[0][0m must be [1m[31mreplaced[0m
[0m[32m+[0m/[31m-[0m[0m resource "aws_iam_role" "this" {
      [33m~[0m[0m arn                   = "arn:aws:iam::471112983409:role/transfer-user-opg-restore-ocr" -> (known after apply)
      [33m~[0m[0m assume_role_policy    = jsonencode(
          [33m~[0m[0m {
              [33m~[0m[0m Statement = [
                  [33m~[0m[0m {
                      [33m~[0m[0m Action    = [
                          [31m-[0m[0m "sts:TagSession",
                          [31m-[0m[0m "sts:AssumeRole",
                        ] [33m->[0m[0m "sts:AssumeRole"
                      [33m~[0m[0m Principal = {
                          [31m-[0m[0m AWS     = []
                            [90m# (1 unchanged attribute hidden)[0m[0m
                        }
                      [32m+[0m[0m Sid       = "AllowTransferService"
                        [90m# (1 unchanged attribute hidden)[0m[0m
                    },
                ]
                [90m# (1 unchanged attribute hidden)[0m[0m
            }
        )
      [33m~[0m[0m create_date           = "2025-02-26T12:19:36Z" -> (known after apply)
      [33m~[0m[0m force_detach_policies = false [33m->[0m[0m true
      [33m~[0m[0m id                    = "transfer-user-opg-restore-ocr" -> (known after apply)
      [33m~[0m[0m managed_policy_arns   = [
          [31m-[0m[0m "arn:aws:iam::471112983409:policy/transfer-user-opg-restore-ocr20250226121936037900000005",
        ] -> (known after apply)
      [33m~[0m[0m name                  = "transfer-user-opg-restore-ocr" -> (known after apply)
      [32m+[0m[0m name_prefix           = "transfer-user-opg-restore-ocr-" [31m# forces replacement[0m[0m
      [31m-[0m[0m tags                  = {} [90m-> null[0m[0m
      [33m~[0m[0m tags_all              = {} -> (known after apply)
      [33m~[0m[0m unique_id             = "AROAW3MEFUNYTDIT3I5E3" -> (known after apply)
        [90m# (4 unchanged attributes hidden)[0m[0m

      [33m~[0m[0m inline_policy (known after apply)
    }

[1m  # module.sftp_users["opg-restore-ocr"].module.role.aws_iam_role_policy_attachment.custom[0][0m will be [1m[31mdestroyed[0m
  # (because aws_iam_role_policy_attachment.custom is not in configuration)
[0m  [31m-[0m[0m resource "aws_iam_role_policy_attachment" "custom" {
      [31m-[0m[0m id         = "transfer-user-opg-restore-ocr-20250226121936393500000006" [90m-> null[0m[0m
      [31m-[0m[0m policy_arn = "arn:aws:iam::471112983409:policy/transfer-user-opg-restore-ocr20250226121936037900000005" [90m-> null[0m[0m
      [31m-[0m[0m role       = "transfer-user-opg-restore-ocr" [90m-> null[0m[0m
    }

[1m  # module.sftp_users["opg-restore-ocr"].module.role.aws_iam_role_policy_attachment.this["transfer_user_policy"][0m will be created
[0m  [32m+[0m[0m resource "aws_iam_role_policy_attachment" "this" {
      [32m+[0m[0m id         = (known after apply)
      [32m+[0m[0m policy_arn = (known after apply)
      [32m+[0m[0m role       = (known after apply)
    }

[1m  # module.sftp_users["property-concept"].module.policy.aws_iam_policy.policy[0][0m must be [1m[31mreplaced[0m
[0m[31m-[0m/[32m+[0m[0m resource "aws_iam_policy" "policy" {
      [33m~[0m[0m arn              = "arn:aws:iam::471112983409:policy/transfer-user-property-concept20251028155826302100000005" -> (known after apply)
      [33m~[0m[0m attachment_count = 1 -> (known after apply)
      [31m-[0m[0m description      = "IAM Policy" [90m-> null[0m[0m [31m# forces replacement[0m[0m
      [33m~[0m[0m id               = "arn:aws:iam::471112983409:policy/transfer-user-property-concept20251028155826302100000005" -> (known after apply)
      [33m~[0m[0m name             = "transfer-user-property-concept20251028155826302100000005" -> (known after apply)
      [33m~[0m[0m policy_id        = "ANPAW3MEFUNYV5K6SAJ5S" -> (known after apply)
      [31m-[0m[0m tags             = {} [90m-> null[0m[0m
      [33m~[0m[0m tags_all         = {} -> (known after apply)
        [90m# (3 unchanged attributes hidden)[0m[0m
    }

[1m  # module.sftp_users["property-concept"].module.role.aws_iam_role.this[0][0m must be [1m[31mreplaced[0m
[0m[32m+[0m/[31m-[0m[0m resource "aws_iam_role" "this" {
      [33m~[0m[0m arn                   = "arn:aws:iam::471112983409:role/transfer-user-property-concept" -> (known after apply)
      [33m~[0m[0m assume_role_policy    = jsonencode(
          [33m~[0m[0m {
              [33m~[0m[0m Statement = [
                  [33m~[0m[0m {
                      [33m~[0m[0m Action    = [
                          [31m-[0m[0m "sts:TagSession",
                          [31m-[0m[0m "sts:AssumeRole",
                        ] [33m->[0m[0m "sts:AssumeRole"
                      [33m~[0m[0m Principal = {
                          [31m-[0m[0m AWS     = []
                            [90m# (1 unchanged attribute hidden)[0m[0m
                        }
                      [32m+[0m[0m Sid       = "AllowTransferService"
                        [90m# (1 unchanged attribute hidden)[0m[0m
                    },
                ]
                [90m# (1 unchanged attribute hidden)[0m[0m
            }
        )
      [33m~[0m[0m create_date           = "2025-10-28T15:58:26Z" -> (known after apply)
      [33m~[0m[0m force_detach_policies = false [33m->[0m[0m true
      [33m~[0m[0m id                    = "transfer-user-property-concept" -> (known after apply)
      [33m~[0m[0m managed_policy_arns   = [
          [31m-[0m[0m "arn:aws:iam::471112983409:policy/transfer-user-property-concept20251028155826302100000005",
        ] -> (known after apply)
      [33m~[0m[0m name                  = "transfer-user-property-concept" -> (known after apply)
      [32m+[0m[0m name_prefix           = "transfer-user-property-concept-" [31m# forces replacement[0m[0m
      [31m-[0m[0m tags                  = {} [90m-> null[0m[0m
      [33m~[0m[0m tags_all              = {} -> (known after apply)
      [33m~[0m[0m unique_id             = "AROAW3MEFUNY2WYNRSZKP" -> (known after apply)
        [90m# (4 unchanged attributes hidden)[0m[0m

      [33m~[0m[0m inline_policy (known after apply)
    }

[1m  # module.sftp_users["property-concept"].module.role.aws_iam_role_policy_attachment.custom[0][0m will be [1m[31mdestroyed[0m
  # (because aws_iam_role_policy_attachment.custom is not in configuration)
[0m  [31m-[0m[0m resource "aws_iam_role_policy_attachment" "custom" {
      [31m-[0m[0m id         = "transfer-user-property-concept/arn:aws:iam::471112983409:policy/transfer-user-property-concept20251028155826302100000005" [90m-> null[0m[0m
      [31m-[0m[0m policy_arn = "arn:aws:iam::471112983409:policy/transfer-user-property-concept20251028155826302100000005" [90m-> null[0m[0m
      [31m-[0m[0m role       = "transfer-user-property-concept" [90m-> null[0m[0m
    }

[1m  # module.sftp_users["property-concept"].module.role.aws_iam_role_policy_attachment.this["transfer_user_policy"][0m will be created
[0m  [32m+[0m[0m resource "aws_iam_role_policy_attachment" "this" {
      [32m+[0m[0m id         = (known after apply)
      [32m+[0m[0m policy_arn = (known after apply)
      [32m+[0m[0m role       = (known after apply)
    }

[1m  # module.sftp_users["sscl-chris-j"].module.policy.aws_iam_policy.policy[0][0m must be [1m[31mreplaced[0m
[0m[31m-[0m/[32m+[0m[0m resource "aws_iam_policy" "policy" {
      [33m~[0m[0m arn              = "arn:aws:iam::471112983409:policy/transfer-user-sscl-chris-j20250204181850498800000005" -> (known after apply)
      [33m~[0m[0m attachment_count = 1 -> (known after apply)
      [31m-[0m[0m description      = "IAM Policy" [90m-> null[0m[0m [31m# forces replacement[0m[0m
      [33m~[0m[0m id               = "arn:aws:iam::471112983409:policy/transfer-user-sscl-chris-j20250204181850498800000005" -> (known after apply)
      [33m~[0m[0m name             = "transfer-user-sscl-chris-j20250204181850498800000005" -> (known after apply)
      [33m~[0m[0m policy_id        = "ANPAW3MEFUNY6SKFVAVSS" -> (known after apply)
      [31m-[0m[0m tags             = {} [90m-> null[0m[0m
      [33m~[0m[0m tags_all         = {} -> (known after apply)
        [90m# (3 unchanged attributes hidden)[0m[0m
    }

[1m  # module.sftp_users["sscl-chris-j"].module.role.aws_iam_role.this[0][0m must be [1m[31mreplaced[0m
[0m[32m+[0m/[31m-[0m[0m resource "aws_iam_role" "this" {
      [33m~[0m[0m arn                   = "arn:aws:iam::471112983409:role/transfer-user-sscl-chris-j" -> (known after apply)
      [33m~[0m[0m assume_role_policy    = jsonencode(
          [33m~[0m[0m {
              [33m~[0m[0m Statement = [
                  [33m~[0m[0m {
                      [33m~[0m[0m Action    = [
                          [31m-[0m[0m "sts:TagSession",
                          [31m-[0m[0m "sts:AssumeRole",
                        ] [33m->[0m[0m "sts:AssumeRole"
                      [33m~[0m[0m Principal = {
                          [31m-[0m[0m AWS     = []
                            [90m# (1 unchanged attribute hidden)[0m[0m
                        }
                      [32m+[0m[0m Sid       = "AllowTransferService"
                        [90m# (1 unchanged attribute hidden)[0m[0m
                    },
                ]
                [90m# (1 unchanged attribute hidden)[0m[0m
            }
        )
      [33m~[0m[0m create_date           = "2025-02-04T18:18:50Z" -> (known after apply)
      [33m~[0m[0m force_detach_policies = false [33m->[0m[0m true
      [33m~[0m[0m id                    = "transfer-user-sscl-chris-j" -> (known after apply)
      [33m~[0m[0m managed_policy_arns   = [
          [31m-[0m[0m "arn:aws:iam::471112983409:policy/transfer-user-sscl-chris-j20250204181850498800000005",
        ] -> (known after apply)
      [33m~[0m[0m name                  = "transfer-user-sscl-chris-j" -> (known after apply)
      [32m+[0m[0m name_prefix           = "transfer-user-sscl-chris-j-" [31m# forces replacement[0m[0m
      [31m-[0m[0m tags                  = {} [90m-> null[0m[0m
      [33m~[0m[0m tags_all              = {} -> (known after apply)
      [33m~[0m[0m unique_id             = "AROAW3MEFUNYXZSJONMHH" -> (known after apply)
        [90m# (4 unchanged attributes hidden)[0m[0m

      [33m~[0m[0m inline_policy (known after apply)
    }

[1m  # module.sftp_users["sscl-chris-j"].module.role.aws_iam_role_policy_attachment.custom[0][0m will be [1m[31mdestroyed[0m
  # (because aws_iam_role_policy_attachment.custom is not in configuration)
[0m  [31m-[0m[0m resource "aws_iam_role_policy_attachment" "custom" {
      [31m-[0m[0m id         = "transfer-user-sscl-chris-j-20250204181850874400000006" [90m-> null[0m[0m
      [31m-[0m[0m policy_arn = "arn:aws:iam::471112983409:policy/transfer-user-sscl-chris-j20250204181850498800000005" [90m-> null[0m[0m
      [31m-[0m[0m role       = "transfer-user-sscl-chris-j" [90m-> null[0m[0m
    }

[1m  # module.sftp_users["sscl-chris-j"].module.role.aws_iam_role_policy_attachment.this["transfer_user_policy"][0m will be created
[0m  [32m+[0m[0m resource "aws_iam_role_policy_attachment" "this" {
      [32m+[0m[0m id         = (known after apply)
      [32m+[0m[0m policy_arn = (known after apply)
      [32m+[0m[0m role       = (known after apply)
    }

[1m  # module.sftp_users["sscl-epm"].module.policy.aws_iam_policy.policy[0][0m must be [1m[31mreplaced[0m
[0m[31m-[0m/[32m+[0m[0m resource "aws_iam_policy" "policy" {
      [33m~[0m[0m arn              = "arn:aws:iam::471112983409:policy/transfer-user-sscl-epm20250909110714396900000005" -> (known after apply)
      [33m~[0m[0m attachment_count = 1 -> (known after apply)
      [31m-[0m[0m description      = "IAM Policy" [90m-> null[0m[0m [31m# forces replacement[0m[0m
      [33m~[0m[0m id               = "arn:aws:iam::471112983409:policy/transfer-user-sscl-epm20250909110714396900000005" -> (known after apply)
      [33m~[0m[0m name             = "transfer-user-sscl-epm20250909110714396900000005" -> (known after apply)
      [33m~[0m[0m policy_id        = "ANPAW3MEFUNYVAFIG7ILA" -> (known after apply)
      [31m-[0m[0m tags             = {} [90m-> null[0m[0m
      [33m~[0m[0m tags_all         = {} -> (known after apply)
        [90m# (3 unchanged attributes hidden)[0m[0m
    }

[1m  # module.sftp_users["sscl-epm"].module.role.aws_iam_role.this[0][0m must be [1m[31mreplaced[0m
[0m[32m+[0m/[31m-[0m[0m resource "aws_iam_role" "this" {
      [33m~[0m[0m arn                   = "arn:aws:iam::471112983409:role/transfer-user-sscl-epm" -> (known after apply)
      [33m~[0m[0m assume_role_policy    = jsonencode(
          [33m~[0m[0m {
              [33m~[0m[0m Statement = [
                  [33m~[0m[0m {
                      [33m~[0m[0m Action    = [
                          [31m-[0m[0m "sts:TagSession",
                          [31m-[0m[0m "sts:AssumeRole",
                        ] [33m->[0m[0m "sts:AssumeRole"
                      [33m~[0m[0m Principal = {
                          [31m-[0m[0m AWS     = []
                            [90m# (1 unchanged attribute hidden)[0m[0m
                        }
                      [32m+[0m[0m Sid       = "AllowTransferService"
                        [90m# (1 unchanged attribute hidden)[0m[0m
                    },
                ]
                [90m# (1 unchanged attribute hidden)[0m[0m
            }
        )
      [33m~[0m[0m create_date           = "2025-09-09T11:07:14Z" -> (known after apply)
      [33m~[0m[0m force_detach_policies = false [33m->[0m[0m true
      [33m~[0m[0m id                    = "transfer-user-sscl-epm" -> (known after apply)
      [33m~[0m[0m managed_policy_arns   = [
          [31m-[0m[0m "arn:aws:iam::471112983409:policy/transfer-user-sscl-epm20250909110714396900000005",
        ] -> (known after apply)
      [33m~[0m[0m name                  = "transfer-user-sscl-epm" -> (known after apply)
      [32m+[0m[0m name_prefix           = "transfer-user-sscl-epm-" [31m# forces replacement[0m[0m
      [31m-[0m[0m tags                  = {} [90m-> null[0m[0m
      [33m~[0m[0m tags_all              = {} -> (known after apply)
      [33m~[0m[0m unique_id             = "AROAW3MEFUNYX5ZX3AOTB" -> (known after apply)
        [90m# (4 unchanged attributes hidden)[0m[0m

      [33m~[0m[0m inline_policy (known after apply)
    }

[1m  # module.sftp_users["sscl-epm"].module.role.aws_iam_role_policy_attachment.custom[0][0m will be [1m[31mdestroyed[0m
  # (because aws_iam_role_policy_attachment.custom is not in configuration)
[0m  [31m-[0m[0m resource "aws_iam_role_policy_attachment" "custom" {
      [31m-[0m[0m id         = "transfer-user-sscl-epm/arn:aws:iam::471112983409:policy/transfer-user-sscl-epm20250909110714396900000005" [90m-> null[0m[0m
      [31m-[0m[0m policy_arn = "arn:aws:iam::471112983409:policy/transfer-user-sscl-epm20250909110714396900000005" [90m-> null[0m[0m
      [31m-[0m[0m role       = "transfer-user-sscl-epm" [90m-> null[0m[0m
    }

[1m  # module.sftp_users["sscl-epm"].module.role.aws_iam_role_policy_attachment.this["transfer_user_policy"][0m will be created
[0m  [32m+[0m[0m resource "aws_iam_role_policy_attachment" "this" {
      [32m+[0m[0m id         = (known after apply)
      [32m+[0m[0m policy_arn = (known after apply)
      [32m+[0m[0m role       = (known after apply)
    }

[1m  # module.sftp_users_with_egress["cgi-ssct-sop"].module.policy.aws_iam_policy.policy[0][0m must be [1m[31mreplaced[0m
[0m[31m-[0m/[32m+[0m[0m resource "aws_iam_policy" "policy" {
      [33m~[0m[0m arn              = "arn:aws:iam::471112983409:policy/transfer-user-cgi-ssct-sop20250821114817998300000005" -> (known after apply)
      [33m~[0m[0m attachment_count = 1 -> (known after apply)
      [31m-[0m[0m description      = "IAM Policy" [90m-> null[0m[0m [31m# forces replacement[0m[0m
      [33m~[0m[0m id               = "arn:aws:iam::471112983409:policy/transfer-user-cgi-ssct-sop20250821114817998300000005" -> (known after apply)
      [33m~[0m[0m name             = "transfer-user-cgi-ssct-sop20250821114817998300000005" -> (known after apply)
      [33m~[0m[0m policy_id        = "ANPAW3MEFUNY7R7JIDKYP" -> (known after apply)
      [31m-[0m[0m tags             = {} [90m-> null[0m[0m
      [33m~[0m[0m tags_all         = {} -> (known after apply)
        [90m# (3 unchanged attributes hidden)[0m[0m
    }

[1m  # module.sftp_users_with_egress["cgi-ssct-sop"].module.role.aws_iam_role.this[0][0m must be [1m[31mreplaced[0m
[0m[32m+[0m/[31m-[0m[0m resource "aws_iam_role" "this" {
      [33m~[0m[0m arn                   = "arn:aws:iam::471112983409:role/transfer-user-cgi-ssct-sop" -> (known after apply)
      [33m~[0m[0m assume_role_policy    = jsonencode(
          [33m~[0m[0m {
              [33m~[0m[0m Statement = [
                  [33m~[0m[0m {
                      [33m~[0m[0m Action    = [
                          [31m-[0m[0m "sts:TagSession",
                          [31m-[0m[0m "sts:AssumeRole",
                        ] [33m->[0m[0m "sts:AssumeRole"
                      [33m~[0m[0m Principal = {
                          [31m-[0m[0m AWS     = []
                            [90m# (1 unchanged attribute hidden)[0m[0m
                        }
                      [32m+[0m[0m Sid       = "AllowTransferService"
                        [90m# (1 unchanged attribute hidden)[0m[0m
                    },
                ]
                [90m# (1 unchanged attribute hidden)[0m[0m
            }
        )
      [33m~[0m[0m create_date           = "2025-08-21T11:48:18Z" -> (known after apply)
      [33m~[0m[0m force_detach_policies = false [33m->[0m[0m true
      [33m~[0m[0m id                    = "transfer-user-cgi-ssct-sop" -> (known after apply)
      [33m~[0m[0m managed_policy_arns   = [
          [31m-[0m[0m "arn:aws:iam::471112983409:policy/transfer-user-cgi-ssct-sop20250821114817998300000005",
        ] -> (known after apply)
      [33m~[0m[0m name                  = "transfer-user-cgi-ssct-sop" -> (known after apply)
      [32m+[0m[0m name_prefix           = "transfer-user-cgi-ssct-sop-" [31m# forces replacement[0m[0m
      [31m-[0m[0m tags                  = {} [90m-> null[0m[0m
      [33m~[0m[0m tags_all              = {} -> (known after apply)
      [33m~[0m[0m unique_id             = "AROAW3MEFUNYVGAAQ4K5Z" -> (known after apply)
        [90m# (4 unchanged attributes hidden)[0m[0m

      [33m~[0m[0m inline_policy (known after apply)
    }

[1m  # module.sftp_users_with_egress["cgi-ssct-sop"].module.role.aws_iam_role_policy_attachment.custom[0][0m will be [1m[31mdestroyed[0m
  # (because aws_iam_role_policy_attachment.custom is not in configuration)
[0m  [31m-[0m[0m resource "aws_iam_role_policy_attachment" "custom" {
      [31m-[0m[0m id         = "transfer-user-cgi-ssct-sop/arn:aws:iam::471112983409:policy/transfer-user-cgi-ssct-sop20250821114817998300000005" [90m-> null[0m[0m
      [31m-[0m[0m policy_arn = "arn:aws:iam::471112983409:policy/transfer-user-cgi-ssct-sop20250821114817998300000005" [90m-> null[0m[0m
      [31m-[0m[0m role       = "transfer-user-cgi-ssct-sop" [90m-> null[0m[0m
    }

[1m  # module.sftp_users_with_egress["cgi-ssct-sop"].module.role.aws_iam_role_policy_attachment.this["transfer_user_policy"][0m will be created
[0m  [32m+[0m[0m resource "aws_iam_role_policy_attachment" "this" {
      [32m+[0m[0m id         = (known after apply)
      [32m+[0m[0m policy_arn = (known after apply)
      [32m+[0m[0m role       = (known after apply)
    }

[1m  # module.sftp_users_with_egress["essex-police"].module.policy.aws_iam_policy.policy[0][0m must be [1m[31mreplaced[0m
[0m[31m-[0m/[32m+[0m[0m resource "aws_iam_policy" "policy" {
      [33m~[0m[0m arn              = "arn:aws:iam::471112983409:policy/transfer-user-essex-police20240617103355446700000005" -> (known after apply)
      [33m~[0m[0m attachment_count = 1 -> (known after apply)
      [31m-[0m[0m description      = "IAM Policy" [90m-> null[0m[0m [31m# forces replacement[0m[0m
      [33m~[0m[0m id               = "arn:aws:iam::471112983409:policy/transfer-user-essex-police20240617103355446700000005" -> (known after apply)
      [33m~[0m[0m name             = "transfer-user-essex-police20240617103355446700000005" -> (known after apply)
      [33m~[0m[0m policy_id        = "ANPAW3MEFUNY6VALX65NZ" -> (known after apply)
      [31m-[0m[0m tags             = {} [90m-> null[0m[0m
      [33m~[0m[0m tags_all         = {} -> (known after apply)
        [90m# (3 unchanged attributes hidden)[0m[0m
    }

[1m  # module.sftp_users_with_egress["essex-police"].module.role.aws_iam_role.this[0][0m must be [1m[31mreplaced[0m
[0m[32m+[0m/[31m-[0m[0m resource "aws_iam_role" "this" {
      [33m~[0m[0m arn                   = "arn:aws:iam::471112983409:role/transfer-user-essex-police" -> (known after apply)
      [33m~[0m[0m assume_role_policy    = jsonencode(
          [33m~[0m[0m {
              [33m~[0m[0m Statement = [
                  [33m~[0m[0m {
                      [33m~[0m[0m Action    = [
                          [31m-[0m[0m "sts:TagSession",
                          [31m-[0m[0m "sts:AssumeRole",
                        ] [33m->[0m[0m "sts:AssumeRole"
                      [33m~[0m[0m Principal = {
                          [31m-[0m[0m AWS     = []
                            [90m# (1 unchanged attribute hidden)[0m[0m
                        }
                      [32m+[0m[0m Sid       = "AllowTransferService"
                        [90m# (1 unchanged attribute hidden)[0m[0m
                    },
                ]
                [90m# (1 unchanged attribute hidden)[0m[0m
            }
        )
      [33m~[0m[0m create_date           = "2024-06-17T10:33:55Z" -> (known after apply)
      [33m~[0m[0m force_detach_policies = false [33m->[0m[0m true
      [33m~[0m[0m id                    = "transfer-user-essex-police" -> (known after apply)
      [33m~[0m[0m managed_policy_arns   = [
          [31m-[0m[0m "arn:aws:iam::471112983409:policy/transfer-user-essex-police20240617103355446700000005",
        ] -> (known after apply)
      [33m~[0m[0m name                  = "transfer-user-essex-police" -> (known after apply)
      [32m+[0m[0m name_prefix           = "transfer-user-essex-police-" [31m# forces replacement[0m[0m
      [31m-[0m[0m tags                  = {} [90m-> null[0m[0m
      [33m~[0m[0m tags_all              = {} -> (known after apply)
      [33m~[0m[0m unique_id             = "AROAW3MEFUNYX6LF66IKG" -> (known after apply)
        [90m# (4 unchanged attributes hidden)[0m[0m

      [33m~[0m[0m inline_policy (known after apply)
    }

[1m  # module.sftp_users_with_egress["essex-police"].module.role.aws_iam_role_policy_attachment.custom[0][0m will be [1m[31mdestroyed[0m
  # (because aws_iam_role_policy_attachment.custom is not in configuration)
[0m  [31m-[0m[0m resource "aws_iam_role_policy_attachment" "custom" {
      [31m-[0m[0m id         = "transfer-user-essex-police-20240617103356258400000006" [90m-> null[0m[0m
      [31m-[0m[0m policy_arn = "arn:aws:iam::471112983409:policy/transfer-user-essex-police20240617103355446700000005" [90m-> null[0m[0m
      [31m-[0m[0m role       = "transfer-user-essex-police" [90m-> null[0m[0m
    }

[1m  # module.sftp_users_with_egress["essex-police"].module.role.aws_iam_role_policy_attachment.this["transfer_user_policy"][0m will be created
[0m  [32m+[0m[0m resource "aws_iam_role_policy_attachment" "this" {
      [32m+[0m[0m id         = (known after apply)
      [32m+[0m[0m policy_arn = (known after apply)
      [32m+[0m[0m role       = (known after apply)
    }

[1mPlan:[0m [0m126 to add, 18 to change, 126 to destroy.
[33m╷[0m[0m
[33m│[0m [0m[1m[33mWarning: [0m[0m[1mMissing required argument[0m
[33m│[0m [0m
[33m│[0m [0m[0m  with provider["registry.terraform.io/hashicorp/aws"],
[33m│[0m [0m  on platform_providers.tf line 8, in provider "aws":
[33m│[0m [0m   8: provider "aws" [4m{[0m[0m
[33m│[0m [0m
[33m│[0m [0mThe argument "role_arn" is required, but no definition was found.
[33m│[0m [0m
[33m│[0m [0mThis will be an error in a future release of the provider.
[33m│[0m [0m
[33m│[0m [0m(and one more similar warning elsewhere)
[33m╵[0m[0m
[90m
─────────────────────────────────────────────────────────────────────────────[0m

Note: You didn't use the -out option to save this plan, so Terraform can't
guarantee to take exactly these actions if you run "terraform apply" now.
