data.terraform_remote_state.core_network_services: Reading...
data.http.environments_file: Reading...
data.http.environments_file: Read complete after 0s [id=https://raw.githubusercontent.com/ministryofjustice/modernisation-platform/main/environments/maatdb.json]
data.aws_caller_identity.oidc_session: Reading...
data.aws_ssm_parameter.modernisation_platform_account_id: Reading...
data.aws_vpc.shared: Reading...
data.aws_region.current: Reading...
data.aws_organizations_organization.root_account: Reading...
data.aws_caller_identity.current: Reading...
data.aws_region.current: Read complete after 0s [id=eu-west-2]
data.aws_caller_identity.oidc_session: Read complete after 0s [id=110341342196]
data.aws_ssm_parameter.modernisation_platform_account_id: Read complete after 0s [id=modernisation_platform_account_id]
data.aws_vpc.shared: Read complete after 1s [id=vpc-06febffe7b87ab37f]
data.aws_subnet.private_subnets_c: Reading...
data.aws_subnet.data_subnets_b: Reading...
data.aws_subnets.shared-public: Reading...
data.aws_subnet.data_subnets_c: Reading...
data.aws_subnet.public_subnets_c: Reading...
data.aws_subnets.private-public: Reading...
data.aws_subnet.private_subnets_c: Read complete after 0s [id=subnet-05d5ceccb00a53ebf]
data.aws_subnets.shared-data: Reading...
data.aws_caller_identity.current: Read complete after 1s [id=110341342196]
data.aws_subnet.private_subnets_a: Reading...
data.aws_subnet.data_subnets_b: Read complete after 0s [id=subnet-0399d44d1427ff16e]
data.aws_subnet.public_subnets_b: Reading...
data.aws_organizations_organization.root_account: Read complete after 1s [id=o-b2fpbzyd95]
data.aws_subnet.data_subnets_c: Read complete after 0s [id=subnet-0d8cecb4a76b71fcc]
data.aws_subnets.private-public: Read complete after 0s [id=eu-west-2]
data.aws_subnet.private_subnets_a: Read complete after 0s [id=subnet-06594eda5221bd3c9]
data.aws_subnets.shared-public: Read complete after 0s [id=eu-west-2]
data.aws_subnet.public_subnets_c: Read complete after 0s [id=subnet-0d2f4cdaa371c12c0]
data.aws_subnet.public_subnets_a: Reading...
data.aws_subnet.data_subnets_a: Reading...
data.aws_subnets.shared-data: Read complete after 0s [id=eu-west-2]
data.aws_subnet.private_subnets_b: Reading...
data.terraform_remote_state.core_network_services: Read complete after 1s
data.aws_subnet.public_subnets_b: Read complete after 0s [id=subnet-0ef174436020dfb03]
data.aws_subnet.data_subnets_a: Read complete after 0s [id=subnet-0e8936146a256b781]
data.aws_subnet.private_subnets_b: Read complete after 0s [id=subnet-0152d0ac6fa322984]
data.aws_subnet.public_subnets_a: Read complete after 0s [id=subnet-0b6e0c7c81d3f5bce]
data.aws_secretsmanager_secret.environment_management: Reading...
data.aws_caller_identity.modernisation_platform: Reading...
data.aws_secretsmanager_secret.environment_management: Read complete after 0s [id=arn:aws:secretsmanager:eu-west-2:946070829339:secret:environment_management-BLRCDb]
data.aws_secretsmanager_secret_version.environment_management: Reading...
data.aws_secretsmanager_secret_version.environment_management: Read complete after 0s [id=arn:aws:secretsmanager:eu-west-2:946070829339:secret:environment_management-BLRCDb|AWSCURRENT]
data.aws_caller_identity.modernisation_platform: Read complete after 0s [id=946070829339]
data.aws_route53_zone.inner: Reading...
data.aws_route53_zone.external: Reading...
data.aws_route53_zone.network-services: Reading...
data.aws_route53_zone.network-services: Read complete after 1s [id=Z00379322STHYMCQ5Z45Y]
data.aws_route53_zone.external: Read complete after 1s [id=Z0032141ZAYV8DVWNDDC]
data.aws_route53_zone.inner: Read complete after 1s [id=Z062880021GISFH804HPF]

Terraform used the selected providers to generate the following execution
plan. Resource actions are indicated with the following symbols:
  + create

Terraform will perform the following actions:

  # module.rds.aws_db_instance.appdb1 will be created
  + resource "aws_db_instance" "appdb1" {
      + address                               = (known after apply)
      + allocated_storage                     = 10
      + allow_major_version_upgrade           = true
      + apply_immediately                     = (known after apply)
      + arn                                   = (known after apply)
      + auto_minor_version_upgrade            = true
      + availability_zone                     = (known after apply)
      + backup_retention_period               = 35
      + backup_window                         = "22:00-01:00"
      + ca_cert_identifier                    = (known after apply)
      + character_set_name                    = "WE8MSWIN1252"
      + copy_tags_to_snapshot                 = true
      + db_name                               = "maatdb-development-maatdb"
      + db_subnet_group_name                  = "maatdb-development-dbsubnetgroup"
      + delete_automated_backups              = true
      + deletion_protection                   = true
      + enabled_cloudwatch_logs_exports       = [
          + "error",
          + "general",
          + "slowquery",
        ]
      + endpoint                              = (known after apply)
      + engine                                = "oracle-se2"
      + engine_version                        = "19.0.0.0.ru-2021-10.rur-2021-10.r1"
      + engine_version_actual                 = (known after apply)
      + hosted_zone_id                        = (known after apply)
      + id                                    = (known after apply)
      + identifier                            = (known after apply)
      + identifier_prefix                     = (known after apply)
      + instance_class                        = "db.t3.small"
      + iops                                  = 300
      + kms_key_id                            = (known after apply)
      + latest_restorable_time                = (known after apply)
      + license_model                         = "license-included"
      + maintenance_window                    = "mon:01:15-mon:06:00"
      + monitoring_interval                   = 0
      + monitoring_role_arn                   = (known after apply)
      + multi_az                              = true
      + name                                  = (known after apply)
      + nchar_character_set_name              = (known after apply)
      + network_type                          = (known after apply)
      + option_group_name                     = "maatdb-development-dboptiongroup19"
      + parameter_group_name                  = "maatdb-development-dbparametergroup19"
      + password                              = (sensitive value)
      + performance_insights_enabled          = true
      + performance_insights_kms_key_id       = (known after apply)
      + performance_insights_retention_period = 7
      + port                                  = (known after apply)
      + publicly_accessible                   = false
      + replica_mode                          = (known after apply)
      + replicas                              = (known after apply)
      + resource_id                           = (known after apply)
      + skip_final_snapshot                   = false
      + snapshot_identifier                   = (known after apply)
      + status                                = (known after apply)
      + storage_encrypted                     = true
      + storage_type                          = "gp2"
      + tags                                  = {
          + "Name"                   = "maatdb-development-maatdb"
          + "application"            = "maatdb"
          + "business-unit"          = "LAA"
          + "environment-name"       = "maatdb-development"
          + "infrastructure-support" = "modernisation-platform@digital.justice.gov.uk"
          + "is-production"          = "false"
          + "owner"                  = "laa-crime-apps@digital.justice.gov.uk"
          + "source-code"            = "https://github.com/ministryofjustice/modernisation-platform-environments"
        }
      + tags_all                              = {
          + "Name"                   = "maatdb-development-maatdb"
          + "application"            = "maatdb"
          + "business-unit"          = "LAA"
          + "environment-name"       = "maatdb-development"
          + "infrastructure-support" = "modernisation-platform@digital.justice.gov.uk"
          + "is-production"          = "false"
          + "owner"                  = "laa-crime-apps@digital.justice.gov.uk"
          + "source-code"            = "https://github.com/ministryofjustice/modernisation-platform-environments"
        }
      + timezone                              = (known after apply)
      + username                              = "admin"
      + vpc_security_group_ids                = (known after apply)
    }

  # module.rds.aws_db_option_group.appdboptiongroup19 will be created
  + resource "aws_db_option_group" "appdboptiongroup19" {
      + arn                      = (known after apply)
      + engine_name              = "oracle-se2"
      + id                       = (known after apply)
      + major_engine_version     = "19"
      + name                     = "maatdb-development-dboptiongroup19"
      + name_prefix              = (known after apply)
      + option_group_description = "MAATDB 19c Option Group"
      + tags                     = {
          + "Name"                   = "maatdb-development-dboptiongroup19"
          + "application"            = "maatdb"
          + "business-unit"          = "LAA"
          + "environment-name"       = "maatdb-development"
          + "infrastructure-support" = "modernisation-platform@digital.justice.gov.uk"
          + "is-production"          = "false"
          + "owner"                  = "laa-crime-apps@digital.justice.gov.uk"
          + "source-code"            = "https://github.com/ministryofjustice/modernisation-platform-environments"
        }
      + tags_all                 = {
          + "Name"                   = "maatdb-development-dboptiongroup19"
          + "application"            = "maatdb"
          + "business-unit"          = "LAA"
          + "environment-name"       = "maatdb-development"
          + "infrastructure-support" = "modernisation-platform@digital.justice.gov.uk"
          + "is-production"          = "false"
          + "owner"                  = "laa-crime-apps@digital.justice.gov.uk"
          + "source-code"            = "https://github.com/ministryofjustice/modernisation-platform-environments"
        }

      + option {
          + db_security_group_memberships  = []
          + option_name                    = "APEX"
          + version                        = "21.1.v1"
          + vpc_security_group_memberships = []
        }
      + option {
          + db_security_group_memberships  = []
          + option_name                    = "APEX-DEV"
          + vpc_security_group_memberships = []
        }
      + option {
          + db_security_group_memberships  = []
          + option_name                    = "STATSPACK"
          + vpc_security_group_memberships = []
        }
      + option {
          + db_security_group_memberships  = []
          + option_name                    = "Timezone"
          + vpc_security_group_memberships = []
        }
      + option {
          + db_security_group_memberships  = []
          + option_name                    = "UTL_MAIL"
          + vpc_security_group_memberships = []
        }
    }

  # module.rds.aws_db_parameter_group.appdbparametergroup19 will be created
  + resource "aws_db_parameter_group" "appdbparametergroup19" {
      + arn         = (known after apply)
      + description = "MAATDB 19c Parameter Group"
      + family      = "oracle-se2-19"
      + id          = (known after apply)
      + name        = "maatdb-development-dbparametergroup19"
      + name_prefix = (known after apply)
      + tags        = {
          + "Name"                   = "maatdb-development-dbparametergroup19"
          + "application"            = "maatdb"
          + "business-unit"          = "LAA"
          + "environment-name"       = "maatdb-development"
          + "infrastructure-support" = "modernisation-platform@digital.justice.gov.uk"
          + "is-production"          = "false"
          + "owner"                  = "laa-crime-apps@digital.justice.gov.uk"
          + "source-code"            = "https://github.com/ministryofjustice/modernisation-platform-environments"
        }
      + tags_all    = {
          + "Name"                   = "maatdb-development-dbparametergroup19"
          + "application"            = "maatdb"
          + "business-unit"          = "LAA"
          + "environment-name"       = "maatdb-development"
          + "infrastructure-support" = "modernisation-platform@digital.justice.gov.uk"
          + "is-production"          = "false"
          + "owner"                  = "laa-crime-apps@digital.justice.gov.uk"
          + "source-code"            = "https://github.com/ministryofjustice/modernisation-platform-environments"
        }

      + parameter {
          + apply_method = "immediate"
          + name         = "remote_dependencies_mode"
          + value        = "SIGNATURE"
        }
      + parameter {
          + apply_method = "immediate"
          + name         = "sqlnetora.sqlnet.allowed_logon_version_server"
          + value        = "10"
        }
    }

  # module.rds.aws_db_subnet_group.appdbsubnetgroup will be created
  + resource "aws_db_subnet_group" "appdbsubnetgroup" {
      + arn                     = (known after apply)
      + description             = "Managed by Terraform"
      + id                      = (known after apply)
      + name                    = "maatdb-development-dbsubnetgroup"
      + name_prefix             = (known after apply)
      + subnet_ids              = [
          + "subnet-0399d44d1427ff16e",
          + "subnet-0d8cecb4a76b71fcc",
          + "subnet-0e8936146a256b781",
        ]
      + supported_network_types = (known after apply)
      + tags                    = {
          + "Name"                   = "maatdb-development-dbsubnetgroup"
          + "application"            = "maatdb"
          + "business-unit"          = "LAA"
          + "environment-name"       = "maatdb-development"
          + "infrastructure-support" = "modernisation-platform@digital.justice.gov.uk"
          + "is-production"          = "false"
          + "owner"                  = "laa-crime-apps@digital.justice.gov.uk"
          + "source-code"            = "https://github.com/ministryofjustice/modernisation-platform-environments"
        }
      + tags_all                = {
          + "Name"                   = "maatdb-development-dbsubnetgroup"
          + "application"            = "maatdb"
          + "business-unit"          = "LAA"
          + "environment-name"       = "maatdb-development"
          + "infrastructure-support" = "modernisation-platform@digital.justice.gov.uk"
          + "is-production"          = "false"
          + "owner"                  = "laa-crime-apps@digital.justice.gov.uk"
          + "source-code"            = "https://github.com/ministryofjustice/modernisation-platform-environments"
        }
    }

  # module.rds.aws_secretsmanager_secret.db_admin_password will be created
  + resource "aws_secretsmanager_secret" "db_admin_password" {
      + arn                            = (known after apply)
      + force_overwrite_replica_secret = false
      + id                             = (known after apply)
      + name                           = "maatdb-development-maatdb-admin-password"
      + name_prefix                    = (known after apply)
      + policy                         = (known after apply)
      + recovery_window_in_days        = 30
      + rotation_enabled               = (known after apply)
      + rotation_lambda_arn            = (known after apply)
      + tags_all                       = (known after apply)

      + replica {
          + kms_key_id         = (known after apply)
          + last_accessed_date = (known after apply)
          + region             = (known after apply)
          + status             = (known after apply)
          + status_message     = (known after apply)
        }

      + rotation_rules {
          + automatically_after_days = (known after apply)
        }
    }

  # module.rds.aws_secretsmanager_secret_version.db_admin_password_version will be created
  + resource "aws_secretsmanager_secret_version" "db_admin_password_version" {
      + arn            = (known after apply)
      + id             = (known after apply)
      + secret_id      = (known after apply)
      + secret_string  = (sensitive value)
      + version_id     = (known after apply)
      + version_stages = (known after apply)
    }

  # module.rds.aws_security_group.appdb-secgroup will be created
  + resource "aws_security_group" "appdb-secgroup" {
      + arn                    = (known after apply)
      + description            = "RDS DB Security Group"
      + egress                 = [
          + {
              + cidr_blocks      = [
                  + "10.202.0.0/20",
                ]
              + description      = "Sql Net on 1521"
              + from_port        = 1521
              + ipv6_cidr_blocks = []
              + prefix_list_ids  = []
              + protocol         = "tcp"
              + security_groups  = []
              + self             = false
              + to_port          = 1521
            },
        ]
      + id                     = (known after apply)
      + ingress                = [
          + {
              + cidr_blocks      = [
                  + "10.202.0.0/20",
                ]
              + description      = "Sql Net on 1521"
              + from_port        = 1521
              + ipv6_cidr_blocks = []
              + prefix_list_ids  = []
              + protocol         = "tcp"
              + security_groups  = []
              + self             = false
              + to_port          = 1521
            },
        ]
      + name                   = "maatdb-development-db-secgroup"
      + name_prefix            = (known after apply)
      + owner_id               = (known after apply)
      + revoke_rules_on_delete = false
      + tags                   = {
          + "Name"                   = "maatdb-development-db-secgroup"
          + "application"            = "maatdb"
          + "business-unit"          = "LAA"
          + "environment-name"       = "maatdb-development"
          + "infrastructure-support" = "modernisation-platform@digital.justice.gov.uk"
          + "is-production"          = "false"
          + "owner"                  = "laa-crime-apps@digital.justice.gov.uk"
          + "source-code"            = "https://github.com/ministryofjustice/modernisation-platform-environments"
        }
      + tags_all               = {
          + "Name"                   = "maatdb-development-db-secgroup"
          + "application"            = "maatdb"
          + "business-unit"          = "LAA"
          + "environment-name"       = "maatdb-development"
          + "infrastructure-support" = "modernisation-platform@digital.justice.gov.uk"
          + "is-production"          = "false"
          + "owner"                  = "laa-crime-apps@digital.justice.gov.uk"
          + "source-code"            = "https://github.com/ministryofjustice/modernisation-platform-environments"
        }
      + vpc_id                 = "vpc-06febffe7b87ab37f"
    }

  # module.rds.random_password.rds_password will be created
  + resource "random_password" "rds_password" {
      + bcrypt_hash = (sensitive value)
      + id          = (known after apply)
      + length      = 30
      + lower       = true
      + min_lower   = 0
      + min_numeric = 0
      + min_special = 0
      + min_upper   = 0
      + number      = true
      + numeric     = true
      + result      = (sensitive value)
      + special     = false
      + upper       = true
    }

Plan: 8 to add, 0 to change, 0 to destroy.

─────────────────────────────────────────────────────────────────────────────

Note: You didn't use the -out option to save this plan, so Terraform can't
guarantee to take exactly these actions if you run "terraform apply" now.
